{
  "version": 4,
  "terraform_version": "1.5.7",
  "serial": 219,
  "lineage": "dd2330c3-498f-2d90-0f95-7584617488d5",
  "outputs": {},
  "resources": [
    {
      "mode": "data",
      "type": "aws_caller_identity",
      "name": "current",
      "provider": "provider[\"registry.terraform.io/hashicorp/aws\"]",
      "instances": [
        {
          "schema_version": 0,
          "attributes": {
            "account_id": "381491966185",
            "arn": "arn:aws:sts::381491966185:assumed-role/eks-infra-access-role/AWSReservedSSO_AdministratorAccess_9c2565ce305023fb",
            "id": "381491966185",
            "user_id": "AROAVRUVRODUWJIRWAMYX:AWSReservedSSO_AdministratorAccess_9c2565ce305023fb"
          },
          "sensitive_attributes": []
        }
      ]
    },
    {
      "module": "module.cidr-secondary.module.eks",
      "mode": "data",
      "type": "aws_availability_zones",
      "name": "available",
      "provider": "provider[\"registry.terraform.io/hashicorp/aws\"]",
      "instances": [
        {
          "schema_version": 0,
          "attributes": {
            "all_availability_zones": null,
            "exclude_names": null,
            "exclude_zone_ids": null,
            "filter": null,
            "group_names": [
              "ap-southeast-3-zg-1"
            ],
            "id": "ap-southeast-3",
            "names": [
              "ap-southeast-3a",
              "ap-southeast-3b",
              "ap-southeast-3c"
            ],
            "state": null,
            "timeouts": null,
            "zone_ids": [
              "apse3-az1",
              "apse3-az2",
              "apse3-az3"
            ]
          },
          "sensitive_attributes": []
        }
      ]
    },
    {
      "module": "module.cidr-secondary.module.eks",
      "mode": "data",
      "type": "aws_eks_cluster",
      "name": "cluster",
      "provider": "provider[\"registry.terraform.io/hashicorp/aws\"]",
      "instances": [
        {
          "schema_version": 0,
          "attributes": {
            "access_config": [
              {
                "authentication_mode": "API_AND_CONFIG_MAP",
                "bootstrap_cluster_creator_admin_permissions": true
              }
            ],
            "arn": "arn:aws:eks:ap-southeast-3:381491966185:cluster/dana-jagoan-neon-eks",
            "certificate_authority": [
              {
                "data": "LS0tLS1CRUdJTiBDRVJUSUZJQ0FURS0tLS0tCk1JSURCVENDQWUyZ0F3SUJBZ0lJRWJuN05BS0hNMGN3RFFZSktvWklodmNOQVFFTEJRQXdGVEVUTUJFR0ExVUUKQXhNS2EzVmlaWEp1WlhSbGN6QWVGdzB5TlRFeU1UZ3hOalV3TlRCYUZ3MHpOVEV5TVRZeE5qVTFOVEJhTUJVeApFekFSQmdOVkJBTVRDbXQxWW1WeWJtVjBaWE13Z2dFaU1BMEdDU3FHU0liM0RRRUJBUVVBQTRJQkR3QXdnZ0VLCkFvSUJBUUNwZjNFYjNBcEl5SU4vbVNicFlnQ294YjFHMnpEeEJReGcwMnlkRmw5UTFwVE1vYUpaOTlUU291NXcKUGpyVklPTXRuYlVMT0MzRGFCRjlCMmtkVkNLMDZhVTJjRVhYeWNSczZVbmFaSjVab0VyazVrRjJEQ0R4bzVDWQpIUU1nMnZTNi9YeTlsQ25vcGpPUkdiMStXS3ZGdGFWQWUrWWFkNEFkODFOczRYTjdma2lRdWI3MVpRNzd4TDdRCmgrbGp1aGwxVHd6Ym1MS2xBdGV5b3ZPK3RzZTJrVlNobHArNGFhc0Z3eDYwdUpXdUVvQko0SWlkOEhUZzB3ZW4KdUJ2KzdmM2tzak90TGh2a2ZyMlVvTkdLRTAxMEo2WnJSVG5NK3Q0VXhmOVJQRHFpUytVS0xqdSthOWVzVC9DUAp5OGZTLzBPWkFXRE5hOXg5OSs3UnY4SUJOYmQ5QWdNQkFBR2pXVEJYTUE0R0ExVWREd0VCL3dRRUF3SUNwREFQCkJnTlZIUk1CQWY4RUJUQURBUUgvTUIwR0ExVWREZ1FXQkJSNkM1TnN2dHNybVc1R3Y0SDRNdjNMU0hIVUFEQVYKQmdOVkhSRUVEakFNZ2dwcmRXSmxjbTVsZEdWek1BMEdDU3FHU0liM0RRRUJDd1VBQTRJQkFRQ1hXOHY1NVlNRApHbHVsMUdza3Nwd2ZxYlQreS9EQmVXaGVzRkJxTUVJVzM3aTJ4MUZZNEZuemliUzB2YXpJQUdrdFpzTCtmdjhaCnYzeU8vcDEybWJoczUxSjFKVmoyVnVxRGRLbmhyeEZoNFJ5a1BrUE1jekk0VG9YVG9iVVJPckZMc1pLMU1NRkQKRlFUT3ZlNWVTZysyVDY5NDROUlFxaktVbkFGT2pKejE3YWl2OVhmZzJTRTBLaVdQbjlpUWpEdVk5cC9WcUpqawoxaElxSmlrNUdhOFV6alFBN0trRGw3YmtJTzdPRGZxa1g1Y0pXN0hQOTl2aVZiMXlrMmVaakUra0FVaWpicWJQCkZVUHE1bGFpK0MwbjhLVnNzSEUzVmRjN0t0TXhwckxjSXYyaWtLQW9aL2wxbGcydVVxeklZaWtENk85T1JldXkKMDhGb0tIV0NDb0UrCi0tLS0tRU5EIENFUlRJRklDQVRFLS0tLS0K"
              }
            ],
            "cluster_id": null,
            "compute_config": [],
            "created_at": "2025-12-18T16:49:47Z",
            "enabled_cluster_log_types": [
              "api",
              "audit",
              "authenticator",
              "controllerManager",
              "scheduler"
            ],
            "endpoint": "https://7FB94673BB57AA3AA5712FBB0B14DD7C.yl4.ap-southeast-3.eks.amazonaws.com",
            "id": "dana-jagoan-neon-eks",
            "identity": [
              {
                "oidc": [
                  {
                    "issuer": "https://oidc.eks.ap-southeast-3.amazonaws.com/id/7FB94673BB57AA3AA5712FBB0B14DD7C"
                  }
                ]
              }
            ],
            "kubernetes_network_config": [
              {
                "elastic_load_balancing": [
                  {
                    "enabled": false
                  }
                ],
                "ip_family": "ipv4",
                "service_ipv4_cidr": "172.20.0.0/16",
                "service_ipv6_cidr": ""
              }
            ],
            "name": "dana-jagoan-neon-eks",
            "outpost_config": [],
            "platform_version": "eks.23",
            "remote_network_config": [],
            "role_arn": "arn:aws:iam::381491966185:role/dana-jagoan-neon-eks-cluster-20251218164940053300000004",
            "status": "ACTIVE",
            "storage_config": [],
            "tags": {
              "terraform-aws-modules": "eks"
            },
            "upgrade_policy": [
              {
                "support_type": "EXTENDED"
              }
            ],
            "version": "1.33",
            "vpc_config": [
              {
                "cluster_security_group_id": "sg-00cfbc224fda11ef1",
                "endpoint_private_access": true,
                "endpoint_public_access": true,
                "public_access_cidrs": [
                  "0.0.0.0/0"
                ],
                "security_group_ids": [
                  "sg-0f0675336f5eb1d04"
                ],
                "subnet_ids": [
                  "subnet-0dea9fc596a50e27c",
                  "subnet-0f702b4e89fb5f74a"
                ],
                "vpc_id": "vpc-0637841ad7277bf2d"
              }
            ],
            "zonal_shift_config": []
          },
          "sensitive_attributes": []
        }
      ]
    },
    {
      "module": "module.cidr-secondary.module.eks",
      "mode": "data",
      "type": "aws_eks_cluster_auth",
      "name": "cluster",
      "provider": "provider[\"registry.terraform.io/hashicorp/aws\"]",
      "instances": [
        {
          "schema_version": 0,
          "attributes": {
            "id": "dana-jagoan-neon-eks",
            "name": "dana-jagoan-neon-eks",
            "token": "k8s-aws-v1.aHR0cHM6Ly9zdHMuYXAtc291dGhlYXN0LTMuYW1hem9uYXdzLmNvbS8_QWN0aW9uPUdldENhbGxlcklkZW50aXR5JlZlcnNpb249MjAxMS0wNi0xNSZYLUFtei1BbGdvcml0aG09QVdTNC1ITUFDLVNIQTI1NiZYLUFtei1DcmVkZW50aWFsPUFTSUFWUlVWUk9EVTNJWUpDWU5OJTJGMjAyNTEyMjIlMkZhcC1zb3V0aGVhc3QtMyUyRnN0cyUyRmF3czRfcmVxdWVzdCZYLUFtei1EYXRlPTIwMjUxMjIyVDA0MTczOVomWC1BbXotRXhwaXJlcz0wJlgtQW16LVNlY3VyaXR5LVRva2VuPUlRb0piM0pwWjJsdVgyVmpFS3olMkYlMkYlMkYlMkYlMkYlMkYlMkYlMkYlMkYlMkZ3RWFEbUZ3TFhOdmRYUm9aV0Z6ZEMweklrZ3dSZ0loQU90bmRXSVl1S1hLNUJCbTJ6eHowY0kzUVMzREZRdDJKek1nc2ZBNTdXN3FBaUVBcHdlVjdlSnJzU3BXT2RZQlE1ZmNQYUpsZTkxWXR1JTJCYjhHRkZQR2xSdiUyRkVxeVFJSTdmJTJGJTJGJTJGJTJGJTJGJTJGJTJGJTJGJTJGJTJGQVJBQUdnd3pPREUwT1RFNU5qWXhPRFVpRE9SeTdreUhmczVFWXlEeGdDcWRBazlCMEpVMXk3ZW9zenBxNmpSR2NPc2FCODhXWVBCZmRqTGVrQ3VJWE40eUhlNmtnRW8wcDhsQjhLdTMyVXkwaG5FamRaMGlVa21xTmpUZHFnNHJ1MDdlbzYlMkZHZDdGaWFEeVclMkZjTDQySHZvcGJGVU9jcyUyRlRFbTRVNU4lMkJjQ2cxR09LbG9oWFNhRDclMkJjaWl4Q2dIejgxSkk5OUhZVW5VcThQS1lpbk5ZOEhwd2VuYmFFV1FmS0ZndDhld2NoSzJ2JTJGclYwc2QlMkZWa2dEcmhZMTIxUzhzTkdTTm5ZbkNZRE5DZzdpUkliUXdWbGFJMVNzVldya0trQU12enJibHdHRmkxOTBBQjAwRWx0YVBsNTViem1aaTVOUFdIJTJGbHRjc3pRNjNWSmo0aU90R2lyNTdEN2Q1a01ESVklMkZqVkNtTDQlMkZCdnV2cWNuYzR3OHg0bWNJUHdGb1owdFB0ZTNCNEFpTFZSRFAzJTJCQzNpd2Z6Yzg2eXNOaUpEYkZzdmxKeTA5VERLaWFQS0JqcWNBUnlsQVcyRzJOalEzeWNuS2dlSyUyQmg2JTJCQk1LZSUyRjIlMkJoTXdobzE4cTE2U1dwNlk3ckMlMkI3QkxIQ1UlMkJ5OUhWWEIxcjV4eW8lMkJjaDdRQVNHMTZUQjJvJTJGZHlXNm5OOVd4bDlaY1lDY0slMkZiUjl5R2YzVWJMMnc5dFF4N0JDUGduN3ZFUFdLbUNwbE9nQWd6T0FqOVd5TnR1JTJGWkxZT1dTUHFzSXFHZWpiMGxmMm16S01COXlJa0hrJTJGJTJGTDdXUkp3a0JoNUZGbGpRaFViSERVM2d6TjRHcWclM0QlM0QmWC1BbXotU2lnbmVkSGVhZGVycz1ob3N0JTNCeC1rOHMtYXdzLWlkJlgtQW16LVNpZ25hdHVyZT1mZjI4ZGNlMjMyMmVmMDg4MGU0MDk2ZDg4OTA4MWNlOTYxNzBlYzczZmVmMTE5MDkyODEyYjk1MGI4ZDVlMTYx"
          },
          "sensitive_attributes": []
        }
      ]
    },
    {
      "module": "module.cidr-secondary.module.eks",
      "mode": "data",
      "type": "aws_eks_node_group",
      "name": "nodegroup",
      "provider": "provider[\"registry.terraform.io/hashicorp/aws\"]",
      "instances": [
        {
          "index_key": "jagoan-neon-node-20251218174028066500000002",
          "schema_version": 0,
          "attributes": {
            "ami_type": "AL2023_ARM_64_STANDARD",
            "arn": "arn:aws:eks:ap-southeast-3:381491966185:nodegroup/dana-jagoan-neon-eks/jagoan-neon-node-20251218174028066500000002/6ccd9946-41b8-5aa0-26b6-20e8d1358ae5",
            "capacity_type": "ON_DEMAND",
            "cluster_name": "dana-jagoan-neon-eks",
            "disk_size": 0,
            "id": "dana-jagoan-neon-eks:jagoan-neon-node-20251218174028066500000002",
            "instance_types": [
              "t4g.medium"
            ],
            "labels": {
              "env": "jagoan-neon"
            },
            "launch_template": [
              {
                "id": "lt-00de713e95b9a781f",
                "name": "labs-nodegroup-2025121817045932500000000d",
                "version": "2"
              }
            ],
            "node_group_name": "jagoan-neon-node-20251218174028066500000002",
            "node_role_arn": "arn:aws:iam::381491966185:role/jagoan-neon-node-eks-node-group-20251218170456250200000001",
            "release_version": "1.33.5-20251209",
            "remote_access": [],
            "resources": [
              {
                "autoscaling_groups": [
                  {
                    "name": "eks-jagoan-neon-node-20251218174028066500000002-6ccd9946-41b8-5aa0-26b6-20e8d1358ae5"
                  }
                ],
                "remote_access_security_group_id": ""
              }
            ],
            "scaling_config": [
              {
                "desired_size": 1,
                "max_size": 1,
                "min_size": 1
              }
            ],
            "status": "ACTIVE",
            "subnet_ids": [
              "subnet-0dea9fc596a50e27c",
              "subnet-0f702b4e89fb5f74a"
            ],
            "tags": {
              "Name": "jagoan-neon-node"
            },
            "taints": [],
            "version": "1.33"
          },
          "sensitive_attributes": []
        }
      ]
    },
    {
      "module": "module.cidr-secondary.module.eks",
      "mode": "data",
      "type": "aws_eks_node_groups",
      "name": "nodegroup_list",
      "provider": "provider[\"registry.terraform.io/hashicorp/aws\"]",
      "instances": [
        {
          "schema_version": 0,
          "attributes": {
            "cluster_name": "dana-jagoan-neon-eks",
            "id": "dana-jagoan-neon-eks",
            "names": [
              "jagoan-neon-node-20251218174028066500000002"
            ]
          },
          "sensitive_attributes": []
        }
      ]
    },
    {
      "module": "module.cidr-secondary.module.eks",
      "mode": "data",
      "type": "aws_region",
      "name": "current",
      "provider": "provider[\"registry.terraform.io/hashicorp/aws\"]",
      "instances": [
        {
          "schema_version": 0,
          "attributes": {
            "description": "Asia Pacific (Jakarta)",
            "endpoint": "ec2.ap-southeast-3.amazonaws.com",
            "id": "ap-southeast-3",
            "name": "ap-southeast-3"
          },
          "sensitive_attributes": []
        }
      ]
    },
    {
      "module": "module.cidr-secondary.module.eks",
      "mode": "data",
      "type": "aws_subnet",
      "name": "pod_subnets",
      "provider": "provider[\"registry.terraform.io/hashicorp/aws\"]",
      "instances": [
        {
          "index_key": "subnet-041e6fabda704662b",
          "schema_version": 0,
          "attributes": {
            "arn": "arn:aws:ec2:ap-southeast-3:381491966185:subnet/subnet-041e6fabda704662b",
            "assign_ipv6_address_on_creation": false,
            "availability_zone": "ap-southeast-3b",
            "availability_zone_id": "apse3-az2",
            "available_ip_address_count": 32763,
            "cidr_block": "100.64.128.0/17",
            "customer_owned_ipv4_pool": "",
            "default_for_az": false,
            "enable_dns64": false,
            "enable_lni_at_device_index": 0,
            "enable_resource_name_dns_a_record_on_launch": false,
            "enable_resource_name_dns_aaaa_record_on_launch": false,
            "filter": null,
            "id": "subnet-041e6fabda704662b",
            "ipv6_cidr_block": "",
            "ipv6_cidr_block_association_id": "",
            "ipv6_native": false,
            "map_customer_owned_ip_on_launch": false,
            "map_public_ip_on_launch": false,
            "outpost_arn": "",
            "owner_id": "381491966185",
            "private_dns_hostname_type_on_launch": "ip-name",
            "state": "available",
            "tags": {
              "Name": "jagoan-neon-eks-pod-subnet-b",
              "SubnetType": "EKSPod"
            },
            "timeouts": null,
            "vpc_id": "vpc-0637841ad7277bf2d"
          },
          "sensitive_attributes": []
        },
        {
          "index_key": "subnet-0af213ee04d481f7e",
          "schema_version": 0,
          "attributes": {
            "arn": "arn:aws:ec2:ap-southeast-3:381491966185:subnet/subnet-0af213ee04d481f7e",
            "assign_ipv6_address_on_creation": false,
            "availability_zone": "ap-southeast-3a",
            "availability_zone_id": "apse3-az1",
            "available_ip_address_count": 32751,
            "cidr_block": "100.64.0.0/17",
            "customer_owned_ipv4_pool": "",
            "default_for_az": false,
            "enable_dns64": false,
            "enable_lni_at_device_index": 0,
            "enable_resource_name_dns_a_record_on_launch": false,
            "enable_resource_name_dns_aaaa_record_on_launch": false,
            "filter": null,
            "id": "subnet-0af213ee04d481f7e",
            "ipv6_cidr_block": "",
            "ipv6_cidr_block_association_id": "",
            "ipv6_native": false,
            "map_customer_owned_ip_on_launch": false,
            "map_public_ip_on_launch": false,
            "outpost_arn": "",
            "owner_id": "381491966185",
            "private_dns_hostname_type_on_launch": "ip-name",
            "state": "available",
            "tags": {
              "Name": "jagoan-neon-eks-pod-subnet-a",
              "SubnetType": "EKSPod"
            },
            "timeouts": null,
            "vpc_id": "vpc-0637841ad7277bf2d"
          },
          "sensitive_attributes": []
        }
      ]
    },
    {
      "module": "module.cidr-secondary.module.eks",
      "mode": "data",
      "type": "aws_subnets",
      "name": "pod_subnets",
      "provider": "provider[\"registry.terraform.io/hashicorp/aws\"]",
      "instances": [
        {
          "schema_version": 0,
          "attributes": {
            "filter": [
              {
                "name": "availability-zone",
                "values": [
                  "ap-southeast-3a",
                  "ap-southeast-3b"
                ]
              }
            ],
            "id": "ap-southeast-3",
            "ids": [
              "subnet-0af213ee04d481f7e",
              "subnet-041e6fabda704662b"
            ],
            "tags": {
              "SubnetType": "EKSPod"
            },
            "timeouts": null
          },
          "sensitive_attributes": []
        }
      ]
    },
    {
      "module": "module.cidr-secondary.module.eks",
      "mode": "data",
      "type": "aws_vpc",
      "name": "selected",
      "provider": "provider[\"registry.terraform.io/hashicorp/aws\"]",
      "instances": [
        {
          "schema_version": 0,
          "attributes": {
            "arn": "arn:aws:ec2:ap-southeast-3:381491966185:vpc/vpc-0637841ad7277bf2d",
            "cidr_block": "10.0.0.0/16",
            "cidr_block_associations": [
              {
                "association_id": "vpc-cidr-assoc-099758435cf616632",
                "cidr_block": "10.0.0.0/16",
                "state": "associated"
              },
              {
                "association_id": "vpc-cidr-assoc-012719dd7c9bc6671",
                "cidr_block": "100.64.0.0/16",
                "state": "associated"
              }
            ],
            "default": false,
            "dhcp_options_id": "dopt-0dcaaed7dd06bc50d",
            "enable_dns_hostnames": true,
            "enable_dns_support": true,
            "enable_network_address_usage_metrics": false,
            "filter": null,
            "id": "vpc-0637841ad7277bf2d",
            "instance_tenancy": "default",
            "ipv6_association_id": "",
            "ipv6_cidr_block": "",
            "main_route_table_id": "rtb-02bbe56daf5f8e382",
            "owner_id": "381491966185",
            "state": null,
            "tags": {
              "Name": "msi-labs-vpc (don't-delete-and-use-this-please)",
              "ResourceID": "msi-labs"
            },
            "timeouts": null
          },
          "sensitive_attributes": []
        }
      ]
    },
    {
      "module": "module.cidr-secondary.module.eks",
      "mode": "managed",
      "type": "kubernetes_manifest",
      "name": "eni_configs",
      "provider": "module.cidr-secondary.module.eks.provider[\"registry.terraform.io/hashicorp/kubernetes\"]",
      "instances": [
        {
          "index_key": "subnet-041e6fabda704662b",
          "schema_version": 1,
          "attributes": {
            "computed_fields": null,
            "field_manager": [],
            "manifest": {
              "value": {
                "apiVersion": "crd.k8s.amazonaws.com/v1alpha1",
                "kind": "ENIConfig",
                "metadata": {
                  "name": "ap-southeast-3b"
                },
                "spec": {
                  "subnet": "subnet-041e6fabda704662b"
                }
              },
              "type": [
                "object",
                {
                  "apiVersion": "string",
                  "kind": "string",
                  "metadata": [
                    "object",
                    {
                      "name": "string"
                    }
                  ],
                  "spec": [
                    "object",
                    {
                      "subnet": "string"
                    }
                  ]
                }
              ]
            },
            "object": {
              "value": {
                "apiVersion": "crd.k8s.amazonaws.com/v1alpha1",
                "kind": "ENIConfig",
                "metadata": {
                  "annotations": null,
                  "creationTimestamp": null,
                  "deletionGracePeriodSeconds": null,
                  "deletionTimestamp": null,
                  "finalizers": null,
                  "generateName": null,
                  "generation": null,
                  "labels": null,
                  "managedFields": null,
                  "name": "ap-southeast-3b",
                  "namespace": null,
                  "ownerReferences": null,
                  "resourceVersion": null,
                  "selfLink": null,
                  "uid": null
                },
                "spec": {
                  "securityGroups": null,
                  "subnet": "subnet-041e6fabda704662b"
                }
              },
              "type": [
                "object",
                {
                  "apiVersion": "string",
                  "kind": "string",
                  "metadata": [
                    "object",
                    {
                      "annotations": [
                        "map",
                        "string"
                      ],
                      "creationTimestamp": "string",
                      "deletionGracePeriodSeconds": "number",
                      "deletionTimestamp": "string",
                      "finalizers": [
                        "list",
                        "string"
                      ],
                      "generateName": "string",
                      "generation": "number",
                      "labels": [
                        "map",
                        "string"
                      ],
                      "managedFields": [
                        "tuple",
                        [
                          [
                            "object",
                            {
                              "apiVersion": "string",
                              "fieldsType": "string",
                              "fieldsV1": "dynamic",
                              "manager": "string",
                              "operation": "string",
                              "subresource": "string",
                              "time": "string"
                            }
                          ]
                        ]
                      ],
                      "name": "string",
                      "namespace": "string",
                      "ownerReferences": [
                        "list",
                        [
                          "object",
                          {
                            "apiVersion": "string",
                            "blockOwnerDeletion": "bool",
                            "controller": "bool",
                            "kind": "string",
                            "name": "string",
                            "uid": "string"
                          }
                        ]
                      ],
                      "resourceVersion": "string",
                      "selfLink": "string",
                      "uid": "string"
                    }
                  ],
                  "spec": [
                    "object",
                    {
                      "securityGroups": [
                        "list",
                        "string"
                      ],
                      "subnet": "string"
                    }
                  ]
                }
              ]
            },
            "timeouts": [],
            "wait": [],
            "wait_for": null
          },
          "sensitive_attributes": [],
          "dependencies": [
            "module.cidr-secondary.module.eks.data.aws_availability_zones.available",
            "module.cidr-secondary.module.eks.data.aws_eks_cluster.cluster",
            "module.cidr-secondary.module.eks.data.aws_eks_cluster_auth.cluster",
            "module.cidr-secondary.module.eks.data.aws_subnet.pod_subnets",
            "module.cidr-secondary.module.eks.data.aws_subnets.pod_subnets"
          ]
        },
        {
          "index_key": "subnet-0af213ee04d481f7e",
          "schema_version": 1,
          "attributes": {
            "computed_fields": null,
            "field_manager": [],
            "manifest": {
              "value": {
                "apiVersion": "crd.k8s.amazonaws.com/v1alpha1",
                "kind": "ENIConfig",
                "metadata": {
                  "name": "ap-southeast-3a"
                },
                "spec": {
                  "subnet": "subnet-0af213ee04d481f7e"
                }
              },
              "type": [
                "object",
                {
                  "apiVersion": "string",
                  "kind": "string",
                  "metadata": [
                    "object",
                    {
                      "name": "string"
                    }
                  ],
                  "spec": [
                    "object",
                    {
                      "subnet": "string"
                    }
                  ]
                }
              ]
            },
            "object": {
              "value": {
                "apiVersion": "crd.k8s.amazonaws.com/v1alpha1",
                "kind": "ENIConfig",
                "metadata": {
                  "annotations": null,
                  "creationTimestamp": null,
                  "deletionGracePeriodSeconds": null,
                  "deletionTimestamp": null,
                  "finalizers": null,
                  "generateName": null,
                  "generation": null,
                  "labels": null,
                  "managedFields": null,
                  "name": "ap-southeast-3a",
                  "namespace": null,
                  "ownerReferences": null,
                  "resourceVersion": null,
                  "selfLink": null,
                  "uid": null
                },
                "spec": {
                  "securityGroups": null,
                  "subnet": "subnet-0af213ee04d481f7e"
                }
              },
              "type": [
                "object",
                {
                  "apiVersion": "string",
                  "kind": "string",
                  "metadata": [
                    "object",
                    {
                      "annotations": [
                        "map",
                        "string"
                      ],
                      "creationTimestamp": "string",
                      "deletionGracePeriodSeconds": "number",
                      "deletionTimestamp": "string",
                      "finalizers": [
                        "list",
                        "string"
                      ],
                      "generateName": "string",
                      "generation": "number",
                      "labels": [
                        "map",
                        "string"
                      ],
                      "managedFields": [
                        "tuple",
                        [
                          [
                            "object",
                            {
                              "apiVersion": "string",
                              "fieldsType": "string",
                              "fieldsV1": "dynamic",
                              "manager": "string",
                              "operation": "string",
                              "subresource": "string",
                              "time": "string"
                            }
                          ]
                        ]
                      ],
                      "name": "string",
                      "namespace": "string",
                      "ownerReferences": [
                        "list",
                        [
                          "object",
                          {
                            "apiVersion": "string",
                            "blockOwnerDeletion": "bool",
                            "controller": "bool",
                            "kind": "string",
                            "name": "string",
                            "uid": "string"
                          }
                        ]
                      ],
                      "resourceVersion": "string",
                      "selfLink": "string",
                      "uid": "string"
                    }
                  ],
                  "spec": [
                    "object",
                    {
                      "securityGroups": [
                        "list",
                        "string"
                      ],
                      "subnet": "string"
                    }
                  ]
                }
              ]
            },
            "timeouts": [],
            "wait": [],
            "wait_for": null
          },
          "sensitive_attributes": [],
          "dependencies": [
            "module.cidr-secondary.module.eks.data.aws_availability_zones.available",
            "module.cidr-secondary.module.eks.data.aws_eks_cluster.cluster",
            "module.cidr-secondary.module.eks.data.aws_eks_cluster_auth.cluster",
            "module.cidr-secondary.module.eks.data.aws_subnet.pod_subnets",
            "module.cidr-secondary.module.eks.data.aws_subnets.pod_subnets"
          ]
        }
      ]
    },
    {
      "module": "module.cidr-secondary.module.eks",
      "mode": "managed",
      "type": "null_resource",
      "name": "refresh_nodegroup_asg",
      "provider": "provider[\"registry.terraform.io/hashicorp/null\"]",
      "instances": [
        {
          "index_key": "jagoan-neon-node-20251218174028066500000002",
          "schema_version": 0,
          "attributes": {
            "id": "211590608240070562",
            "triggers": null
          },
          "sensitive_attributes": [],
          "dependencies": [
            "module.cidr-secondary.module.eks.data.aws_availability_zones.available",
            "module.cidr-secondary.module.eks.data.aws_eks_cluster.cluster",
            "module.cidr-secondary.module.eks.data.aws_eks_cluster_auth.cluster",
            "module.cidr-secondary.module.eks.data.aws_eks_node_group.nodegroup",
            "module.cidr-secondary.module.eks.data.aws_eks_node_groups.nodegroup_list",
            "module.cidr-secondary.module.eks.data.aws_subnet.pod_subnets",
            "module.cidr-secondary.module.eks.data.aws_subnets.pod_subnets",
            "module.cidr-secondary.module.eks.kubernetes_manifest.eni_configs",
            "module.cidr-secondary.module.eks.module.aws_node_config_for_secondary_cidr.null_resource.kubectl",
            "module.cidr-secondary.module.eks.module.aws_node_config_for_secondary_cidr.null_resource.kubectl-destroy"
          ]
        }
      ]
    },
    {
      "module": "module.cidr-secondary.module.eks.module.aws_node_config_for_secondary_cidr",
      "mode": "managed",
      "type": "null_resource",
      "name": "kubectl",
      "provider": "provider[\"registry.terraform.io/hashicorp/null\"]",
      "instances": [
        {
          "index_key": 0,
          "schema_version": 0,
          "attributes": {
            "id": "691407861424277810",
            "triggers": {
              "always_apply": "2025-12-19T07:54:15Z",
              "cmd": "kubectl set env daemonset aws-node -n kube-system AWS_VPC_K8S_CNI_CUSTOM_NETWORK_CFG=true --kubeconfig \u003c(echo $KUBECONFIG | base64 -d) \n"
            }
          },
          "sensitive_attributes": [],
          "dependencies": [
            "module.cidr-secondary.module.eks.data.aws_eks_cluster.cluster",
            "module.cidr-secondary.module.eks.data.aws_eks_cluster_auth.cluster"
          ]
        },
        {
          "index_key": 1,
          "schema_version": 0,
          "attributes": {
            "id": "5191034529895557166",
            "triggers": {
              "always_apply": "2025-12-19T07:54:15Z",
              "cmd": "kubectl set env daemonset aws-node -n kube-system ENI_CONFIG_LABEL_DEF=failure-domain.beta.kubernetes.io/zone --kubeconfig \u003c(echo $KUBECONFIG | base64 -d) \n"
            }
          },
          "sensitive_attributes": [],
          "dependencies": [
            "module.cidr-secondary.module.eks.data.aws_eks_cluster.cluster",
            "module.cidr-secondary.module.eks.data.aws_eks_cluster_auth.cluster"
          ]
        },
        {
          "index_key": 2,
          "schema_version": 0,
          "attributes": {
            "id": "3432820000834794625",
            "triggers": {
              "always_apply": "2025-12-19T07:54:15Z",
              "cmd": "kubectl set env daemonset aws-node -n kube-system ENABLE_PREFIX_DELEGATION=true --kubeconfig \u003c(echo $KUBECONFIG | base64 -d) \n"
            }
          },
          "sensitive_attributes": [],
          "dependencies": [
            "module.cidr-secondary.module.eks.data.aws_eks_cluster.cluster",
            "module.cidr-secondary.module.eks.data.aws_eks_cluster_auth.cluster"
          ]
        }
      ]
    },
    {
      "module": "module.cidr-secondary.module.eks.module.aws_node_config_for_secondary_cidr",
      "mode": "managed",
      "type": "null_resource",
      "name": "kubectl-destroy",
      "provider": "provider[\"registry.terraform.io/hashicorp/null\"]",
      "instances": [
        {
          "index_key": 0,
          "schema_version": 0,
          "attributes": {
            "id": "5885415936940506548",
            "triggers": {
              "destroy_cmd": "kubectl set env daemonset aws-node -n kube-system AWS_VPC_K8S_CNI_CUSTOM_NETWORK_CFG=true --kubeconfig \u003c(echo $KUBECONFIG | base64 -d) \n",
              "interpreter": "[\"/bin/bash\",\"-c\"]",
              "kubeconfig": "\"apiVersion\": \"v1\"\n\"clusters\":\n- \"cluster\":\n    \"certificate-authority-data\": \"LS0tLS1CRUdJTiBDRVJUSUZJQ0FURS0tLS0tCk1JSURCVENDQWUyZ0F3SUJBZ0lJRWJuN05BS0hNMGN3RFFZSktvWklodmNOQVFFTEJRQXdGVEVUTUJFR0ExVUUKQXhNS2EzVmlaWEp1WlhSbGN6QWVGdzB5TlRFeU1UZ3hOalV3TlRCYUZ3MHpOVEV5TVRZeE5qVTFOVEJhTUJVeApFekFSQmdOVkJBTVRDbXQxWW1WeWJtVjBaWE13Z2dFaU1BMEdDU3FHU0liM0RRRUJBUVVBQTRJQkR3QXdnZ0VLCkFvSUJBUUNwZjNFYjNBcEl5SU4vbVNicFlnQ294YjFHMnpEeEJReGcwMnlkRmw5UTFwVE1vYUpaOTlUU291NXcKUGpyVklPTXRuYlVMT0MzRGFCRjlCMmtkVkNLMDZhVTJjRVhYeWNSczZVbmFaSjVab0VyazVrRjJEQ0R4bzVDWQpIUU1nMnZTNi9YeTlsQ25vcGpPUkdiMStXS3ZGdGFWQWUrWWFkNEFkODFOczRYTjdma2lRdWI3MVpRNzd4TDdRCmgrbGp1aGwxVHd6Ym1MS2xBdGV5b3ZPK3RzZTJrVlNobHArNGFhc0Z3eDYwdUpXdUVvQko0SWlkOEhUZzB3ZW4KdUJ2KzdmM2tzak90TGh2a2ZyMlVvTkdLRTAxMEo2WnJSVG5NK3Q0VXhmOVJQRHFpUytVS0xqdSthOWVzVC9DUAp5OGZTLzBPWkFXRE5hOXg5OSs3UnY4SUJOYmQ5QWdNQkFBR2pXVEJYTUE0R0ExVWREd0VCL3dRRUF3SUNwREFQCkJnTlZIUk1CQWY4RUJUQURBUUgvTUIwR0ExVWREZ1FXQkJSNkM1TnN2dHNybVc1R3Y0SDRNdjNMU0hIVUFEQVYKQmdOVkhSRUVEakFNZ2dwcmRXSmxjbTVsZEdWek1BMEdDU3FHU0liM0RRRUJDd1VBQTRJQkFRQ1hXOHY1NVlNRApHbHVsMUdza3Nwd2ZxYlQreS9EQmVXaGVzRkJxTUVJVzM3aTJ4MUZZNEZuemliUzB2YXpJQUdrdFpzTCtmdjhaCnYzeU8vcDEybWJoczUxSjFKVmoyVnVxRGRLbmhyeEZoNFJ5a1BrUE1jekk0VG9YVG9iVVJPckZMc1pLMU1NRkQKRlFUT3ZlNWVTZysyVDY5NDROUlFxaktVbkFGT2pKejE3YWl2OVhmZzJTRTBLaVdQbjlpUWpEdVk5cC9WcUpqawoxaElxSmlrNUdhOFV6alFBN0trRGw3YmtJTzdPRGZxa1g1Y0pXN0hQOTl2aVZiMXlrMmVaakUra0FVaWpicWJQCkZVUHE1bGFpK0MwbjhLVnNzSEUzVmRjN0t0TXhwckxjSXYyaWtLQW9aL2wxbGcydVVxeklZaWtENk85T1JldXkKMDhGb0tIV0NDb0UrCi0tLS0tRU5EIENFUlRJRklDQVRFLS0tLS0K\"\n    \"server\": \"https://7FB94673BB57AA3AA5712FBB0B14DD7C.yl4.ap-southeast-3.eks.amazonaws.com\"\n  \"name\": \"dana-jagoan-neon-eks\"\n\"contexts\":\n- \"context\":\n    \"cluster\": \"dana-jagoan-neon-eks\"\n    \"user\": \"terraform-dana-jagoan-neon-eks\"\n  \"name\": \"terraform-dana-jagoan-neon-eks\"\n\"current-context\": \"terraform-dana-jagoan-neon-eks\"\n\"kind\": \"Config\"\n\"users\":\n- \"name\": \"terraform-dana-jagoan-neon-eks\"\n  \"user\":\n    \"token\": \"k8s-aws-v1.aHR0cHM6Ly9zdHMuYXAtc291dGhlYXN0LTMuYW1hem9uYXdzLmNvbS8_QWN0aW9uPUdldENhbGxlcklkZW50aXR5JlZlcnNpb249MjAxMS0wNi0xNSZYLUFtei1BbGdvcml0aG09QVdTNC1ITUFDLVNIQTI1NiZYLUFtei1DcmVkZW50aWFsPUFTSUFWUlVWUk9EVVNRV0FSR01JJTJGMjAyNTEyMTklMkZhcC1zb3V0aGVhc3QtMyUyRnN0cyUyRmF3czRfcmVxdWVzdCZYLUFtei1EYXRlPTIwMjUxMjE5VDA3NTQwNlomWC1BbXotRXhwaXJlcz0wJlgtQW16LVNlY3VyaXR5LVRva2VuPUlRb0piM0pwWjJsdVgyVmpFR2dhRG1Gd0xYTnZkWFJvWldGemRDMHpJa1l3UkFJZ1FtTXF3dFdPaXYlMkZiVHNHJTJGbGhKZVRJTlNEcWxzcERaalV1N1ZBMSUyQko1Z2NDSUd1TyUyQlFxJTJCOFFuQXYlMkZLZFBNb25rTk4lMkZYTUoxSjhyZyUyRmRubXRSTG9EMkNhS3NrQ0NLbiUyRiUyRiUyRiUyRiUyRiUyRiUyRiUyRiUyRiUyRndFUUFCb01Nemd4TkRreE9UWTJNVGcxSWd3UFBGMGFTbzJFOGxhSHA0NHFuUUlMM2xndXRKd2NQWUglMkJsVTA1YmZLWGh1NlBMS1A5UVlzQ3c0MFJtSXZIS09EUlZNQ0hEUWNUS2ZWQSUyRmxEaWVNVjNJYkltOXBSRUR2JTJGY3didWxtaE5SSTZqUDZnU1dxYjF5NkVRSU4xd3M3VVo3OEwyYkhnQiUyRkk3NVF0ekN1ZUNEbjUlMkJIZDElMkYlMkJpc2RWaVFnaGxYUDZuY1M1MUs3cUcxdUhWM1NGUXF5b05VbVp1dXh3NXRoMUxxMld0N2clMkJlRGZFeGZJdmdiQkF2Y3JJYWQwTGlWY3BDVkx4U2RXOUE2MnNSd2d5aE9PN2FwdVRwT2k3MmclMkY5ZzFVMVA4MU9sdmVxMHFSdkNaVTJ4VWp6MkprTTNlUEtTOXYlMkIxd2dFSG1qRkpFJTJGTDlyZ3ozJTJCSUwlMkZoT1IyT3N3aDlFJTJGYTZzdElubTNONlh4WjZGM0E5NWRBTm5acUxrN3pLWHV5NVVOTG41aXg3RFRuN3Z6SjVkUThOMHdZckRzTzEyeGpkUEV3d0llVXlnWTZuZ0dWalRvSHA2NHkzam0zMmhRZ3VxMkJXdkdyY2hONTBWM2RtWFIwdU1JRzlOS1NLelZ6SzF5cjJmQjRtUU8yVG9HTng4YzI4Q2JxQmdFREpBTVpLdHRZTEhlVnFhVTJ6emZCWGlBUG16RDdJVFRYTGFzUE1CMVoyN28lMkZLdSUyRkpkMiUyQjZCOEpmSFlySU1pS25DMHZWVEJaZU1TODhOWTVmamgwdDNKRENzYU11bVElMkZMMDFKeTRYZ0NIYlVoaEFlMFBDc1ElMkZKQiUyQldxd3FRdTBtSVA3dWZBJTNEJTNEJlgtQW16LVNpZ25lZEhlYWRlcnM9aG9zdCUzQngtazhzLWF3cy1pZCZYLUFtei1TaWduYXR1cmU9MGExZWU3MTJlNGY1YTQ5ZmU2YTI5MjFlMjIzMjlkYjI5ZjQ2ZmE1MWFjZmM1MDEwODQyYmU0MDk0YjkyOTVjMw\"\n",
              "logfile-name": "cmd-jagoan-neon.log"
            }
          },
          "sensitive_attributes": [
            [
              {
                "type": "get_attr",
                "value": "triggers"
              },
              {
                "type": "index",
                "value": {
                  "value": "kubeconfig",
                  "type": "string"
                }
              }
            ]
          ],
          "dependencies": [
            "module.cidr-secondary.module.eks.data.aws_eks_cluster.cluster",
            "module.cidr-secondary.module.eks.data.aws_eks_cluster_auth.cluster"
          ]
        },
        {
          "index_key": 1,
          "schema_version": 0,
          "attributes": {
            "id": "7962622627738399067",
            "triggers": {
              "destroy_cmd": "kubectl set env daemonset aws-node -n kube-system ENI_CONFIG_LABEL_DEF=failure-domain.beta.kubernetes.io/zone --kubeconfig \u003c(echo $KUBECONFIG | base64 -d) \n",
              "interpreter": "[\"/bin/bash\",\"-c\"]",
              "kubeconfig": "\"apiVersion\": \"v1\"\n\"clusters\":\n- \"cluster\":\n    \"certificate-authority-data\": \"LS0tLS1CRUdJTiBDRVJUSUZJQ0FURS0tLS0tCk1JSURCVENDQWUyZ0F3SUJBZ0lJRWJuN05BS0hNMGN3RFFZSktvWklodmNOQVFFTEJRQXdGVEVUTUJFR0ExVUUKQXhNS2EzVmlaWEp1WlhSbGN6QWVGdzB5TlRFeU1UZ3hOalV3TlRCYUZ3MHpOVEV5TVRZeE5qVTFOVEJhTUJVeApFekFSQmdOVkJBTVRDbXQxWW1WeWJtVjBaWE13Z2dFaU1BMEdDU3FHU0liM0RRRUJBUVVBQTRJQkR3QXdnZ0VLCkFvSUJBUUNwZjNFYjNBcEl5SU4vbVNicFlnQ294YjFHMnpEeEJReGcwMnlkRmw5UTFwVE1vYUpaOTlUU291NXcKUGpyVklPTXRuYlVMT0MzRGFCRjlCMmtkVkNLMDZhVTJjRVhYeWNSczZVbmFaSjVab0VyazVrRjJEQ0R4bzVDWQpIUU1nMnZTNi9YeTlsQ25vcGpPUkdiMStXS3ZGdGFWQWUrWWFkNEFkODFOczRYTjdma2lRdWI3MVpRNzd4TDdRCmgrbGp1aGwxVHd6Ym1MS2xBdGV5b3ZPK3RzZTJrVlNobHArNGFhc0Z3eDYwdUpXdUVvQko0SWlkOEhUZzB3ZW4KdUJ2KzdmM2tzak90TGh2a2ZyMlVvTkdLRTAxMEo2WnJSVG5NK3Q0VXhmOVJQRHFpUytVS0xqdSthOWVzVC9DUAp5OGZTLzBPWkFXRE5hOXg5OSs3UnY4SUJOYmQ5QWdNQkFBR2pXVEJYTUE0R0ExVWREd0VCL3dRRUF3SUNwREFQCkJnTlZIUk1CQWY4RUJUQURBUUgvTUIwR0ExVWREZ1FXQkJSNkM1TnN2dHNybVc1R3Y0SDRNdjNMU0hIVUFEQVYKQmdOVkhSRUVEakFNZ2dwcmRXSmxjbTVsZEdWek1BMEdDU3FHU0liM0RRRUJDd1VBQTRJQkFRQ1hXOHY1NVlNRApHbHVsMUdza3Nwd2ZxYlQreS9EQmVXaGVzRkJxTUVJVzM3aTJ4MUZZNEZuemliUzB2YXpJQUdrdFpzTCtmdjhaCnYzeU8vcDEybWJoczUxSjFKVmoyVnVxRGRLbmhyeEZoNFJ5a1BrUE1jekk0VG9YVG9iVVJPckZMc1pLMU1NRkQKRlFUT3ZlNWVTZysyVDY5NDROUlFxaktVbkFGT2pKejE3YWl2OVhmZzJTRTBLaVdQbjlpUWpEdVk5cC9WcUpqawoxaElxSmlrNUdhOFV6alFBN0trRGw3YmtJTzdPRGZxa1g1Y0pXN0hQOTl2aVZiMXlrMmVaakUra0FVaWpicWJQCkZVUHE1bGFpK0MwbjhLVnNzSEUzVmRjN0t0TXhwckxjSXYyaWtLQW9aL2wxbGcydVVxeklZaWtENk85T1JldXkKMDhGb0tIV0NDb0UrCi0tLS0tRU5EIENFUlRJRklDQVRFLS0tLS0K\"\n    \"server\": \"https://7FB94673BB57AA3AA5712FBB0B14DD7C.yl4.ap-southeast-3.eks.amazonaws.com\"\n  \"name\": \"dana-jagoan-neon-eks\"\n\"contexts\":\n- \"context\":\n    \"cluster\": \"dana-jagoan-neon-eks\"\n    \"user\": \"terraform-dana-jagoan-neon-eks\"\n  \"name\": \"terraform-dana-jagoan-neon-eks\"\n\"current-context\": \"terraform-dana-jagoan-neon-eks\"\n\"kind\": \"Config\"\n\"users\":\n- \"name\": \"terraform-dana-jagoan-neon-eks\"\n  \"user\":\n    \"token\": \"k8s-aws-v1.aHR0cHM6Ly9zdHMuYXAtc291dGhlYXN0LTMuYW1hem9uYXdzLmNvbS8_QWN0aW9uPUdldENhbGxlcklkZW50aXR5JlZlcnNpb249MjAxMS0wNi0xNSZYLUFtei1BbGdvcml0aG09QVdTNC1ITUFDLVNIQTI1NiZYLUFtei1DcmVkZW50aWFsPUFTSUFWUlVWUk9EVVNRV0FSR01JJTJGMjAyNTEyMTklMkZhcC1zb3V0aGVhc3QtMyUyRnN0cyUyRmF3czRfcmVxdWVzdCZYLUFtei1EYXRlPTIwMjUxMjE5VDA3NTQwNlomWC1BbXotRXhwaXJlcz0wJlgtQW16LVNlY3VyaXR5LVRva2VuPUlRb0piM0pwWjJsdVgyVmpFR2dhRG1Gd0xYTnZkWFJvWldGemRDMHpJa1l3UkFJZ1FtTXF3dFdPaXYlMkZiVHNHJTJGbGhKZVRJTlNEcWxzcERaalV1N1ZBMSUyQko1Z2NDSUd1TyUyQlFxJTJCOFFuQXYlMkZLZFBNb25rTk4lMkZYTUoxSjhyZyUyRmRubXRSTG9EMkNhS3NrQ0NLbiUyRiUyRiUyRiUyRiUyRiUyRiUyRiUyRiUyRiUyRndFUUFCb01Nemd4TkRreE9UWTJNVGcxSWd3UFBGMGFTbzJFOGxhSHA0NHFuUUlMM2xndXRKd2NQWUglMkJsVTA1YmZLWGh1NlBMS1A5UVlzQ3c0MFJtSXZIS09EUlZNQ0hEUWNUS2ZWQSUyRmxEaWVNVjNJYkltOXBSRUR2JTJGY3didWxtaE5SSTZqUDZnU1dxYjF5NkVRSU4xd3M3VVo3OEwyYkhnQiUyRkk3NVF0ekN1ZUNEbjUlMkJIZDElMkYlMkJpc2RWaVFnaGxYUDZuY1M1MUs3cUcxdUhWM1NGUXF5b05VbVp1dXh3NXRoMUxxMld0N2clMkJlRGZFeGZJdmdiQkF2Y3JJYWQwTGlWY3BDVkx4U2RXOUE2MnNSd2d5aE9PN2FwdVRwT2k3MmclMkY5ZzFVMVA4MU9sdmVxMHFSdkNaVTJ4VWp6MkprTTNlUEtTOXYlMkIxd2dFSG1qRkpFJTJGTDlyZ3ozJTJCSUwlMkZoT1IyT3N3aDlFJTJGYTZzdElubTNONlh4WjZGM0E5NWRBTm5acUxrN3pLWHV5NVVOTG41aXg3RFRuN3Z6SjVkUThOMHdZckRzTzEyeGpkUEV3d0llVXlnWTZuZ0dWalRvSHA2NHkzam0zMmhRZ3VxMkJXdkdyY2hONTBWM2RtWFIwdU1JRzlOS1NLelZ6SzF5cjJmQjRtUU8yVG9HTng4YzI4Q2JxQmdFREpBTVpLdHRZTEhlVnFhVTJ6emZCWGlBUG16RDdJVFRYTGFzUE1CMVoyN28lMkZLdSUyRkpkMiUyQjZCOEpmSFlySU1pS25DMHZWVEJaZU1TODhOWTVmamgwdDNKRENzYU11bVElMkZMMDFKeTRYZ0NIYlVoaEFlMFBDc1ElMkZKQiUyQldxd3FRdTBtSVA3dWZBJTNEJTNEJlgtQW16LVNpZ25lZEhlYWRlcnM9aG9zdCUzQngtazhzLWF3cy1pZCZYLUFtei1TaWduYXR1cmU9MGExZWU3MTJlNGY1YTQ5ZmU2YTI5MjFlMjIzMjlkYjI5ZjQ2ZmE1MWFjZmM1MDEwODQyYmU0MDk0YjkyOTVjMw\"\n",
              "logfile-name": "cmd-jagoan-neon.log"
            }
          },
          "sensitive_attributes": [
            [
              {
                "type": "get_attr",
                "value": "triggers"
              },
              {
                "type": "index",
                "value": {
                  "value": "kubeconfig",
                  "type": "string"
                }
              }
            ]
          ],
          "dependencies": [
            "module.cidr-secondary.module.eks.data.aws_eks_cluster.cluster",
            "module.cidr-secondary.module.eks.data.aws_eks_cluster_auth.cluster"
          ]
        },
        {
          "index_key": 2,
          "schema_version": 0,
          "attributes": {
            "id": "4837355247949395592",
            "triggers": {
              "destroy_cmd": "kubectl set env daemonset aws-node -n kube-system ENABLE_PREFIX_DELEGATION=true --kubeconfig \u003c(echo $KUBECONFIG | base64 -d) \n",
              "interpreter": "[\"/bin/bash\",\"-c\"]",
              "kubeconfig": "\"apiVersion\": \"v1\"\n\"clusters\":\n- \"cluster\":\n    \"certificate-authority-data\": \"LS0tLS1CRUdJTiBDRVJUSUZJQ0FURS0tLS0tCk1JSURCVENDQWUyZ0F3SUJBZ0lJRWJuN05BS0hNMGN3RFFZSktvWklodmNOQVFFTEJRQXdGVEVUTUJFR0ExVUUKQXhNS2EzVmlaWEp1WlhSbGN6QWVGdzB5TlRFeU1UZ3hOalV3TlRCYUZ3MHpOVEV5TVRZeE5qVTFOVEJhTUJVeApFekFSQmdOVkJBTVRDbXQxWW1WeWJtVjBaWE13Z2dFaU1BMEdDU3FHU0liM0RRRUJBUVVBQTRJQkR3QXdnZ0VLCkFvSUJBUUNwZjNFYjNBcEl5SU4vbVNicFlnQ294YjFHMnpEeEJReGcwMnlkRmw5UTFwVE1vYUpaOTlUU291NXcKUGpyVklPTXRuYlVMT0MzRGFCRjlCMmtkVkNLMDZhVTJjRVhYeWNSczZVbmFaSjVab0VyazVrRjJEQ0R4bzVDWQpIUU1nMnZTNi9YeTlsQ25vcGpPUkdiMStXS3ZGdGFWQWUrWWFkNEFkODFOczRYTjdma2lRdWI3MVpRNzd4TDdRCmgrbGp1aGwxVHd6Ym1MS2xBdGV5b3ZPK3RzZTJrVlNobHArNGFhc0Z3eDYwdUpXdUVvQko0SWlkOEhUZzB3ZW4KdUJ2KzdmM2tzak90TGh2a2ZyMlVvTkdLRTAxMEo2WnJSVG5NK3Q0VXhmOVJQRHFpUytVS0xqdSthOWVzVC9DUAp5OGZTLzBPWkFXRE5hOXg5OSs3UnY4SUJOYmQ5QWdNQkFBR2pXVEJYTUE0R0ExVWREd0VCL3dRRUF3SUNwREFQCkJnTlZIUk1CQWY4RUJUQURBUUgvTUIwR0ExVWREZ1FXQkJSNkM1TnN2dHNybVc1R3Y0SDRNdjNMU0hIVUFEQVYKQmdOVkhSRUVEakFNZ2dwcmRXSmxjbTVsZEdWek1BMEdDU3FHU0liM0RRRUJDd1VBQTRJQkFRQ1hXOHY1NVlNRApHbHVsMUdza3Nwd2ZxYlQreS9EQmVXaGVzRkJxTUVJVzM3aTJ4MUZZNEZuemliUzB2YXpJQUdrdFpzTCtmdjhaCnYzeU8vcDEybWJoczUxSjFKVmoyVnVxRGRLbmhyeEZoNFJ5a1BrUE1jekk0VG9YVG9iVVJPckZMc1pLMU1NRkQKRlFUT3ZlNWVTZysyVDY5NDROUlFxaktVbkFGT2pKejE3YWl2OVhmZzJTRTBLaVdQbjlpUWpEdVk5cC9WcUpqawoxaElxSmlrNUdhOFV6alFBN0trRGw3YmtJTzdPRGZxa1g1Y0pXN0hQOTl2aVZiMXlrMmVaakUra0FVaWpicWJQCkZVUHE1bGFpK0MwbjhLVnNzSEUzVmRjN0t0TXhwckxjSXYyaWtLQW9aL2wxbGcydVVxeklZaWtENk85T1JldXkKMDhGb0tIV0NDb0UrCi0tLS0tRU5EIENFUlRJRklDQVRFLS0tLS0K\"\n    \"server\": \"https://7FB94673BB57AA3AA5712FBB0B14DD7C.yl4.ap-southeast-3.eks.amazonaws.com\"\n  \"name\": \"dana-jagoan-neon-eks\"\n\"contexts\":\n- \"context\":\n    \"cluster\": \"dana-jagoan-neon-eks\"\n    \"user\": \"terraform-dana-jagoan-neon-eks\"\n  \"name\": \"terraform-dana-jagoan-neon-eks\"\n\"current-context\": \"terraform-dana-jagoan-neon-eks\"\n\"kind\": \"Config\"\n\"users\":\n- \"name\": \"terraform-dana-jagoan-neon-eks\"\n  \"user\":\n    \"token\": \"k8s-aws-v1.aHR0cHM6Ly9zdHMuYXAtc291dGhlYXN0LTMuYW1hem9uYXdzLmNvbS8_QWN0aW9uPUdldENhbGxlcklkZW50aXR5JlZlcnNpb249MjAxMS0wNi0xNSZYLUFtei1BbGdvcml0aG09QVdTNC1ITUFDLVNIQTI1NiZYLUFtei1DcmVkZW50aWFsPUFTSUFWUlVWUk9EVVNRV0FSR01JJTJGMjAyNTEyMTklMkZhcC1zb3V0aGVhc3QtMyUyRnN0cyUyRmF3czRfcmVxdWVzdCZYLUFtei1EYXRlPTIwMjUxMjE5VDA3NTQwNlomWC1BbXotRXhwaXJlcz0wJlgtQW16LVNlY3VyaXR5LVRva2VuPUlRb0piM0pwWjJsdVgyVmpFR2dhRG1Gd0xYTnZkWFJvWldGemRDMHpJa1l3UkFJZ1FtTXF3dFdPaXYlMkZiVHNHJTJGbGhKZVRJTlNEcWxzcERaalV1N1ZBMSUyQko1Z2NDSUd1TyUyQlFxJTJCOFFuQXYlMkZLZFBNb25rTk4lMkZYTUoxSjhyZyUyRmRubXRSTG9EMkNhS3NrQ0NLbiUyRiUyRiUyRiUyRiUyRiUyRiUyRiUyRiUyRiUyRndFUUFCb01Nemd4TkRreE9UWTJNVGcxSWd3UFBGMGFTbzJFOGxhSHA0NHFuUUlMM2xndXRKd2NQWUglMkJsVTA1YmZLWGh1NlBMS1A5UVlzQ3c0MFJtSXZIS09EUlZNQ0hEUWNUS2ZWQSUyRmxEaWVNVjNJYkltOXBSRUR2JTJGY3didWxtaE5SSTZqUDZnU1dxYjF5NkVRSU4xd3M3VVo3OEwyYkhnQiUyRkk3NVF0ekN1ZUNEbjUlMkJIZDElMkYlMkJpc2RWaVFnaGxYUDZuY1M1MUs3cUcxdUhWM1NGUXF5b05VbVp1dXh3NXRoMUxxMld0N2clMkJlRGZFeGZJdmdiQkF2Y3JJYWQwTGlWY3BDVkx4U2RXOUE2MnNSd2d5aE9PN2FwdVRwT2k3MmclMkY5ZzFVMVA4MU9sdmVxMHFSdkNaVTJ4VWp6MkprTTNlUEtTOXYlMkIxd2dFSG1qRkpFJTJGTDlyZ3ozJTJCSUwlMkZoT1IyT3N3aDlFJTJGYTZzdElubTNONlh4WjZGM0E5NWRBTm5acUxrN3pLWHV5NVVOTG41aXg3RFRuN3Z6SjVkUThOMHdZckRzTzEyeGpkUEV3d0llVXlnWTZuZ0dWalRvSHA2NHkzam0zMmhRZ3VxMkJXdkdyY2hONTBWM2RtWFIwdU1JRzlOS1NLelZ6SzF5cjJmQjRtUU8yVG9HTng4YzI4Q2JxQmdFREpBTVpLdHRZTEhlVnFhVTJ6emZCWGlBUG16RDdJVFRYTGFzUE1CMVoyN28lMkZLdSUyRkpkMiUyQjZCOEpmSFlySU1pS25DMHZWVEJaZU1TODhOWTVmamgwdDNKRENzYU11bVElMkZMMDFKeTRYZ0NIYlVoaEFlMFBDc1ElMkZKQiUyQldxd3FRdTBtSVA3dWZBJTNEJTNEJlgtQW16LVNpZ25lZEhlYWRlcnM9aG9zdCUzQngtazhzLWF3cy1pZCZYLUFtei1TaWduYXR1cmU9MGExZWU3MTJlNGY1YTQ5ZmU2YTI5MjFlMjIzMjlkYjI5ZjQ2ZmE1MWFjZmM1MDEwODQyYmU0MDk0YjkyOTVjMw\"\n",
              "logfile-name": "cmd-jagoan-neon.log"
            }
          },
          "sensitive_attributes": [
            [
              {
                "type": "get_attr",
                "value": "triggers"
              },
              {
                "type": "index",
                "value": {
                  "value": "kubeconfig",
                  "type": "string"
                }
              }
            ]
          ],
          "dependencies": [
            "module.cidr-secondary.module.eks.data.aws_eks_cluster.cluster",
            "module.cidr-secondary.module.eks.data.aws_eks_cluster_auth.cluster"
          ]
        }
      ]
    },
    {
      "module": "module.cidr-secondary.module.vpc",
      "mode": "data",
      "type": "aws_availability_zones",
      "name": "available",
      "provider": "provider[\"registry.terraform.io/hashicorp/aws\"]",
      "instances": [
        {
          "schema_version": 0,
          "attributes": {
            "all_availability_zones": null,
            "exclude_names": null,
            "exclude_zone_ids": null,
            "filter": null,
            "group_names": [
              "ap-southeast-3-zg-1"
            ],
            "id": "ap-southeast-3",
            "names": [
              "ap-southeast-3a",
              "ap-southeast-3b",
              "ap-southeast-3c"
            ],
            "state": null,
            "timeouts": null,
            "zone_ids": [
              "apse3-az1",
              "apse3-az2",
              "apse3-az3"
            ]
          },
          "sensitive_attributes": []
        }
      ]
    },
    {
      "module": "module.cidr-secondary.module.vpc",
      "mode": "data",
      "type": "aws_network_acls",
      "name": "private_nacl",
      "provider": "provider[\"registry.terraform.io/hashicorp/aws\"]",
      "instances": [
        {
          "schema_version": 0,
          "attributes": {
            "filter": null,
            "id": "ap-southeast-3",
            "ids": [
              "acl-04ded10060013b4ab"
            ],
            "tags": {
              "SubnetType": "Private"
            },
            "timeouts": null,
            "vpc_id": "vpc-0637841ad7277bf2d"
          },
          "sensitive_attributes": []
        }
      ]
    },
    {
      "module": "module.cidr-secondary.module.vpc",
      "mode": "data",
      "type": "aws_region",
      "name": "current",
      "provider": "provider[\"registry.terraform.io/hashicorp/aws\"]",
      "instances": [
        {
          "schema_version": 0,
          "attributes": {
            "description": "Asia Pacific (Jakarta)",
            "endpoint": "ec2.ap-southeast-3.amazonaws.com",
            "id": "ap-southeast-3",
            "name": "ap-southeast-3"
          },
          "sensitive_attributes": []
        }
      ]
    },
    {
      "module": "module.cidr-secondary.module.vpc",
      "mode": "data",
      "type": "aws_route_table",
      "name": "private_route_tables",
      "provider": "provider[\"registry.terraform.io/hashicorp/aws\"]",
      "instances": [
        {
          "index_key": 0,
          "schema_version": 0,
          "attributes": {
            "arn": "arn:aws:ec2:ap-southeast-3:381491966185:route-table/rtb-08d7ca97c8d20032e",
            "associations": [
              {
                "gateway_id": "",
                "main": false,
                "route_table_association_id": "rtbassoc-077678e84f9eb86ef",
                "route_table_id": "rtb-08d7ca97c8d20032e",
                "subnet_id": "subnet-0dea9fc596a50e27c"
              },
              {
                "gateway_id": "",
                "main": false,
                "route_table_association_id": "rtbassoc-0bbca136c7d5d2a91",
                "route_table_id": "rtb-08d7ca97c8d20032e",
                "subnet_id": "subnet-0af213ee04d481f7e"
              }
            ],
            "filter": null,
            "gateway_id": null,
            "id": "rtb-08d7ca97c8d20032e",
            "owner_id": "381491966185",
            "route_table_id": "rtb-08d7ca97c8d20032e",
            "routes": [
              {
                "carrier_gateway_id": "",
                "cidr_block": "0.0.0.0/0",
                "core_network_arn": "",
                "destination_prefix_list_id": "",
                "egress_only_gateway_id": "",
                "gateway_id": "",
                "instance_id": "i-092767f7e9e266c23",
                "ipv6_cidr_block": "",
                "local_gateway_id": "",
                "nat_gateway_id": "",
                "network_interface_id": "eni-0c3b6d34e8622bdff",
                "transit_gateway_id": "",
                "vpc_endpoint_id": "",
                "vpc_peering_connection_id": ""
              }
            ],
            "subnet_id": "subnet-0dea9fc596a50e27c",
            "tags": {
              "Name": "msi-labs-rtb-private1-ap-southeast-3a",
              "ResourceID": "msi-labs"
            },
            "timeouts": null,
            "vpc_id": "vpc-0637841ad7277bf2d"
          },
          "sensitive_attributes": []
        },
        {
          "index_key": 1,
          "schema_version": 0,
          "attributes": {
            "arn": "arn:aws:ec2:ap-southeast-3:381491966185:route-table/rtb-07939d949f4d6a435",
            "associations": [
              {
                "gateway_id": "",
                "main": false,
                "route_table_association_id": "rtbassoc-0992c5b9ca329ebdf",
                "route_table_id": "rtb-07939d949f4d6a435",
                "subnet_id": "subnet-0f702b4e89fb5f74a"
              },
              {
                "gateway_id": "",
                "main": false,
                "route_table_association_id": "rtbassoc-044a9a7399457e0e7",
                "route_table_id": "rtb-07939d949f4d6a435",
                "subnet_id": "subnet-041e6fabda704662b"
              }
            ],
            "filter": null,
            "gateway_id": null,
            "id": "rtb-07939d949f4d6a435",
            "owner_id": "381491966185",
            "route_table_id": "rtb-07939d949f4d6a435",
            "routes": [
              {
                "carrier_gateway_id": "",
                "cidr_block": "0.0.0.0/0",
                "core_network_arn": "",
                "destination_prefix_list_id": "",
                "egress_only_gateway_id": "",
                "gateway_id": "",
                "instance_id": "i-092767f7e9e266c23",
                "ipv6_cidr_block": "",
                "local_gateway_id": "",
                "nat_gateway_id": "",
                "network_interface_id": "eni-0c3b6d34e8622bdff",
                "transit_gateway_id": "",
                "vpc_endpoint_id": "",
                "vpc_peering_connection_id": ""
              }
            ],
            "subnet_id": "subnet-0f702b4e89fb5f74a",
            "tags": {
              "Name": "msi-labs-rtb-private2-ap-southeast-3b",
              "ResourceID": "msi-labs"
            },
            "timeouts": null,
            "vpc_id": "vpc-0637841ad7277bf2d"
          },
          "sensitive_attributes": []
        }
      ]
    },
    {
      "module": "module.cidr-secondary.module.vpc",
      "mode": "data",
      "type": "aws_subnets",
      "name": "private_subnets",
      "provider": "provider[\"registry.terraform.io/hashicorp/aws\"]",
      "instances": [
        {
          "schema_version": 0,
          "attributes": {
            "filter": [
              {
                "name": "vpc-id",
                "values": [
                  "vpc-0637841ad7277bf2d"
                ]
              }
            ],
            "id": "ap-southeast-3",
            "ids": [
              "subnet-0dea9fc596a50e27c",
              "subnet-0f702b4e89fb5f74a"
            ],
            "tags": {
              "SubnetType": "Private"
            },
            "timeouts": null
          },
          "sensitive_attributes": []
        }
      ]
    },
    {
      "module": "module.cidr-secondary.module.vpc",
      "mode": "data",
      "type": "aws_vpc",
      "name": "selected",
      "provider": "provider[\"registry.terraform.io/hashicorp/aws\"]",
      "instances": [
        {
          "schema_version": 0,
          "attributes": {
            "arn": "arn:aws:ec2:ap-southeast-3:381491966185:vpc/vpc-0637841ad7277bf2d",
            "cidr_block": "10.0.0.0/16",
            "cidr_block_associations": [
              {
                "association_id": "vpc-cidr-assoc-099758435cf616632",
                "cidr_block": "10.0.0.0/16",
                "state": "associated"
              },
              {
                "association_id": "vpc-cidr-assoc-012719dd7c9bc6671",
                "cidr_block": "100.64.0.0/16",
                "state": "associated"
              }
            ],
            "default": false,
            "dhcp_options_id": "dopt-0dcaaed7dd06bc50d",
            "enable_dns_hostnames": true,
            "enable_dns_support": true,
            "enable_network_address_usage_metrics": false,
            "filter": null,
            "id": "vpc-0637841ad7277bf2d",
            "instance_tenancy": "default",
            "ipv6_association_id": "",
            "ipv6_cidr_block": "",
            "main_route_table_id": "rtb-02bbe56daf5f8e382",
            "owner_id": "381491966185",
            "state": null,
            "tags": {
              "Name": "msi-labs-vpc (don't-delete-and-use-this-please)",
              "ResourceID": "msi-labs"
            },
            "timeouts": null
          },
          "sensitive_attributes": []
        }
      ]
    },
    {
      "module": "module.cidr-secondary.module.vpc",
      "mode": "managed",
      "type": "aws_network_acl_association",
      "name": "pod_subnet_nacl_assoc",
      "provider": "provider[\"registry.terraform.io/hashicorp/aws\"]",
      "instances": [
        {
          "index_key": 0,
          "schema_version": 0,
          "attributes": {
            "id": "aclassoc-002a5df9ead250c5f",
            "network_acl_id": "acl-04ded10060013b4ab",
            "subnet_id": "subnet-0af213ee04d481f7e"
          },
          "sensitive_attributes": [],
          "private": "bnVsbA==",
          "dependencies": [
            "module.cidr-secondary.module.vpc.aws_subnet.vpc_secondary_cidr_subnets",
            "module.cidr-secondary.module.vpc.aws_vpc_ipv4_cidr_block_association.vpc_secondary_cidr",
            "module.cidr-secondary.module.vpc.data.aws_availability_zones.available",
            "module.cidr-secondary.module.vpc.data.aws_network_acls.private_nacl",
            "module.cidr-secondary.module.vpc.data.aws_vpc.selected"
          ]
        },
        {
          "index_key": 1,
          "schema_version": 0,
          "attributes": {
            "id": "aclassoc-0b270db792d0cf11a",
            "network_acl_id": "acl-04ded10060013b4ab",
            "subnet_id": "subnet-041e6fabda704662b"
          },
          "sensitive_attributes": [],
          "private": "bnVsbA==",
          "dependencies": [
            "module.cidr-secondary.module.vpc.aws_subnet.vpc_secondary_cidr_subnets",
            "module.cidr-secondary.module.vpc.aws_vpc_ipv4_cidr_block_association.vpc_secondary_cidr",
            "module.cidr-secondary.module.vpc.data.aws_availability_zones.available",
            "module.cidr-secondary.module.vpc.data.aws_network_acls.private_nacl",
            "module.cidr-secondary.module.vpc.data.aws_vpc.selected"
          ]
        }
      ]
    },
    {
      "module": "module.cidr-secondary.module.vpc",
      "mode": "managed",
      "type": "aws_route_table_association",
      "name": "pod_subnet_rt_attach",
      "provider": "provider[\"registry.terraform.io/hashicorp/aws\"]",
      "instances": [
        {
          "index_key": 0,
          "schema_version": 0,
          "attributes": {
            "gateway_id": "",
            "id": "rtbassoc-0bbca136c7d5d2a91",
            "route_table_id": "rtb-08d7ca97c8d20032e",
            "subnet_id": "subnet-0af213ee04d481f7e",
            "timeouts": null
          },
          "sensitive_attributes": [],
          "private": "eyJlMmJmYjczMC1lY2FhLTExZTYtOGY4OC0zNDM2M2JjN2M0YzAiOnsiY3JlYXRlIjozMDAwMDAwMDAwMDAsImRlbGV0ZSI6MzAwMDAwMDAwMDAwLCJ1cGRhdGUiOjEyMDAwMDAwMDAwMH19",
          "dependencies": [
            "module.cidr-secondary.module.vpc.aws_subnet.vpc_secondary_cidr_subnets",
            "module.cidr-secondary.module.vpc.aws_vpc_ipv4_cidr_block_association.vpc_secondary_cidr",
            "module.cidr-secondary.module.vpc.data.aws_availability_zones.available",
            "module.cidr-secondary.module.vpc.data.aws_route_table.private_route_tables",
            "module.cidr-secondary.module.vpc.data.aws_subnets.private_subnets",
            "module.cidr-secondary.module.vpc.data.aws_vpc.selected"
          ]
        },
        {
          "index_key": 1,
          "schema_version": 0,
          "attributes": {
            "gateway_id": "",
            "id": "rtbassoc-044a9a7399457e0e7",
            "route_table_id": "rtb-07939d949f4d6a435",
            "subnet_id": "subnet-041e6fabda704662b",
            "timeouts": null
          },
          "sensitive_attributes": [],
          "private": "eyJlMmJmYjczMC1lY2FhLTExZTYtOGY4OC0zNDM2M2JjN2M0YzAiOnsiY3JlYXRlIjozMDAwMDAwMDAwMDAsImRlbGV0ZSI6MzAwMDAwMDAwMDAwLCJ1cGRhdGUiOjEyMDAwMDAwMDAwMH19",
          "dependencies": [
            "module.cidr-secondary.module.vpc.aws_subnet.vpc_secondary_cidr_subnets",
            "module.cidr-secondary.module.vpc.aws_vpc_ipv4_cidr_block_association.vpc_secondary_cidr",
            "module.cidr-secondary.module.vpc.data.aws_availability_zones.available",
            "module.cidr-secondary.module.vpc.data.aws_route_table.private_route_tables",
            "module.cidr-secondary.module.vpc.data.aws_subnets.private_subnets",
            "module.cidr-secondary.module.vpc.data.aws_vpc.selected"
          ]
        }
      ]
    },
    {
      "module": "module.cidr-secondary.module.vpc",
      "mode": "managed",
      "type": "aws_subnet",
      "name": "vpc_secondary_cidr_subnets",
      "provider": "provider[\"registry.terraform.io/hashicorp/aws\"]",
      "instances": [
        {
          "index_key": 0,
          "schema_version": 1,
          "attributes": {
            "arn": "arn:aws:ec2:ap-southeast-3:381491966185:subnet/subnet-0af213ee04d481f7e",
            "assign_ipv6_address_on_creation": false,
            "availability_zone": "ap-southeast-3a",
            "availability_zone_id": "apse3-az1",
            "cidr_block": "100.64.0.0/17",
            "customer_owned_ipv4_pool": "",
            "enable_dns64": false,
            "enable_lni_at_device_index": 0,
            "enable_resource_name_dns_a_record_on_launch": false,
            "enable_resource_name_dns_aaaa_record_on_launch": false,
            "id": "subnet-0af213ee04d481f7e",
            "ipv6_cidr_block": "",
            "ipv6_cidr_block_association_id": "",
            "ipv6_native": false,
            "map_customer_owned_ip_on_launch": false,
            "map_public_ip_on_launch": false,
            "outpost_arn": "",
            "owner_id": "381491966185",
            "private_dns_hostname_type_on_launch": "ip-name",
            "tags": {
              "Name": "jagoan-neon-eks-pod-subnet-a",
              "SubnetType": "EKSPod"
            },
            "tags_all": {
              "Name": "jagoan-neon-eks-pod-subnet-a",
              "SubnetType": "EKSPod"
            },
            "timeouts": null,
            "vpc_id": "vpc-0637841ad7277bf2d"
          },
          "sensitive_attributes": [],
          "private": "eyJlMmJmYjczMC1lY2FhLTExZTYtOGY4OC0zNDM2M2JjN2M0YzAiOnsiY3JlYXRlIjo2MDAwMDAwMDAwMDAsImRlbGV0ZSI6MTIwMDAwMDAwMDAwMH0sInNjaGVtYV92ZXJzaW9uIjoiMSJ9",
          "dependencies": [
            "module.cidr-secondary.module.vpc.aws_vpc_ipv4_cidr_block_association.vpc_secondary_cidr",
            "module.cidr-secondary.module.vpc.data.aws_availability_zones.available",
            "module.cidr-secondary.module.vpc.data.aws_vpc.selected"
          ]
        },
        {
          "index_key": 1,
          "schema_version": 1,
          "attributes": {
            "arn": "arn:aws:ec2:ap-southeast-3:381491966185:subnet/subnet-041e6fabda704662b",
            "assign_ipv6_address_on_creation": false,
            "availability_zone": "ap-southeast-3b",
            "availability_zone_id": "apse3-az2",
            "cidr_block": "100.64.128.0/17",
            "customer_owned_ipv4_pool": "",
            "enable_dns64": false,
            "enable_lni_at_device_index": 0,
            "enable_resource_name_dns_a_record_on_launch": false,
            "enable_resource_name_dns_aaaa_record_on_launch": false,
            "id": "subnet-041e6fabda704662b",
            "ipv6_cidr_block": "",
            "ipv6_cidr_block_association_id": "",
            "ipv6_native": false,
            "map_customer_owned_ip_on_launch": false,
            "map_public_ip_on_launch": false,
            "outpost_arn": "",
            "owner_id": "381491966185",
            "private_dns_hostname_type_on_launch": "ip-name",
            "tags": {
              "Name": "jagoan-neon-eks-pod-subnet-b",
              "SubnetType": "EKSPod"
            },
            "tags_all": {
              "Name": "jagoan-neon-eks-pod-subnet-b",
              "SubnetType": "EKSPod"
            },
            "timeouts": null,
            "vpc_id": "vpc-0637841ad7277bf2d"
          },
          "sensitive_attributes": [],
          "private": "eyJlMmJmYjczMC1lY2FhLTExZTYtOGY4OC0zNDM2M2JjN2M0YzAiOnsiY3JlYXRlIjo2MDAwMDAwMDAwMDAsImRlbGV0ZSI6MTIwMDAwMDAwMDAwMH0sInNjaGVtYV92ZXJzaW9uIjoiMSJ9",
          "dependencies": [
            "module.cidr-secondary.module.vpc.aws_vpc_ipv4_cidr_block_association.vpc_secondary_cidr",
            "module.cidr-secondary.module.vpc.data.aws_availability_zones.available",
            "module.cidr-secondary.module.vpc.data.aws_vpc.selected"
          ]
        }
      ]
    },
    {
      "module": "module.cidr-secondary.module.vpc",
      "mode": "managed",
      "type": "aws_vpc_ipv4_cidr_block_association",
      "name": "vpc_secondary_cidr",
      "provider": "provider[\"registry.terraform.io/hashicorp/aws\"]",
      "instances": [
        {
          "schema_version": 0,
          "attributes": {
            "cidr_block": "100.64.0.0/16",
            "id": "vpc-cidr-assoc-012719dd7c9bc6671",
            "ipv4_ipam_pool_id": null,
            "ipv4_netmask_length": null,
            "timeouts": null,
            "vpc_id": "vpc-0637841ad7277bf2d"
          },
          "sensitive_attributes": [],
          "private": "eyJlMmJmYjczMC1lY2FhLTExZTYtOGY4OC0zNDM2M2JjN2M0YzAiOnsiY3JlYXRlIjo2MDAwMDAwMDAwMDAsImRlbGV0ZSI6NjAwMDAwMDAwMDAwfX0=",
          "dependencies": [
            "module.cidr-secondary.module.vpc.data.aws_vpc.selected"
          ]
        }
      ]
    },
    {
      "module": "module.eks",
      "mode": "data",
      "type": "aws_availability_zones",
      "name": "available",
      "provider": "provider[\"registry.terraform.io/hashicorp/aws\"]",
      "instances": [
        {
          "schema_version": 0,
          "attributes": {
            "all_availability_zones": null,
            "exclude_names": null,
            "exclude_zone_ids": null,
            "filter": null,
            "group_names": [
              "ap-southeast-3-zg-1"
            ],
            "id": "ap-southeast-3",
            "names": [
              "ap-southeast-3a",
              "ap-southeast-3b",
              "ap-southeast-3c"
            ],
            "state": null,
            "timeouts": null,
            "zone_ids": [
              "apse3-az1",
              "apse3-az2",
              "apse3-az3"
            ]
          },
          "sensitive_attributes": []
        }
      ]
    },
    {
      "module": "module.eks",
      "mode": "data",
      "type": "aws_caller_identity",
      "name": "current",
      "provider": "provider[\"registry.terraform.io/hashicorp/aws\"]",
      "instances": [
        {
          "schema_version": 0,
          "attributes": {
            "account_id": "381491966185",
            "arn": "arn:aws:sts::381491966185:assumed-role/eks-infra-access-role/AWSReservedSSO_AdministratorAccess_9c2565ce305023fb",
            "id": "381491966185",
            "user_id": "AROAVRUVRODUWJIRWAMYX:AWSReservedSSO_AdministratorAccess_9c2565ce305023fb"
          },
          "sensitive_attributes": []
        }
      ]
    },
    {
      "module": "module.eks",
      "mode": "data",
      "type": "aws_elb_service_account",
      "name": "main",
      "provider": "provider[\"registry.terraform.io/hashicorp/aws\"]",
      "instances": [
        {
          "schema_version": 0,
          "attributes": {
            "arn": "arn:aws:iam::589379963580:root",
            "id": "589379963580",
            "region": null
          },
          "sensitive_attributes": []
        }
      ]
    },
    {
      "module": "module.eks",
      "mode": "data",
      "type": "aws_iam_policy_document",
      "name": "eks_assume_role_policy",
      "provider": "provider[\"registry.terraform.io/hashicorp/aws\"]",
      "instances": [
        {
          "schema_version": 0,
          "attributes": {
            "id": "1362778242",
            "json": "{\n  \"Version\": \"2012-10-17\",\n  \"Statement\": [\n    {\n      \"Effect\": \"Allow\",\n      \"Action\": \"sts:AssumeRoleWithWebIdentity\",\n      \"Principal\": {\n        \"Federated\": \"arn:aws:iam::381491966185:oidc-provider/oidc.eks.ap-southeast-3.amazonaws.com/id/7FB94673BB57AA3AA5712FBB0B14DD7C\"\n      },\n      \"Condition\": {\n        \"StringEquals\": {\n          \"oidc.eks.ap-southeast-3.amazonaws.com/id/7FB94673BB57AA3AA5712FBB0B14DD7C:sub\": \"system:serviceaccount:kube-system:infra-sa\"\n        }\n      }\n    },\n    {\n      \"Sid\": \"UserAssumeAccess\",\n      \"Effect\": \"Allow\",\n      \"Action\": \"sts:AssumeRole\",\n      \"Principal\": {\n        \"AWS\": \"arn:aws:iam::381491966185:root\"\n      }\n    }\n  ]\n}",
            "minified_json": "{\"Version\":\"2012-10-17\",\"Statement\":[{\"Effect\":\"Allow\",\"Action\":\"sts:AssumeRoleWithWebIdentity\",\"Principal\":{\"Federated\":\"arn:aws:iam::381491966185:oidc-provider/oidc.eks.ap-southeast-3.amazonaws.com/id/7FB94673BB57AA3AA5712FBB0B14DD7C\"},\"Condition\":{\"StringEquals\":{\"oidc.eks.ap-southeast-3.amazonaws.com/id/7FB94673BB57AA3AA5712FBB0B14DD7C:sub\":\"system:serviceaccount:kube-system:infra-sa\"}}},{\"Sid\":\"UserAssumeAccess\",\"Effect\":\"Allow\",\"Action\":\"sts:AssumeRole\",\"Principal\":{\"AWS\":\"arn:aws:iam::381491966185:root\"}}]}",
            "override_json": null,
            "override_policy_documents": null,
            "policy_id": null,
            "source_json": null,
            "source_policy_documents": null,
            "statement": [
              {
                "actions": [
                  "sts:AssumeRoleWithWebIdentity"
                ],
                "condition": [
                  {
                    "test": "StringEquals",
                    "values": [
                      "system:serviceaccount:kube-system:infra-sa"
                    ],
                    "variable": "oidc.eks.ap-southeast-3.amazonaws.com/id/7FB94673BB57AA3AA5712FBB0B14DD7C:sub"
                  }
                ],
                "effect": "Allow",
                "not_actions": [],
                "not_principals": [],
                "not_resources": [],
                "principals": [
                  {
                    "identifiers": [
                      "arn:aws:iam::381491966185:oidc-provider/oidc.eks.ap-southeast-3.amazonaws.com/id/7FB94673BB57AA3AA5712FBB0B14DD7C"
                    ],
                    "type": "Federated"
                  }
                ],
                "resources": [],
                "sid": ""
              },
              {
                "actions": [
                  "sts:AssumeRole"
                ],
                "condition": [],
                "effect": "Allow",
                "not_actions": [],
                "not_principals": [],
                "not_resources": [],
                "principals": [
                  {
                    "identifiers": [
                      "arn:aws:iam::381491966185:root"
                    ],
                    "type": "AWS"
                  }
                ],
                "resources": [],
                "sid": "UserAssumeAccess"
              }
            ],
            "version": "2012-10-17"
          },
          "sensitive_attributes": []
        }
      ]
    },
    {
      "module": "module.eks",
      "mode": "data",
      "type": "aws_internet_gateway",
      "name": "default",
      "provider": "provider[\"registry.terraform.io/hashicorp/aws\"]",
      "instances": [
        {
          "schema_version": 0,
          "attributes": {
            "arn": "arn:aws:ec2:ap-southeast-3:381491966185:internet-gateway/igw-0fc682b8d13614038",
            "attachments": [
              {
                "state": "available",
                "vpc_id": "vpc-0637841ad7277bf2d"
              }
            ],
            "filter": [
              {
                "name": "attachment.vpc-id",
                "values": [
                  "vpc-0637841ad7277bf2d"
                ]
              }
            ],
            "id": "igw-0fc682b8d13614038",
            "internet_gateway_id": "igw-0fc682b8d13614038",
            "owner_id": "381491966185",
            "tags": {
              "Name": "msi-labs-igw",
              "ResourceID": "msi-labs"
            },
            "timeouts": null
          },
          "sensitive_attributes": []
        }
      ]
    },
    {
      "module": "module.eks",
      "mode": "data",
      "type": "aws_network_acls",
      "name": "private_nacl",
      "provider": "provider[\"registry.terraform.io/hashicorp/aws\"]",
      "instances": [
        {
          "schema_version": 0,
          "attributes": {
            "filter": null,
            "id": "ap-southeast-3",
            "ids": [],
            "tags": {
              "Purpose": "web"
            },
            "timeouts": null,
            "vpc_id": "vpc-0637841ad7277bf2d"
          },
          "sensitive_attributes": []
        }
      ]
    },
    {
      "module": "module.eks",
      "mode": "data",
      "type": "aws_network_acls",
      "name": "protected_nacl",
      "provider": "provider[\"registry.terraform.io/hashicorp/aws\"]",
      "instances": [
        {
          "schema_version": 0,
          "attributes": {
            "filter": null,
            "id": "ap-southeast-3",
            "ids": [],
            "tags": {
              "Purpose": "protected"
            },
            "timeouts": null,
            "vpc_id": "vpc-0637841ad7277bf2d"
          },
          "sensitive_attributes": []
        }
      ]
    },
    {
      "module": "module.eks",
      "mode": "data",
      "type": "aws_network_acls",
      "name": "public_nacl",
      "provider": "provider[\"registry.terraform.io/hashicorp/aws\"]",
      "instances": [
        {
          "schema_version": 0,
          "attributes": {
            "filter": null,
            "id": "ap-southeast-3",
            "ids": [],
            "tags": {
              "Purpose": "public"
            },
            "timeouts": null,
            "vpc_id": "vpc-0637841ad7277bf2d"
          },
          "sensitive_attributes": []
        }
      ]
    },
    {
      "module": "module.eks",
      "mode": "data",
      "type": "aws_region",
      "name": "current",
      "provider": "provider[\"registry.terraform.io/hashicorp/aws\"]",
      "instances": [
        {
          "schema_version": 0,
          "attributes": {
            "description": "Asia Pacific (Jakarta)",
            "endpoint": "ec2.ap-southeast-3.amazonaws.com",
            "id": "ap-southeast-3",
            "name": "ap-southeast-3"
          },
          "sensitive_attributes": []
        }
      ]
    },
    {
      "module": "module.eks",
      "mode": "data",
      "type": "aws_subnet",
      "name": "private_subnet",
      "provider": "provider[\"registry.terraform.io/hashicorp/aws\"]",
      "instances": [
        {
          "index_key": "subnet-0dea9fc596a50e27c",
          "schema_version": 0,
          "attributes": {
            "arn": "arn:aws:ec2:ap-southeast-3:381491966185:subnet/subnet-0dea9fc596a50e27c",
            "assign_ipv6_address_on_creation": false,
            "availability_zone": "ap-southeast-3a",
            "availability_zone_id": "apse3-az1",
            "available_ip_address_count": 4085,
            "cidr_block": "10.0.128.0/20",
            "customer_owned_ipv4_pool": "",
            "default_for_az": false,
            "enable_dns64": false,
            "enable_lni_at_device_index": 0,
            "enable_resource_name_dns_a_record_on_launch": false,
            "enable_resource_name_dns_aaaa_record_on_launch": false,
            "filter": null,
            "id": "subnet-0dea9fc596a50e27c",
            "ipv6_cidr_block": "",
            "ipv6_cidr_block_association_id": "",
            "ipv6_native": false,
            "map_customer_owned_ip_on_launch": false,
            "map_public_ip_on_launch": false,
            "outpost_arn": "",
            "owner_id": "381491966185",
            "private_dns_hostname_type_on_launch": "ip-name",
            "state": "available",
            "tags": {
              "Name": "msi-labs-subnet-private1-ap-southeast-3a",
              "ResourceID": "msi-labs",
              "Subnet": "Private",
              "SubnetType": "Private",
              "kubernetes.io/cluster/gandi-lab-mso-eks": "owned",
              "kubernetes.io/role/internal-elb": "1"
            },
            "timeouts": null,
            "vpc_id": "vpc-0637841ad7277bf2d"
          },
          "sensitive_attributes": []
        },
        {
          "index_key": "subnet-0f702b4e89fb5f74a",
          "schema_version": 0,
          "attributes": {
            "arn": "arn:aws:ec2:ap-southeast-3:381491966185:subnet/subnet-0f702b4e89fb5f74a",
            "assign_ipv6_address_on_creation": false,
            "availability_zone": "ap-southeast-3b",
            "availability_zone_id": "apse3-az2",
            "available_ip_address_count": 4088,
            "cidr_block": "10.0.144.0/20",
            "customer_owned_ipv4_pool": "",
            "default_for_az": false,
            "enable_dns64": false,
            "enable_lni_at_device_index": 0,
            "enable_resource_name_dns_a_record_on_launch": false,
            "enable_resource_name_dns_aaaa_record_on_launch": false,
            "filter": null,
            "id": "subnet-0f702b4e89fb5f74a",
            "ipv6_cidr_block": "",
            "ipv6_cidr_block_association_id": "",
            "ipv6_native": false,
            "map_customer_owned_ip_on_launch": false,
            "map_public_ip_on_launch": false,
            "outpost_arn": "",
            "owner_id": "381491966185",
            "private_dns_hostname_type_on_launch": "ip-name",
            "state": "available",
            "tags": {
              "Name": "msi-labs-subnet-private2-ap-southeast-3b",
              "ResourceID": "msi-labs",
              "Subnet": "Private",
              "SubnetType": "Private",
              "kubernetes.io/cluster/gandi-lab-mso-eks": "owned",
              "kubernetes.io/role/internal-elb": "1"
            },
            "timeouts": null,
            "vpc_id": "vpc-0637841ad7277bf2d"
          },
          "sensitive_attributes": []
        }
      ]
    },
    {
      "module": "module.eks",
      "mode": "data",
      "type": "aws_subnets",
      "name": "private_subnets",
      "provider": "provider[\"registry.terraform.io/hashicorp/aws\"]",
      "instances": [
        {
          "schema_version": 0,
          "attributes": {
            "filter": [
              {
                "name": "availability-zone",
                "values": [
                  "ap-southeast-3a",
                  "ap-southeast-3b"
                ]
              },
              {
                "name": "vpc-id",
                "values": [
                  "vpc-0637841ad7277bf2d"
                ]
              }
            ],
            "id": "ap-southeast-3",
            "ids": [
              "subnet-0dea9fc596a50e27c",
              "subnet-0f702b4e89fb5f74a"
            ],
            "tags": {
              "Subnet": "Private"
            },
            "timeouts": null
          },
          "sensitive_attributes": []
        }
      ]
    },
    {
      "module": "module.eks",
      "mode": "data",
      "type": "aws_subnets",
      "name": "public_subnets",
      "provider": "provider[\"registry.terraform.io/hashicorp/aws\"]",
      "instances": [
        {
          "schema_version": 0,
          "attributes": {
            "filter": [
              {
                "name": "availability-zone",
                "values": [
                  "ap-southeast-3a",
                  "ap-southeast-3b"
                ]
              },
              {
                "name": "vpc-id",
                "values": [
                  "vpc-0637841ad7277bf2d"
                ]
              }
            ],
            "id": "ap-southeast-3",
            "ids": [
              "subnet-0109f587a0c486b14",
              "subnet-0b073b12186f056d0"
            ],
            "tags": {
              "Subnet": "Public"
            },
            "timeouts": null
          },
          "sensitive_attributes": []
        }
      ]
    },
    {
      "module": "module.eks",
      "mode": "data",
      "type": "aws_vpc",
      "name": "selected",
      "provider": "provider[\"registry.terraform.io/hashicorp/aws\"]",
      "instances": [
        {
          "schema_version": 0,
          "attributes": {
            "arn": "arn:aws:ec2:ap-southeast-3:381491966185:vpc/vpc-0637841ad7277bf2d",
            "cidr_block": "10.0.0.0/16",
            "cidr_block_associations": [
              {
                "association_id": "vpc-cidr-assoc-099758435cf616632",
                "cidr_block": "10.0.0.0/16",
                "state": "associated"
              },
              {
                "association_id": "vpc-cidr-assoc-012719dd7c9bc6671",
                "cidr_block": "100.64.0.0/16",
                "state": "associated"
              }
            ],
            "default": false,
            "dhcp_options_id": "dopt-0dcaaed7dd06bc50d",
            "enable_dns_hostnames": true,
            "enable_dns_support": true,
            "enable_network_address_usage_metrics": false,
            "filter": null,
            "id": "vpc-0637841ad7277bf2d",
            "instance_tenancy": "default",
            "ipv6_association_id": "",
            "ipv6_cidr_block": "",
            "main_route_table_id": "rtb-02bbe56daf5f8e382",
            "owner_id": "381491966185",
            "state": null,
            "tags": {
              "Name": "msi-labs-vpc (don't-delete-and-use-this-please)",
              "ResourceID": "msi-labs"
            },
            "timeouts": null
          },
          "sensitive_attributes": []
        }
      ]
    },
    {
      "module": "module.eks",
      "mode": "data",
      "type": "template_file",
      "name": "bastion_userdata",
      "provider": "provider[\"registry.terraform.io/hashicorp/template\"]",
      "instances": [
        {
          "schema_version": 0,
          "attributes": {
            "filename": null,
            "id": "e8e1016283fc10cd5e3f4ced6ab803607df68d7a2fd4d6dd192891f7fa102426",
            "rendered": "#!/bin/bash\nyum -y remove awscli\nyum -y install git telnet \n\n#Install Kubectl\ncurl -LO \"https://dl.k8s.io/release/$(curl -L -s https://dl.k8s.io/release/stable.txt)/bin/linux/amd64/kubectl\"\ninstall -o root -g root -m 0755 kubectl /usr/local/bin/kubectl\n\n#Kubectl Bash Auto-Completion\nkubectl completion bash \u003e /etc/bash_completion.d/kubectl\n\n#Install Helm CLI\ncurl -fsSL -o get_helm.sh https://raw.githubusercontent.com/helm/helm/main/scripts/get-helm-3\nchmod 700 get_helm.sh\n./get_helm.sh\n\n#Helm CLI Bash Auto-completion\nhelm completion bash \u003e /etc/bash_completion.d/helm\n\n#Install AWS CLI v2\ncurl \"https://awscli.amazonaws.com/awscli-exe-linux-x86_64.zip\" -o \"awscliv2.zip\"\nunzip awscliv2.zip\n./aws/install\n\n#AWS CLI Auto-Completion\ncomplete -C '/usr/local/bin/aws_completer' aws\n",
            "template": "#!/bin/bash\nyum -y remove awscli\nyum -y install git telnet \n\n#Install Kubectl\ncurl -LO \"https://dl.k8s.io/release/$(curl -L -s https://dl.k8s.io/release/stable.txt)/bin/linux/amd64/kubectl\"\ninstall -o root -g root -m 0755 kubectl /usr/local/bin/kubectl\n\n#Kubectl Bash Auto-Completion\nkubectl completion bash \u003e /etc/bash_completion.d/kubectl\n\n#Install Helm CLI\ncurl -fsSL -o get_helm.sh https://raw.githubusercontent.com/helm/helm/main/scripts/get-helm-3\nchmod 700 get_helm.sh\n./get_helm.sh\n\n#Helm CLI Bash Auto-completion\nhelm completion bash \u003e /etc/bash_completion.d/helm\n\n#Install AWS CLI v2\ncurl \"https://awscli.amazonaws.com/awscli-exe-linux-x86_64.zip\" -o \"awscliv2.zip\"\nunzip awscliv2.zip\n./aws/install\n\n#AWS CLI Auto-Completion\ncomplete -C '/usr/local/bin/aws_completer' aws\n",
            "vars": null
          },
          "sensitive_attributes": []
        }
      ]
    },
    {
      "module": "module.eks",
      "mode": "managed",
      "type": "aws_iam_policy",
      "name": "aws_load_balancer_controller",
      "provider": "provider[\"registry.terraform.io/hashicorp/aws\"]",
      "instances": [
        {
          "schema_version": 0,
          "attributes": {
            "arn": "arn:aws:iam::381491966185:policy/nbl_AWSLoadBalancerControllerIAMPolicy",
            "attachment_count": 3,
            "description": "AWS Load Balancer Controller IAM Policy",
            "id": "arn:aws:iam::381491966185:policy/nbl_AWSLoadBalancerControllerIAMPolicy",
            "name": "nbl_AWSLoadBalancerControllerIAMPolicy",
            "name_prefix": "",
            "path": "/",
            "policy": "{\"Statement\":[{\"Action\":[\"iam:CreateServiceLinkedRole\",\"ec2:DescribeAccountAttributes\",\"ec2:DescribeAddresses\",\"ec2:DescribeAvailabilityZones\",\"ec2:DescribeInternetGateways\",\"ec2:DescribeVpcs\",\"ec2:DescribeSubnets\",\"ec2:DescribeSecurityGroups\",\"ec2:DescribeInstances\",\"ec2:DescribeNetworkInterfaces\",\"ec2:DescribeTags\",\"ec2:GetCoipPoolUsage\",\"ec2:DescribeCoipPools\",\"ec2:CreateSecurityGroup\",\"ec2:DeleteSecurityGroup\",\"ec2:CreateTags\",\"ec2:DeleteTags\",\"elasticloadbalancing:SetWebACL\",\"elasticloadbalancing:DescribeLoadBalancers\",\"elasticloadbalancing:DescribeLoadBalancerAttributes\",\"elasticloadbalancing:DescribeListeners\",\"elasticloadbalancing:DescribeListenerCertificates\",\"elasticloadbalancing:DescribeSSLPolicies\",\"elasticloadbalancing:DescribeRules\",\"elasticloadbalancing:DescribeTargetGroups\",\"elasticloadbalancing:DescribeTargetGroupAttributes\",\"elasticloadbalancing:DescribeTargetHealth\",\"elasticloadbalancing:DescribeTags\",\"elasticloadbalancing:CreateLoadBalancer\",\"elasticloadbalancing:CreateListener\",\"elasticloadbalancing:DeleteListener\",\"elasticloadbalancing:CreateRule\",\"elasticloadbalancing:DeleteRule\",\"elasticloadbalancing:DeleteLoadBalancer\",\"elasticloadbalancing:ModifyLoadBalancerAttributes\",\"elasticloadbalancing:SetRulePriorities\",\"elasticloadbalancing:SetIpAddressType\",\"elasticloadbalancing:SetSecurityGroups\",\"elasticloadbalancing:SetSubnets\",\"elasticloadbalancing:AddTags\",\"elasticloadbalancing:RemoveTags\",\"elasticloadbalancing:CreateTargetGroup\",\"elasticloadbalancing:DeleteTargetGroup\",\"elasticloadbalancing:ModifyTargetGroup\",\"elasticloadbalancing:ModifyTargetGroupAttributes\",\"elasticloadbalancing:RegisterTargets\",\"elasticloadbalancing:DeregisterTargets\",\"elasticloadbalancing:DescribeLoadBalancers\",\"elasticloadbalancing:DescribeLoadBalancerAttributes\",\"elasticloadbalancing:DescribeListeners\",\"elasticloadbalancing:DescribeListenerAttributes\",\"elasticloadbalancing:DescribeListenerCertificates\",\"elasticloadbalancing:DescribeSSLPolicies\",\"elasticloadbalancing:DescribeRules\",\"elasticloadbalancing:DescribeTargetGroups\",\"elasticloadbalancing:DescribeTargetGroupAttributes\",\"elasticloadbalancing:DescribeTargetHealth\",\"elasticloadbalancing:DescribeTags\"],\"Effect\":\"Allow\",\"Resource\":\"*\"},{\"Action\":[\"cognito-idp:DescribeUserPoolClient\",\"acm:ListCertificates\",\"acm:DescribeCertificate\",\"iam:ListServerCertificates\",\"iam:GetServerCertificate\",\"waf-regional:GetWebACL\",\"waf-regional:GetWebACLForResource\",\"waf-regional:AssociateWebACL\",\"waf-regional:DisassociateWebACL\",\"wafv2:GetWebACL\",\"wafv2:GetWebACLForResource\",\"wafv2:AssociateWebACL\",\"wafv2:DisassociateWebACL\",\"shield:GetSubscriptionState\",\"shield:DescribeProtection\",\"shield:CreateProtection\",\"shield:DeleteProtection\"],\"Effect\":\"Allow\",\"Resource\":\"*\"},{\"Action\":[\"ec2:AuthorizeSecurityGroupIngress\",\"ec2:RevokeSecurityGroupIngress\",\"ec2:AuthorizeSecurityGroupEgress\",\"ec2:RevokeSecurityGroupEgress\"],\"Effect\":\"Allow\",\"Resource\":\"*\"},{\"Action\":[\"elasticloadbalancing:CreateListener\",\"elasticloadbalancing:DeleteListener\",\"elasticloadbalancing:ModifyListener\",\"elasticloadbalancing:SetRulePriorities\",\"elasticloadbalancing:ModifyListenerAttributes\",\"elasticloadbalancing:AddListenerCertificates\",\"elasticloadbalancing:RemoveListenerCertificates\",\"elasticloadbalancing:ModifyRule\",\"elasticloadbalancing:CreateRule\",\"elasticloadbalancing:DeleteRule\"],\"Effect\":\"Allow\",\"Resource\":\"*\"},{\"Action\":[\"ec2:CreateTags\"],\"Condition\":{\"StringEquals\":{\"ec2:CreateAction\":\"CreateSecurityGroup\"}},\"Effect\":\"Allow\",\"Resource\":[\"arn:aws:ec2:*:*:security-group/*\"]},{\"Action\":[\"ec2:CreateTags\",\"ec2:DeleteTags\"],\"Effect\":\"Allow\",\"Resource\":[\"arn:aws:ec2:*:*:security-group/*\"]}],\"Version\":\"2012-10-17\"}",
            "policy_id": "ANPAVRUVRODUYU3ZY7KNH",
            "tags": {},
            "tags_all": {}
          },
          "sensitive_attributes": [],
          "private": "bnVsbA==",
          "create_before_destroy": true
        }
      ]
    },
    {
      "module": "module.eks",
      "mode": "managed",
      "type": "aws_iam_policy",
      "name": "infra_admin_policy",
      "provider": "provider[\"registry.terraform.io/hashicorp/aws\"]",
      "instances": [
        {
          "schema_version": 0,
          "attributes": {
            "arn": "arn:aws:iam::381491966185:policy/eks-infra-access-policy",
            "attachment_count": 1,
            "description": "Scoped EKS admin access policy for Infra IAM Role",
            "id": "arn:aws:iam::381491966185:policy/eks-infra-access-policy",
            "name": "eks-infra-access-policy",
            "name_prefix": "",
            "path": "/",
            "policy": "{\"Statement\":[{\"Action\":[\"eks:DescribeCluster\",\"eks:AccessKubernetesApi\",\"eks:ListClusters\",\"eks:ListNodegroups\",\"eks:DescribeNodegroup\"],\"Effect\":\"Allow\",\"Resource\":\"arn:aws:eks:ap-southeast-3:381491966185:cluster/dana-jagoan-neon-eks\",\"Sid\":\"EKSAccess\"}],\"Version\":\"2012-10-17\"}",
            "policy_id": "ANPAVRUVRODUZPD3U7KAZ",
            "tags": {},
            "tags_all": {}
          },
          "sensitive_attributes": [],
          "private": "bnVsbA==",
          "dependencies": [
            "module.eks.aws_iam_role.infra_role",
            "module.eks.data.aws_caller_identity.current",
            "module.eks.data.aws_iam_policy_document.eks_assume_role_policy",
            "module.eks.module.eks-cluster.aws_cloudwatch_log_group.this",
            "module.eks.module.eks-cluster.aws_eks_access_entry.this",
            "module.eks.module.eks-cluster.aws_eks_access_policy_association.this",
            "module.eks.module.eks-cluster.aws_eks_cluster.this",
            "module.eks.module.eks-cluster.aws_iam_openid_connect_provider.oidc_provider",
            "module.eks.module.eks-cluster.aws_iam_policy.cni_ipv6_policy",
            "module.eks.module.eks-cluster.aws_iam_role.eks_auto",
            "module.eks.module.eks-cluster.aws_iam_role.this",
            "module.eks.module.eks-cluster.aws_iam_role_policy_attachment.this",
            "module.eks.module.eks-cluster.aws_security_group.cluster",
            "module.eks.module.eks-cluster.aws_security_group.node",
            "module.eks.module.eks-cluster.aws_security_group_rule.cluster",
            "module.eks.module.eks-cluster.aws_security_group_rule.node",
            "module.eks.module.eks-cluster.data.aws_caller_identity.current",
            "module.eks.module.eks-cluster.data.aws_iam_policy_document.assume_role_policy",
            "module.eks.module.eks-cluster.data.aws_iam_policy_document.cni_ipv6_policy",
            "module.eks.module.eks-cluster.data.aws_iam_policy_document.node_assume_role_policy",
            "module.eks.module.eks-cluster.data.aws_iam_session_context.current",
            "module.eks.module.eks-cluster.data.aws_partition.current",
            "module.eks.module.eks-cluster.data.tls_certificate.this",
            "module.eks.module.eks-cluster.module.kms.aws_kms_external_key.this",
            "module.eks.module.eks-cluster.module.kms.aws_kms_key.this",
            "module.eks.module.eks-cluster.module.kms.aws_kms_replica_external_key.this",
            "module.eks.module.eks-cluster.module.kms.aws_kms_replica_key.this",
            "module.eks.module.eks-cluster.module.kms.data.aws_caller_identity.current",
            "module.eks.module.eks-cluster.module.kms.data.aws_iam_policy_document.this",
            "module.eks.module.eks-cluster.module.kms.data.aws_partition.current"
          ]
        }
      ]
    },
    {
      "module": "module.eks",
      "mode": "managed",
      "type": "aws_iam_policy",
      "name": "sharedCMK",
      "provider": "provider[\"registry.terraform.io/hashicorp/aws\"]",
      "instances": [
        {
          "schema_version": 0,
          "attributes": {
            "arn": "arn:aws:iam::381491966185:policy/CmkCentralicedAccountPolicy",
            "attachment_count": 3,
            "description": "sharedCMK IAM Policy",
            "id": "arn:aws:iam::381491966185:policy/CmkCentralicedAccountPolicy",
            "name": "CmkCentralicedAccountPolicy",
            "name_prefix": "",
            "path": "/",
            "policy": "{\"Statement\":[{\"Action\":[\"kms:*\"],\"Effect\":\"Allow\",\"Resource\":\"*\",\"Sid\":\"AllowUseOfKeyInAccountSecurity\"}],\"Version\":\"2012-10-17\"}",
            "policy_id": "ANPAVRUVRODU6ME2QVIBP",
            "tags": {},
            "tags_all": {}
          },
          "sensitive_attributes": [],
          "private": "bnVsbA==",
          "create_before_destroy": true
        }
      ]
    },
    {
      "module": "module.eks",
      "mode": "managed",
      "type": "aws_iam_role",
      "name": "aws_load_balancer_controller",
      "provider": "provider[\"registry.terraform.io/hashicorp/aws\"]",
      "instances": [
        {
          "schema_version": 0,
          "attributes": {
            "arn": "arn:aws:iam::381491966185:role/nbl-aws-load-balancer-controller",
            "assume_role_policy": "{\"Statement\":[{\"Action\":\"sts:AssumeRoleWithWebIdentity\",\"Condition\":{\"StringEquals\":{\"oidc.eks.ap-southeast-3.amazonaws.com/id/7FB94673BB57AA3AA5712FBB0B14DD7C:aud\":\"sts.amazonaws.com\",\"oidc.eks.ap-southeast-3.amazonaws.com/id/7FB94673BB57AA3AA5712FBB0B14DD7C:sub\":\"system:serviceaccount:kube-system:aws-load-balancer-controller\"}},\"Effect\":\"Allow\",\"Principal\":{\"Federated\":\"arn:aws:iam::381491966185:oidc-provider/oidc.eks.ap-southeast-3.amazonaws.com/id/7FB94673BB57AA3AA5712FBB0B14DD7C\"}}],\"Version\":\"2012-10-17\"}",
            "create_date": "2025-12-18T17:04:56Z",
            "description": "",
            "force_detach_policies": false,
            "id": "nbl-aws-load-balancer-controller",
            "inline_policy": [],
            "managed_policy_arns": [
              "arn:aws:iam::381491966185:policy/nbl_AWSLoadBalancerControllerIAMPolicy"
            ],
            "max_session_duration": 3600,
            "name": "nbl-aws-load-balancer-controller",
            "name_prefix": "",
            "path": "/",
            "permissions_boundary": "",
            "tags": {},
            "tags_all": {},
            "unique_id": "AROAVRUVRODUZVQ3R6NYO"
          },
          "sensitive_attributes": [],
          "private": "bnVsbA==",
          "dependencies": [
            "module.eks.module.eks-cluster.aws_cloudwatch_log_group.this",
            "module.eks.module.eks-cluster.aws_eks_cluster.this",
            "module.eks.module.eks-cluster.aws_iam_openid_connect_provider.oidc_provider",
            "module.eks.module.eks-cluster.aws_iam_policy.cni_ipv6_policy",
            "module.eks.module.eks-cluster.aws_iam_role.eks_auto",
            "module.eks.module.eks-cluster.aws_iam_role.this",
            "module.eks.module.eks-cluster.aws_iam_role_policy_attachment.this",
            "module.eks.module.eks-cluster.aws_security_group.cluster",
            "module.eks.module.eks-cluster.aws_security_group.node",
            "module.eks.module.eks-cluster.aws_security_group_rule.cluster",
            "module.eks.module.eks-cluster.aws_security_group_rule.node",
            "module.eks.module.eks-cluster.data.aws_caller_identity.current",
            "module.eks.module.eks-cluster.data.aws_iam_policy_document.assume_role_policy",
            "module.eks.module.eks-cluster.data.aws_iam_policy_document.cni_ipv6_policy",
            "module.eks.module.eks-cluster.data.aws_iam_policy_document.node_assume_role_policy",
            "module.eks.module.eks-cluster.data.aws_iam_session_context.current",
            "module.eks.module.eks-cluster.data.aws_partition.current",
            "module.eks.module.eks-cluster.data.tls_certificate.this",
            "module.eks.module.eks-cluster.module.kms.aws_kms_external_key.this",
            "module.eks.module.eks-cluster.module.kms.aws_kms_key.this",
            "module.eks.module.eks-cluster.module.kms.aws_kms_replica_external_key.this",
            "module.eks.module.eks-cluster.module.kms.aws_kms_replica_key.this",
            "module.eks.module.eks-cluster.module.kms.data.aws_caller_identity.current",
            "module.eks.module.eks-cluster.module.kms.data.aws_iam_policy_document.this",
            "module.eks.module.eks-cluster.module.kms.data.aws_partition.current"
          ]
        }
      ]
    },
    {
      "module": "module.eks",
      "mode": "managed",
      "type": "aws_iam_role",
      "name": "eks_node_role",
      "provider": "provider[\"registry.terraform.io/hashicorp/aws\"]",
      "instances": [
        {
          "schema_version": 0,
          "attributes": {
            "arn": "arn:aws:iam::381491966185:role/dana-jagoan-neon-eks-node-role",
            "assume_role_policy": "{\"Statement\":[{\"Action\":\"sts:AssumeRole\",\"Effect\":\"Allow\",\"Principal\":{\"Service\":[\"ec2.amazonaws.com\",\"autoscaling.amazonaws.com\"]}}],\"Version\":\"2012-10-17\"}",
            "create_date": "2025-12-18T16:49:41Z",
            "description": "",
            "force_detach_policies": false,
            "id": "dana-jagoan-neon-eks-node-role",
            "inline_policy": [],
            "managed_policy_arns": [
              "arn:aws:iam::381491966185:policy/CmkCentralicedAccountPolicy",
              "arn:aws:iam::381491966185:policy/nbl_AWSLoadBalancerControllerIAMPolicy",
              "arn:aws:iam::aws:policy/AmazonEC2ContainerRegistryReadOnly",
              "arn:aws:iam::aws:policy/AmazonEKSWorkerNodePolicy",
              "arn:aws:iam::aws:policy/AmazonEKS_CNI_Policy",
              "arn:aws:iam::aws:policy/AmazonSSMManagedInstanceCore"
            ],
            "max_session_duration": 3600,
            "name": "dana-jagoan-neon-eks-node-role",
            "name_prefix": "",
            "path": "/",
            "permissions_boundary": "",
            "tags": {},
            "tags_all": {},
            "unique_id": "AROAVRUVRODUYX74Q4CAK"
          },
          "sensitive_attributes": [],
          "private": "bnVsbA=="
        }
      ]
    },
    {
      "module": "module.eks",
      "mode": "managed",
      "type": "aws_iam_role",
      "name": "infra_role",
      "provider": "provider[\"registry.terraform.io/hashicorp/aws\"]",
      "instances": [
        {
          "schema_version": 0,
          "attributes": {
            "arn": "arn:aws:iam::381491966185:role/eks-infra-access-role",
            "assume_role_policy": "{\"Statement\":[{\"Action\":\"sts:AssumeRoleWithWebIdentity\",\"Condition\":{\"StringEquals\":{\"oidc.eks.ap-southeast-3.amazonaws.com/id/7FB94673BB57AA3AA5712FBB0B14DD7C:sub\":\"system:serviceaccount:kube-system:infra-sa\"}},\"Effect\":\"Allow\",\"Principal\":{\"Federated\":\"arn:aws:iam::381491966185:oidc-provider/oidc.eks.ap-southeast-3.amazonaws.com/id/7FB94673BB57AA3AA5712FBB0B14DD7C\"}},{\"Action\":\"sts:AssumeRole\",\"Effect\":\"Allow\",\"Principal\":{\"AWS\":\"arn:aws:iam::381491966185:root\"},\"Sid\":\"UserAssumeAccess\"}],\"Version\":\"2012-10-17\"}",
            "create_date": "2025-12-18T16:59:11Z",
            "description": "",
            "force_detach_policies": false,
            "id": "eks-infra-access-role",
            "inline_policy": [],
            "managed_policy_arns": [
              "arn:aws:iam::381491966185:policy/eks-infra-access-policy",
              "arn:aws:iam::aws:policy/AdministratorAccess"
            ],
            "max_session_duration": 3600,
            "name": "eks-infra-access-role",
            "name_prefix": "",
            "path": "/",
            "permissions_boundary": "",
            "tags": {},
            "tags_all": {},
            "unique_id": "AROAVRUVRODUWJIRWAMYX"
          },
          "sensitive_attributes": [],
          "private": "bnVsbA==",
          "dependencies": [
            "module.eks.data.aws_caller_identity.current",
            "module.eks.data.aws_iam_policy_document.eks_assume_role_policy",
            "module.eks.module.eks-cluster.aws_cloudwatch_log_group.this",
            "module.eks.module.eks-cluster.aws_eks_cluster.this",
            "module.eks.module.eks-cluster.aws_iam_openid_connect_provider.oidc_provider",
            "module.eks.module.eks-cluster.aws_iam_policy.cni_ipv6_policy",
            "module.eks.module.eks-cluster.aws_iam_role.eks_auto",
            "module.eks.module.eks-cluster.aws_iam_role.this",
            "module.eks.module.eks-cluster.aws_iam_role_policy_attachment.this",
            "module.eks.module.eks-cluster.aws_security_group.cluster",
            "module.eks.module.eks-cluster.aws_security_group.node",
            "module.eks.module.eks-cluster.aws_security_group_rule.cluster",
            "module.eks.module.eks-cluster.aws_security_group_rule.node",
            "module.eks.module.eks-cluster.data.aws_caller_identity.current",
            "module.eks.module.eks-cluster.data.aws_iam_policy_document.assume_role_policy",
            "module.eks.module.eks-cluster.data.aws_iam_policy_document.cni_ipv6_policy",
            "module.eks.module.eks-cluster.data.aws_iam_policy_document.node_assume_role_policy",
            "module.eks.module.eks-cluster.data.aws_iam_session_context.current",
            "module.eks.module.eks-cluster.data.aws_partition.current",
            "module.eks.module.eks-cluster.data.tls_certificate.this",
            "module.eks.module.eks-cluster.module.kms.aws_kms_external_key.this",
            "module.eks.module.eks-cluster.module.kms.aws_kms_key.this",
            "module.eks.module.eks-cluster.module.kms.aws_kms_replica_external_key.this",
            "module.eks.module.eks-cluster.module.kms.aws_kms_replica_key.this",
            "module.eks.module.eks-cluster.module.kms.data.aws_caller_identity.current",
            "module.eks.module.eks-cluster.module.kms.data.aws_iam_policy_document.this",
            "module.eks.module.eks-cluster.module.kms.data.aws_partition.current"
          ]
        }
      ]
    },
    {
      "module": "module.eks",
      "mode": "managed",
      "type": "aws_iam_role",
      "name": "sharedCMK",
      "provider": "provider[\"registry.terraform.io/hashicorp/aws\"]",
      "instances": [
        {
          "schema_version": 0,
          "attributes": {
            "arn": "arn:aws:iam::381491966185:role/sharedCMKRole",
            "assume_role_policy": "{\"Statement\":[{\"Action\":\"sts:AssumeRole\",\"Effect\":\"Allow\",\"Principal\":{\"Service\":[\"ec2.amazonaws.com\",\"eks.amazonaws.com\",\"autoscaling.amazonaws.com\"]}}],\"Version\":\"2012-10-17\"}",
            "create_date": "2025-12-18T16:49:41Z",
            "description": "",
            "force_detach_policies": false,
            "id": "sharedCMKRole",
            "inline_policy": [],
            "managed_policy_arns": [
              "arn:aws:iam::381491966185:policy/CmkCentralicedAccountPolicy"
            ],
            "max_session_duration": 3600,
            "name": "sharedCMKRole",
            "name_prefix": "",
            "path": "/",
            "permissions_boundary": "",
            "tags": {},
            "tags_all": {},
            "unique_id": "AROAVRUVRODUYZMXH2PBL"
          },
          "sensitive_attributes": [],
          "private": "bnVsbA=="
        }
      ]
    },
    {
      "module": "module.eks",
      "mode": "managed",
      "type": "aws_iam_role_policy_attachment",
      "name": "aws_load_balancer_controller",
      "provider": "provider[\"registry.terraform.io/hashicorp/aws\"]",
      "instances": [
        {
          "schema_version": 0,
          "attributes": {
            "id": "nbl-aws-load-balancer-controller-20251218170457759900000003",
            "policy_arn": "arn:aws:iam::381491966185:policy/nbl_AWSLoadBalancerControllerIAMPolicy",
            "role": "nbl-aws-load-balancer-controller"
          },
          "sensitive_attributes": [],
          "private": "bnVsbA==",
          "dependencies": [
            "module.eks.aws_iam_policy.aws_load_balancer_controller",
            "module.eks.aws_iam_role.aws_load_balancer_controller",
            "module.eks.module.eks-cluster.aws_cloudwatch_log_group.this",
            "module.eks.module.eks-cluster.aws_eks_cluster.this",
            "module.eks.module.eks-cluster.aws_iam_openid_connect_provider.oidc_provider",
            "module.eks.module.eks-cluster.aws_iam_policy.cni_ipv6_policy",
            "module.eks.module.eks-cluster.aws_iam_role.eks_auto",
            "module.eks.module.eks-cluster.aws_iam_role.this",
            "module.eks.module.eks-cluster.aws_iam_role_policy_attachment.this",
            "module.eks.module.eks-cluster.aws_security_group.cluster",
            "module.eks.module.eks-cluster.aws_security_group.node",
            "module.eks.module.eks-cluster.aws_security_group_rule.cluster",
            "module.eks.module.eks-cluster.aws_security_group_rule.node",
            "module.eks.module.eks-cluster.data.aws_caller_identity.current",
            "module.eks.module.eks-cluster.data.aws_iam_policy_document.assume_role_policy",
            "module.eks.module.eks-cluster.data.aws_iam_policy_document.cni_ipv6_policy",
            "module.eks.module.eks-cluster.data.aws_iam_policy_document.node_assume_role_policy",
            "module.eks.module.eks-cluster.data.aws_iam_session_context.current",
            "module.eks.module.eks-cluster.data.aws_partition.current",
            "module.eks.module.eks-cluster.data.tls_certificate.this",
            "module.eks.module.eks-cluster.module.kms.aws_kms_external_key.this",
            "module.eks.module.eks-cluster.module.kms.aws_kms_key.this",
            "module.eks.module.eks-cluster.module.kms.aws_kms_replica_external_key.this",
            "module.eks.module.eks-cluster.module.kms.aws_kms_replica_key.this",
            "module.eks.module.eks-cluster.module.kms.data.aws_caller_identity.current",
            "module.eks.module.eks-cluster.module.kms.data.aws_iam_policy_document.this",
            "module.eks.module.eks-cluster.module.kms.data.aws_partition.current"
          ]
        }
      ]
    },
    {
      "module": "module.eks",
      "mode": "managed",
      "type": "aws_iam_role_policy_attachment",
      "name": "eks_node_alb_controller",
      "provider": "provider[\"registry.terraform.io/hashicorp/aws\"]",
      "instances": [
        {
          "schema_version": 0,
          "attributes": {
            "id": "dana-jagoan-neon-eks-node-role-20251218170456563400000002",
            "policy_arn": "arn:aws:iam::381491966185:policy/nbl_AWSLoadBalancerControllerIAMPolicy",
            "role": "dana-jagoan-neon-eks-node-role"
          },
          "sensitive_attributes": [],
          "private": "bnVsbA==",
          "dependencies": [
            "module.eks.aws_iam_policy.aws_load_balancer_controller",
            "module.eks.aws_iam_role.eks_node_role"
          ]
        }
      ]
    },
    {
      "module": "module.eks",
      "mode": "managed",
      "type": "aws_iam_role_policy_attachment",
      "name": "eks_node_cmk",
      "provider": "provider[\"registry.terraform.io/hashicorp/aws\"]",
      "instances": [
        {
          "schema_version": 0,
          "attributes": {
            "id": "dana-jagoan-neon-eks-node-role-2025121816494387470000000d",
            "policy_arn": "arn:aws:iam::381491966185:policy/CmkCentralicedAccountPolicy",
            "role": "dana-jagoan-neon-eks-node-role"
          },
          "sensitive_attributes": [],
          "private": "bnVsbA==",
          "dependencies": [
            "module.eks.aws_iam_policy.sharedCMK",
            "module.eks.aws_iam_role.eks_node_role"
          ]
        }
      ]
    },
    {
      "module": "module.eks",
      "mode": "managed",
      "type": "aws_iam_role_policy_attachment",
      "name": "eks_node_cni",
      "provider": "provider[\"registry.terraform.io/hashicorp/aws\"]",
      "instances": [
        {
          "schema_version": 0,
          "attributes": {
            "id": "dana-jagoan-neon-eks-node-role-2025121816494385950000000c",
            "policy_arn": "arn:aws:iam::aws:policy/AmazonEKS_CNI_Policy",
            "role": "dana-jagoan-neon-eks-node-role"
          },
          "sensitive_attributes": [],
          "private": "bnVsbA==",
          "dependencies": [
            "module.eks.aws_iam_role.eks_node_role"
          ]
        }
      ]
    },
    {
      "module": "module.eks",
      "mode": "managed",
      "type": "aws_iam_role_policy_attachment",
      "name": "eks_node_ecr",
      "provider": "provider[\"registry.terraform.io/hashicorp/aws\"]",
      "instances": [
        {
          "schema_version": 0,
          "attributes": {
            "id": "dana-jagoan-neon-eks-node-role-2025121816494392210000000e",
            "policy_arn": "arn:aws:iam::aws:policy/AmazonEC2ContainerRegistryReadOnly",
            "role": "dana-jagoan-neon-eks-node-role"
          },
          "sensitive_attributes": [],
          "private": "bnVsbA==",
          "dependencies": [
            "module.eks.aws_iam_role.eks_node_role"
          ]
        }
      ]
    },
    {
      "module": "module.eks",
      "mode": "managed",
      "type": "aws_iam_role_policy_attachment",
      "name": "eks_node_ssm",
      "provider": "provider[\"registry.terraform.io/hashicorp/aws\"]",
      "instances": [
        {
          "schema_version": 0,
          "attributes": {
            "id": "dana-jagoan-neon-eks-node-role-2025121816494406580000000f",
            "policy_arn": "arn:aws:iam::aws:policy/AmazonSSMManagedInstanceCore",
            "role": "dana-jagoan-neon-eks-node-role"
          },
          "sensitive_attributes": [],
          "private": "bnVsbA==",
          "dependencies": [
            "module.eks.aws_iam_role.eks_node_role"
          ]
        }
      ]
    },
    {
      "module": "module.eks",
      "mode": "managed",
      "type": "aws_iam_role_policy_attachment",
      "name": "eks_node_worker",
      "provider": "provider[\"registry.terraform.io/hashicorp/aws\"]",
      "instances": [
        {
          "schema_version": 0,
          "attributes": {
            "id": "dana-jagoan-neon-eks-node-role-2025121816494359290000000b",
            "policy_arn": "arn:aws:iam::aws:policy/AmazonEKSWorkerNodePolicy",
            "role": "dana-jagoan-neon-eks-node-role"
          },
          "sensitive_attributes": [],
          "private": "bnVsbA==",
          "dependencies": [
            "module.eks.aws_iam_role.eks_node_role"
          ]
        }
      ]
    },
    {
      "module": "module.eks",
      "mode": "managed",
      "type": "aws_iam_role_policy_attachment",
      "name": "infra_attach_AdministratorAccess_AWS",
      "provider": "provider[\"registry.terraform.io/hashicorp/aws\"]",
      "instances": [
        {
          "schema_version": 0,
          "attributes": {
            "id": "eks-infra-access-role-20251218165914069600000010",
            "policy_arn": "arn:aws:iam::aws:policy/AdministratorAccess",
            "role": "eks-infra-access-role"
          },
          "sensitive_attributes": [],
          "private": "bnVsbA==",
          "dependencies": [
            "module.eks.aws_iam_role.infra_role",
            "module.eks.data.aws_caller_identity.current",
            "module.eks.data.aws_iam_policy_document.eks_assume_role_policy",
            "module.eks.module.eks-cluster.aws_cloudwatch_log_group.this",
            "module.eks.module.eks-cluster.aws_eks_cluster.this",
            "module.eks.module.eks-cluster.aws_iam_openid_connect_provider.oidc_provider",
            "module.eks.module.eks-cluster.aws_iam_policy.cni_ipv6_policy",
            "module.eks.module.eks-cluster.aws_iam_role.eks_auto",
            "module.eks.module.eks-cluster.aws_iam_role.this",
            "module.eks.module.eks-cluster.aws_iam_role_policy_attachment.this",
            "module.eks.module.eks-cluster.aws_security_group.cluster",
            "module.eks.module.eks-cluster.aws_security_group.node",
            "module.eks.module.eks-cluster.aws_security_group_rule.cluster",
            "module.eks.module.eks-cluster.aws_security_group_rule.node",
            "module.eks.module.eks-cluster.data.aws_caller_identity.current",
            "module.eks.module.eks-cluster.data.aws_iam_policy_document.assume_role_policy",
            "module.eks.module.eks-cluster.data.aws_iam_policy_document.cni_ipv6_policy",
            "module.eks.module.eks-cluster.data.aws_iam_policy_document.node_assume_role_policy",
            "module.eks.module.eks-cluster.data.aws_iam_session_context.current",
            "module.eks.module.eks-cluster.data.aws_partition.current",
            "module.eks.module.eks-cluster.data.tls_certificate.this",
            "module.eks.module.eks-cluster.module.kms.aws_kms_external_key.this",
            "module.eks.module.eks-cluster.module.kms.aws_kms_key.this",
            "module.eks.module.eks-cluster.module.kms.aws_kms_replica_external_key.this",
            "module.eks.module.eks-cluster.module.kms.aws_kms_replica_key.this",
            "module.eks.module.eks-cluster.module.kms.data.aws_caller_identity.current",
            "module.eks.module.eks-cluster.module.kms.data.aws_iam_policy_document.this",
            "module.eks.module.eks-cluster.module.kms.data.aws_partition.current"
          ]
        }
      ]
    },
    {
      "module": "module.eks",
      "mode": "managed",
      "type": "aws_iam_role_policy_attachment",
      "name": "infra_attach_admin",
      "provider": "provider[\"registry.terraform.io/hashicorp/aws\"]",
      "instances": [
        {
          "schema_version": 0,
          "attributes": {
            "id": "eks-infra-access-role-20251218165921125300000011",
            "policy_arn": "arn:aws:iam::381491966185:policy/eks-infra-access-policy",
            "role": "eks-infra-access-role"
          },
          "sensitive_attributes": [],
          "private": "bnVsbA==",
          "dependencies": [
            "module.eks.aws_iam_policy.infra_admin_policy",
            "module.eks.aws_iam_role.infra_role",
            "module.eks.data.aws_caller_identity.current",
            "module.eks.data.aws_iam_policy_document.eks_assume_role_policy",
            "module.eks.module.eks-cluster.aws_cloudwatch_log_group.this",
            "module.eks.module.eks-cluster.aws_eks_access_entry.this",
            "module.eks.module.eks-cluster.aws_eks_access_policy_association.this",
            "module.eks.module.eks-cluster.aws_eks_cluster.this",
            "module.eks.module.eks-cluster.aws_iam_openid_connect_provider.oidc_provider",
            "module.eks.module.eks-cluster.aws_iam_policy.cni_ipv6_policy",
            "module.eks.module.eks-cluster.aws_iam_role.eks_auto",
            "module.eks.module.eks-cluster.aws_iam_role.this",
            "module.eks.module.eks-cluster.aws_iam_role_policy_attachment.this",
            "module.eks.module.eks-cluster.aws_security_group.cluster",
            "module.eks.module.eks-cluster.aws_security_group.node",
            "module.eks.module.eks-cluster.aws_security_group_rule.cluster",
            "module.eks.module.eks-cluster.aws_security_group_rule.node",
            "module.eks.module.eks-cluster.data.aws_caller_identity.current",
            "module.eks.module.eks-cluster.data.aws_iam_policy_document.assume_role_policy",
            "module.eks.module.eks-cluster.data.aws_iam_policy_document.cni_ipv6_policy",
            "module.eks.module.eks-cluster.data.aws_iam_policy_document.node_assume_role_policy",
            "module.eks.module.eks-cluster.data.aws_iam_session_context.current",
            "module.eks.module.eks-cluster.data.aws_partition.current",
            "module.eks.module.eks-cluster.data.tls_certificate.this",
            "module.eks.module.eks-cluster.module.kms.aws_kms_external_key.this",
            "module.eks.module.eks-cluster.module.kms.aws_kms_key.this",
            "module.eks.module.eks-cluster.module.kms.aws_kms_replica_external_key.this",
            "module.eks.module.eks-cluster.module.kms.aws_kms_replica_key.this",
            "module.eks.module.eks-cluster.module.kms.data.aws_caller_identity.current",
            "module.eks.module.eks-cluster.module.kms.data.aws_iam_policy_document.this",
            "module.eks.module.eks-cluster.module.kms.data.aws_partition.current"
          ]
        }
      ]
    },
    {
      "module": "module.eks",
      "mode": "managed",
      "type": "aws_iam_role_policy_attachment",
      "name": "sharedCMK",
      "provider": "provider[\"registry.terraform.io/hashicorp/aws\"]",
      "instances": [
        {
          "schema_version": 0,
          "attributes": {
            "id": "sharedCMKRole-20251218164942657900000006",
            "policy_arn": "arn:aws:iam::381491966185:policy/CmkCentralicedAccountPolicy",
            "role": "sharedCMKRole"
          },
          "sensitive_attributes": [],
          "private": "bnVsbA==",
          "dependencies": [
            "module.eks.aws_iam_policy.sharedCMK",
            "module.eks.aws_iam_role.sharedCMK"
          ]
        }
      ]
    },
    {
      "module": "module.eks",
      "mode": "managed",
      "type": "kubernetes_cluster_role_binding",
      "name": "infra_admin",
      "provider": "module.eks.provider[\"registry.terraform.io/hashicorp/kubernetes\"]",
      "instances": [
        {
          "schema_version": 0,
          "attributes": {
            "id": "infra-admin-binding",
            "metadata": [
              {
                "annotations": {},
                "generate_name": "",
                "generation": 0,
                "labels": {},
                "name": "infra-admin-binding",
                "resource_version": "11510",
                "uid": "1a4e3cdd-8db6-4dae-bc0b-ee21fdd715bf"
              }
            ],
            "role_ref": [
              {
                "api_group": "rbac.authorization.k8s.io",
                "kind": "ClusterRole",
                "name": "cluster-admin"
              }
            ],
            "subject": [
              {
                "api_group": "",
                "kind": "ServiceAccount",
                "name": "infra-sa",
                "namespace": "kube-system"
              }
            ]
          },
          "sensitive_attributes": [],
          "private": "bnVsbA==",
          "dependencies": [
            "module.eks.aws_iam_role.infra_role",
            "module.eks.data.aws_caller_identity.current",
            "module.eks.data.aws_iam_policy_document.eks_assume_role_policy",
            "module.eks.kubernetes_service_account.infra_sa",
            "module.eks.module.eks-cluster.aws_cloudwatch_log_group.this",
            "module.eks.module.eks-cluster.aws_eks_access_entry.this",
            "module.eks.module.eks-cluster.aws_eks_access_policy_association.this",
            "module.eks.module.eks-cluster.aws_eks_cluster.this",
            "module.eks.module.eks-cluster.aws_iam_openid_connect_provider.oidc_provider",
            "module.eks.module.eks-cluster.aws_iam_policy.cni_ipv6_policy",
            "module.eks.module.eks-cluster.aws_iam_role.eks_auto",
            "module.eks.module.eks-cluster.aws_iam_role.this",
            "module.eks.module.eks-cluster.aws_iam_role_policy_attachment.this",
            "module.eks.module.eks-cluster.aws_security_group.cluster",
            "module.eks.module.eks-cluster.aws_security_group.node",
            "module.eks.module.eks-cluster.aws_security_group_rule.cluster",
            "module.eks.module.eks-cluster.aws_security_group_rule.node",
            "module.eks.module.eks-cluster.data.aws_caller_identity.current",
            "module.eks.module.eks-cluster.data.aws_iam_policy_document.assume_role_policy",
            "module.eks.module.eks-cluster.data.aws_iam_policy_document.cni_ipv6_policy",
            "module.eks.module.eks-cluster.data.aws_iam_policy_document.node_assume_role_policy",
            "module.eks.module.eks-cluster.data.aws_iam_session_context.current",
            "module.eks.module.eks-cluster.data.aws_partition.current",
            "module.eks.module.eks-cluster.data.tls_certificate.this",
            "module.eks.module.eks-cluster.module.kms.aws_kms_external_key.this",
            "module.eks.module.eks-cluster.module.kms.aws_kms_key.this",
            "module.eks.module.eks-cluster.module.kms.aws_kms_replica_external_key.this",
            "module.eks.module.eks-cluster.module.kms.aws_kms_replica_key.this",
            "module.eks.module.eks-cluster.module.kms.data.aws_caller_identity.current",
            "module.eks.module.eks-cluster.module.kms.data.aws_iam_policy_document.this",
            "module.eks.module.eks-cluster.module.kms.data.aws_partition.current"
          ]
        }
      ]
    },
    {
      "module": "module.eks",
      "mode": "managed",
      "type": "kubernetes_service_account",
      "name": "infra_sa",
      "provider": "module.eks.provider[\"registry.terraform.io/hashicorp/kubernetes\"]",
      "instances": [
        {
          "schema_version": 0,
          "attributes": {
            "automount_service_account_token": true,
            "default_secret_name": "",
            "id": "kube-system/infra-sa",
            "image_pull_secret": [],
            "metadata": [
              {
                "annotations": {
                  "eks.amazonaws.com/role-arn": "arn:aws:iam::381491966185:role/eks-infra-access-role"
                },
                "generate_name": "",
                "generation": 0,
                "labels": {},
                "name": "infra-sa",
                "namespace": "kube-system",
                "resource_version": "11508",
                "uid": "89c8214b-d55b-4835-a756-9e7c0a2727ae"
              }
            ],
            "secret": [],
            "timeouts": null
          },
          "sensitive_attributes": [],
          "private": "eyJlMmJmYjczMC1lY2FhLTExZTYtOGY4OC0zNDM2M2JjN2M0YzAiOnsiY3JlYXRlIjozMDAwMDAwMDAwMH19",
          "dependencies": [
            "module.eks.aws_iam_role.infra_role",
            "module.eks.data.aws_caller_identity.current",
            "module.eks.data.aws_iam_policy_document.eks_assume_role_policy",
            "module.eks.module.eks-cluster.aws_cloudwatch_log_group.this",
            "module.eks.module.eks-cluster.aws_eks_access_entry.this",
            "module.eks.module.eks-cluster.aws_eks_access_policy_association.this",
            "module.eks.module.eks-cluster.aws_eks_cluster.this",
            "module.eks.module.eks-cluster.aws_iam_openid_connect_provider.oidc_provider",
            "module.eks.module.eks-cluster.aws_iam_policy.cni_ipv6_policy",
            "module.eks.module.eks-cluster.aws_iam_role.eks_auto",
            "module.eks.module.eks-cluster.aws_iam_role.this",
            "module.eks.module.eks-cluster.aws_iam_role_policy_attachment.this",
            "module.eks.module.eks-cluster.aws_security_group.cluster",
            "module.eks.module.eks-cluster.aws_security_group.node",
            "module.eks.module.eks-cluster.aws_security_group_rule.cluster",
            "module.eks.module.eks-cluster.aws_security_group_rule.node",
            "module.eks.module.eks-cluster.data.aws_caller_identity.current",
            "module.eks.module.eks-cluster.data.aws_iam_policy_document.assume_role_policy",
            "module.eks.module.eks-cluster.data.aws_iam_policy_document.cni_ipv6_policy",
            "module.eks.module.eks-cluster.data.aws_iam_policy_document.node_assume_role_policy",
            "module.eks.module.eks-cluster.data.aws_iam_session_context.current",
            "module.eks.module.eks-cluster.data.aws_partition.current",
            "module.eks.module.eks-cluster.data.tls_certificate.this",
            "module.eks.module.eks-cluster.module.kms.aws_kms_external_key.this",
            "module.eks.module.eks-cluster.module.kms.aws_kms_key.this",
            "module.eks.module.eks-cluster.module.kms.aws_kms_replica_external_key.this",
            "module.eks.module.eks-cluster.module.kms.aws_kms_replica_key.this",
            "module.eks.module.eks-cluster.module.kms.data.aws_caller_identity.current",
            "module.eks.module.eks-cluster.module.kms.data.aws_iam_policy_document.this",
            "module.eks.module.eks-cluster.module.kms.data.aws_partition.current"
          ]
        }
      ]
    },
    {
      "module": "module.eks.module.eks-cluster",
      "mode": "data",
      "type": "aws_caller_identity",
      "name": "current",
      "provider": "provider[\"registry.terraform.io/hashicorp/aws\"]",
      "instances": [
        {
          "index_key": 0,
          "schema_version": 0,
          "attributes": {
            "account_id": "381491966185",
            "arn": "arn:aws:sts::381491966185:assumed-role/eks-infra-access-role/AWSReservedSSO_AdministratorAccess_9c2565ce305023fb",
            "id": "381491966185",
            "user_id": "AROAVRUVRODUWJIRWAMYX:AWSReservedSSO_AdministratorAccess_9c2565ce305023fb"
          },
          "sensitive_attributes": []
        }
      ]
    },
    {
      "module": "module.eks.module.eks-cluster",
      "mode": "data",
      "type": "aws_eks_addon_version",
      "name": "this",
      "provider": "provider[\"registry.terraform.io/hashicorp/aws\"]",
      "instances": [
        {
          "index_key": "aws-ebs-csi-driver",
          "schema_version": 0,
          "attributes": {
            "addon_name": "aws-ebs-csi-driver",
            "id": "aws-ebs-csi-driver",
            "kubernetes_version": "1.33",
            "most_recent": true,
            "version": "v1.54.0-eksbuild.1"
          },
          "sensitive_attributes": []
        },
        {
          "index_key": "coredns",
          "schema_version": 0,
          "attributes": {
            "addon_name": "coredns",
            "id": "coredns",
            "kubernetes_version": "1.33",
            "most_recent": true,
            "version": "v1.12.4-eksbuild.1"
          },
          "sensitive_attributes": []
        },
        {
          "index_key": "kube-proxy",
          "schema_version": 0,
          "attributes": {
            "addon_name": "kube-proxy",
            "id": "kube-proxy",
            "kubernetes_version": "1.33",
            "most_recent": true,
            "version": "v1.33.5-eksbuild.2"
          },
          "sensitive_attributes": []
        },
        {
          "index_key": "vpc-cni",
          "schema_version": 0,
          "attributes": {
            "addon_name": "vpc-cni",
            "id": "vpc-cni",
            "kubernetes_version": "1.33",
            "most_recent": true,
            "version": "v1.21.1-eksbuild.1"
          },
          "sensitive_attributes": []
        }
      ]
    },
    {
      "module": "module.eks.module.eks-cluster",
      "mode": "data",
      "type": "aws_iam_policy_document",
      "name": "assume_role_policy",
      "provider": "provider[\"registry.terraform.io/hashicorp/aws\"]",
      "instances": [
        {
          "index_key": 0,
          "schema_version": 0,
          "attributes": {
            "id": "2830595799",
            "json": "{\n  \"Version\": \"2012-10-17\",\n  \"Statement\": [\n    {\n      \"Sid\": \"EKSClusterAssumeRole\",\n      \"Effect\": \"Allow\",\n      \"Action\": [\n        \"sts:TagSession\",\n        \"sts:AssumeRole\"\n      ],\n      \"Principal\": {\n        \"Service\": \"eks.amazonaws.com\"\n      }\n    }\n  ]\n}",
            "minified_json": "{\"Version\":\"2012-10-17\",\"Statement\":[{\"Sid\":\"EKSClusterAssumeRole\",\"Effect\":\"Allow\",\"Action\":[\"sts:TagSession\",\"sts:AssumeRole\"],\"Principal\":{\"Service\":\"eks.amazonaws.com\"}}]}",
            "override_json": null,
            "override_policy_documents": null,
            "policy_id": null,
            "source_json": null,
            "source_policy_documents": null,
            "statement": [
              {
                "actions": [
                  "sts:AssumeRole",
                  "sts:TagSession"
                ],
                "condition": [],
                "effect": "Allow",
                "not_actions": [],
                "not_principals": [],
                "not_resources": [],
                "principals": [
                  {
                    "identifiers": [
                      "eks.amazonaws.com"
                    ],
                    "type": "Service"
                  }
                ],
                "resources": [],
                "sid": "EKSClusterAssumeRole"
              }
            ],
            "version": "2012-10-17"
          },
          "sensitive_attributes": []
        }
      ]
    },
    {
      "module": "module.eks.module.eks-cluster",
      "mode": "data",
      "type": "aws_iam_policy_document",
      "name": "custom",
      "provider": "provider[\"registry.terraform.io/hashicorp/aws\"]",
      "instances": [
        {
          "index_key": 0,
          "schema_version": 0,
          "attributes": {
            "id": "513122117",
            "json": "{\n  \"Version\": \"2012-10-17\",\n  \"Statement\": [\n    {\n      \"Sid\": \"Compute\",\n      \"Effect\": \"Allow\",\n      \"Action\": [\n        \"ec2:RunInstances\",\n        \"ec2:CreateLaunchTemplate\",\n        \"ec2:CreateFleet\"\n      ],\n      \"Resource\": \"*\",\n      \"Condition\": {\n        \"StringEquals\": {\n          \"aws:RequestTag/eks:eks-cluster-name\": \"${aws:PrincipalTag/eks:eks-cluster-name}\"\n        },\n        \"StringLike\": {\n          \"aws:RequestTag/eks:kubernetes-node-class-name\": \"*\",\n          \"aws:RequestTag/eks:kubernetes-node-pool-name\": \"*\"\n        }\n      }\n    },\n    {\n      \"Sid\": \"Storage\",\n      \"Effect\": \"Allow\",\n      \"Action\": [\n        \"ec2:CreateVolume\",\n        \"ec2:CreateSnapshot\"\n      ],\n      \"Resource\": [\n        \"arn:aws:ec2:*:*:volume/*\",\n        \"arn:aws:ec2:*:*:snapshot/*\"\n      ],\n      \"Condition\": {\n        \"StringEquals\": {\n          \"aws:RequestTag/eks:eks-cluster-name\": \"${aws:PrincipalTag/eks:eks-cluster-name}\"\n        }\n      }\n    },\n    {\n      \"Sid\": \"Networking\",\n      \"Effect\": \"Allow\",\n      \"Action\": \"ec2:CreateNetworkInterface\",\n      \"Resource\": \"*\",\n      \"Condition\": {\n        \"StringEquals\": {\n          \"aws:RequestTag/eks:eks-cluster-name\": \"${aws:PrincipalTag/eks:eks-cluster-name}\",\n          \"aws:RequestTag/eks:kubernetes-cni-node-name\": \"*\"\n        }\n      }\n    },\n    {\n      \"Sid\": \"LoadBalancer\",\n      \"Effect\": \"Allow\",\n      \"Action\": [\n        \"elasticloadbalancing:CreateTargetGroup\",\n        \"elasticloadbalancing:CreateRule\",\n        \"elasticloadbalancing:CreateLoadBalancer\",\n        \"elasticloadbalancing:CreateListener\",\n        \"ec2:CreateSecurityGroup\"\n      ],\n      \"Resource\": \"*\",\n      \"Condition\": {\n        \"StringEquals\": {\n          \"aws:RequestTag/eks:eks-cluster-name\": \"${aws:PrincipalTag/eks:eks-cluster-name}\"\n        }\n      }\n    },\n    {\n      \"Sid\": \"ShieldProtection\",\n      \"Effect\": \"Allow\",\n      \"Action\": \"shield:CreateProtection\",\n      \"Resource\": \"*\",\n      \"Condition\": {\n        \"StringEquals\": {\n          \"aws:RequestTag/eks:eks-cluster-name\": \"${aws:PrincipalTag/eks:eks-cluster-name}\"\n        }\n      }\n    },\n    {\n      \"Sid\": \"ShieldTagResource\",\n      \"Effect\": \"Allow\",\n      \"Action\": \"shield:TagResource\",\n      \"Resource\": \"arn:aws:shield::*:protection/*\",\n      \"Condition\": {\n        \"StringEquals\": {\n          \"aws:RequestTag/eks:eks-cluster-name\": \"${aws:PrincipalTag/eks:eks-cluster-name}\"\n        }\n      }\n    }\n  ]\n}",
            "minified_json": "{\"Version\":\"2012-10-17\",\"Statement\":[{\"Sid\":\"Compute\",\"Effect\":\"Allow\",\"Action\":[\"ec2:RunInstances\",\"ec2:CreateLaunchTemplate\",\"ec2:CreateFleet\"],\"Resource\":\"*\",\"Condition\":{\"StringEquals\":{\"aws:RequestTag/eks:eks-cluster-name\":\"${aws:PrincipalTag/eks:eks-cluster-name}\"},\"StringLike\":{\"aws:RequestTag/eks:kubernetes-node-class-name\":\"*\",\"aws:RequestTag/eks:kubernetes-node-pool-name\":\"*\"}}},{\"Sid\":\"Storage\",\"Effect\":\"Allow\",\"Action\":[\"ec2:CreateVolume\",\"ec2:CreateSnapshot\"],\"Resource\":[\"arn:aws:ec2:*:*:volume/*\",\"arn:aws:ec2:*:*:snapshot/*\"],\"Condition\":{\"StringEquals\":{\"aws:RequestTag/eks:eks-cluster-name\":\"${aws:PrincipalTag/eks:eks-cluster-name}\"}}},{\"Sid\":\"Networking\",\"Effect\":\"Allow\",\"Action\":\"ec2:CreateNetworkInterface\",\"Resource\":\"*\",\"Condition\":{\"StringEquals\":{\"aws:RequestTag/eks:eks-cluster-name\":\"${aws:PrincipalTag/eks:eks-cluster-name}\",\"aws:RequestTag/eks:kubernetes-cni-node-name\":\"*\"}}},{\"Sid\":\"LoadBalancer\",\"Effect\":\"Allow\",\"Action\":[\"elasticloadbalancing:CreateTargetGroup\",\"elasticloadbalancing:CreateRule\",\"elasticloadbalancing:CreateLoadBalancer\",\"elasticloadbalancing:CreateListener\",\"ec2:CreateSecurityGroup\"],\"Resource\":\"*\",\"Condition\":{\"StringEquals\":{\"aws:RequestTag/eks:eks-cluster-name\":\"${aws:PrincipalTag/eks:eks-cluster-name}\"}}},{\"Sid\":\"ShieldProtection\",\"Effect\":\"Allow\",\"Action\":\"shield:CreateProtection\",\"Resource\":\"*\",\"Condition\":{\"StringEquals\":{\"aws:RequestTag/eks:eks-cluster-name\":\"${aws:PrincipalTag/eks:eks-cluster-name}\"}}},{\"Sid\":\"ShieldTagResource\",\"Effect\":\"Allow\",\"Action\":\"shield:TagResource\",\"Resource\":\"arn:aws:shield::*:protection/*\",\"Condition\":{\"StringEquals\":{\"aws:RequestTag/eks:eks-cluster-name\":\"${aws:PrincipalTag/eks:eks-cluster-name}\"}}}]}",
            "override_json": null,
            "override_policy_documents": null,
            "policy_id": null,
            "source_json": null,
            "source_policy_documents": null,
            "statement": [
              {
                "actions": [
                  "ec2:CreateFleet",
                  "ec2:CreateLaunchTemplate",
                  "ec2:RunInstances"
                ],
                "condition": [
                  {
                    "test": "StringEquals",
                    "values": [
                      "${aws:PrincipalTag/eks:eks-cluster-name}"
                    ],
                    "variable": "aws:RequestTag/eks:eks-cluster-name"
                  },
                  {
                    "test": "StringLike",
                    "values": [
                      "*"
                    ],
                    "variable": "aws:RequestTag/eks:kubernetes-node-class-name"
                  },
                  {
                    "test": "StringLike",
                    "values": [
                      "*"
                    ],
                    "variable": "aws:RequestTag/eks:kubernetes-node-pool-name"
                  }
                ],
                "effect": "Allow",
                "not_actions": [],
                "not_principals": [],
                "not_resources": [],
                "principals": [],
                "resources": [
                  "*"
                ],
                "sid": "Compute"
              },
              {
                "actions": [
                  "ec2:CreateSnapshot",
                  "ec2:CreateVolume"
                ],
                "condition": [
                  {
                    "test": "StringEquals",
                    "values": [
                      "${aws:PrincipalTag/eks:eks-cluster-name}"
                    ],
                    "variable": "aws:RequestTag/eks:eks-cluster-name"
                  }
                ],
                "effect": "Allow",
                "not_actions": [],
                "not_principals": [],
                "not_resources": [],
                "principals": [],
                "resources": [
                  "arn:aws:ec2:*:*:snapshot/*",
                  "arn:aws:ec2:*:*:volume/*"
                ],
                "sid": "Storage"
              },
              {
                "actions": [
                  "ec2:CreateNetworkInterface"
                ],
                "condition": [
                  {
                    "test": "StringEquals",
                    "values": [
                      "${aws:PrincipalTag/eks:eks-cluster-name}"
                    ],
                    "variable": "aws:RequestTag/eks:eks-cluster-name"
                  },
                  {
                    "test": "StringEquals",
                    "values": [
                      "*"
                    ],
                    "variable": "aws:RequestTag/eks:kubernetes-cni-node-name"
                  }
                ],
                "effect": "Allow",
                "not_actions": [],
                "not_principals": [],
                "not_resources": [],
                "principals": [],
                "resources": [
                  "*"
                ],
                "sid": "Networking"
              },
              {
                "actions": [
                  "ec2:CreateSecurityGroup",
                  "elasticloadbalancing:CreateListener",
                  "elasticloadbalancing:CreateLoadBalancer",
                  "elasticloadbalancing:CreateRule",
                  "elasticloadbalancing:CreateTargetGroup"
                ],
                "condition": [
                  {
                    "test": "StringEquals",
                    "values": [
                      "${aws:PrincipalTag/eks:eks-cluster-name}"
                    ],
                    "variable": "aws:RequestTag/eks:eks-cluster-name"
                  }
                ],
                "effect": "Allow",
                "not_actions": [],
                "not_principals": [],
                "not_resources": [],
                "principals": [],
                "resources": [
                  "*"
                ],
                "sid": "LoadBalancer"
              },
              {
                "actions": [
                  "shield:CreateProtection"
                ],
                "condition": [
                  {
                    "test": "StringEquals",
                    "values": [
                      "${aws:PrincipalTag/eks:eks-cluster-name}"
                    ],
                    "variable": "aws:RequestTag/eks:eks-cluster-name"
                  }
                ],
                "effect": "Allow",
                "not_actions": [],
                "not_principals": [],
                "not_resources": [],
                "principals": [],
                "resources": [
                  "*"
                ],
                "sid": "ShieldProtection"
              },
              {
                "actions": [
                  "shield:TagResource"
                ],
                "condition": [
                  {
                    "test": "StringEquals",
                    "values": [
                      "${aws:PrincipalTag/eks:eks-cluster-name}"
                    ],
                    "variable": "aws:RequestTag/eks:eks-cluster-name"
                  }
                ],
                "effect": "Allow",
                "not_actions": [],
                "not_principals": [],
                "not_resources": [],
                "principals": [],
                "resources": [
                  "arn:aws:shield::*:protection/*"
                ],
                "sid": "ShieldTagResource"
              }
            ],
            "version": "2012-10-17"
          },
          "sensitive_attributes": []
        }
      ]
    },
    {
      "module": "module.eks.module.eks-cluster",
      "mode": "data",
      "type": "aws_iam_session_context",
      "name": "current",
      "provider": "provider[\"registry.terraform.io/hashicorp/aws\"]",
      "instances": [
        {
          "index_key": 0,
          "schema_version": 0,
          "attributes": {
            "arn": "arn:aws:sts::381491966185:assumed-role/eks-infra-access-role/AWSReservedSSO_AdministratorAccess_9c2565ce305023fb",
            "id": "arn:aws:sts::381491966185:assumed-role/eks-infra-access-role/AWSReservedSSO_AdministratorAccess_9c2565ce305023fb",
            "issuer_arn": "arn:aws:iam::381491966185:role/eks-infra-access-role",
            "issuer_id": "AROAVRUVRODUWJIRWAMYX",
            "issuer_name": "eks-infra-access-role",
            "session_name": "AWSReservedSSO_AdministratorAccess_9c2565ce305023fb"
          },
          "sensitive_attributes": []
        }
      ]
    },
    {
      "module": "module.eks.module.eks-cluster",
      "mode": "data",
      "type": "aws_partition",
      "name": "current",
      "provider": "provider[\"registry.terraform.io/hashicorp/aws\"]",
      "instances": [
        {
          "index_key": 0,
          "schema_version": 0,
          "attributes": {
            "dns_suffix": "amazonaws.com",
            "id": "aws",
            "partition": "aws",
            "reverse_dns_prefix": "com.amazonaws"
          },
          "sensitive_attributes": []
        }
      ]
    },
    {
      "module": "module.eks.module.eks-cluster",
      "mode": "data",
      "type": "tls_certificate",
      "name": "this",
      "provider": "provider[\"registry.terraform.io/hashicorp/tls\"]",
      "instances": [
        {
          "index_key": 0,
          "schema_version": 0,
          "attributes": {
            "certificates": [
              {
                "cert_pem": "-----BEGIN CERTIFICATE-----\nMIIEkjCCA3qgAwIBAgITBn+USionzfP6wq4rAfkI7rnExjANBgkqhkiG9w0BAQsF\nADCBmDELMAkGA1UEBhMCVVMxEDAOBgNVBAgTB0FyaXpvbmExEzARBgNVBAcTClNj\nb3R0c2RhbGUxJTAjBgNVBAoTHFN0YXJmaWVsZCBUZWNobm9sb2dpZXMsIEluYy4x\nOzA5BgNVBAMTMlN0YXJmaWVsZCBTZXJ2aWNlcyBSb290IENlcnRpZmljYXRlIEF1\ndGhvcml0eSAtIEcyMB4XDTE1MDUyNTEyMDAwMFoXDTM3MTIzMTAxMDAwMFowOTEL\nMAkGA1UEBhMCVVMxDzANBgNVBAoTBkFtYXpvbjEZMBcGA1UEAxMQQW1hem9uIFJv\nb3QgQ0EgMTCCASIwDQYJKoZIhvcNAQEBBQADggEPADCCAQoCggEBALJ4gHHKeNXj\nca9HgFB0fW7Y14h29Jlo91ghYPl0hAEvrAIthtOgQ3pOsqTQNroBvo3bSMgHFzZM\n9O6II8c+6zf1tRn4SWiw3te5djgdYZ6k/oI2peVKVuRF4fn9tBb6dNqcmzU5L/qw\nIFAGbHrQgLKm+a/sRxmPUDgH3KKHOVj4utWp+UhnMJbulHheb4mjUcAwhmahRWa6\nVOujw5H5SNz/0egwLX0tdHA114gk957EWW67c4cX8jJGKLhD+rcdqsq08p8kDi1L\n93FcXmn/6pUCyziKrlA4b9v7LWIbxcceVOF34GfID5yHI9Y/QCB/IIDEgEw+OyQm\njgSubJrIqg0CAwEAAaOCATEwggEtMA8GA1UdEwEB/wQFMAMBAf8wDgYDVR0PAQH/\nBAQDAgGGMB0GA1UdDgQWBBSEGMyFNOy8DJSULghZnMeyEE4KCDAfBgNVHSMEGDAW\ngBScXwDfqgHXMCs4iKK4bUqc8hGRgzB4BggrBgEFBQcBAQRsMGowLgYIKwYBBQUH\nMAGGImh0dHA6Ly9vY3NwLnJvb3RnMi5hbWF6b250cnVzdC5jb20wOAYIKwYBBQUH\nMAKGLGh0dHA6Ly9jcnQucm9vdGcyLmFtYXpvbnRydXN0LmNvbS9yb290ZzIuY2Vy\nMD0GA1UdHwQ2MDQwMqAwoC6GLGh0dHA6Ly9jcmwucm9vdGcyLmFtYXpvbnRydXN0\nLmNvbS9yb290ZzIuY3JsMBEGA1UdIAQKMAgwBgYEVR0gADANBgkqhkiG9w0BAQsF\nAAOCAQEAYjdCXLwQtT6LLOkMm2xF4gcAevnFWAu5CIw+7bMlPLVvUOTNNWqnkzSW\nMiGpSESrnO09tKpzbeR/FoCJbM8oAxiDR3mjEH4wW6w7sGDgd9QIpuEdfF7Au/ma\neyKdpwAJfqxGF4PcnCZXmTA5YpaP7dreqsXMGz7KQ2hsVxa81Q4gLv7/wmpdLqBK\nbRRYh5TmOTFffHPLkIhqhBGWJ6bt2YFGpn6jcgAKUj6DiAdjd4lpFw85hdKrCEVN\n0FE6/V1dN2RMfjCyVSRCnTawXZwXgWHxyvkQAiSr6w10kY17RSlQOYiypok1JR4U\nakcjMS9cmvqtmg5iUaQqqcT5NJ0hGA==\n-----END CERTIFICATE-----\n",
                "is_ca": true,
                "issuer": "CN=Starfield Services Root Certificate Authority - G2,O=Starfield Technologies\\, Inc.,L=Scottsdale,ST=Arizona,C=US",
                "not_after": "2037-12-31T01:00:00Z",
                "not_before": "2015-05-25T12:00:00Z",
                "public_key_algorithm": "RSA",
                "serial_number": "144918191876577076464031512351042010504348870",
                "sha1_fingerprint": "06b25927c42a721631c1efd9431e648fa62e1e39",
                "signature_algorithm": "SHA256-RSA",
                "subject": "CN=Amazon Root CA 1,O=Amazon,C=US",
                "version": 3
              },
              {
                "cert_pem": "-----BEGIN CERTIFICATE-----\nMIIEXjCCA0agAwIBAgITB3MSTyqVLj7Rili9uF0bwM5fJzANBgkqhkiG9w0BAQsF\nADA5MQswCQYDVQQGEwJVUzEPMA0GA1UEChMGQW1hem9uMRkwFwYDVQQDExBBbWF6\nb24gUm9vdCBDQSAxMB4XDTIyMDgyMzIyMjYzNVoXDTMwMDgyMzIyMjYzNVowPDEL\nMAkGA1UEBhMCVVMxDzANBgNVBAoTBkFtYXpvbjEcMBoGA1UEAxMTQW1hem9uIFJT\nQSAyMDQ4IE0wNDCCASIwDQYJKoZIhvcNAQEBBQADggEPADCCAQoCggEBAM3pVR6A\nlQOp4xe776FdePXyejgA38mYx1ou9/jrpV6Sfn+/oqBKgwhY6ePsQHHQayWBJdBn\nv4Wz363qRI4XUh9swBFJ11TnZ3LqOMvHmWq2+loA0QPtOfXdJ2fHBLrBrngtJ/GB\n0p5olAVYrSZgvQGP16Rf8ddtNyxEEhYm3HuhmNi+vSeAq1tLYJPAvRCXonTpWdSD\nxY6hvdmxlqTYi82AtBXSfpGQ58HHM0hw0C6aQakghrwWi5fGslLOqzpimNMIsT7c\nqa0GJx6JfKqJqmQQNplO2h8n9ZsFJgBowof01ppdoLAWg6caMOM0om/VILKaa30F\n9W/r8Qjah7ltGVkCAwEAAaOCAVowggFWMBIGA1UdEwEB/wQIMAYBAf8CAQAwDgYD\nVR0PAQH/BAQDAgGGMB0GA1UdJQQWMBQGCCsGAQUFBwMBBggrBgEFBQcDAjAdBgNV\nHQ4EFgQUH1KSYVaCVH+BZtgdPQqqMlyH3QgwHwYDVR0jBBgwFoAUhBjMhTTsvAyU\nlC4IWZzHshBOCggwewYIKwYBBQUHAQEEbzBtMC8GCCsGAQUFBzABhiNodHRwOi8v\nb2NzcC5yb290Y2ExLmFtYXpvbnRydXN0LmNvbTA6BggrBgEFBQcwAoYuaHR0cDov\nL2NydC5yb290Y2ExLmFtYXpvbnRydXN0LmNvbS9yb290Y2ExLmNlcjA/BgNVHR8E\nODA2MDSgMqAwhi5odHRwOi8vY3JsLnJvb3RjYTEuYW1hem9udHJ1c3QuY29tL3Jv\nb3RjYTEuY3JsMBMGA1UdIAQMMAowCAYGZ4EMAQIBMA0GCSqGSIb3DQEBCwUAA4IB\nAQA+1O5UsAaNuW3lHzJtpNGwBnZd9QEYFtxpiAnIaV4qApnGS9OCw5ZPwie7YSlD\nZF5yyFPsFhUC2Q9uJHY/CRV1b5hIiGH0+6+w5PgKiY1MWuWT8VAaJjFxvuhM7a/e\nfN2TIw1Wd6WCl6YRisunjQOrSP+unqC8A540JNyZ1JOE3jVqat3OZBGgMvihdj2w\nY23EpwesrKiQzkHzmvSH67PVW4ycbPy08HVZnBxZ5NrlGG9bwXR3fNTaz+c+Ej6c\n5AnwI3qkOFgSkg3Y75cdFz6pO/olK+e3AqygAcv0WjzmkDPuBjssuZjCHMC56oH3\nGJkV29Di2j5prHJbwZjG1inU\n-----END CERTIFICATE-----\n",
                "is_ca": true,
                "issuer": "CN=Amazon Root CA 1,O=Amazon,C=US",
                "not_after": "2030-08-23T22:26:35Z",
                "not_before": "2022-08-23T22:26:35Z",
                "public_key_algorithm": "RSA",
                "serial_number": "166129359584585245282080020727744908546170663",
                "sha1_fingerprint": "e7b8b5a6743ce1b2f17b041de59558a41472d70c",
                "signature_algorithm": "SHA256-RSA",
                "subject": "CN=Amazon RSA 2048 M04,O=Amazon,C=US",
                "version": 3
              },
              {
                "cert_pem": "-----BEGIN CERTIFICATE-----\nMIIF8TCCBNmgAwIBAgIQA/nsruR6lAEX/0fmQoYt1TANBgkqhkiG9w0BAQsFADA8\nMQswCQYDVQQGEwJVUzEPMA0GA1UEChMGQW1hem9uMRwwGgYDVQQDExNBbWF6b24g\nUlNBIDIwNDggTTA0MB4XDTI1MDQxNjAwMDAwMFoXDTI2MDMyNzIzNTk1OVowLTEr\nMCkGA1UEAwwiKi5la3MuYXAtc291dGhlYXN0LTMuYW1hem9uYXdzLmNvbTCCASIw\nDQYJKoZIhvcNAQEBBQADggEPADCCAQoCggEBAMsN7MXlVZn1iTH1YhSAhUUwH+Qq\nf0aHGyT32NT0+CNJnBP3HehkzQXWMoCdhgu/QQRdME5fP/7zEiCs5ylk4cB8vhFW\nMZ/j84/+2Z+jIJoGxNLU3UVfHsmgJop58RUbGt+augunU0GbrxqMw7+UB10TN+yt\nIx5hHkiTYgThWPL5C+TCVuzCZZZiuEaoEiRMYrcyvJ2q7SDhKfsQths3CDKi0Qrr\n+GAvyD9RXDJK3AQB0Xavboy35bTACmbdZ1jTPpdbZPNaDAtB08qnlyx9md8cUYYU\nKWCkB8CtA9ApsVLO+oVuOZaPPza6uI4ImD6aJHZZ2/Y7IOh6/2IDy2deDPcCAwEA\nAaOCAvwwggL4MB8GA1UdIwQYMBaAFB9SkmFWglR/gWbYHT0KqjJch90IMB0GA1Ud\nDgQWBBQk0/imDD/WMEMCzokVWn0ecEtftTAtBgNVHREEJjAkgiIqLmVrcy5hcC1z\nb3V0aGVhc3QtMy5hbWF6b25hd3MuY29tMBMGA1UdIAQMMAowCAYGZ4EMAQIBMA4G\nA1UdDwEB/wQEAwIFoDAdBgNVHSUEFjAUBggrBgEFBQcDAQYIKwYBBQUHAwIwOwYD\nVR0fBDQwMjAwoC6gLIYqaHR0cDovL2NybC5yMm0wNC5hbWF6b250cnVzdC5jb20v\ncjJtMDQuY3JsMHUGCCsGAQUFBwEBBGkwZzAtBggrBgEFBQcwAYYhaHR0cDovL29j\nc3AucjJtMDQuYW1hem9udHJ1c3QuY29tMDYGCCsGAQUFBzAChipodHRwOi8vY3J0\nLnIybTA0LmFtYXpvbnRydXN0LmNvbS9yMm0wNC5jZXIwDAYDVR0TAQH/BAIwADCC\nAX8GCisGAQQB1nkCBAIEggFvBIIBawFpAHYAlpdkv1VYl633Q4doNwhCd+nwOtX2\npPM2bkakPw/KqcYAAAGWQKxwHgAABAMARzBFAiEAq0s/+a42plhtBHR+Na9uysKA\nURKG7vPyyocXWGtSAWMCIE8jFp6kipY7IfBZ3XhNLL9hn9gic+PGZIFkRQtJ3eJz\nAHYASZybad4dfOz8Nt7Nh2SmuFuvCoeAGdFVUvvp6ynd+MMAAAGWQKxwMwAABAMA\nRzBFAiAntIOtvQbf1k9RYkgCpYtGhiwjEbU09b02nESdYcVBYQIhAIID3898gGdO\ntm8AU/v7fRPjJMwaWphXxkDJX1SHF+uHAHcAyzj3FYl8hKFEX1vB3fvJbvKaWc1H\nCmkFhbDLFMMUWOcAAAGWQKxv9QAABAMASDBGAiEAjuJtUTPdXRqZoJbzsFP9k6DR\nm9luHcLx9NHUVcZCZwICIQCEtuFkcCuWKs1RQucZ4/pvDoOZpml6x/P7f21ACIiW\nEzANBgkqhkiG9w0BAQsFAAOCAQEARruoAJpavnFVi+I5d2PxygugIwBQEr78mMVK\nsswzJHdlQobZbK8FxNejjx+RQdYjKEOc3a5QBe8pbH5cMGeN9SPt4uJMvxRVx9C5\n1Zz7r9S1AfDrbVjOK8pFpTl5GlIq3nLac0Jmprb8Ec6eEA0ZhhBWcJ7zv7D5vkGn\nQnV7LY7PKRdMZAdOGwkZFcYRJqSA3lua864rc28bpdBJdwRr6ZMDpi15UQLPoyG+\ntOkgEZRLO2rqNkgJeji1lqXeFLk/D01cLR9nd7i3yhxkM3yvCLtqsQJlifFdJIai\nFbRQ0d1MeTLfjwq23rO9+MwbR9Gpa1ieNEQCOv74JnL7+M25Tw==\n-----END CERTIFICATE-----\n",
                "is_ca": false,
                "issuer": "CN=Amazon RSA 2048 M04,O=Amazon,C=US",
                "not_after": "2026-03-27T23:59:59Z",
                "not_before": "2025-04-16T00:00:00Z",
                "public_key_algorithm": "RSA",
                "serial_number": "5285366410207429094105356640750808533",
                "sha1_fingerprint": "122c9680a85db4e85b53f17de740b1e55136ef9b",
                "signature_algorithm": "SHA256-RSA",
                "subject": "CN=*.eks.ap-southeast-3.amazonaws.com",
                "version": 3
              }
            ],
            "content": null,
            "id": "fc5239dfa3a994b53f0c960d5721fa36f229efef",
            "url": "https://oidc.eks.ap-southeast-3.amazonaws.com/id/7FB94673BB57AA3AA5712FBB0B14DD7C",
            "verify_chain": true
          },
          "sensitive_attributes": []
        }
      ]
    },
    {
      "module": "module.eks.module.eks-cluster",
      "mode": "managed",
      "type": "aws_cloudwatch_log_group",
      "name": "this",
      "provider": "provider[\"registry.terraform.io/hashicorp/aws\"]",
      "instances": [
        {
          "index_key": 0,
          "schema_version": 0,
          "attributes": {
            "arn": "arn:aws:logs:ap-southeast-3:381491966185:log-group:/aws/eks/dana-jagoan-neon-eks/cluster",
            "id": "/aws/eks/dana-jagoan-neon-eks/cluster",
            "kms_key_id": "",
            "log_group_class": "STANDARD",
            "name": "/aws/eks/dana-jagoan-neon-eks/cluster",
            "name_prefix": "",
            "retention_in_days": 3,
            "skip_destroy": false,
            "tags": {
              "Name": "/aws/eks/dana-jagoan-neon-eks/cluster"
            },
            "tags_all": {
              "Name": "/aws/eks/dana-jagoan-neon-eks/cluster"
            }
          },
          "sensitive_attributes": [],
          "private": "bnVsbA==",
          "create_before_destroy": true
        }
      ]
    },
    {
      "module": "module.eks.module.eks-cluster",
      "mode": "managed",
      "type": "aws_eks_access_entry",
      "name": "this",
      "provider": "provider[\"registry.terraform.io/hashicorp/aws\"]",
      "instances": [
        {
          "index_key": "infra_admin",
          "schema_version": 0,
          "attributes": {
            "access_entry_arn": "arn:aws:eks:ap-southeast-3:381491966185:access-entry/dana-jagoan-neon-eks/role/381491966185/eks-infra-access-role/dccd9933-6965-68d2-39c0-5428b31ffecf",
            "cluster_name": "dana-jagoan-neon-eks",
            "created_at": "2025-12-18T16:59:18Z",
            "id": "dana-jagoan-neon-eks:arn:aws:iam::381491966185:role/eks-infra-access-role",
            "kubernetes_groups": [],
            "modified_at": "2025-12-18T16:59:18Z",
            "principal_arn": "arn:aws:iam::381491966185:role/eks-infra-access-role",
            "tags": {},
            "tags_all": {},
            "timeouts": null,
            "type": "STANDARD",
            "user_name": "arn:aws:sts::381491966185:assumed-role/eks-infra-access-role/{{SessionName}}"
          },
          "sensitive_attributes": [],
          "private": "eyJlMmJmYjczMC1lY2FhLTExZTYtOGY4OC0zNDM2M2JjN2M0YzAiOnsiY3JlYXRlIjo2MDAwMDAwMDAwMDAsImRlbGV0ZSI6NjAwMDAwMDAwMDAwfX0=",
          "dependencies": [
            "module.eks.aws_iam_role.infra_role",
            "module.eks.data.aws_caller_identity.current",
            "module.eks.data.aws_iam_policy_document.eks_assume_role_policy",
            "module.eks.module.eks-cluster.aws_cloudwatch_log_group.this",
            "module.eks.module.eks-cluster.aws_eks_cluster.this",
            "module.eks.module.eks-cluster.aws_iam_openid_connect_provider.oidc_provider",
            "module.eks.module.eks-cluster.aws_iam_policy.cni_ipv6_policy",
            "module.eks.module.eks-cluster.aws_iam_role.eks_auto",
            "module.eks.module.eks-cluster.aws_iam_role.this",
            "module.eks.module.eks-cluster.aws_iam_role_policy_attachment.this",
            "module.eks.module.eks-cluster.aws_security_group.cluster",
            "module.eks.module.eks-cluster.aws_security_group.node",
            "module.eks.module.eks-cluster.aws_security_group_rule.cluster",
            "module.eks.module.eks-cluster.aws_security_group_rule.node",
            "module.eks.module.eks-cluster.data.aws_caller_identity.current",
            "module.eks.module.eks-cluster.data.aws_iam_policy_document.assume_role_policy",
            "module.eks.module.eks-cluster.data.aws_iam_policy_document.cni_ipv6_policy",
            "module.eks.module.eks-cluster.data.aws_iam_policy_document.node_assume_role_policy",
            "module.eks.module.eks-cluster.data.aws_iam_session_context.current",
            "module.eks.module.eks-cluster.data.aws_partition.current",
            "module.eks.module.eks-cluster.data.tls_certificate.this",
            "module.eks.module.eks-cluster.module.kms.aws_kms_external_key.this",
            "module.eks.module.eks-cluster.module.kms.aws_kms_key.this",
            "module.eks.module.eks-cluster.module.kms.aws_kms_replica_external_key.this",
            "module.eks.module.eks-cluster.module.kms.aws_kms_replica_key.this",
            "module.eks.module.eks-cluster.module.kms.data.aws_caller_identity.current",
            "module.eks.module.eks-cluster.module.kms.data.aws_iam_policy_document.this",
            "module.eks.module.eks-cluster.module.kms.data.aws_partition.current"
          ]
        }
      ]
    },
    {
      "module": "module.eks.module.eks-cluster",
      "mode": "managed",
      "type": "aws_eks_access_policy_association",
      "name": "this",
      "provider": "provider[\"registry.terraform.io/hashicorp/aws\"]",
      "instances": [
        {
          "index_key": "infra_admin_admin",
          "schema_version": 0,
          "attributes": {
            "access_scope": [
              {
                "namespaces": [],
                "type": "cluster"
              }
            ],
            "associated_at": "2025-12-18 16:59:18.928 +0000 UTC",
            "cluster_name": "dana-jagoan-neon-eks",
            "id": "dana-jagoan-neon-eks#arn:aws:iam::381491966185:role/eks-infra-access-role#arn:aws:eks::aws:cluster-access-policy/AmazonEKSClusterAdminPolicy",
            "modified_at": "2025-12-18 16:59:18.928 +0000 UTC",
            "policy_arn": "arn:aws:eks::aws:cluster-access-policy/AmazonEKSClusterAdminPolicy",
            "principal_arn": "arn:aws:iam::381491966185:role/eks-infra-access-role",
            "timeouts": null
          },
          "sensitive_attributes": [],
          "private": "eyJlMmJmYjczMC1lY2FhLTExZTYtOGY4OC0zNDM2M2JjN2M0YzAiOnsiY3JlYXRlIjo2MDAwMDAwMDAwMDAsImRlbGV0ZSI6NjAwMDAwMDAwMDAwfX0=",
          "dependencies": [
            "module.eks.aws_iam_role.infra_role",
            "module.eks.data.aws_caller_identity.current",
            "module.eks.data.aws_iam_policy_document.eks_assume_role_policy",
            "module.eks.module.eks-cluster.aws_cloudwatch_log_group.this",
            "module.eks.module.eks-cluster.aws_eks_access_entry.this",
            "module.eks.module.eks-cluster.aws_eks_cluster.this",
            "module.eks.module.eks-cluster.aws_iam_openid_connect_provider.oidc_provider",
            "module.eks.module.eks-cluster.aws_iam_policy.cni_ipv6_policy",
            "module.eks.module.eks-cluster.aws_iam_role.eks_auto",
            "module.eks.module.eks-cluster.aws_iam_role.this",
            "module.eks.module.eks-cluster.aws_iam_role_policy_attachment.this",
            "module.eks.module.eks-cluster.aws_security_group.cluster",
            "module.eks.module.eks-cluster.aws_security_group.node",
            "module.eks.module.eks-cluster.aws_security_group_rule.cluster",
            "module.eks.module.eks-cluster.aws_security_group_rule.node",
            "module.eks.module.eks-cluster.data.aws_caller_identity.current",
            "module.eks.module.eks-cluster.data.aws_iam_policy_document.assume_role_policy",
            "module.eks.module.eks-cluster.data.aws_iam_policy_document.cni_ipv6_policy",
            "module.eks.module.eks-cluster.data.aws_iam_policy_document.node_assume_role_policy",
            "module.eks.module.eks-cluster.data.aws_iam_session_context.current",
            "module.eks.module.eks-cluster.data.aws_partition.current",
            "module.eks.module.eks-cluster.data.tls_certificate.this",
            "module.eks.module.eks-cluster.module.kms.aws_kms_external_key.this",
            "module.eks.module.eks-cluster.module.kms.aws_kms_key.this",
            "module.eks.module.eks-cluster.module.kms.aws_kms_replica_external_key.this",
            "module.eks.module.eks-cluster.module.kms.aws_kms_replica_key.this",
            "module.eks.module.eks-cluster.module.kms.data.aws_caller_identity.current",
            "module.eks.module.eks-cluster.module.kms.data.aws_iam_policy_document.this",
            "module.eks.module.eks-cluster.module.kms.data.aws_partition.current"
          ]
        }
      ]
    },
    {
      "module": "module.eks.module.eks-cluster",
      "mode": "managed",
      "type": "aws_eks_addon",
      "name": "this",
      "provider": "provider[\"registry.terraform.io/hashicorp/aws\"]",
      "instances": [
        {
          "index_key": "aws-ebs-csi-driver",
          "schema_version": 0,
          "attributes": {
            "addon_name": "aws-ebs-csi-driver",
            "addon_version": "v1.54.0-eksbuild.1",
            "arn": "arn:aws:eks:ap-southeast-3:381491966185:addon/dana-jagoan-neon-eks/aws-ebs-csi-driver/82cd9947-15b0-52e8-4fa4-24186ed329b4",
            "cluster_name": "dana-jagoan-neon-eks",
            "configuration_values": "",
            "created_at": "2025-12-18T17:42:17Z",
            "id": "dana-jagoan-neon-eks:aws-ebs-csi-driver",
            "modified_at": "2025-12-18T17:43:14Z",
            "pod_identity_association": [],
            "preserve": true,
            "resolve_conflicts": null,
            "resolve_conflicts_on_create": "OVERWRITE",
            "resolve_conflicts_on_update": "OVERWRITE",
            "service_account_role_arn": "",
            "tags": {},
            "tags_all": {},
            "timeouts": {
              "create": null,
              "delete": null,
              "update": null
            }
          },
          "sensitive_attributes": [],
          "private": "eyJlMmJmYjczMC1lY2FhLTExZTYtOGY4OC0zNDM2M2JjN2M0YzAiOnsiY3JlYXRlIjoxMjAwMDAwMDAwMDAwLCJkZWxldGUiOjI0MDAwMDAwMDAwMDAsInVwZGF0ZSI6MTIwMDAwMDAwMDAwMH19",
          "dependencies": [
            "module.eks.aws_iam_policy.aws_load_balancer_controller",
            "module.eks.aws_iam_policy.sharedCMK",
            "module.eks.module.eks-cluster.aws_cloudwatch_log_group.this",
            "module.eks.module.eks-cluster.aws_eks_cluster.this",
            "module.eks.module.eks-cluster.aws_iam_policy.cni_ipv6_policy",
            "module.eks.module.eks-cluster.aws_iam_role.eks_auto",
            "module.eks.module.eks-cluster.aws_iam_role.this",
            "module.eks.module.eks-cluster.aws_iam_role_policy_attachment.this",
            "module.eks.module.eks-cluster.aws_security_group.cluster",
            "module.eks.module.eks-cluster.aws_security_group.node",
            "module.eks.module.eks-cluster.aws_security_group_rule.cluster",
            "module.eks.module.eks-cluster.aws_security_group_rule.node",
            "module.eks.module.eks-cluster.data.aws_caller_identity.current",
            "module.eks.module.eks-cluster.data.aws_eks_addon_version.this",
            "module.eks.module.eks-cluster.data.aws_iam_policy_document.assume_role_policy",
            "module.eks.module.eks-cluster.data.aws_iam_policy_document.cni_ipv6_policy",
            "module.eks.module.eks-cluster.data.aws_iam_policy_document.node_assume_role_policy",
            "module.eks.module.eks-cluster.data.aws_iam_session_context.current",
            "module.eks.module.eks-cluster.data.aws_partition.current",
            "module.eks.module.eks-cluster.module.eks_managed_node_group.aws_autoscaling_schedule.this",
            "module.eks.module.eks-cluster.module.eks_managed_node_group.aws_eks_node_group.this",
            "module.eks.module.eks-cluster.module.eks_managed_node_group.aws_iam_role.this",
            "module.eks.module.eks-cluster.module.eks_managed_node_group.aws_iam_role_policy.this",
            "module.eks.module.eks-cluster.module.eks_managed_node_group.aws_iam_role_policy_attachment.additional",
            "module.eks.module.eks-cluster.module.eks_managed_node_group.aws_iam_role_policy_attachment.this",
            "module.eks.module.eks-cluster.module.eks_managed_node_group.aws_launch_template.this",
            "module.eks.module.eks-cluster.module.eks_managed_node_group.aws_placement_group.this",
            "module.eks.module.eks-cluster.module.eks_managed_node_group.data.aws_caller_identity.current",
            "module.eks.module.eks-cluster.module.eks_managed_node_group.data.aws_ec2_instance_type.this",
            "module.eks.module.eks-cluster.module.eks_managed_node_group.data.aws_ec2_instance_type_offerings.this",
            "module.eks.module.eks-cluster.module.eks_managed_node_group.data.aws_iam_policy_document.assume_role_policy",
            "module.eks.module.eks-cluster.module.eks_managed_node_group.data.aws_iam_policy_document.role",
            "module.eks.module.eks-cluster.module.eks_managed_node_group.data.aws_partition.current",
            "module.eks.module.eks-cluster.module.eks_managed_node_group.data.aws_ssm_parameter.ami",
            "module.eks.module.eks-cluster.module.eks_managed_node_group.data.aws_subnets.placement_group",
            "module.eks.module.eks-cluster.module.eks_managed_node_group.module.user_data.data.cloudinit_config.al2023_eks_managed_node_group",
            "module.eks.module.eks-cluster.module.eks_managed_node_group.module.user_data.data.cloudinit_config.linux_eks_managed_node_group",
            "module.eks.module.eks-cluster.module.eks_managed_node_group.module.user_data.null_resource.validate_cluster_service_cidr",
            "module.eks.module.eks-cluster.module.fargate_profile.aws_eks_fargate_profile.this",
            "module.eks.module.eks-cluster.module.fargate_profile.aws_iam_role.this",
            "module.eks.module.eks-cluster.module.fargate_profile.aws_iam_role_policy.this",
            "module.eks.module.eks-cluster.module.fargate_profile.aws_iam_role_policy_attachment.additional",
            "module.eks.module.eks-cluster.module.fargate_profile.aws_iam_role_policy_attachment.this",
            "module.eks.module.eks-cluster.module.fargate_profile.data.aws_caller_identity.current",
            "module.eks.module.eks-cluster.module.fargate_profile.data.aws_iam_policy_document.assume_role_policy",
            "module.eks.module.eks-cluster.module.fargate_profile.data.aws_iam_policy_document.role",
            "module.eks.module.eks-cluster.module.fargate_profile.data.aws_partition.current",
            "module.eks.module.eks-cluster.module.fargate_profile.data.aws_region.current",
            "module.eks.module.eks-cluster.module.kms.aws_kms_external_key.this",
            "module.eks.module.eks-cluster.module.kms.aws_kms_key.this",
            "module.eks.module.eks-cluster.module.kms.aws_kms_replica_external_key.this",
            "module.eks.module.eks-cluster.module.kms.aws_kms_replica_key.this",
            "module.eks.module.eks-cluster.module.kms.data.aws_caller_identity.current",
            "module.eks.module.eks-cluster.module.kms.data.aws_iam_policy_document.this",
            "module.eks.module.eks-cluster.module.kms.data.aws_partition.current",
            "module.eks.module.eks-cluster.module.self_managed_node_group.aws_autoscaling_group.this",
            "module.eks.module.eks-cluster.module.self_managed_node_group.aws_autoscaling_schedule.this",
            "module.eks.module.eks-cluster.module.self_managed_node_group.aws_eks_access_entry.this",
            "module.eks.module.eks-cluster.module.self_managed_node_group.aws_iam_instance_profile.this",
            "module.eks.module.eks-cluster.module.self_managed_node_group.aws_iam_role.this",
            "module.eks.module.eks-cluster.module.self_managed_node_group.aws_iam_role_policy.this",
            "module.eks.module.eks-cluster.module.self_managed_node_group.aws_iam_role_policy_attachment.additional",
            "module.eks.module.eks-cluster.module.self_managed_node_group.aws_iam_role_policy_attachment.this",
            "module.eks.module.eks-cluster.module.self_managed_node_group.aws_launch_template.this",
            "module.eks.module.eks-cluster.module.self_managed_node_group.aws_placement_group.this",
            "module.eks.module.eks-cluster.module.self_managed_node_group.data.aws_caller_identity.current",
            "module.eks.module.eks-cluster.module.self_managed_node_group.data.aws_ec2_instance_type.this",
            "module.eks.module.eks-cluster.module.self_managed_node_group.data.aws_ec2_instance_type_offerings.this",
            "module.eks.module.eks-cluster.module.self_managed_node_group.data.aws_iam_policy_document.assume_role_policy",
            "module.eks.module.eks-cluster.module.self_managed_node_group.data.aws_iam_policy_document.role",
            "module.eks.module.eks-cluster.module.self_managed_node_group.data.aws_partition.current",
            "module.eks.module.eks-cluster.module.self_managed_node_group.data.aws_ssm_parameter.ami",
            "module.eks.module.eks-cluster.module.self_managed_node_group.data.aws_subnets.placement_group",
            "module.eks.module.eks-cluster.module.self_managed_node_group.module.user_data.data.cloudinit_config.al2023_eks_managed_node_group",
            "module.eks.module.eks-cluster.module.self_managed_node_group.module.user_data.data.cloudinit_config.linux_eks_managed_node_group",
            "module.eks.module.eks-cluster.module.self_managed_node_group.module.user_data.null_resource.validate_cluster_service_cidr",
            "module.eks.module.eks-cluster.time_sleep.this"
          ]
        },
        {
          "index_key": "coredns",
          "schema_version": 0,
          "attributes": {
            "addon_name": "coredns",
            "addon_version": "v1.12.4-eksbuild.1",
            "arn": "arn:aws:eks:ap-southeast-3:381491966185:addon/dana-jagoan-neon-eks/coredns/aecd9947-15a6-ca24-2625-8c1febe3df47",
            "cluster_name": "dana-jagoan-neon-eks",
            "configuration_values": "",
            "created_at": "2025-12-18T17:42:17Z",
            "id": "dana-jagoan-neon-eks:coredns",
            "modified_at": "2025-12-18T17:42:58Z",
            "pod_identity_association": [],
            "preserve": true,
            "resolve_conflicts": null,
            "resolve_conflicts_on_create": "OVERWRITE",
            "resolve_conflicts_on_update": "OVERWRITE",
            "service_account_role_arn": "",
            "tags": {},
            "tags_all": {},
            "timeouts": {
              "create": null,
              "delete": null,
              "update": null
            }
          },
          "sensitive_attributes": [],
          "private": "eyJlMmJmYjczMC1lY2FhLTExZTYtOGY4OC0zNDM2M2JjN2M0YzAiOnsiY3JlYXRlIjoxMjAwMDAwMDAwMDAwLCJkZWxldGUiOjI0MDAwMDAwMDAwMDAsInVwZGF0ZSI6MTIwMDAwMDAwMDAwMH19",
          "dependencies": [
            "module.eks.aws_iam_policy.aws_load_balancer_controller",
            "module.eks.aws_iam_policy.sharedCMK",
            "module.eks.module.eks-cluster.aws_cloudwatch_log_group.this",
            "module.eks.module.eks-cluster.aws_eks_cluster.this",
            "module.eks.module.eks-cluster.aws_iam_policy.cni_ipv6_policy",
            "module.eks.module.eks-cluster.aws_iam_role.eks_auto",
            "module.eks.module.eks-cluster.aws_iam_role.this",
            "module.eks.module.eks-cluster.aws_iam_role_policy_attachment.this",
            "module.eks.module.eks-cluster.aws_security_group.cluster",
            "module.eks.module.eks-cluster.aws_security_group.node",
            "module.eks.module.eks-cluster.aws_security_group_rule.cluster",
            "module.eks.module.eks-cluster.aws_security_group_rule.node",
            "module.eks.module.eks-cluster.data.aws_caller_identity.current",
            "module.eks.module.eks-cluster.data.aws_eks_addon_version.this",
            "module.eks.module.eks-cluster.data.aws_iam_policy_document.assume_role_policy",
            "module.eks.module.eks-cluster.data.aws_iam_policy_document.cni_ipv6_policy",
            "module.eks.module.eks-cluster.data.aws_iam_policy_document.node_assume_role_policy",
            "module.eks.module.eks-cluster.data.aws_iam_session_context.current",
            "module.eks.module.eks-cluster.data.aws_partition.current",
            "module.eks.module.eks-cluster.module.eks_managed_node_group.aws_autoscaling_schedule.this",
            "module.eks.module.eks-cluster.module.eks_managed_node_group.aws_eks_node_group.this",
            "module.eks.module.eks-cluster.module.eks_managed_node_group.aws_iam_role.this",
            "module.eks.module.eks-cluster.module.eks_managed_node_group.aws_iam_role_policy.this",
            "module.eks.module.eks-cluster.module.eks_managed_node_group.aws_iam_role_policy_attachment.additional",
            "module.eks.module.eks-cluster.module.eks_managed_node_group.aws_iam_role_policy_attachment.this",
            "module.eks.module.eks-cluster.module.eks_managed_node_group.aws_launch_template.this",
            "module.eks.module.eks-cluster.module.eks_managed_node_group.aws_placement_group.this",
            "module.eks.module.eks-cluster.module.eks_managed_node_group.data.aws_caller_identity.current",
            "module.eks.module.eks-cluster.module.eks_managed_node_group.data.aws_ec2_instance_type.this",
            "module.eks.module.eks-cluster.module.eks_managed_node_group.data.aws_ec2_instance_type_offerings.this",
            "module.eks.module.eks-cluster.module.eks_managed_node_group.data.aws_iam_policy_document.assume_role_policy",
            "module.eks.module.eks-cluster.module.eks_managed_node_group.data.aws_iam_policy_document.role",
            "module.eks.module.eks-cluster.module.eks_managed_node_group.data.aws_partition.current",
            "module.eks.module.eks-cluster.module.eks_managed_node_group.data.aws_ssm_parameter.ami",
            "module.eks.module.eks-cluster.module.eks_managed_node_group.data.aws_subnets.placement_group",
            "module.eks.module.eks-cluster.module.eks_managed_node_group.module.user_data.data.cloudinit_config.al2023_eks_managed_node_group",
            "module.eks.module.eks-cluster.module.eks_managed_node_group.module.user_data.data.cloudinit_config.linux_eks_managed_node_group",
            "module.eks.module.eks-cluster.module.eks_managed_node_group.module.user_data.null_resource.validate_cluster_service_cidr",
            "module.eks.module.eks-cluster.module.fargate_profile.aws_eks_fargate_profile.this",
            "module.eks.module.eks-cluster.module.fargate_profile.aws_iam_role.this",
            "module.eks.module.eks-cluster.module.fargate_profile.aws_iam_role_policy.this",
            "module.eks.module.eks-cluster.module.fargate_profile.aws_iam_role_policy_attachment.additional",
            "module.eks.module.eks-cluster.module.fargate_profile.aws_iam_role_policy_attachment.this",
            "module.eks.module.eks-cluster.module.fargate_profile.data.aws_caller_identity.current",
            "module.eks.module.eks-cluster.module.fargate_profile.data.aws_iam_policy_document.assume_role_policy",
            "module.eks.module.eks-cluster.module.fargate_profile.data.aws_iam_policy_document.role",
            "module.eks.module.eks-cluster.module.fargate_profile.data.aws_partition.current",
            "module.eks.module.eks-cluster.module.fargate_profile.data.aws_region.current",
            "module.eks.module.eks-cluster.module.kms.aws_kms_external_key.this",
            "module.eks.module.eks-cluster.module.kms.aws_kms_key.this",
            "module.eks.module.eks-cluster.module.kms.aws_kms_replica_external_key.this",
            "module.eks.module.eks-cluster.module.kms.aws_kms_replica_key.this",
            "module.eks.module.eks-cluster.module.kms.data.aws_caller_identity.current",
            "module.eks.module.eks-cluster.module.kms.data.aws_iam_policy_document.this",
            "module.eks.module.eks-cluster.module.kms.data.aws_partition.current",
            "module.eks.module.eks-cluster.module.self_managed_node_group.aws_autoscaling_group.this",
            "module.eks.module.eks-cluster.module.self_managed_node_group.aws_autoscaling_schedule.this",
            "module.eks.module.eks-cluster.module.self_managed_node_group.aws_eks_access_entry.this",
            "module.eks.module.eks-cluster.module.self_managed_node_group.aws_iam_instance_profile.this",
            "module.eks.module.eks-cluster.module.self_managed_node_group.aws_iam_role.this",
            "module.eks.module.eks-cluster.module.self_managed_node_group.aws_iam_role_policy.this",
            "module.eks.module.eks-cluster.module.self_managed_node_group.aws_iam_role_policy_attachment.additional",
            "module.eks.module.eks-cluster.module.self_managed_node_group.aws_iam_role_policy_attachment.this",
            "module.eks.module.eks-cluster.module.self_managed_node_group.aws_launch_template.this",
            "module.eks.module.eks-cluster.module.self_managed_node_group.aws_placement_group.this",
            "module.eks.module.eks-cluster.module.self_managed_node_group.data.aws_caller_identity.current",
            "module.eks.module.eks-cluster.module.self_managed_node_group.data.aws_ec2_instance_type.this",
            "module.eks.module.eks-cluster.module.self_managed_node_group.data.aws_ec2_instance_type_offerings.this",
            "module.eks.module.eks-cluster.module.self_managed_node_group.data.aws_iam_policy_document.assume_role_policy",
            "module.eks.module.eks-cluster.module.self_managed_node_group.data.aws_iam_policy_document.role",
            "module.eks.module.eks-cluster.module.self_managed_node_group.data.aws_partition.current",
            "module.eks.module.eks-cluster.module.self_managed_node_group.data.aws_ssm_parameter.ami",
            "module.eks.module.eks-cluster.module.self_managed_node_group.data.aws_subnets.placement_group",
            "module.eks.module.eks-cluster.module.self_managed_node_group.module.user_data.data.cloudinit_config.al2023_eks_managed_node_group",
            "module.eks.module.eks-cluster.module.self_managed_node_group.module.user_data.data.cloudinit_config.linux_eks_managed_node_group",
            "module.eks.module.eks-cluster.module.self_managed_node_group.module.user_data.null_resource.validate_cluster_service_cidr",
            "module.eks.module.eks-cluster.time_sleep.this"
          ]
        },
        {
          "index_key": "kube-proxy",
          "schema_version": 0,
          "attributes": {
            "addon_name": "kube-proxy",
            "addon_version": "v1.33.5-eksbuild.2",
            "arn": "arn:aws:eks:ap-southeast-3:381491966185:addon/dana-jagoan-neon-eks/kube-proxy/eecd9947-15a5-1909-c66b-64b11c9d99e0",
            "cluster_name": "dana-jagoan-neon-eks",
            "configuration_values": "",
            "created_at": "2025-12-18T17:42:17Z",
            "id": "dana-jagoan-neon-eks:kube-proxy",
            "modified_at": "2025-12-18T17:42:33Z",
            "pod_identity_association": [],
            "preserve": true,
            "resolve_conflicts": null,
            "resolve_conflicts_on_create": "OVERWRITE",
            "resolve_conflicts_on_update": "OVERWRITE",
            "service_account_role_arn": "",
            "tags": {},
            "tags_all": {},
            "timeouts": {
              "create": null,
              "delete": null,
              "update": null
            }
          },
          "sensitive_attributes": [],
          "private": "eyJlMmJmYjczMC1lY2FhLTExZTYtOGY4OC0zNDM2M2JjN2M0YzAiOnsiY3JlYXRlIjoxMjAwMDAwMDAwMDAwLCJkZWxldGUiOjI0MDAwMDAwMDAwMDAsInVwZGF0ZSI6MTIwMDAwMDAwMDAwMH19",
          "dependencies": [
            "module.eks.aws_iam_policy.aws_load_balancer_controller",
            "module.eks.aws_iam_policy.sharedCMK",
            "module.eks.module.eks-cluster.aws_cloudwatch_log_group.this",
            "module.eks.module.eks-cluster.aws_eks_cluster.this",
            "module.eks.module.eks-cluster.aws_iam_policy.cni_ipv6_policy",
            "module.eks.module.eks-cluster.aws_iam_role.eks_auto",
            "module.eks.module.eks-cluster.aws_iam_role.this",
            "module.eks.module.eks-cluster.aws_iam_role_policy_attachment.this",
            "module.eks.module.eks-cluster.aws_security_group.cluster",
            "module.eks.module.eks-cluster.aws_security_group.node",
            "module.eks.module.eks-cluster.aws_security_group_rule.cluster",
            "module.eks.module.eks-cluster.aws_security_group_rule.node",
            "module.eks.module.eks-cluster.data.aws_caller_identity.current",
            "module.eks.module.eks-cluster.data.aws_eks_addon_version.this",
            "module.eks.module.eks-cluster.data.aws_iam_policy_document.assume_role_policy",
            "module.eks.module.eks-cluster.data.aws_iam_policy_document.cni_ipv6_policy",
            "module.eks.module.eks-cluster.data.aws_iam_policy_document.node_assume_role_policy",
            "module.eks.module.eks-cluster.data.aws_iam_session_context.current",
            "module.eks.module.eks-cluster.data.aws_partition.current",
            "module.eks.module.eks-cluster.module.eks_managed_node_group.aws_autoscaling_schedule.this",
            "module.eks.module.eks-cluster.module.eks_managed_node_group.aws_eks_node_group.this",
            "module.eks.module.eks-cluster.module.eks_managed_node_group.aws_iam_role.this",
            "module.eks.module.eks-cluster.module.eks_managed_node_group.aws_iam_role_policy.this",
            "module.eks.module.eks-cluster.module.eks_managed_node_group.aws_iam_role_policy_attachment.additional",
            "module.eks.module.eks-cluster.module.eks_managed_node_group.aws_iam_role_policy_attachment.this",
            "module.eks.module.eks-cluster.module.eks_managed_node_group.aws_launch_template.this",
            "module.eks.module.eks-cluster.module.eks_managed_node_group.aws_placement_group.this",
            "module.eks.module.eks-cluster.module.eks_managed_node_group.data.aws_caller_identity.current",
            "module.eks.module.eks-cluster.module.eks_managed_node_group.data.aws_ec2_instance_type.this",
            "module.eks.module.eks-cluster.module.eks_managed_node_group.data.aws_ec2_instance_type_offerings.this",
            "module.eks.module.eks-cluster.module.eks_managed_node_group.data.aws_iam_policy_document.assume_role_policy",
            "module.eks.module.eks-cluster.module.eks_managed_node_group.data.aws_iam_policy_document.role",
            "module.eks.module.eks-cluster.module.eks_managed_node_group.data.aws_partition.current",
            "module.eks.module.eks-cluster.module.eks_managed_node_group.data.aws_ssm_parameter.ami",
            "module.eks.module.eks-cluster.module.eks_managed_node_group.data.aws_subnets.placement_group",
            "module.eks.module.eks-cluster.module.eks_managed_node_group.module.user_data.data.cloudinit_config.al2023_eks_managed_node_group",
            "module.eks.module.eks-cluster.module.eks_managed_node_group.module.user_data.data.cloudinit_config.linux_eks_managed_node_group",
            "module.eks.module.eks-cluster.module.eks_managed_node_group.module.user_data.null_resource.validate_cluster_service_cidr",
            "module.eks.module.eks-cluster.module.fargate_profile.aws_eks_fargate_profile.this",
            "module.eks.module.eks-cluster.module.fargate_profile.aws_iam_role.this",
            "module.eks.module.eks-cluster.module.fargate_profile.aws_iam_role_policy.this",
            "module.eks.module.eks-cluster.module.fargate_profile.aws_iam_role_policy_attachment.additional",
            "module.eks.module.eks-cluster.module.fargate_profile.aws_iam_role_policy_attachment.this",
            "module.eks.module.eks-cluster.module.fargate_profile.data.aws_caller_identity.current",
            "module.eks.module.eks-cluster.module.fargate_profile.data.aws_iam_policy_document.assume_role_policy",
            "module.eks.module.eks-cluster.module.fargate_profile.data.aws_iam_policy_document.role",
            "module.eks.module.eks-cluster.module.fargate_profile.data.aws_partition.current",
            "module.eks.module.eks-cluster.module.fargate_profile.data.aws_region.current",
            "module.eks.module.eks-cluster.module.kms.aws_kms_external_key.this",
            "module.eks.module.eks-cluster.module.kms.aws_kms_key.this",
            "module.eks.module.eks-cluster.module.kms.aws_kms_replica_external_key.this",
            "module.eks.module.eks-cluster.module.kms.aws_kms_replica_key.this",
            "module.eks.module.eks-cluster.module.kms.data.aws_caller_identity.current",
            "module.eks.module.eks-cluster.module.kms.data.aws_iam_policy_document.this",
            "module.eks.module.eks-cluster.module.kms.data.aws_partition.current",
            "module.eks.module.eks-cluster.module.self_managed_node_group.aws_autoscaling_group.this",
            "module.eks.module.eks-cluster.module.self_managed_node_group.aws_autoscaling_schedule.this",
            "module.eks.module.eks-cluster.module.self_managed_node_group.aws_eks_access_entry.this",
            "module.eks.module.eks-cluster.module.self_managed_node_group.aws_iam_instance_profile.this",
            "module.eks.module.eks-cluster.module.self_managed_node_group.aws_iam_role.this",
            "module.eks.module.eks-cluster.module.self_managed_node_group.aws_iam_role_policy.this",
            "module.eks.module.eks-cluster.module.self_managed_node_group.aws_iam_role_policy_attachment.additional",
            "module.eks.module.eks-cluster.module.self_managed_node_group.aws_iam_role_policy_attachment.this",
            "module.eks.module.eks-cluster.module.self_managed_node_group.aws_launch_template.this",
            "module.eks.module.eks-cluster.module.self_managed_node_group.aws_placement_group.this",
            "module.eks.module.eks-cluster.module.self_managed_node_group.data.aws_caller_identity.current",
            "module.eks.module.eks-cluster.module.self_managed_node_group.data.aws_ec2_instance_type.this",
            "module.eks.module.eks-cluster.module.self_managed_node_group.data.aws_ec2_instance_type_offerings.this",
            "module.eks.module.eks-cluster.module.self_managed_node_group.data.aws_iam_policy_document.assume_role_policy",
            "module.eks.module.eks-cluster.module.self_managed_node_group.data.aws_iam_policy_document.role",
            "module.eks.module.eks-cluster.module.self_managed_node_group.data.aws_partition.current",
            "module.eks.module.eks-cluster.module.self_managed_node_group.data.aws_ssm_parameter.ami",
            "module.eks.module.eks-cluster.module.self_managed_node_group.data.aws_subnets.placement_group",
            "module.eks.module.eks-cluster.module.self_managed_node_group.module.user_data.data.cloudinit_config.al2023_eks_managed_node_group",
            "module.eks.module.eks-cluster.module.self_managed_node_group.module.user_data.data.cloudinit_config.linux_eks_managed_node_group",
            "module.eks.module.eks-cluster.module.self_managed_node_group.module.user_data.null_resource.validate_cluster_service_cidr",
            "module.eks.module.eks-cluster.time_sleep.this"
          ]
        },
        {
          "index_key": "vpc-cni",
          "schema_version": 0,
          "attributes": {
            "addon_name": "vpc-cni",
            "addon_version": "v1.21.1-eksbuild.1",
            "arn": "arn:aws:eks:ap-southeast-3:381491966185:addon/dana-jagoan-neon-eks/vpc-cni/7ecd9947-15a4-2bd5-e011-f74d66d430a4",
            "cluster_name": "dana-jagoan-neon-eks",
            "configuration_values": "",
            "created_at": "2025-12-18T17:42:16Z",
            "id": "dana-jagoan-neon-eks:vpc-cni",
            "modified_at": "2025-12-19T07:54:28Z",
            "pod_identity_association": [],
            "preserve": true,
            "resolve_conflicts": null,
            "resolve_conflicts_on_create": "OVERWRITE",
            "resolve_conflicts_on_update": "OVERWRITE",
            "service_account_role_arn": "",
            "tags": {},
            "tags_all": {},
            "timeouts": {
              "create": null,
              "delete": null,
              "update": null
            }
          },
          "sensitive_attributes": [],
          "private": "eyJlMmJmYjczMC1lY2FhLTExZTYtOGY4OC0zNDM2M2JjN2M0YzAiOnsiY3JlYXRlIjoxMjAwMDAwMDAwMDAwLCJkZWxldGUiOjI0MDAwMDAwMDAwMDAsInVwZGF0ZSI6MTIwMDAwMDAwMDAwMH19",
          "dependencies": [
            "module.eks.aws_iam_policy.aws_load_balancer_controller",
            "module.eks.aws_iam_policy.sharedCMK",
            "module.eks.module.eks-cluster.aws_cloudwatch_log_group.this",
            "module.eks.module.eks-cluster.aws_eks_cluster.this",
            "module.eks.module.eks-cluster.aws_iam_policy.cni_ipv6_policy",
            "module.eks.module.eks-cluster.aws_iam_role.eks_auto",
            "module.eks.module.eks-cluster.aws_iam_role.this",
            "module.eks.module.eks-cluster.aws_iam_role_policy_attachment.this",
            "module.eks.module.eks-cluster.aws_security_group.cluster",
            "module.eks.module.eks-cluster.aws_security_group.node",
            "module.eks.module.eks-cluster.aws_security_group_rule.cluster",
            "module.eks.module.eks-cluster.aws_security_group_rule.node",
            "module.eks.module.eks-cluster.data.aws_caller_identity.current",
            "module.eks.module.eks-cluster.data.aws_eks_addon_version.this",
            "module.eks.module.eks-cluster.data.aws_iam_policy_document.assume_role_policy",
            "module.eks.module.eks-cluster.data.aws_iam_policy_document.cni_ipv6_policy",
            "module.eks.module.eks-cluster.data.aws_iam_policy_document.node_assume_role_policy",
            "module.eks.module.eks-cluster.data.aws_iam_session_context.current",
            "module.eks.module.eks-cluster.data.aws_partition.current",
            "module.eks.module.eks-cluster.module.eks_managed_node_group.aws_autoscaling_schedule.this",
            "module.eks.module.eks-cluster.module.eks_managed_node_group.aws_eks_node_group.this",
            "module.eks.module.eks-cluster.module.eks_managed_node_group.aws_iam_role.this",
            "module.eks.module.eks-cluster.module.eks_managed_node_group.aws_iam_role_policy.this",
            "module.eks.module.eks-cluster.module.eks_managed_node_group.aws_iam_role_policy_attachment.additional",
            "module.eks.module.eks-cluster.module.eks_managed_node_group.aws_iam_role_policy_attachment.this",
            "module.eks.module.eks-cluster.module.eks_managed_node_group.aws_launch_template.this",
            "module.eks.module.eks-cluster.module.eks_managed_node_group.aws_placement_group.this",
            "module.eks.module.eks-cluster.module.eks_managed_node_group.data.aws_caller_identity.current",
            "module.eks.module.eks-cluster.module.eks_managed_node_group.data.aws_ec2_instance_type.this",
            "module.eks.module.eks-cluster.module.eks_managed_node_group.data.aws_ec2_instance_type_offerings.this",
            "module.eks.module.eks-cluster.module.eks_managed_node_group.data.aws_iam_policy_document.assume_role_policy",
            "module.eks.module.eks-cluster.module.eks_managed_node_group.data.aws_iam_policy_document.role",
            "module.eks.module.eks-cluster.module.eks_managed_node_group.data.aws_partition.current",
            "module.eks.module.eks-cluster.module.eks_managed_node_group.data.aws_ssm_parameter.ami",
            "module.eks.module.eks-cluster.module.eks_managed_node_group.data.aws_subnets.placement_group",
            "module.eks.module.eks-cluster.module.eks_managed_node_group.module.user_data.data.cloudinit_config.al2023_eks_managed_node_group",
            "module.eks.module.eks-cluster.module.eks_managed_node_group.module.user_data.data.cloudinit_config.linux_eks_managed_node_group",
            "module.eks.module.eks-cluster.module.eks_managed_node_group.module.user_data.null_resource.validate_cluster_service_cidr",
            "module.eks.module.eks-cluster.module.fargate_profile.aws_eks_fargate_profile.this",
            "module.eks.module.eks-cluster.module.fargate_profile.aws_iam_role.this",
            "module.eks.module.eks-cluster.module.fargate_profile.aws_iam_role_policy.this",
            "module.eks.module.eks-cluster.module.fargate_profile.aws_iam_role_policy_attachment.additional",
            "module.eks.module.eks-cluster.module.fargate_profile.aws_iam_role_policy_attachment.this",
            "module.eks.module.eks-cluster.module.fargate_profile.data.aws_caller_identity.current",
            "module.eks.module.eks-cluster.module.fargate_profile.data.aws_iam_policy_document.assume_role_policy",
            "module.eks.module.eks-cluster.module.fargate_profile.data.aws_iam_policy_document.role",
            "module.eks.module.eks-cluster.module.fargate_profile.data.aws_partition.current",
            "module.eks.module.eks-cluster.module.fargate_profile.data.aws_region.current",
            "module.eks.module.eks-cluster.module.kms.aws_kms_external_key.this",
            "module.eks.module.eks-cluster.module.kms.aws_kms_key.this",
            "module.eks.module.eks-cluster.module.kms.aws_kms_replica_external_key.this",
            "module.eks.module.eks-cluster.module.kms.aws_kms_replica_key.this",
            "module.eks.module.eks-cluster.module.kms.data.aws_caller_identity.current",
            "module.eks.module.eks-cluster.module.kms.data.aws_iam_policy_document.this",
            "module.eks.module.eks-cluster.module.kms.data.aws_partition.current",
            "module.eks.module.eks-cluster.module.self_managed_node_group.aws_autoscaling_group.this",
            "module.eks.module.eks-cluster.module.self_managed_node_group.aws_autoscaling_schedule.this",
            "module.eks.module.eks-cluster.module.self_managed_node_group.aws_eks_access_entry.this",
            "module.eks.module.eks-cluster.module.self_managed_node_group.aws_iam_instance_profile.this",
            "module.eks.module.eks-cluster.module.self_managed_node_group.aws_iam_role.this",
            "module.eks.module.eks-cluster.module.self_managed_node_group.aws_iam_role_policy.this",
            "module.eks.module.eks-cluster.module.self_managed_node_group.aws_iam_role_policy_attachment.additional",
            "module.eks.module.eks-cluster.module.self_managed_node_group.aws_iam_role_policy_attachment.this",
            "module.eks.module.eks-cluster.module.self_managed_node_group.aws_launch_template.this",
            "module.eks.module.eks-cluster.module.self_managed_node_group.aws_placement_group.this",
            "module.eks.module.eks-cluster.module.self_managed_node_group.data.aws_caller_identity.current",
            "module.eks.module.eks-cluster.module.self_managed_node_group.data.aws_ec2_instance_type.this",
            "module.eks.module.eks-cluster.module.self_managed_node_group.data.aws_ec2_instance_type_offerings.this",
            "module.eks.module.eks-cluster.module.self_managed_node_group.data.aws_iam_policy_document.assume_role_policy",
            "module.eks.module.eks-cluster.module.self_managed_node_group.data.aws_iam_policy_document.role",
            "module.eks.module.eks-cluster.module.self_managed_node_group.data.aws_partition.current",
            "module.eks.module.eks-cluster.module.self_managed_node_group.data.aws_ssm_parameter.ami",
            "module.eks.module.eks-cluster.module.self_managed_node_group.data.aws_subnets.placement_group",
            "module.eks.module.eks-cluster.module.self_managed_node_group.module.user_data.data.cloudinit_config.al2023_eks_managed_node_group",
            "module.eks.module.eks-cluster.module.self_managed_node_group.module.user_data.data.cloudinit_config.linux_eks_managed_node_group",
            "module.eks.module.eks-cluster.module.self_managed_node_group.module.user_data.null_resource.validate_cluster_service_cidr",
            "module.eks.module.eks-cluster.time_sleep.this"
          ]
        }
      ]
    },
    {
      "module": "module.eks.module.eks-cluster",
      "mode": "managed",
      "type": "aws_eks_cluster",
      "name": "this",
      "provider": "provider[\"registry.terraform.io/hashicorp/aws\"]",
      "instances": [
        {
          "index_key": 0,
          "schema_version": 1,
          "attributes": {
            "access_config": [
              {
                "authentication_mode": "API_AND_CONFIG_MAP",
                "bootstrap_cluster_creator_admin_permissions": false
              }
            ],
            "arn": "arn:aws:eks:ap-southeast-3:381491966185:cluster/dana-jagoan-neon-eks",
            "bootstrap_self_managed_addons": true,
            "certificate_authority": [
              {
                "data": "LS0tLS1CRUdJTiBDRVJUSUZJQ0FURS0tLS0tCk1JSURCVENDQWUyZ0F3SUJBZ0lJRWJuN05BS0hNMGN3RFFZSktvWklodmNOQVFFTEJRQXdGVEVUTUJFR0ExVUUKQXhNS2EzVmlaWEp1WlhSbGN6QWVGdzB5TlRFeU1UZ3hOalV3TlRCYUZ3MHpOVEV5TVRZeE5qVTFOVEJhTUJVeApFekFSQmdOVkJBTVRDbXQxWW1WeWJtVjBaWE13Z2dFaU1BMEdDU3FHU0liM0RRRUJBUVVBQTRJQkR3QXdnZ0VLCkFvSUJBUUNwZjNFYjNBcEl5SU4vbVNicFlnQ294YjFHMnpEeEJReGcwMnlkRmw5UTFwVE1vYUpaOTlUU291NXcKUGpyVklPTXRuYlVMT0MzRGFCRjlCMmtkVkNLMDZhVTJjRVhYeWNSczZVbmFaSjVab0VyazVrRjJEQ0R4bzVDWQpIUU1nMnZTNi9YeTlsQ25vcGpPUkdiMStXS3ZGdGFWQWUrWWFkNEFkODFOczRYTjdma2lRdWI3MVpRNzd4TDdRCmgrbGp1aGwxVHd6Ym1MS2xBdGV5b3ZPK3RzZTJrVlNobHArNGFhc0Z3eDYwdUpXdUVvQko0SWlkOEhUZzB3ZW4KdUJ2KzdmM2tzak90TGh2a2ZyMlVvTkdLRTAxMEo2WnJSVG5NK3Q0VXhmOVJQRHFpUytVS0xqdSthOWVzVC9DUAp5OGZTLzBPWkFXRE5hOXg5OSs3UnY4SUJOYmQ5QWdNQkFBR2pXVEJYTUE0R0ExVWREd0VCL3dRRUF3SUNwREFQCkJnTlZIUk1CQWY4RUJUQURBUUgvTUIwR0ExVWREZ1FXQkJSNkM1TnN2dHNybVc1R3Y0SDRNdjNMU0hIVUFEQVYKQmdOVkhSRUVEakFNZ2dwcmRXSmxjbTVsZEdWek1BMEdDU3FHU0liM0RRRUJDd1VBQTRJQkFRQ1hXOHY1NVlNRApHbHVsMUdza3Nwd2ZxYlQreS9EQmVXaGVzRkJxTUVJVzM3aTJ4MUZZNEZuemliUzB2YXpJQUdrdFpzTCtmdjhaCnYzeU8vcDEybWJoczUxSjFKVmoyVnVxRGRLbmhyeEZoNFJ5a1BrUE1jekk0VG9YVG9iVVJPckZMc1pLMU1NRkQKRlFUT3ZlNWVTZysyVDY5NDROUlFxaktVbkFGT2pKejE3YWl2OVhmZzJTRTBLaVdQbjlpUWpEdVk5cC9WcUpqawoxaElxSmlrNUdhOFV6alFBN0trRGw3YmtJTzdPRGZxa1g1Y0pXN0hQOTl2aVZiMXlrMmVaakUra0FVaWpicWJQCkZVUHE1bGFpK0MwbjhLVnNzSEUzVmRjN0t0TXhwckxjSXYyaWtLQW9aL2wxbGcydVVxeklZaWtENk85T1JldXkKMDhGb0tIV0NDb0UrCi0tLS0tRU5EIENFUlRJRklDQVRFLS0tLS0K"
              }
            ],
            "cluster_id": null,
            "compute_config": [],
            "created_at": "2025-12-18T16:49:47Z",
            "enabled_cluster_log_types": [
              "api",
              "audit",
              "authenticator",
              "controllerManager",
              "scheduler"
            ],
            "encryption_config": [
              {
                "provider": [
                  {
                    "key_arn": "arn:aws:kms:ap-southeast-3:381491966185:key/72f2aa7e-6540-48bf-8e8e-1e98ac2da8e7"
                  }
                ],
                "resources": [
                  "secrets"
                ]
              }
            ],
            "endpoint": "https://7FB94673BB57AA3AA5712FBB0B14DD7C.yl4.ap-southeast-3.eks.amazonaws.com",
            "force_update_version": null,
            "id": "dana-jagoan-neon-eks",
            "identity": [
              {
                "oidc": [
                  {
                    "issuer": "https://oidc.eks.ap-southeast-3.amazonaws.com/id/7FB94673BB57AA3AA5712FBB0B14DD7C"
                  }
                ]
              }
            ],
            "kubernetes_network_config": [
              {
                "elastic_load_balancing": [
                  {
                    "enabled": false
                  }
                ],
                "ip_family": "ipv4",
                "service_ipv4_cidr": "172.20.0.0/16",
                "service_ipv6_cidr": ""
              }
            ],
            "name": "dana-jagoan-neon-eks",
            "outpost_config": [],
            "platform_version": "eks.23",
            "remote_network_config": [],
            "role_arn": "arn:aws:iam::381491966185:role/dana-jagoan-neon-eks-cluster-20251218164940053300000004",
            "status": "ACTIVE",
            "storage_config": [],
            "tags": {
              "terraform-aws-modules": "eks"
            },
            "tags_all": {
              "terraform-aws-modules": "eks"
            },
            "timeouts": {
              "create": null,
              "delete": null,
              "update": null
            },
            "upgrade_policy": [
              {
                "support_type": "EXTENDED"
              }
            ],
            "version": "1.33",
            "vpc_config": [
              {
                "cluster_security_group_id": "sg-00cfbc224fda11ef1",
                "endpoint_private_access": true,
                "endpoint_public_access": true,
                "public_access_cidrs": [
                  "0.0.0.0/0"
                ],
                "security_group_ids": [
                  "sg-0f0675336f5eb1d04"
                ],
                "subnet_ids": [
                  "subnet-0dea9fc596a50e27c",
                  "subnet-0f702b4e89fb5f74a"
                ],
                "vpc_id": "vpc-0637841ad7277bf2d"
              }
            ],
            "zonal_shift_config": []
          },
          "sensitive_attributes": [],
          "private": "eyJlMmJmYjczMC1lY2FhLTExZTYtOGY4OC0zNDM2M2JjN2M0YzAiOnsiY3JlYXRlIjoxODAwMDAwMDAwMDAwLCJkZWxldGUiOjkwMDAwMDAwMDAwMCwidXBkYXRlIjozNjAwMDAwMDAwMDAwfSwic2NoZW1hX3ZlcnNpb24iOiIxIn0=",
          "dependencies": [
            "module.eks.module.eks-cluster.aws_cloudwatch_log_group.this",
            "module.eks.module.eks-cluster.aws_iam_policy.cni_ipv6_policy",
            "module.eks.module.eks-cluster.aws_iam_role.eks_auto",
            "module.eks.module.eks-cluster.aws_iam_role.this",
            "module.eks.module.eks-cluster.aws_iam_role_policy_attachment.this",
            "module.eks.module.eks-cluster.aws_security_group.cluster",
            "module.eks.module.eks-cluster.aws_security_group_rule.cluster",
            "module.eks.module.eks-cluster.aws_security_group_rule.node",
            "module.eks.module.eks-cluster.data.aws_partition.current",
            "module.eks.module.eks-cluster.module.kms.aws_kms_external_key.this",
            "module.eks.module.eks-cluster.module.kms.aws_kms_key.this",
            "module.eks.module.eks-cluster.module.kms.aws_kms_replica_external_key.this",
            "module.eks.module.eks-cluster.module.kms.aws_kms_replica_key.this"
          ]
        }
      ]
    },
    {
      "module": "module.eks.module.eks-cluster",
      "mode": "managed",
      "type": "aws_iam_openid_connect_provider",
      "name": "oidc_provider",
      "provider": "provider[\"registry.terraform.io/hashicorp/aws\"]",
      "instances": [
        {
          "index_key": 0,
          "schema_version": 0,
          "attributes": {
            "arn": "arn:aws:iam::381491966185:oidc-provider/oidc.eks.ap-southeast-3.amazonaws.com/id/7FB94673BB57AA3AA5712FBB0B14DD7C",
            "client_id_list": [
              "sts.amazonaws.com"
            ],
            "id": "arn:aws:iam::381491966185:oidc-provider/oidc.eks.ap-southeast-3.amazonaws.com/id/7FB94673BB57AA3AA5712FBB0B14DD7C",
            "tags": {
              "Name": "dana-jagoan-neon-eks-eks-irsa"
            },
            "tags_all": {
              "Name": "dana-jagoan-neon-eks-eks-irsa"
            },
            "thumbprint_list": [
              "06b25927c42a721631c1efd9431e648fa62e1e39"
            ],
            "url": "oidc.eks.ap-southeast-3.amazonaws.com/id/7FB94673BB57AA3AA5712FBB0B14DD7C"
          },
          "sensitive_attributes": [],
          "private": "bnVsbA==",
          "dependencies": [
            "module.eks.module.eks-cluster.aws_cloudwatch_log_group.this",
            "module.eks.module.eks-cluster.aws_eks_cluster.this",
            "module.eks.module.eks-cluster.aws_iam_policy.cni_ipv6_policy",
            "module.eks.module.eks-cluster.aws_iam_role.eks_auto",
            "module.eks.module.eks-cluster.aws_iam_role.this",
            "module.eks.module.eks-cluster.aws_iam_role_policy_attachment.this",
            "module.eks.module.eks-cluster.aws_security_group.cluster",
            "module.eks.module.eks-cluster.aws_security_group.node",
            "module.eks.module.eks-cluster.aws_security_group_rule.cluster",
            "module.eks.module.eks-cluster.aws_security_group_rule.node",
            "module.eks.module.eks-cluster.data.aws_caller_identity.current",
            "module.eks.module.eks-cluster.data.aws_iam_policy_document.assume_role_policy",
            "module.eks.module.eks-cluster.data.aws_iam_policy_document.cni_ipv6_policy",
            "module.eks.module.eks-cluster.data.aws_iam_policy_document.node_assume_role_policy",
            "module.eks.module.eks-cluster.data.aws_iam_session_context.current",
            "module.eks.module.eks-cluster.data.aws_partition.current",
            "module.eks.module.eks-cluster.data.tls_certificate.this",
            "module.eks.module.eks-cluster.module.kms.aws_kms_external_key.this",
            "module.eks.module.eks-cluster.module.kms.aws_kms_key.this",
            "module.eks.module.eks-cluster.module.kms.aws_kms_replica_external_key.this",
            "module.eks.module.eks-cluster.module.kms.aws_kms_replica_key.this",
            "module.eks.module.eks-cluster.module.kms.data.aws_caller_identity.current",
            "module.eks.module.eks-cluster.module.kms.data.aws_iam_policy_document.this",
            "module.eks.module.eks-cluster.module.kms.data.aws_partition.current"
          ]
        }
      ]
    },
    {
      "module": "module.eks.module.eks-cluster",
      "mode": "managed",
      "type": "aws_iam_policy",
      "name": "cluster_encryption",
      "provider": "provider[\"registry.terraform.io/hashicorp/aws\"]",
      "instances": [
        {
          "index_key": 0,
          "schema_version": 0,
          "attributes": {
            "arn": "arn:aws:iam::381491966185:policy/dana-jagoan-neon-eks-cluster-ClusterEncryption20251218164940052200000002",
            "attachment_count": 1,
            "description": "Cluster encryption policy to allow cluster role to utilize CMK provided",
            "id": "arn:aws:iam::381491966185:policy/dana-jagoan-neon-eks-cluster-ClusterEncryption20251218164940052200000002",
            "name": "dana-jagoan-neon-eks-cluster-ClusterEncryption20251218164940052200000002",
            "name_prefix": "dana-jagoan-neon-eks-cluster-ClusterEncryption",
            "path": "/",
            "policy": "{\"Statement\":[{\"Action\":[\"kms:Encrypt\",\"kms:Decrypt\",\"kms:ListGrants\",\"kms:DescribeKey\"],\"Effect\":\"Allow\",\"Resource\":\"arn:aws:kms:ap-southeast-3:381491966185:key/5cda741c-05c5-49ee-b394-03debf7a4439\"}],\"Version\":\"2012-10-17\"}",
            "policy_id": "ANPAVRUVRODU3FCZ5FOVW",
            "tags": {},
            "tags_all": {}
          },
          "sensitive_attributes": [],
          "private": "bnVsbA==",
          "dependencies": [
            "module.eks.module.eks-cluster.aws_iam_role.this",
            "module.eks.module.eks-cluster.data.aws_caller_identity.current",
            "module.eks.module.eks-cluster.data.aws_iam_policy_document.assume_role_policy",
            "module.eks.module.eks-cluster.data.aws_iam_session_context.current",
            "module.eks.module.eks-cluster.module.kms.aws_kms_external_key.this",
            "module.eks.module.eks-cluster.module.kms.aws_kms_key.this",
            "module.eks.module.eks-cluster.module.kms.aws_kms_replica_external_key.this",
            "module.eks.module.eks-cluster.module.kms.aws_kms_replica_key.this",
            "module.eks.module.eks-cluster.module.kms.data.aws_caller_identity.current",
            "module.eks.module.eks-cluster.module.kms.data.aws_iam_policy_document.this",
            "module.eks.module.eks-cluster.module.kms.data.aws_partition.current"
          ]
        }
      ]
    },
    {
      "module": "module.eks.module.eks-cluster",
      "mode": "managed",
      "type": "aws_iam_policy",
      "name": "cni_ipv6_policy",
      "provider": "provider[\"registry.terraform.io/hashicorp/aws\"]",
      "instances": []
    },
    {
      "module": "module.eks.module.eks-cluster",
      "mode": "managed",
      "type": "aws_iam_policy",
      "name": "custom",
      "provider": "provider[\"registry.terraform.io/hashicorp/aws\"]",
      "instances": [
        {
          "index_key": 0,
          "schema_version": 0,
          "attributes": {
            "arn": "arn:aws:iam::381491966185:policy/dana-jagoan-neon-eks-cluster-20251218164940057300000005",
            "attachment_count": 1,
            "description": "",
            "id": "arn:aws:iam::381491966185:policy/dana-jagoan-neon-eks-cluster-20251218164940057300000005",
            "name": "dana-jagoan-neon-eks-cluster-20251218164940057300000005",
            "name_prefix": "dana-jagoan-neon-eks-cluster-",
            "path": "/",
            "policy": "{\"Statement\":[{\"Action\":[\"ec2:RunInstances\",\"ec2:CreateLaunchTemplate\",\"ec2:CreateFleet\"],\"Condition\":{\"StringEquals\":{\"aws:RequestTag/eks:eks-cluster-name\":\"${aws:PrincipalTag/eks:eks-cluster-name}\"},\"StringLike\":{\"aws:RequestTag/eks:kubernetes-node-class-name\":\"*\",\"aws:RequestTag/eks:kubernetes-node-pool-name\":\"*\"}},\"Effect\":\"Allow\",\"Resource\":\"*\",\"Sid\":\"Compute\"},{\"Action\":[\"ec2:CreateVolume\",\"ec2:CreateSnapshot\"],\"Condition\":{\"StringEquals\":{\"aws:RequestTag/eks:eks-cluster-name\":\"${aws:PrincipalTag/eks:eks-cluster-name}\"}},\"Effect\":\"Allow\",\"Resource\":[\"arn:aws:ec2:*:*:volume/*\",\"arn:aws:ec2:*:*:snapshot/*\"],\"Sid\":\"Storage\"},{\"Action\":\"ec2:CreateNetworkInterface\",\"Condition\":{\"StringEquals\":{\"aws:RequestTag/eks:eks-cluster-name\":\"${aws:PrincipalTag/eks:eks-cluster-name}\",\"aws:RequestTag/eks:kubernetes-cni-node-name\":\"*\"}},\"Effect\":\"Allow\",\"Resource\":\"*\",\"Sid\":\"Networking\"},{\"Action\":[\"elasticloadbalancing:CreateTargetGroup\",\"elasticloadbalancing:CreateRule\",\"elasticloadbalancing:CreateLoadBalancer\",\"elasticloadbalancing:CreateListener\",\"ec2:CreateSecurityGroup\"],\"Condition\":{\"StringEquals\":{\"aws:RequestTag/eks:eks-cluster-name\":\"${aws:PrincipalTag/eks:eks-cluster-name}\"}},\"Effect\":\"Allow\",\"Resource\":\"*\",\"Sid\":\"LoadBalancer\"},{\"Action\":\"shield:CreateProtection\",\"Condition\":{\"StringEquals\":{\"aws:RequestTag/eks:eks-cluster-name\":\"${aws:PrincipalTag/eks:eks-cluster-name}\"}},\"Effect\":\"Allow\",\"Resource\":\"*\",\"Sid\":\"ShieldProtection\"},{\"Action\":\"shield:TagResource\",\"Condition\":{\"StringEquals\":{\"aws:RequestTag/eks:eks-cluster-name\":\"${aws:PrincipalTag/eks:eks-cluster-name}\"}},\"Effect\":\"Allow\",\"Resource\":\"arn:aws:shield::*:protection/*\",\"Sid\":\"ShieldTagResource\"}],\"Version\":\"2012-10-17\"}",
            "policy_id": "ANPAVRUVRODUQHSU3UOLX",
            "tags": {},
            "tags_all": {}
          },
          "sensitive_attributes": [],
          "private": "bnVsbA==",
          "dependencies": [
            "module.eks.module.eks-cluster.data.aws_iam_policy_document.custom",
            "module.eks.module.eks-cluster.data.aws_partition.current"
          ]
        }
      ]
    },
    {
      "module": "module.eks.module.eks-cluster",
      "mode": "managed",
      "type": "aws_iam_role",
      "name": "eks_auto",
      "provider": "provider[\"registry.terraform.io/hashicorp/aws\"]",
      "instances": []
    },
    {
      "module": "module.eks.module.eks-cluster",
      "mode": "managed",
      "type": "aws_iam_role",
      "name": "this",
      "provider": "provider[\"registry.terraform.io/hashicorp/aws\"]",
      "instances": [
        {
          "index_key": 0,
          "schema_version": 0,
          "attributes": {
            "arn": "arn:aws:iam::381491966185:role/dana-jagoan-neon-eks-cluster-20251218164940053300000004",
            "assume_role_policy": "{\"Statement\":[{\"Action\":[\"sts:TagSession\",\"sts:AssumeRole\"],\"Effect\":\"Allow\",\"Principal\":{\"Service\":\"eks.amazonaws.com\"},\"Sid\":\"EKSClusterAssumeRole\"}],\"Version\":\"2012-10-17\"}",
            "create_date": "2025-12-18T16:49:41Z",
            "description": "",
            "force_detach_policies": true,
            "id": "dana-jagoan-neon-eks-cluster-20251218164940053300000004",
            "inline_policy": [],
            "managed_policy_arns": [
              "arn:aws:iam::381491966185:policy/dana-jagoan-neon-eks-cluster-20251218164940057300000005",
              "arn:aws:iam::381491966185:policy/dana-jagoan-neon-eks-cluster-ClusterEncryption20251218164940052200000002",
              "arn:aws:iam::aws:policy/AmazonEKSClusterPolicy",
              "arn:aws:iam::aws:policy/AmazonEKSVPCResourceController"
            ],
            "max_session_duration": 3600,
            "name": "dana-jagoan-neon-eks-cluster-20251218164940053300000004",
            "name_prefix": "dana-jagoan-neon-eks-cluster-",
            "path": "/",
            "permissions_boundary": "",
            "tags": {},
            "tags_all": {},
            "unique_id": "AROAVRUVRODUTIZEO532X"
          },
          "sensitive_attributes": [],
          "private": "bnVsbA==",
          "dependencies": [
            "module.eks.module.eks-cluster.data.aws_iam_policy_document.assume_role_policy"
          ],
          "create_before_destroy": true
        }
      ]
    },
    {
      "module": "module.eks.module.eks-cluster",
      "mode": "managed",
      "type": "aws_iam_role_policy_attachment",
      "name": "cluster_encryption",
      "provider": "provider[\"registry.terraform.io/hashicorp/aws\"]",
      "instances": [
        {
          "index_key": 0,
          "schema_version": 0,
          "attributes": {
            "id": "dana-jagoan-neon-eks-cluster-20251218164940053300000004-20251218164943221800000008",
            "policy_arn": "arn:aws:iam::381491966185:policy/dana-jagoan-neon-eks-cluster-ClusterEncryption20251218164940052200000002",
            "role": "dana-jagoan-neon-eks-cluster-20251218164940053300000004"
          },
          "sensitive_attributes": [],
          "private": "bnVsbA==",
          "dependencies": [
            "module.eks.module.eks-cluster.aws_iam_policy.cluster_encryption",
            "module.eks.module.eks-cluster.aws_iam_role.this",
            "module.eks.module.eks-cluster.data.aws_caller_identity.current",
            "module.eks.module.eks-cluster.data.aws_iam_policy_document.assume_role_policy",
            "module.eks.module.eks-cluster.data.aws_iam_session_context.current",
            "module.eks.module.eks-cluster.module.kms.aws_kms_external_key.this",
            "module.eks.module.eks-cluster.module.kms.aws_kms_key.this",
            "module.eks.module.eks-cluster.module.kms.aws_kms_replica_external_key.this",
            "module.eks.module.eks-cluster.module.kms.aws_kms_replica_key.this",
            "module.eks.module.eks-cluster.module.kms.data.aws_caller_identity.current",
            "module.eks.module.eks-cluster.module.kms.data.aws_iam_policy_document.this",
            "module.eks.module.eks-cluster.module.kms.data.aws_partition.current"
          ]
        }
      ]
    },
    {
      "module": "module.eks.module.eks-cluster",
      "mode": "managed",
      "type": "aws_iam_role_policy_attachment",
      "name": "custom",
      "provider": "provider[\"registry.terraform.io/hashicorp/aws\"]",
      "instances": [
        {
          "index_key": 0,
          "schema_version": 0,
          "attributes": {
            "id": "dana-jagoan-neon-eks-cluster-20251218164940053300000004-20251218164942819100000007",
            "policy_arn": "arn:aws:iam::381491966185:policy/dana-jagoan-neon-eks-cluster-20251218164940057300000005",
            "role": "dana-jagoan-neon-eks-cluster-20251218164940053300000004"
          },
          "sensitive_attributes": [],
          "private": "bnVsbA==",
          "dependencies": [
            "module.eks.module.eks-cluster.aws_iam_policy.custom",
            "module.eks.module.eks-cluster.aws_iam_role.this",
            "module.eks.module.eks-cluster.data.aws_iam_policy_document.assume_role_policy",
            "module.eks.module.eks-cluster.data.aws_iam_policy_document.custom",
            "module.eks.module.eks-cluster.data.aws_partition.current"
          ]
        }
      ]
    },
    {
      "module": "module.eks.module.eks-cluster",
      "mode": "managed",
      "type": "aws_iam_role_policy_attachment",
      "name": "this",
      "provider": "provider[\"registry.terraform.io/hashicorp/aws\"]",
      "instances": [
        {
          "index_key": "AmazonEKSClusterPolicy",
          "schema_version": 0,
          "attributes": {
            "id": "dana-jagoan-neon-eks-cluster-20251218164940053300000004-20251218164943282900000009",
            "policy_arn": "arn:aws:iam::aws:policy/AmazonEKSClusterPolicy",
            "role": "dana-jagoan-neon-eks-cluster-20251218164940053300000004"
          },
          "sensitive_attributes": [],
          "private": "bnVsbA==",
          "dependencies": [
            "module.eks.module.eks-cluster.aws_iam_role.this",
            "module.eks.module.eks-cluster.data.aws_iam_policy_document.assume_role_policy",
            "module.eks.module.eks-cluster.data.aws_partition.current"
          ],
          "create_before_destroy": true
        },
        {
          "index_key": "AmazonEKSVPCResourceController",
          "schema_version": 0,
          "attributes": {
            "id": "dana-jagoan-neon-eks-cluster-20251218164940053300000004-2025121816494344530000000a",
            "policy_arn": "arn:aws:iam::aws:policy/AmazonEKSVPCResourceController",
            "role": "dana-jagoan-neon-eks-cluster-20251218164940053300000004"
          },
          "sensitive_attributes": [],
          "private": "bnVsbA==",
          "dependencies": [
            "module.eks.module.eks-cluster.aws_iam_role.this",
            "module.eks.module.eks-cluster.data.aws_iam_policy_document.assume_role_policy",
            "module.eks.module.eks-cluster.data.aws_partition.current"
          ],
          "create_before_destroy": true
        }
      ]
    },
    {
      "module": "module.eks.module.eks-cluster",
      "mode": "managed",
      "type": "aws_security_group",
      "name": "cluster",
      "provider": "provider[\"registry.terraform.io/hashicorp/aws\"]",
      "instances": [
        {
          "index_key": 0,
          "schema_version": 1,
          "attributes": {
            "arn": "arn:aws:ec2:ap-southeast-3:381491966185:security-group/sg-0f0675336f5eb1d04",
            "description": "EKS cluster security group",
            "egress": [],
            "id": "sg-0f0675336f5eb1d04",
            "ingress": [
              {
                "cidr_blocks": [
                  "10.0.0.0/16"
                ],
                "description": "",
                "from_port": 80,
                "ipv6_cidr_blocks": [],
                "prefix_list_ids": [],
                "protocol": "tcp",
                "security_groups": [
                  "sg-05305ac6d762da9e6"
                ],
                "self": false,
                "to_port": 80
              },
              {
                "cidr_blocks": [
                  "10.0.0.0/16"
                ],
                "description": "Allow Kubernetes API Access from VPC",
                "from_port": 443,
                "ipv6_cidr_blocks": [],
                "prefix_list_ids": [],
                "protocol": "tcp",
                "security_groups": [],
                "self": false,
                "to_port": 443
              },
              {
                "cidr_blocks": [],
                "description": "Node groups to cluster API",
                "from_port": 443,
                "ipv6_cidr_blocks": [],
                "prefix_list_ids": [],
                "protocol": "tcp",
                "security_groups": [
                  "sg-05305ac6d762da9e6"
                ],
                "self": false,
                "to_port": 443
              }
            ],
            "name": "dana-jagoan-neon-eks-cluster-20251218164940052200000003",
            "name_prefix": "dana-jagoan-neon-eks-cluster-",
            "owner_id": "381491966185",
            "revoke_rules_on_delete": false,
            "tags": {
              "Name": "dana-jagoan-neon-eks-cluster"
            },
            "tags_all": {
              "Name": "dana-jagoan-neon-eks-cluster"
            },
            "timeouts": null,
            "vpc_id": "vpc-0637841ad7277bf2d"
          },
          "sensitive_attributes": [],
          "private": "eyJlMmJmYjczMC1lY2FhLTExZTYtOGY4OC0zNDM2M2JjN2M0YzAiOnsiY3JlYXRlIjo2MDAwMDAwMDAwMDAsImRlbGV0ZSI6OTAwMDAwMDAwMDAwfSwic2NoZW1hX3ZlcnNpb24iOiIxIn0=",
          "create_before_destroy": true
        }
      ]
    },
    {
      "module": "module.eks.module.eks-cluster",
      "mode": "managed",
      "type": "aws_security_group",
      "name": "node",
      "provider": "provider[\"registry.terraform.io/hashicorp/aws\"]",
      "instances": [
        {
          "index_key": 0,
          "schema_version": 1,
          "attributes": {
            "arn": "arn:aws:ec2:ap-southeast-3:381491966185:security-group/sg-05305ac6d762da9e6",
            "description": "EKS node shared security group",
            "egress": [
              {
                "cidr_blocks": [
                  "0.0.0.0/0"
                ],
                "description": "Allow all egress",
                "from_port": 0,
                "ipv6_cidr_blocks": [],
                "prefix_list_ids": [],
                "protocol": "-1",
                "security_groups": [],
                "self": false,
                "to_port": 0
              },
              {
                "cidr_blocks": [
                  "100.64.0.0/16"
                ],
                "description": "Allow Kubernetes API Access from VPC Secondary IP",
                "from_port": 0,
                "ipv6_cidr_blocks": [],
                "prefix_list_ids": [],
                "protocol": "-1",
                "security_groups": [],
                "self": false,
                "to_port": 0
              }
            ],
            "id": "sg-05305ac6d762da9e6",
            "ingress": [
              {
                "cidr_blocks": [],
                "description": "Cluster API to node 4443/tcp webhook",
                "from_port": 4443,
                "ipv6_cidr_blocks": [],
                "prefix_list_ids": [],
                "protocol": "tcp",
                "security_groups": [
                  "sg-0f0675336f5eb1d04"
                ],
                "self": false,
                "to_port": 4443
              },
              {
                "cidr_blocks": [],
                "description": "Cluster API to node 6443/tcp webhook",
                "from_port": 6443,
                "ipv6_cidr_blocks": [],
                "prefix_list_ids": [],
                "protocol": "tcp",
                "security_groups": [
                  "sg-0f0675336f5eb1d04"
                ],
                "self": false,
                "to_port": 6443
              },
              {
                "cidr_blocks": [],
                "description": "Cluster API to node 8443/tcp webhook",
                "from_port": 8443,
                "ipv6_cidr_blocks": [],
                "prefix_list_ids": [],
                "protocol": "tcp",
                "security_groups": [
                  "sg-0f0675336f5eb1d04"
                ],
                "self": false,
                "to_port": 8443
              },
              {
                "cidr_blocks": [],
                "description": "Cluster API to node 9443/tcp webhook",
                "from_port": 9443,
                "ipv6_cidr_blocks": [],
                "prefix_list_ids": [],
                "protocol": "tcp",
                "security_groups": [
                  "sg-0f0675336f5eb1d04"
                ],
                "self": false,
                "to_port": 9443
              },
              {
                "cidr_blocks": [],
                "description": "Cluster API to node groups",
                "from_port": 443,
                "ipv6_cidr_blocks": [],
                "prefix_list_ids": [],
                "protocol": "tcp",
                "security_groups": [
                  "sg-0f0675336f5eb1d04"
                ],
                "self": false,
                "to_port": 443
              },
              {
                "cidr_blocks": [],
                "description": "Cluster API to node kubelets",
                "from_port": 10250,
                "ipv6_cidr_blocks": [],
                "prefix_list_ids": [],
                "protocol": "tcp",
                "security_groups": [
                  "sg-0f0675336f5eb1d04"
                ],
                "self": false,
                "to_port": 10250
              },
              {
                "cidr_blocks": [],
                "description": "Node to node CoreDNS UDP",
                "from_port": 53,
                "ipv6_cidr_blocks": [],
                "prefix_list_ids": [],
                "protocol": "udp",
                "security_groups": [],
                "self": true,
                "to_port": 53
              },
              {
                "cidr_blocks": [],
                "description": "Node to node CoreDNS",
                "from_port": 53,
                "ipv6_cidr_blocks": [],
                "prefix_list_ids": [],
                "protocol": "tcp",
                "security_groups": [],
                "self": true,
                "to_port": 53
              },
              {
                "cidr_blocks": [],
                "description": "Node to node ingress on ephemeral ports",
                "from_port": 1025,
                "ipv6_cidr_blocks": [],
                "prefix_list_ids": [],
                "protocol": "tcp",
                "security_groups": [],
                "self": true,
                "to_port": 65535
              }
            ],
            "name": "dana-jagoan-neon-eks-node-20251218164940051100000001",
            "name_prefix": "dana-jagoan-neon-eks-node-",
            "owner_id": "381491966185",
            "revoke_rules_on_delete": false,
            "tags": {
              "Name": "dana-jagoan-neon-eks-node",
              "kubernetes.io/cluster/dana-jagoan-neon-eks": "owned"
            },
            "tags_all": {
              "Name": "dana-jagoan-neon-eks-node",
              "kubernetes.io/cluster/dana-jagoan-neon-eks": "owned"
            },
            "timeouts": null,
            "vpc_id": "vpc-0637841ad7277bf2d"
          },
          "sensitive_attributes": [],
          "private": "eyJlMmJmYjczMC1lY2FhLTExZTYtOGY4OC0zNDM2M2JjN2M0YzAiOnsiY3JlYXRlIjo2MDAwMDAwMDAwMDAsImRlbGV0ZSI6OTAwMDAwMDAwMDAwfSwic2NoZW1hX3ZlcnNpb24iOiIxIn0=",
          "create_before_destroy": true
        }
      ]
    },
    {
      "module": "module.eks.module.eks-cluster",
      "mode": "managed",
      "type": "aws_security_group_rule",
      "name": "cluster",
      "provider": "provider[\"registry.terraform.io/hashicorp/aws\"]",
      "instances": [
        {
          "index_key": "ingress_nodes_443",
          "schema_version": 2,
          "attributes": {
            "cidr_blocks": null,
            "description": "Node groups to cluster API",
            "from_port": 443,
            "id": "sgrule-2610924534",
            "ipv6_cidr_blocks": null,
            "prefix_list_ids": null,
            "protocol": "tcp",
            "security_group_id": "sg-0f0675336f5eb1d04",
            "security_group_rule_id": "sgr-0b638cdd34192a3b8",
            "self": false,
            "source_security_group_id": "sg-05305ac6d762da9e6",
            "timeouts": null,
            "to_port": 443,
            "type": "ingress"
          },
          "sensitive_attributes": [],
          "private": "eyJlMmJmYjczMC1lY2FhLTExZTYtOGY4OC0zNDM2M2JjN2M0YzAiOnsiY3JlYXRlIjozMDAwMDAwMDAwMDB9LCJzY2hlbWFfdmVyc2lvbiI6IjIifQ==",
          "dependencies": [
            "module.eks.module.eks-cluster.aws_security_group.cluster",
            "module.eks.module.eks-cluster.aws_security_group.node"
          ],
          "create_before_destroy": true
        },
        {
          "index_key": "vpc_access",
          "schema_version": 2,
          "attributes": {
            "cidr_blocks": [
              "10.0.0.0/16"
            ],
            "description": "Allow Kubernetes API Access from VPC",
            "from_port": 443,
            "id": "sgrule-27459121",
            "ipv6_cidr_blocks": null,
            "prefix_list_ids": null,
            "protocol": "tcp",
            "security_group_id": "sg-0f0675336f5eb1d04",
            "security_group_rule_id": "sgr-0635d69a249061c55",
            "self": false,
            "source_security_group_id": null,
            "timeouts": null,
            "to_port": 443,
            "type": "ingress"
          },
          "sensitive_attributes": [],
          "private": "eyJlMmJmYjczMC1lY2FhLTExZTYtOGY4OC0zNDM2M2JjN2M0YzAiOnsiY3JlYXRlIjozMDAwMDAwMDAwMDB9LCJzY2hlbWFfdmVyc2lvbiI6IjIifQ==",
          "dependencies": [
            "module.eks.module.eks-cluster.aws_security_group.cluster",
            "module.eks.module.eks-cluster.aws_security_group.node"
          ],
          "create_before_destroy": true
        }
      ]
    },
    {
      "module": "module.eks.module.eks-cluster",
      "mode": "managed",
      "type": "aws_security_group_rule",
      "name": "node",
      "provider": "provider[\"registry.terraform.io/hashicorp/aws\"]",
      "instances": [
        {
          "index_key": "egress_all",
          "schema_version": 2,
          "attributes": {
            "cidr_blocks": [
              "0.0.0.0/0"
            ],
            "description": "Allow all egress",
            "from_port": 0,
            "id": "sgrule-3866403725",
            "ipv6_cidr_blocks": null,
            "prefix_list_ids": [],
            "protocol": "-1",
            "security_group_id": "sg-05305ac6d762da9e6",
            "security_group_rule_id": "sgr-08fdad431eb18b80c",
            "self": false,
            "source_security_group_id": null,
            "timeouts": null,
            "to_port": 0,
            "type": "egress"
          },
          "sensitive_attributes": [],
          "private": "eyJlMmJmYjczMC1lY2FhLTExZTYtOGY4OC0zNDM2M2JjN2M0YzAiOnsiY3JlYXRlIjozMDAwMDAwMDAwMDB9LCJzY2hlbWFfdmVyc2lvbiI6IjIifQ==",
          "dependencies": [
            "module.eks.module.eks-cluster.aws_security_group.cluster",
            "module.eks.module.eks-cluster.aws_security_group.node"
          ],
          "create_before_destroy": true
        },
        {
          "index_key": "ingress_cluster_443",
          "schema_version": 2,
          "attributes": {
            "cidr_blocks": null,
            "description": "Cluster API to node groups",
            "from_port": 443,
            "id": "sgrule-1247080666",
            "ipv6_cidr_blocks": null,
            "prefix_list_ids": [],
            "protocol": "tcp",
            "security_group_id": "sg-05305ac6d762da9e6",
            "security_group_rule_id": "sgr-00fb015acc6b0b773",
            "self": false,
            "source_security_group_id": "sg-0f0675336f5eb1d04",
            "timeouts": null,
            "to_port": 443,
            "type": "ingress"
          },
          "sensitive_attributes": [],
          "private": "eyJlMmJmYjczMC1lY2FhLTExZTYtOGY4OC0zNDM2M2JjN2M0YzAiOnsiY3JlYXRlIjozMDAwMDAwMDAwMDB9LCJzY2hlbWFfdmVyc2lvbiI6IjIifQ==",
          "dependencies": [
            "module.eks.module.eks-cluster.aws_security_group.cluster",
            "module.eks.module.eks-cluster.aws_security_group.node"
          ],
          "create_before_destroy": true
        },
        {
          "index_key": "ingress_cluster_4443_webhook",
          "schema_version": 2,
          "attributes": {
            "cidr_blocks": null,
            "description": "Cluster API to node 4443/tcp webhook",
            "from_port": 4443,
            "id": "sgrule-2526217858",
            "ipv6_cidr_blocks": null,
            "prefix_list_ids": [],
            "protocol": "tcp",
            "security_group_id": "sg-05305ac6d762da9e6",
            "security_group_rule_id": "sgr-0cfadf6315225d6aa",
            "self": false,
            "source_security_group_id": "sg-0f0675336f5eb1d04",
            "timeouts": null,
            "to_port": 4443,
            "type": "ingress"
          },
          "sensitive_attributes": [],
          "private": "eyJlMmJmYjczMC1lY2FhLTExZTYtOGY4OC0zNDM2M2JjN2M0YzAiOnsiY3JlYXRlIjozMDAwMDAwMDAwMDB9LCJzY2hlbWFfdmVyc2lvbiI6IjIifQ==",
          "dependencies": [
            "module.eks.module.eks-cluster.aws_security_group.cluster",
            "module.eks.module.eks-cluster.aws_security_group.node"
          ],
          "create_before_destroy": true
        },
        {
          "index_key": "ingress_cluster_6443_webhook",
          "schema_version": 2,
          "attributes": {
            "cidr_blocks": null,
            "description": "Cluster API to node 6443/tcp webhook",
            "from_port": 6443,
            "id": "sgrule-1607557396",
            "ipv6_cidr_blocks": null,
            "prefix_list_ids": [],
            "protocol": "tcp",
            "security_group_id": "sg-05305ac6d762da9e6",
            "security_group_rule_id": "sgr-0e56505c23c7393a4",
            "self": false,
            "source_security_group_id": "sg-0f0675336f5eb1d04",
            "timeouts": null,
            "to_port": 6443,
            "type": "ingress"
          },
          "sensitive_attributes": [],
          "private": "eyJlMmJmYjczMC1lY2FhLTExZTYtOGY4OC0zNDM2M2JjN2M0YzAiOnsiY3JlYXRlIjozMDAwMDAwMDAwMDB9LCJzY2hlbWFfdmVyc2lvbiI6IjIifQ==",
          "dependencies": [
            "module.eks.module.eks-cluster.aws_security_group.cluster",
            "module.eks.module.eks-cluster.aws_security_group.node"
          ],
          "create_before_destroy": true
        },
        {
          "index_key": "ingress_cluster_8443_webhook",
          "schema_version": 2,
          "attributes": {
            "cidr_blocks": null,
            "description": "Cluster API to node 8443/tcp webhook",
            "from_port": 8443,
            "id": "sgrule-1284332853",
            "ipv6_cidr_blocks": null,
            "prefix_list_ids": [],
            "protocol": "tcp",
            "security_group_id": "sg-05305ac6d762da9e6",
            "security_group_rule_id": "sgr-08263dca4e7d96f6a",
            "self": false,
            "source_security_group_id": "sg-0f0675336f5eb1d04",
            "timeouts": null,
            "to_port": 8443,
            "type": "ingress"
          },
          "sensitive_attributes": [],
          "private": "eyJlMmJmYjczMC1lY2FhLTExZTYtOGY4OC0zNDM2M2JjN2M0YzAiOnsiY3JlYXRlIjozMDAwMDAwMDAwMDB9LCJzY2hlbWFfdmVyc2lvbiI6IjIifQ==",
          "dependencies": [
            "module.eks.module.eks-cluster.aws_security_group.cluster",
            "module.eks.module.eks-cluster.aws_security_group.node"
          ],
          "create_before_destroy": true
        },
        {
          "index_key": "ingress_cluster_9443_webhook",
          "schema_version": 2,
          "attributes": {
            "cidr_blocks": null,
            "description": "Cluster API to node 9443/tcp webhook",
            "from_port": 9443,
            "id": "sgrule-674000638",
            "ipv6_cidr_blocks": null,
            "prefix_list_ids": [],
            "protocol": "tcp",
            "security_group_id": "sg-05305ac6d762da9e6",
            "security_group_rule_id": "sgr-0a21b1ae8bd076b37",
            "self": false,
            "source_security_group_id": "sg-0f0675336f5eb1d04",
            "timeouts": null,
            "to_port": 9443,
            "type": "ingress"
          },
          "sensitive_attributes": [],
          "private": "eyJlMmJmYjczMC1lY2FhLTExZTYtOGY4OC0zNDM2M2JjN2M0YzAiOnsiY3JlYXRlIjozMDAwMDAwMDAwMDB9LCJzY2hlbWFfdmVyc2lvbiI6IjIifQ==",
          "dependencies": [
            "module.eks.module.eks-cluster.aws_security_group.cluster",
            "module.eks.module.eks-cluster.aws_security_group.node"
          ],
          "create_before_destroy": true
        },
        {
          "index_key": "ingress_cluster_kubelet",
          "schema_version": 2,
          "attributes": {
            "cidr_blocks": null,
            "description": "Cluster API to node kubelets",
            "from_port": 10250,
            "id": "sgrule-189369790",
            "ipv6_cidr_blocks": null,
            "prefix_list_ids": [],
            "protocol": "tcp",
            "security_group_id": "sg-05305ac6d762da9e6",
            "security_group_rule_id": "sgr-0d4f8e6b5ed7c0077",
            "self": false,
            "source_security_group_id": "sg-0f0675336f5eb1d04",
            "timeouts": null,
            "to_port": 10250,
            "type": "ingress"
          },
          "sensitive_attributes": [],
          "private": "eyJlMmJmYjczMC1lY2FhLTExZTYtOGY4OC0zNDM2M2JjN2M0YzAiOnsiY3JlYXRlIjozMDAwMDAwMDAwMDB9LCJzY2hlbWFfdmVyc2lvbiI6IjIifQ==",
          "dependencies": [
            "module.eks.module.eks-cluster.aws_security_group.cluster",
            "module.eks.module.eks-cluster.aws_security_group.node"
          ],
          "create_before_destroy": true
        },
        {
          "index_key": "ingress_nodes_ephemeral",
          "schema_version": 2,
          "attributes": {
            "cidr_blocks": null,
            "description": "Node to node ingress on ephemeral ports",
            "from_port": 1025,
            "id": "sgrule-2384464119",
            "ipv6_cidr_blocks": null,
            "prefix_list_ids": [],
            "protocol": "tcp",
            "security_group_id": "sg-05305ac6d762da9e6",
            "security_group_rule_id": "sgr-0989e5588ab785af1",
            "self": true,
            "source_security_group_id": null,
            "timeouts": null,
            "to_port": 65535,
            "type": "ingress"
          },
          "sensitive_attributes": [],
          "private": "eyJlMmJmYjczMC1lY2FhLTExZTYtOGY4OC0zNDM2M2JjN2M0YzAiOnsiY3JlYXRlIjozMDAwMDAwMDAwMDB9LCJzY2hlbWFfdmVyc2lvbiI6IjIifQ==",
          "dependencies": [
            "module.eks.module.eks-cluster.aws_security_group.cluster",
            "module.eks.module.eks-cluster.aws_security_group.node"
          ],
          "create_before_destroy": true
        },
        {
          "index_key": "ingress_secondary_cidr",
          "schema_version": 2,
          "attributes": {
            "cidr_blocks": [
              "100.64.0.0/16"
            ],
            "description": "Allow Kubernetes API Access from VPC Secondary IP",
            "from_port": 0,
            "id": "sgrule-1214077153",
            "ipv6_cidr_blocks": null,
            "prefix_list_ids": [],
            "protocol": "-1",
            "security_group_id": "sg-05305ac6d762da9e6",
            "security_group_rule_id": "sgr-0f520f673adc9be25",
            "self": false,
            "source_security_group_id": null,
            "timeouts": null,
            "to_port": 0,
            "type": "egress"
          },
          "sensitive_attributes": [],
          "private": "eyJlMmJmYjczMC1lY2FhLTExZTYtOGY4OC0zNDM2M2JjN2M0YzAiOnsiY3JlYXRlIjozMDAwMDAwMDAwMDB9LCJzY2hlbWFfdmVyc2lvbiI6IjIifQ==",
          "dependencies": [
            "module.eks.module.eks-cluster.aws_security_group.cluster",
            "module.eks.module.eks-cluster.aws_security_group.node"
          ],
          "create_before_destroy": true
        },
        {
          "index_key": "ingress_self_coredns_tcp",
          "schema_version": 2,
          "attributes": {
            "cidr_blocks": null,
            "description": "Node to node CoreDNS",
            "from_port": 53,
            "id": "sgrule-282867718",
            "ipv6_cidr_blocks": null,
            "prefix_list_ids": [],
            "protocol": "tcp",
            "security_group_id": "sg-05305ac6d762da9e6",
            "security_group_rule_id": "sgr-0ecd53dce67237103",
            "self": true,
            "source_security_group_id": null,
            "timeouts": null,
            "to_port": 53,
            "type": "ingress"
          },
          "sensitive_attributes": [],
          "private": "eyJlMmJmYjczMC1lY2FhLTExZTYtOGY4OC0zNDM2M2JjN2M0YzAiOnsiY3JlYXRlIjozMDAwMDAwMDAwMDB9LCJzY2hlbWFfdmVyc2lvbiI6IjIifQ==",
          "dependencies": [
            "module.eks.module.eks-cluster.aws_security_group.cluster",
            "module.eks.module.eks-cluster.aws_security_group.node"
          ],
          "create_before_destroy": true
        },
        {
          "index_key": "ingress_self_coredns_udp",
          "schema_version": 2,
          "attributes": {
            "cidr_blocks": null,
            "description": "Node to node CoreDNS UDP",
            "from_port": 53,
            "id": "sgrule-3028524009",
            "ipv6_cidr_blocks": null,
            "prefix_list_ids": [],
            "protocol": "udp",
            "security_group_id": "sg-05305ac6d762da9e6",
            "security_group_rule_id": "sgr-0ebe0f0ab0ad20a5d",
            "self": true,
            "source_security_group_id": null,
            "timeouts": null,
            "to_port": 53,
            "type": "ingress"
          },
          "sensitive_attributes": [],
          "private": "eyJlMmJmYjczMC1lY2FhLTExZTYtOGY4OC0zNDM2M2JjN2M0YzAiOnsiY3JlYXRlIjozMDAwMDAwMDAwMDB9LCJzY2hlbWFfdmVyc2lvbiI6IjIifQ==",
          "dependencies": [
            "module.eks.module.eks-cluster.aws_security_group.cluster",
            "module.eks.module.eks-cluster.aws_security_group.node"
          ],
          "create_before_destroy": true
        }
      ]
    },
    {
      "module": "module.eks.module.eks-cluster",
      "mode": "managed",
      "type": "time_sleep",
      "name": "this",
      "provider": "provider[\"registry.terraform.io/hashicorp/time\"]",
      "instances": [
        {
          "index_key": 0,
          "schema_version": 0,
          "attributes": {
            "create_duration": "30s",
            "destroy_duration": null,
            "id": "2025-12-18T16:59:38Z",
            "triggers": {
              "cluster_certificate_authority_data": "LS0tLS1CRUdJTiBDRVJUSUZJQ0FURS0tLS0tCk1JSURCVENDQWUyZ0F3SUJBZ0lJRWJuN05BS0hNMGN3RFFZSktvWklodmNOQVFFTEJRQXdGVEVUTUJFR0ExVUUKQXhNS2EzVmlaWEp1WlhSbGN6QWVGdzB5TlRFeU1UZ3hOalV3TlRCYUZ3MHpOVEV5TVRZeE5qVTFOVEJhTUJVeApFekFSQmdOVkJBTVRDbXQxWW1WeWJtVjBaWE13Z2dFaU1BMEdDU3FHU0liM0RRRUJBUVVBQTRJQkR3QXdnZ0VLCkFvSUJBUUNwZjNFYjNBcEl5SU4vbVNicFlnQ294YjFHMnpEeEJReGcwMnlkRmw5UTFwVE1vYUpaOTlUU291NXcKUGpyVklPTXRuYlVMT0MzRGFCRjlCMmtkVkNLMDZhVTJjRVhYeWNSczZVbmFaSjVab0VyazVrRjJEQ0R4bzVDWQpIUU1nMnZTNi9YeTlsQ25vcGpPUkdiMStXS3ZGdGFWQWUrWWFkNEFkODFOczRYTjdma2lRdWI3MVpRNzd4TDdRCmgrbGp1aGwxVHd6Ym1MS2xBdGV5b3ZPK3RzZTJrVlNobHArNGFhc0Z3eDYwdUpXdUVvQko0SWlkOEhUZzB3ZW4KdUJ2KzdmM2tzak90TGh2a2ZyMlVvTkdLRTAxMEo2WnJSVG5NK3Q0VXhmOVJQRHFpUytVS0xqdSthOWVzVC9DUAp5OGZTLzBPWkFXRE5hOXg5OSs3UnY4SUJOYmQ5QWdNQkFBR2pXVEJYTUE0R0ExVWREd0VCL3dRRUF3SUNwREFQCkJnTlZIUk1CQWY4RUJUQURBUUgvTUIwR0ExVWREZ1FXQkJSNkM1TnN2dHNybVc1R3Y0SDRNdjNMU0hIVUFEQVYKQmdOVkhSRUVEakFNZ2dwcmRXSmxjbTVsZEdWek1BMEdDU3FHU0liM0RRRUJDd1VBQTRJQkFRQ1hXOHY1NVlNRApHbHVsMUdza3Nwd2ZxYlQreS9EQmVXaGVzRkJxTUVJVzM3aTJ4MUZZNEZuemliUzB2YXpJQUdrdFpzTCtmdjhaCnYzeU8vcDEybWJoczUxSjFKVmoyVnVxRGRLbmhyeEZoNFJ5a1BrUE1jekk0VG9YVG9iVVJPckZMc1pLMU1NRkQKRlFUT3ZlNWVTZysyVDY5NDROUlFxaktVbkFGT2pKejE3YWl2OVhmZzJTRTBLaVdQbjlpUWpEdVk5cC9WcUpqawoxaElxSmlrNUdhOFV6alFBN0trRGw3YmtJTzdPRGZxa1g1Y0pXN0hQOTl2aVZiMXlrMmVaakUra0FVaWpicWJQCkZVUHE1bGFpK0MwbjhLVnNzSEUzVmRjN0t0TXhwckxjSXYyaWtLQW9aL2wxbGcydVVxeklZaWtENk85T1JldXkKMDhGb0tIV0NDb0UrCi0tLS0tRU5EIENFUlRJRklDQVRFLS0tLS0K",
              "cluster_endpoint": "https://7FB94673BB57AA3AA5712FBB0B14DD7C.yl4.ap-southeast-3.eks.amazonaws.com",
              "cluster_name": "dana-jagoan-neon-eks",
              "cluster_service_cidr": "172.20.0.0/16",
              "cluster_version": "1.33"
            }
          },
          "sensitive_attributes": [],
          "dependencies": [
            "module.eks.module.eks-cluster.aws_cloudwatch_log_group.this",
            "module.eks.module.eks-cluster.aws_eks_cluster.this",
            "module.eks.module.eks-cluster.aws_iam_policy.cni_ipv6_policy",
            "module.eks.module.eks-cluster.aws_iam_role.eks_auto",
            "module.eks.module.eks-cluster.aws_iam_role.this",
            "module.eks.module.eks-cluster.aws_iam_role_policy_attachment.this",
            "module.eks.module.eks-cluster.aws_security_group.cluster",
            "module.eks.module.eks-cluster.aws_security_group.node",
            "module.eks.module.eks-cluster.aws_security_group_rule.cluster",
            "module.eks.module.eks-cluster.aws_security_group_rule.node",
            "module.eks.module.eks-cluster.data.aws_caller_identity.current",
            "module.eks.module.eks-cluster.data.aws_iam_policy_document.assume_role_policy",
            "module.eks.module.eks-cluster.data.aws_iam_policy_document.cni_ipv6_policy",
            "module.eks.module.eks-cluster.data.aws_iam_policy_document.node_assume_role_policy",
            "module.eks.module.eks-cluster.data.aws_iam_session_context.current",
            "module.eks.module.eks-cluster.data.aws_partition.current",
            "module.eks.module.eks-cluster.module.kms.aws_kms_external_key.this",
            "module.eks.module.eks-cluster.module.kms.aws_kms_key.this",
            "module.eks.module.eks-cluster.module.kms.aws_kms_replica_external_key.this",
            "module.eks.module.eks-cluster.module.kms.aws_kms_replica_key.this",
            "module.eks.module.eks-cluster.module.kms.data.aws_caller_identity.current",
            "module.eks.module.eks-cluster.module.kms.data.aws_iam_policy_document.this",
            "module.eks.module.eks-cluster.module.kms.data.aws_partition.current"
          ],
          "create_before_destroy": true
        }
      ]
    },
    {
      "module": "module.eks.module.eks-cluster.module.eks_managed_node_group[\"labs-nodegroup\"]",
      "mode": "data",
      "type": "aws_caller_identity",
      "name": "current",
      "provider": "provider[\"registry.terraform.io/hashicorp/aws\"]",
      "instances": [
        {
          "schema_version": 0,
          "attributes": {
            "account_id": "381491966185",
            "arn": "arn:aws:sts::381491966185:assumed-role/eks-infra-access-role/AWSReservedSSO_AdministratorAccess_9c2565ce305023fb",
            "id": "381491966185",
            "user_id": "AROAVRUVRODUWJIRWAMYX:AWSReservedSSO_AdministratorAccess_9c2565ce305023fb"
          },
          "sensitive_attributes": []
        }
      ]
    },
    {
      "module": "module.eks.module.eks-cluster.module.eks_managed_node_group[\"labs-nodegroup\"]",
      "mode": "data",
      "type": "aws_iam_policy_document",
      "name": "assume_role_policy",
      "provider": "provider[\"registry.terraform.io/hashicorp/aws\"]",
      "instances": [
        {
          "index_key": 0,
          "schema_version": 0,
          "attributes": {
            "id": "2560088296",
            "json": "{\n  \"Version\": \"2012-10-17\",\n  \"Statement\": [\n    {\n      \"Sid\": \"EKSNodeAssumeRole\",\n      \"Effect\": \"Allow\",\n      \"Action\": \"sts:AssumeRole\",\n      \"Principal\": {\n        \"Service\": \"ec2.amazonaws.com\"\n      }\n    }\n  ]\n}",
            "minified_json": "{\"Version\":\"2012-10-17\",\"Statement\":[{\"Sid\":\"EKSNodeAssumeRole\",\"Effect\":\"Allow\",\"Action\":\"sts:AssumeRole\",\"Principal\":{\"Service\":\"ec2.amazonaws.com\"}}]}",
            "override_json": null,
            "override_policy_documents": null,
            "policy_id": null,
            "source_json": null,
            "source_policy_documents": null,
            "statement": [
              {
                "actions": [
                  "sts:AssumeRole"
                ],
                "condition": [],
                "effect": "Allow",
                "not_actions": [],
                "not_principals": [],
                "not_resources": [],
                "principals": [
                  {
                    "identifiers": [
                      "ec2.amazonaws.com"
                    ],
                    "type": "Service"
                  }
                ],
                "resources": [],
                "sid": "EKSNodeAssumeRole"
              }
            ],
            "version": "2012-10-17"
          },
          "sensitive_attributes": []
        }
      ]
    },
    {
      "module": "module.eks.module.eks-cluster.module.eks_managed_node_group[\"labs-nodegroup\"]",
      "mode": "data",
      "type": "aws_partition",
      "name": "current",
      "provider": "provider[\"registry.terraform.io/hashicorp/aws\"]",
      "instances": [
        {
          "schema_version": 0,
          "attributes": {
            "dns_suffix": "amazonaws.com",
            "id": "aws",
            "partition": "aws",
            "reverse_dns_prefix": "com.amazonaws"
          },
          "sensitive_attributes": []
        }
      ]
    },
    {
      "module": "module.eks.module.eks-cluster.module.eks_managed_node_group[\"labs-nodegroup\"]",
      "mode": "managed",
      "type": "aws_autoscaling_schedule",
      "name": "this",
      "provider": "provider[\"registry.terraform.io/hashicorp/aws\"]",
      "instances": []
    },
    {
      "module": "module.eks.module.eks-cluster.module.eks_managed_node_group[\"labs-nodegroup\"]",
      "mode": "managed",
      "type": "aws_eks_node_group",
      "name": "this",
      "provider": "provider[\"registry.terraform.io/hashicorp/aws\"]",
      "instances": [
        {
          "index_key": 0,
          "schema_version": 0,
          "attributes": {
            "ami_type": "AL2023_ARM_64_STANDARD",
            "arn": "arn:aws:eks:ap-southeast-3:381491966185:nodegroup/dana-jagoan-neon-eks/jagoan-neon-node-20251218174028066500000002/6ccd9946-41b8-5aa0-26b6-20e8d1358ae5",
            "capacity_type": "ON_DEMAND",
            "cluster_name": "dana-jagoan-neon-eks",
            "disk_size": 0,
            "force_update_version": null,
            "id": "dana-jagoan-neon-eks:jagoan-neon-node-20251218174028066500000002",
            "instance_types": [
              "t4g.medium"
            ],
            "labels": {
              "env": "jagoan-neon"
            },
            "launch_template": [
              {
                "id": "lt-00de713e95b9a781f",
                "name": "labs-nodegroup-2025121817045932500000000d",
                "version": "2"
              }
            ],
            "node_group_name": "jagoan-neon-node-20251218174028066500000002",
            "node_group_name_prefix": "jagoan-neon-node-",
            "node_repair_config": [],
            "node_role_arn": "arn:aws:iam::381491966185:role/jagoan-neon-node-eks-node-group-20251218170456250200000001",
            "release_version": "1.33.5-20251209",
            "remote_access": [],
            "resources": [
              {
                "autoscaling_groups": [
                  {
                    "name": "eks-jagoan-neon-node-20251218174028066500000002-6ccd9946-41b8-5aa0-26b6-20e8d1358ae5"
                  }
                ],
                "remote_access_security_group_id": ""
              }
            ],
            "scaling_config": [
              {
                "desired_size": 1,
                "max_size": 1,
                "min_size": 1
              }
            ],
            "status": "ACTIVE",
            "subnet_ids": [
              "subnet-0dea9fc596a50e27c",
              "subnet-0f702b4e89fb5f74a"
            ],
            "tags": {
              "Name": "jagoan-neon-node"
            },
            "tags_all": {
              "Name": "jagoan-neon-node"
            },
            "taint": [],
            "timeouts": {
              "create": null,
              "delete": null,
              "update": null
            },
            "update_config": [
              {
                "max_unavailable": 0,
                "max_unavailable_percentage": 33
              }
            ],
            "version": "1.33"
          },
          "sensitive_attributes": [],
          "private": "eyJlMmJmYjczMC1lY2FhLTExZTYtOGY4OC0zNDM2M2JjN2M0YzAiOnsiY3JlYXRlIjozNjAwMDAwMDAwMDAwLCJkZWxldGUiOjM2MDAwMDAwMDAwMDAsInVwZGF0ZSI6MzYwMDAwMDAwMDAwMH19",
          "dependencies": [
            "module.eks.aws_iam_policy.aws_load_balancer_controller",
            "module.eks.aws_iam_policy.sharedCMK",
            "module.eks.module.eks-cluster.aws_cloudwatch_log_group.this",
            "module.eks.module.eks-cluster.aws_eks_cluster.this",
            "module.eks.module.eks-cluster.aws_iam_policy.cni_ipv6_policy",
            "module.eks.module.eks-cluster.aws_iam_role.eks_auto",
            "module.eks.module.eks-cluster.aws_iam_role.this",
            "module.eks.module.eks-cluster.aws_iam_role_policy_attachment.this",
            "module.eks.module.eks-cluster.aws_security_group.cluster",
            "module.eks.module.eks-cluster.aws_security_group.node",
            "module.eks.module.eks-cluster.aws_security_group_rule.cluster",
            "module.eks.module.eks-cluster.aws_security_group_rule.node",
            "module.eks.module.eks-cluster.data.aws_caller_identity.current",
            "module.eks.module.eks-cluster.data.aws_iam_policy_document.assume_role_policy",
            "module.eks.module.eks-cluster.data.aws_iam_policy_document.cni_ipv6_policy",
            "module.eks.module.eks-cluster.data.aws_iam_policy_document.node_assume_role_policy",
            "module.eks.module.eks-cluster.data.aws_iam_session_context.current",
            "module.eks.module.eks-cluster.data.aws_partition.current",
            "module.eks.module.eks-cluster.module.eks_managed_node_group.aws_iam_role.this",
            "module.eks.module.eks-cluster.module.eks_managed_node_group.aws_iam_role_policy_attachment.additional",
            "module.eks.module.eks-cluster.module.eks_managed_node_group.aws_iam_role_policy_attachment.this",
            "module.eks.module.eks-cluster.module.eks_managed_node_group.aws_launch_template.this",
            "module.eks.module.eks-cluster.module.eks_managed_node_group.aws_placement_group.this",
            "module.eks.module.eks-cluster.module.eks_managed_node_group.data.aws_caller_identity.current",
            "module.eks.module.eks-cluster.module.eks_managed_node_group.data.aws_ec2_instance_type.this",
            "module.eks.module.eks-cluster.module.eks_managed_node_group.data.aws_ec2_instance_type_offerings.this",
            "module.eks.module.eks-cluster.module.eks_managed_node_group.data.aws_iam_policy_document.assume_role_policy",
            "module.eks.module.eks-cluster.module.eks_managed_node_group.data.aws_partition.current",
            "module.eks.module.eks-cluster.module.eks_managed_node_group.data.aws_ssm_parameter.ami",
            "module.eks.module.eks-cluster.module.eks_managed_node_group.data.aws_subnets.placement_group",
            "module.eks.module.eks-cluster.module.eks_managed_node_group.module.user_data.data.cloudinit_config.al2023_eks_managed_node_group",
            "module.eks.module.eks-cluster.module.eks_managed_node_group.module.user_data.data.cloudinit_config.linux_eks_managed_node_group",
            "module.eks.module.eks-cluster.module.kms.aws_kms_external_key.this",
            "module.eks.module.eks-cluster.module.kms.aws_kms_key.this",
            "module.eks.module.eks-cluster.module.kms.aws_kms_replica_external_key.this",
            "module.eks.module.eks-cluster.module.kms.aws_kms_replica_key.this",
            "module.eks.module.eks-cluster.module.kms.data.aws_caller_identity.current",
            "module.eks.module.eks-cluster.module.kms.data.aws_iam_policy_document.this",
            "module.eks.module.eks-cluster.module.kms.data.aws_partition.current",
            "module.eks.module.eks-cluster.time_sleep.this"
          ],
          "create_before_destroy": true
        }
      ]
    },
    {
      "module": "module.eks.module.eks-cluster.module.eks_managed_node_group[\"labs-nodegroup\"]",
      "mode": "managed",
      "type": "aws_iam_role",
      "name": "this",
      "provider": "provider[\"registry.terraform.io/hashicorp/aws\"]",
      "instances": [
        {
          "index_key": 0,
          "schema_version": 0,
          "attributes": {
            "arn": "arn:aws:iam::381491966185:role/jagoan-neon-node-eks-node-group-20251218170456250200000001",
            "assume_role_policy": "{\"Statement\":[{\"Action\":\"sts:AssumeRole\",\"Effect\":\"Allow\",\"Principal\":{\"Service\":\"ec2.amazonaws.com\"},\"Sid\":\"EKSNodeAssumeRole\"}],\"Version\":\"2012-10-17\"}",
            "create_date": "2025-12-18T17:04:56Z",
            "description": "EKS managed node group IAM role",
            "force_detach_policies": true,
            "id": "jagoan-neon-node-eks-node-group-20251218170456250200000001",
            "inline_policy": [],
            "managed_policy_arns": [
              "arn:aws:iam::381491966185:policy/CmkCentralicedAccountPolicy",
              "arn:aws:iam::381491966185:policy/nbl_AWSLoadBalancerControllerIAMPolicy",
              "arn:aws:iam::aws:policy/AmazonEC2ContainerRegistryReadOnly",
              "arn:aws:iam::aws:policy/AmazonEKSWorkerNodePolicy",
              "arn:aws:iam::aws:policy/AmazonEKS_CNI_Policy",
              "arn:aws:iam::aws:policy/AmazonSSMManagedInstanceCore",
              "arn:aws:iam::aws:policy/CloudWatchAgentAdminPolicy"
            ],
            "max_session_duration": 3600,
            "name": "jagoan-neon-node-eks-node-group-20251218170456250200000001",
            "name_prefix": "jagoan-neon-node-eks-node-group-",
            "path": "/",
            "permissions_boundary": "",
            "tags": {},
            "tags_all": {},
            "unique_id": "AROAVRUVRODU5TMNHT7GZ"
          },
          "sensitive_attributes": [],
          "private": "bnVsbA==",
          "dependencies": [
            "module.eks.aws_iam_policy.aws_load_balancer_controller",
            "module.eks.aws_iam_policy.sharedCMK",
            "module.eks.module.eks-cluster.module.eks_managed_node_group.data.aws_iam_policy_document.assume_role_policy"
          ],
          "create_before_destroy": true
        }
      ]
    },
    {
      "module": "module.eks.module.eks-cluster.module.eks_managed_node_group[\"labs-nodegroup\"]",
      "mode": "managed",
      "type": "aws_iam_role_policy_attachment",
      "name": "additional",
      "provider": "provider[\"registry.terraform.io/hashicorp/aws\"]",
      "instances": [
        {
          "index_key": "AWSLoadBalancerController",
          "schema_version": 0,
          "attributes": {
            "id": "jagoan-neon-node-eks-node-group-20251218170456250200000001-2025121817045877810000000a",
            "policy_arn": "arn:aws:iam::381491966185:policy/nbl_AWSLoadBalancerControllerIAMPolicy",
            "role": "jagoan-neon-node-eks-node-group-20251218170456250200000001"
          },
          "sensitive_attributes": [],
          "private": "bnVsbA==",
          "dependencies": [
            "module.eks.aws_iam_policy.aws_load_balancer_controller",
            "module.eks.aws_iam_policy.sharedCMK",
            "module.eks.module.eks-cluster.module.eks_managed_node_group.aws_iam_role.this",
            "module.eks.module.eks-cluster.module.eks_managed_node_group.data.aws_iam_policy_document.assume_role_policy"
          ],
          "create_before_destroy": true
        },
        {
          "index_key": "AmazonEKSWorkerNodePolicy",
          "schema_version": 0,
          "attributes": {
            "id": "jagoan-neon-node-eks-node-group-20251218170456250200000001-2025121817045878600000000b",
            "policy_arn": "arn:aws:iam::aws:policy/AmazonEKSWorkerNodePolicy",
            "role": "jagoan-neon-node-eks-node-group-20251218170456250200000001"
          },
          "sensitive_attributes": [],
          "private": "bnVsbA==",
          "dependencies": [
            "module.eks.aws_iam_policy.aws_load_balancer_controller",
            "module.eks.aws_iam_policy.sharedCMK",
            "module.eks.module.eks-cluster.module.eks_managed_node_group.aws_iam_role.this",
            "module.eks.module.eks-cluster.module.eks_managed_node_group.data.aws_iam_policy_document.assume_role_policy"
          ],
          "create_before_destroy": true
        },
        {
          "index_key": "AmazonEKS_CNI_Policy",
          "schema_version": 0,
          "attributes": {
            "id": "jagoan-neon-node-eks-node-group-20251218170456250200000001-20251218170458489600000006",
            "policy_arn": "arn:aws:iam::aws:policy/AmazonEKS_CNI_Policy",
            "role": "jagoan-neon-node-eks-node-group-20251218170456250200000001"
          },
          "sensitive_attributes": [],
          "private": "bnVsbA==",
          "dependencies": [
            "module.eks.aws_iam_policy.aws_load_balancer_controller",
            "module.eks.aws_iam_policy.sharedCMK",
            "module.eks.module.eks-cluster.module.eks_managed_node_group.aws_iam_role.this",
            "module.eks.module.eks-cluster.module.eks_managed_node_group.data.aws_iam_policy_document.assume_role_policy"
          ],
          "create_before_destroy": true
        },
        {
          "index_key": "AmazonSSMManagedInstanceCore",
          "schema_version": 0,
          "attributes": {
            "id": "jagoan-neon-node-eks-node-group-20251218170456250200000001-20251218170458478600000005",
            "policy_arn": "arn:aws:iam::aws:policy/AmazonSSMManagedInstanceCore",
            "role": "jagoan-neon-node-eks-node-group-20251218170456250200000001"
          },
          "sensitive_attributes": [],
          "private": "bnVsbA==",
          "dependencies": [
            "module.eks.aws_iam_policy.aws_load_balancer_controller",
            "module.eks.aws_iam_policy.sharedCMK",
            "module.eks.module.eks-cluster.module.eks_managed_node_group.aws_iam_role.this",
            "module.eks.module.eks-cluster.module.eks_managed_node_group.data.aws_iam_policy_document.assume_role_policy"
          ],
          "create_before_destroy": true
        },
        {
          "index_key": "CloudWatchAgentAdminPolicy",
          "schema_version": 0,
          "attributes": {
            "id": "jagoan-neon-node-eks-node-group-20251218170456250200000001-20251218170458536800000008",
            "policy_arn": "arn:aws:iam::aws:policy/CloudWatchAgentAdminPolicy",
            "role": "jagoan-neon-node-eks-node-group-20251218170456250200000001"
          },
          "sensitive_attributes": [],
          "private": "bnVsbA==",
          "dependencies": [
            "module.eks.aws_iam_policy.aws_load_balancer_controller",
            "module.eks.aws_iam_policy.sharedCMK",
            "module.eks.module.eks-cluster.module.eks_managed_node_group.aws_iam_role.this",
            "module.eks.module.eks-cluster.module.eks_managed_node_group.data.aws_iam_policy_document.assume_role_policy"
          ],
          "create_before_destroy": true
        },
        {
          "index_key": "CmkCentralicedAccount",
          "schema_version": 0,
          "attributes": {
            "id": "jagoan-neon-node-eks-node-group-20251218170456250200000001-20251218170458599300000009",
            "policy_arn": "arn:aws:iam::381491966185:policy/CmkCentralicedAccountPolicy",
            "role": "jagoan-neon-node-eks-node-group-20251218170456250200000001"
          },
          "sensitive_attributes": [],
          "private": "bnVsbA==",
          "dependencies": [
            "module.eks.aws_iam_policy.aws_load_balancer_controller",
            "module.eks.aws_iam_policy.sharedCMK",
            "module.eks.module.eks-cluster.module.eks_managed_node_group.aws_iam_role.this",
            "module.eks.module.eks-cluster.module.eks_managed_node_group.data.aws_iam_policy_document.assume_role_policy"
          ],
          "create_before_destroy": true
        }
      ]
    },
    {
      "module": "module.eks.module.eks-cluster.module.eks_managed_node_group[\"labs-nodegroup\"]",
      "mode": "managed",
      "type": "aws_iam_role_policy_attachment",
      "name": "this",
      "provider": "provider[\"registry.terraform.io/hashicorp/aws\"]",
      "instances": [
        {
          "index_key": "AmazonEC2ContainerRegistryReadOnly",
          "schema_version": 0,
          "attributes": {
            "id": "jagoan-neon-node-eks-node-group-20251218170456250200000001-20251218170458474400000004",
            "policy_arn": "arn:aws:iam::aws:policy/AmazonEC2ContainerRegistryReadOnly",
            "role": "jagoan-neon-node-eks-node-group-20251218170456250200000001"
          },
          "sensitive_attributes": [],
          "private": "bnVsbA==",
          "dependencies": [
            "module.eks.aws_iam_policy.aws_load_balancer_controller",
            "module.eks.aws_iam_policy.sharedCMK",
            "module.eks.module.eks-cluster.module.eks_managed_node_group.aws_iam_role.this",
            "module.eks.module.eks-cluster.module.eks_managed_node_group.data.aws_caller_identity.current",
            "module.eks.module.eks-cluster.module.eks_managed_node_group.data.aws_iam_policy_document.assume_role_policy",
            "module.eks.module.eks-cluster.module.eks_managed_node_group.data.aws_partition.current"
          ],
          "create_before_destroy": true
        },
        {
          "index_key": "AmazonEKSWorkerNodePolicy",
          "schema_version": 0,
          "attributes": {
            "id": "jagoan-neon-node-eks-node-group-20251218170456250200000001-20251218170458492800000007",
            "policy_arn": "arn:aws:iam::aws:policy/AmazonEKSWorkerNodePolicy",
            "role": "jagoan-neon-node-eks-node-group-20251218170456250200000001"
          },
          "sensitive_attributes": [],
          "private": "bnVsbA==",
          "dependencies": [
            "module.eks.aws_iam_policy.aws_load_balancer_controller",
            "module.eks.aws_iam_policy.sharedCMK",
            "module.eks.module.eks-cluster.module.eks_managed_node_group.aws_iam_role.this",
            "module.eks.module.eks-cluster.module.eks_managed_node_group.data.aws_caller_identity.current",
            "module.eks.module.eks-cluster.module.eks_managed_node_group.data.aws_iam_policy_document.assume_role_policy",
            "module.eks.module.eks-cluster.module.eks_managed_node_group.data.aws_partition.current"
          ],
          "create_before_destroy": true
        },
        {
          "index_key": "AmazonEKS_CNI_Policy",
          "schema_version": 0,
          "attributes": {
            "id": "jagoan-neon-node-eks-node-group-20251218170456250200000001-2025121817045879930000000c",
            "policy_arn": "arn:aws:iam::aws:policy/AmazonEKS_CNI_Policy",
            "role": "jagoan-neon-node-eks-node-group-20251218170456250200000001"
          },
          "sensitive_attributes": [],
          "private": "bnVsbA==",
          "dependencies": [
            "module.eks.aws_iam_policy.aws_load_balancer_controller",
            "module.eks.aws_iam_policy.sharedCMK",
            "module.eks.module.eks-cluster.module.eks_managed_node_group.aws_iam_role.this",
            "module.eks.module.eks-cluster.module.eks_managed_node_group.data.aws_caller_identity.current",
            "module.eks.module.eks-cluster.module.eks_managed_node_group.data.aws_iam_policy_document.assume_role_policy",
            "module.eks.module.eks-cluster.module.eks_managed_node_group.data.aws_partition.current"
          ],
          "create_before_destroy": true
        }
      ]
    },
    {
      "module": "module.eks.module.eks-cluster.module.eks_managed_node_group[\"labs-nodegroup\"]",
      "mode": "managed",
      "type": "aws_launch_template",
      "name": "this",
      "provider": "provider[\"registry.terraform.io/hashicorp/aws\"]",
      "instances": [
        {
          "index_key": 0,
          "schema_version": 0,
          "attributes": {
            "arn": "arn:aws:ec2:ap-southeast-3:381491966185:launch-template/lt-00de713e95b9a781f",
            "block_device_mappings": [
              {
                "device_name": "/dev/xvda",
                "ebs": [
                  {
                    "delete_on_termination": "true",
                    "encrypted": "true",
                    "iops": 3000,
                    "kms_key_id": "arn:aws:kms:ap-southeast-3:381491966185:key/5cda741c-05c5-49ee-b394-03debf7a4439",
                    "snapshot_id": "",
                    "throughput": 125,
                    "volume_initialization_rate": 0,
                    "volume_size": 20,
                    "volume_type": "gp3"
                  }
                ],
                "no_device": "",
                "virtual_name": ""
              }
            ],
            "capacity_reservation_specification": [],
            "cpu_options": [],
            "credit_specification": [],
            "default_version": 2,
            "description": "Custom launch template for jagoan-neon-node EKS managed node group",
            "disable_api_stop": false,
            "disable_api_termination": false,
            "ebs_optimized": "true",
            "elastic_gpu_specifications": [],
            "elastic_inference_accelerator": [],
            "enclave_options": [],
            "hibernation_options": [],
            "iam_instance_profile": [],
            "id": "lt-00de713e95b9a781f",
            "image_id": "",
            "instance_initiated_shutdown_behavior": "",
            "instance_market_options": [],
            "instance_requirements": [],
            "instance_type": "",
            "kernel_id": "",
            "key_name": "",
            "latest_version": 2,
            "license_specification": [],
            "maintenance_options": [],
            "metadata_options": [
              {
                "http_endpoint": "enabled",
                "http_protocol_ipv6": "",
                "http_put_response_hop_limit": 2,
                "http_tokens": "required",
                "instance_metadata_tags": ""
              }
            ],
            "monitoring": [
              {
                "enabled": true
              }
            ],
            "name": "labs-nodegroup-2025121817045932500000000d",
            "name_prefix": "labs-nodegroup-",
            "network_interfaces": [],
            "placement": [],
            "private_dns_name_options": [],
            "ram_disk_id": "",
            "security_group_names": [],
            "tag_specifications": [
              {
                "resource_type": "instance",
                "tags": {
                  "Name": "jagoan-neon-node"
                }
              },
              {
                "resource_type": "network-interface",
                "tags": {
                  "Name": "jagoan-neon-node"
                }
              },
              {
                "resource_type": "volume",
                "tags": {
                  "Name": "jagoan-neon-node"
                }
              }
            ],
            "tags": {},
            "tags_all": {},
            "update_default_version": true,
            "user_data": "Q29udGVudC1UeXBlOiBtdWx0aXBhcnQvbWl4ZWQ7IGJvdW5kYXJ5PSJNSU1FQk9VTkRBUlkiCk1JTUUtVmVyc2lvbjogMS4wDQoNCi0tTUlNRUJPVU5EQVJZDQpDb250ZW50LVRyYW5zZmVyLUVuY29kaW5nOiA3Yml0DQpDb250ZW50LVR5cGU6IGFwcGxpY2F0aW9uL25vZGUuZWtzLmF3cw0KTWltZS1WZXJzaW9uOiAxLjANCg0KLS0tCmFwaVZlcnNpb246IG5vZGUuZWtzLmF3cy92MWFscGhhMQpraW5kOiBOb2RlQ29uZmlnCnNwZWM6CiAga3ViZWxldDoKICAgIGNvbmZpZzoKICAgICAgbWF4UG9kczogMTEwCg0KLS1NSU1FQk9VTkRBUlkNCkNvbnRlbnQtVHJhbnNmZXItRW5jb2Rpbmc6IDdiaXQNCkNvbnRlbnQtVHlwZTogYXBwbGljYXRpb24vbm9kZS5la3MuYXdzDQpNaW1lLVZlcnNpb246IDEuMA0KDQotLS0KYXBpVmVyc2lvbjogbm9kZS5la3MuYXdzL3YxYWxwaGExCmtpbmQ6IE5vZGVDb25maWcKc3BlYzoKICBjbHVzdGVyOgogICAgbmFtZTogZGFuYS1qYWdvYW4tbmVvbi1la3MKICAgIGFwaVNlcnZlckVuZHBvaW50OiBodHRwczovLzdGQjk0NjczQkI1N0FBM0FBNTcxMkZCQjBCMTRERDdDLnlsNC5hcC1zb3V0aGVhc3QtMy5la3MuYW1hem9uYXdzLmNvbQogICAgY2VydGlmaWNhdGVBdXRob3JpdHk6IExTMHRMUzFDUlVkSlRpQkRSVkpVU1VaSlEwRlVSUzB0TFMwdENrMUpTVVJDVkVORFFXVXlaMEYzU1VKQlowbEpSV0p1TjA1QlMwaE5NR04zUkZGWlNrdHZXa2xvZG1OT1FWRkZURUpSUVhkR1ZFVlVUVUpGUjBFeFZVVUtRWGhOUzJFelZtbGFXRXAxV2xoU2JHTjZRV1ZHZHpCNVRsUkZlVTFVWjNoT2FsVjNUbFJDWVVaM01IcE9WRVY1VFZSWmVFNXFWVEZPVkVKaFRVSlZlQXBGZWtGU1FtZE9Wa0pCVFZSRGJYUXhXVzFXZVdKdFZqQmFXRTEzWjJkRmFVMUJNRWREVTNGSFUwbGlNMFJSUlVKQlVWVkJRVFJKUWtSM1FYZG5aMFZMQ2tGdlNVSkJVVU53WmpORllqTkJjRWw1U1U0dmJWTmljRmxuUTI5NFlqRkhNbnBFZUVKUmVHY3dNbmxrUm13NVVURndWRTF2WVVwYU9UbFVVMjkxTlhjS1VHcHlWa2xQVFhSdVlsVk1UME16UkdGQ1JqbENNbXRrVmtOTE1EWmhWVEpqUlZoWWVXTlNjelpWYm1GYVNqVmFiMFZ5YXpWclJqSkVRMFI0YnpWRFdRcElVVTFuTW5aVE5pOVllVGxzUTI1dmNHcFBVa2RpTVN0WFMzWkdkR0ZXUVdVcldXRmtORUZrT0RGT2N6UllUamRtYTJsUmRXSTNNVnBSTnpkNFREZFJDbWdyYkdwMWFHd3hWSGQ2WW0xTVMyeEJkR1Y1YjNaUEszUnpaVEpyVmxOb2JIQXJOR0ZoYzBaM2VEWXdkVXBYZFVWdlFrbzBTV2xrT0VoVVp6QjNaVzRLZFVKMkt6ZG1NMnR6YWs5MFRHaDJhMlp5TWxWdlRrZExSVEF4TUVvMlduSlNWRzVOSzNRMFZYaG1PVkpRUkhGcFV5dFZTMHhxZFN0aE9XVnpWQzlEVUFwNU9HWlRMekJQV2tGWFJFNWhPWGc1T1NzM1VuWTRTVUpPWW1RNVFXZE5Ra0ZCUjJwWFZFSllUVUUwUjBFeFZXUkVkMFZDTDNkUlJVRjNTVU53UkVGUUNrSm5UbFpJVWsxQ1FXWTRSVUpVUVVSQlVVZ3ZUVUl3UjBFeFZXUkVaMUZYUWtKU05rTTFUbk4yZEhOeWJWYzFSM1kwU0RSTmRqTk1VMGhJVlVGRVFWWUtRbWRPVmtoU1JVVkVha0ZOWjJkd2NtUlhTbXhqYlRWc1pFZFdlazFCTUVkRFUzRkhVMGxpTTBSUlJVSkRkMVZCUVRSSlFrRlJRMWhYT0hZMU5WbE5SQXBIYkhWc01VZHphM053ZDJaeFlsUXJlUzlFUW1WWGFHVnpSa0p4VFVWSlZ6TTNhVEo0TVVaWk5FWnVlbWxpVXpCMllYcEpRVWRyZEZwelRDdG1kamhhQ25ZemVVOHZjREV5YldKb2N6VXhTakZLVm1veVZuVnhSR1JMYm1oeWVFWm9ORko1YTFCclVFMWpla2swVkc5WVZHOWlWVkpQY2taTWMxcExNVTFOUmtRS1JsRlVUM1psTldWVFp5c3lWRFk1TkRST1VsRnhha3RWYmtGR1QycEtlakUzWVdsMk9WaG1aekpUUlRCTGFWZFFiamxwVVdwRWRWazVjQzlXY1VwcWF3b3hhRWx4U21sck5VZGhPRlY2YWxGQk4wdHJSR3czWW10SlR6ZFBSR1p4YTFnMVkwcFhOMGhRT1RsMmFWWmlNWGxyTW1WYWFrVXJhMEZWYVdwaWNXSlFDa1pWVUhFMWJHRnBLME13YmpoTFZuTnpTRVV6Vm1Sak4wdDBUWGh3Y2t4alNYWXlhV3RMUVc5YUwyd3hiR2N5ZFZWeGVrbFphV3RFTms4NVQxSmxkWGtLTURoR2IwdElWME5EYjBVckNpMHRMUzB0UlU1RUlFTkZVbFJKUmtsRFFWUkZMUzB0TFMwSwogICAgY2lkcjogMTcyLjIwLjAuMC8xNgoNCi0tTUlNRUJPVU5EQVJZLS0NCg==",
            "vpc_security_group_ids": [
              "sg-05305ac6d762da9e6"
            ]
          },
          "sensitive_attributes": [],
          "private": "bnVsbA==",
          "dependencies": [
            "module.eks.aws_iam_policy.aws_load_balancer_controller",
            "module.eks.aws_iam_policy.sharedCMK",
            "module.eks.module.eks-cluster.aws_cloudwatch_log_group.this",
            "module.eks.module.eks-cluster.aws_eks_cluster.this",
            "module.eks.module.eks-cluster.aws_iam_policy.cni_ipv6_policy",
            "module.eks.module.eks-cluster.aws_iam_role.eks_auto",
            "module.eks.module.eks-cluster.aws_iam_role.this",
            "module.eks.module.eks-cluster.aws_iam_role_policy_attachment.this",
            "module.eks.module.eks-cluster.aws_security_group.cluster",
            "module.eks.module.eks-cluster.aws_security_group.node",
            "module.eks.module.eks-cluster.aws_security_group_rule.cluster",
            "module.eks.module.eks-cluster.aws_security_group_rule.node",
            "module.eks.module.eks-cluster.data.aws_caller_identity.current",
            "module.eks.module.eks-cluster.data.aws_iam_policy_document.assume_role_policy",
            "module.eks.module.eks-cluster.data.aws_iam_policy_document.cni_ipv6_policy",
            "module.eks.module.eks-cluster.data.aws_iam_policy_document.node_assume_role_policy",
            "module.eks.module.eks-cluster.data.aws_iam_session_context.current",
            "module.eks.module.eks-cluster.data.aws_partition.current",
            "module.eks.module.eks-cluster.module.eks_managed_node_group.aws_iam_role.this",
            "module.eks.module.eks-cluster.module.eks_managed_node_group.aws_iam_role_policy_attachment.additional",
            "module.eks.module.eks-cluster.module.eks_managed_node_group.aws_iam_role_policy_attachment.this",
            "module.eks.module.eks-cluster.module.eks_managed_node_group.aws_placement_group.this",
            "module.eks.module.eks-cluster.module.eks_managed_node_group.data.aws_caller_identity.current",
            "module.eks.module.eks-cluster.module.eks_managed_node_group.data.aws_ec2_instance_type.this",
            "module.eks.module.eks-cluster.module.eks_managed_node_group.data.aws_iam_policy_document.assume_role_policy",
            "module.eks.module.eks-cluster.module.eks_managed_node_group.data.aws_partition.current",
            "module.eks.module.eks-cluster.module.eks_managed_node_group.module.user_data.data.cloudinit_config.al2023_eks_managed_node_group",
            "module.eks.module.eks-cluster.module.eks_managed_node_group.module.user_data.data.cloudinit_config.linux_eks_managed_node_group",
            "module.eks.module.eks-cluster.module.kms.aws_kms_external_key.this",
            "module.eks.module.eks-cluster.module.kms.aws_kms_key.this",
            "module.eks.module.eks-cluster.module.kms.aws_kms_replica_external_key.this",
            "module.eks.module.eks-cluster.module.kms.aws_kms_replica_key.this",
            "module.eks.module.eks-cluster.module.kms.data.aws_caller_identity.current",
            "module.eks.module.eks-cluster.module.kms.data.aws_iam_policy_document.this",
            "module.eks.module.eks-cluster.module.kms.data.aws_partition.current",
            "module.eks.module.eks-cluster.time_sleep.this"
          ],
          "create_before_destroy": true
        }
      ]
    },
    {
      "module": "module.eks.module.eks-cluster.module.eks_managed_node_group[\"labs-nodegroup\"].module.user_data",
      "mode": "data",
      "type": "cloudinit_config",
      "name": "al2023_eks_managed_node_group",
      "provider": "provider[\"registry.terraform.io/hashicorp/cloudinit\"]",
      "instances": [
        {
          "index_key": 0,
          "schema_version": 0,
          "attributes": {
            "base64_encode": true,
            "boundary": "MIMEBOUNDARY",
            "gzip": false,
            "id": "3426508990",
            "part": [
              {
                "content": "---\napiVersion: node.eks.aws/v1alpha1\nkind: NodeConfig\nspec:\n  kubelet:\n    config:\n      maxPods: 110\n",
                "content_type": "application/node.eks.aws",
                "filename": null,
                "merge_type": null
              },
              {
                "content": "---\napiVersion: node.eks.aws/v1alpha1\nkind: NodeConfig\nspec:\n  cluster:\n    name: dana-jagoan-neon-eks\n    apiServerEndpoint: https://7FB94673BB57AA3AA5712FBB0B14DD7C.yl4.ap-southeast-3.eks.amazonaws.com\n    certificateAuthority: LS0tLS1CRUdJTiBDRVJUSUZJQ0FURS0tLS0tCk1JSURCVENDQWUyZ0F3SUJBZ0lJRWJuN05BS0hNMGN3RFFZSktvWklodmNOQVFFTEJRQXdGVEVUTUJFR0ExVUUKQXhNS2EzVmlaWEp1WlhSbGN6QWVGdzB5TlRFeU1UZ3hOalV3TlRCYUZ3MHpOVEV5TVRZeE5qVTFOVEJhTUJVeApFekFSQmdOVkJBTVRDbXQxWW1WeWJtVjBaWE13Z2dFaU1BMEdDU3FHU0liM0RRRUJBUVVBQTRJQkR3QXdnZ0VLCkFvSUJBUUNwZjNFYjNBcEl5SU4vbVNicFlnQ294YjFHMnpEeEJReGcwMnlkRmw5UTFwVE1vYUpaOTlUU291NXcKUGpyVklPTXRuYlVMT0MzRGFCRjlCMmtkVkNLMDZhVTJjRVhYeWNSczZVbmFaSjVab0VyazVrRjJEQ0R4bzVDWQpIUU1nMnZTNi9YeTlsQ25vcGpPUkdiMStXS3ZGdGFWQWUrWWFkNEFkODFOczRYTjdma2lRdWI3MVpRNzd4TDdRCmgrbGp1aGwxVHd6Ym1MS2xBdGV5b3ZPK3RzZTJrVlNobHArNGFhc0Z3eDYwdUpXdUVvQko0SWlkOEhUZzB3ZW4KdUJ2KzdmM2tzak90TGh2a2ZyMlVvTkdLRTAxMEo2WnJSVG5NK3Q0VXhmOVJQRHFpUytVS0xqdSthOWVzVC9DUAp5OGZTLzBPWkFXRE5hOXg5OSs3UnY4SUJOYmQ5QWdNQkFBR2pXVEJYTUE0R0ExVWREd0VCL3dRRUF3SUNwREFQCkJnTlZIUk1CQWY4RUJUQURBUUgvTUIwR0ExVWREZ1FXQkJSNkM1TnN2dHNybVc1R3Y0SDRNdjNMU0hIVUFEQVYKQmdOVkhSRUVEakFNZ2dwcmRXSmxjbTVsZEdWek1BMEdDU3FHU0liM0RRRUJDd1VBQTRJQkFRQ1hXOHY1NVlNRApHbHVsMUdza3Nwd2ZxYlQreS9EQmVXaGVzRkJxTUVJVzM3aTJ4MUZZNEZuemliUzB2YXpJQUdrdFpzTCtmdjhaCnYzeU8vcDEybWJoczUxSjFKVmoyVnVxRGRLbmhyeEZoNFJ5a1BrUE1jekk0VG9YVG9iVVJPckZMc1pLMU1NRkQKRlFUT3ZlNWVTZysyVDY5NDROUlFxaktVbkFGT2pKejE3YWl2OVhmZzJTRTBLaVdQbjlpUWpEdVk5cC9WcUpqawoxaElxSmlrNUdhOFV6alFBN0trRGw3YmtJTzdPRGZxa1g1Y0pXN0hQOTl2aVZiMXlrMmVaakUra0FVaWpicWJQCkZVUHE1bGFpK0MwbjhLVnNzSEUzVmRjN0t0TXhwckxjSXYyaWtLQW9aL2wxbGcydVVxeklZaWtENk85T1JldXkKMDhGb0tIV0NDb0UrCi0tLS0tRU5EIENFUlRJRklDQVRFLS0tLS0K\n    cidr: 172.20.0.0/16\n",
                "content_type": "application/node.eks.aws",
                "filename": null,
                "merge_type": null
              }
            ],
            "rendered": "Q29udGVudC1UeXBlOiBtdWx0aXBhcnQvbWl4ZWQ7IGJvdW5kYXJ5PSJNSU1FQk9VTkRBUlkiCk1JTUUtVmVyc2lvbjogMS4wDQoNCi0tTUlNRUJPVU5EQVJZDQpDb250ZW50LVRyYW5zZmVyLUVuY29kaW5nOiA3Yml0DQpDb250ZW50LVR5cGU6IGFwcGxpY2F0aW9uL25vZGUuZWtzLmF3cw0KTWltZS1WZXJzaW9uOiAxLjANCg0KLS0tCmFwaVZlcnNpb246IG5vZGUuZWtzLmF3cy92MWFscGhhMQpraW5kOiBOb2RlQ29uZmlnCnNwZWM6CiAga3ViZWxldDoKICAgIGNvbmZpZzoKICAgICAgbWF4UG9kczogMTEwCg0KLS1NSU1FQk9VTkRBUlkNCkNvbnRlbnQtVHJhbnNmZXItRW5jb2Rpbmc6IDdiaXQNCkNvbnRlbnQtVHlwZTogYXBwbGljYXRpb24vbm9kZS5la3MuYXdzDQpNaW1lLVZlcnNpb246IDEuMA0KDQotLS0KYXBpVmVyc2lvbjogbm9kZS5la3MuYXdzL3YxYWxwaGExCmtpbmQ6IE5vZGVDb25maWcKc3BlYzoKICBjbHVzdGVyOgogICAgbmFtZTogZGFuYS1qYWdvYW4tbmVvbi1la3MKICAgIGFwaVNlcnZlckVuZHBvaW50OiBodHRwczovLzdGQjk0NjczQkI1N0FBM0FBNTcxMkZCQjBCMTRERDdDLnlsNC5hcC1zb3V0aGVhc3QtMy5la3MuYW1hem9uYXdzLmNvbQogICAgY2VydGlmaWNhdGVBdXRob3JpdHk6IExTMHRMUzFDUlVkSlRpQkRSVkpVU1VaSlEwRlVSUzB0TFMwdENrMUpTVVJDVkVORFFXVXlaMEYzU1VKQlowbEpSV0p1TjA1QlMwaE5NR04zUkZGWlNrdHZXa2xvZG1OT1FWRkZURUpSUVhkR1ZFVlVUVUpGUjBFeFZVVUtRWGhOUzJFelZtbGFXRXAxV2xoU2JHTjZRV1ZHZHpCNVRsUkZlVTFVWjNoT2FsVjNUbFJDWVVaM01IcE9WRVY1VFZSWmVFNXFWVEZPVkVKaFRVSlZlQXBGZWtGU1FtZE9Wa0pCVFZSRGJYUXhXVzFXZVdKdFZqQmFXRTEzWjJkRmFVMUJNRWREVTNGSFUwbGlNMFJSUlVKQlVWVkJRVFJKUWtSM1FYZG5aMFZMQ2tGdlNVSkJVVU53WmpORllqTkJjRWw1U1U0dmJWTmljRmxuUTI5NFlqRkhNbnBFZUVKUmVHY3dNbmxrUm13NVVURndWRTF2WVVwYU9UbFVVMjkxTlhjS1VHcHlWa2xQVFhSdVlsVk1UME16UkdGQ1JqbENNbXRrVmtOTE1EWmhWVEpqUlZoWWVXTlNjelpWYm1GYVNqVmFiMFZ5YXpWclJqSkVRMFI0YnpWRFdRcElVVTFuTW5aVE5pOVllVGxzUTI1dmNHcFBVa2RpTVN0WFMzWkdkR0ZXUVdVcldXRmtORUZrT0RGT2N6UllUamRtYTJsUmRXSTNNVnBSTnpkNFREZFJDbWdyYkdwMWFHd3hWSGQ2WW0xTVMyeEJkR1Y1YjNaUEszUnpaVEpyVmxOb2JIQXJOR0ZoYzBaM2VEWXdkVXBYZFVWdlFrbzBTV2xrT0VoVVp6QjNaVzRLZFVKMkt6ZG1NMnR6YWs5MFRHaDJhMlp5TWxWdlRrZExSVEF4TUVvMlduSlNWRzVOSzNRMFZYaG1PVkpRUkhGcFV5dFZTMHhxZFN0aE9XVnpWQzlEVUFwNU9HWlRMekJQV2tGWFJFNWhPWGc1T1NzM1VuWTRTVUpPWW1RNVFXZE5Ra0ZCUjJwWFZFSllUVUUwUjBFeFZXUkVkMFZDTDNkUlJVRjNTVU53UkVGUUNrSm5UbFpJVWsxQ1FXWTRSVUpVUVVSQlVVZ3ZUVUl3UjBFeFZXUkVaMUZYUWtKU05rTTFUbk4yZEhOeWJWYzFSM1kwU0RSTmRqTk1VMGhJVlVGRVFWWUtRbWRPVmtoU1JVVkVha0ZOWjJkd2NtUlhTbXhqYlRWc1pFZFdlazFCTUVkRFUzRkhVMGxpTTBSUlJVSkRkMVZCUVRSSlFrRlJRMWhYT0hZMU5WbE5SQXBIYkhWc01VZHphM053ZDJaeFlsUXJlUzlFUW1WWGFHVnpSa0p4VFVWSlZ6TTNhVEo0TVVaWk5FWnVlbWxpVXpCMllYcEpRVWRyZEZwelRDdG1kamhhQ25ZemVVOHZjREV5YldKb2N6VXhTakZLVm1veVZuVnhSR1JMYm1oeWVFWm9ORko1YTFCclVFMWpla2swVkc5WVZHOWlWVkpQY2taTWMxcExNVTFOUmtRS1JsRlVUM1psTldWVFp5c3lWRFk1TkRST1VsRnhha3RWYmtGR1QycEtlakUzWVdsMk9WaG1aekpUUlRCTGFWZFFiamxwVVdwRWRWazVjQzlXY1VwcWF3b3hhRWx4U21sck5VZGhPRlY2YWxGQk4wdHJSR3czWW10SlR6ZFBSR1p4YTFnMVkwcFhOMGhRT1RsMmFWWmlNWGxyTW1WYWFrVXJhMEZWYVdwaWNXSlFDa1pWVUhFMWJHRnBLME13YmpoTFZuTnpTRVV6Vm1Sak4wdDBUWGh3Y2t4alNYWXlhV3RMUVc5YUwyd3hiR2N5ZFZWeGVrbFphV3RFTms4NVQxSmxkWGtLTURoR2IwdElWME5EYjBVckNpMHRMUzB0UlU1RUlFTkZVbFJKUmtsRFFWUkZMUzB0TFMwSwogICAgY2lkcjogMTcyLjIwLjAuMC8xNgoNCi0tTUlNRUJPVU5EQVJZLS0NCg=="
          },
          "sensitive_attributes": []
        }
      ]
    },
    {
      "module": "module.eks.module.eks-cluster.module.eks_managed_node_group[\"labs-nodegroup\"].module.user_data",
      "mode": "managed",
      "type": "null_resource",
      "name": "validate_cluster_service_cidr",
      "provider": "provider[\"registry.terraform.io/hashicorp/null\"]",
      "instances": [
        {
          "schema_version": 0,
          "attributes": {
            "id": "7187077607086918208",
            "triggers": null
          },
          "sensitive_attributes": [],
          "dependencies": [
            "module.eks.module.eks-cluster.aws_cloudwatch_log_group.this",
            "module.eks.module.eks-cluster.aws_eks_cluster.this",
            "module.eks.module.eks-cluster.aws_iam_policy.cni_ipv6_policy",
            "module.eks.module.eks-cluster.aws_iam_role.eks_auto",
            "module.eks.module.eks-cluster.aws_iam_role.this",
            "module.eks.module.eks-cluster.aws_iam_role_policy_attachment.this",
            "module.eks.module.eks-cluster.aws_security_group.cluster",
            "module.eks.module.eks-cluster.aws_security_group.node",
            "module.eks.module.eks-cluster.aws_security_group_rule.cluster",
            "module.eks.module.eks-cluster.aws_security_group_rule.node",
            "module.eks.module.eks-cluster.data.aws_caller_identity.current",
            "module.eks.module.eks-cluster.data.aws_iam_policy_document.assume_role_policy",
            "module.eks.module.eks-cluster.data.aws_iam_policy_document.cni_ipv6_policy",
            "module.eks.module.eks-cluster.data.aws_iam_policy_document.node_assume_role_policy",
            "module.eks.module.eks-cluster.data.aws_iam_session_context.current",
            "module.eks.module.eks-cluster.data.aws_partition.current",
            "module.eks.module.eks-cluster.module.kms.aws_kms_external_key.this",
            "module.eks.module.eks-cluster.module.kms.aws_kms_key.this",
            "module.eks.module.eks-cluster.module.kms.aws_kms_replica_external_key.this",
            "module.eks.module.eks-cluster.module.kms.aws_kms_replica_key.this",
            "module.eks.module.eks-cluster.module.kms.data.aws_caller_identity.current",
            "module.eks.module.eks-cluster.module.kms.data.aws_iam_policy_document.this",
            "module.eks.module.eks-cluster.module.kms.data.aws_partition.current",
            "module.eks.module.eks-cluster.time_sleep.this"
          ]
        }
      ]
    },
    {
      "module": "module.eks.module.eks-cluster.module.kms",
      "mode": "managed",
      "type": "aws_kms_external_key",
      "name": "this",
      "provider": "provider[\"registry.terraform.io/hashicorp/aws\"]",
      "instances": []
    },
    {
      "module": "module.eks.module.eks-cluster.module.kms",
      "mode": "managed",
      "type": "aws_kms_key",
      "name": "this",
      "provider": "provider[\"registry.terraform.io/hashicorp/aws\"]",
      "instances": []
    },
    {
      "module": "module.eks.module.eks-cluster.module.kms",
      "mode": "managed",
      "type": "aws_kms_replica_external_key",
      "name": "this",
      "provider": "provider[\"registry.terraform.io/hashicorp/aws\"]",
      "instances": []
    },
    {
      "module": "module.eks.module.eks-cluster.module.kms",
      "mode": "managed",
      "type": "aws_kms_replica_key",
      "name": "this",
      "provider": "provider[\"registry.terraform.io/hashicorp/aws\"]",
      "instances": []
    },
    {
      "module": "module.eks_rbac",
      "mode": "data",
      "type": "aws_iam_policy_document",
      "name": "assume_role_policy",
      "provider": "provider[\"registry.terraform.io/hashicorp/aws\"]",
      "instances": [
        {
          "schema_version": 0,
          "attributes": {
            "id": "2239110200",
            "json": "{\n  \"Version\": \"2012-10-17\",\n  \"Statement\": [\n    {\n      \"Sid\": \"HumanUserAssumeRole\",\n      \"Effect\": \"Allow\",\n      \"Action\": \"sts:AssumeRole\",\n      \"Principal\": {\n        \"AWS\": \"arn:aws:iam::381491966185:root\"\n      }\n    }\n  ]\n}",
            "minified_json": "{\"Version\":\"2012-10-17\",\"Statement\":[{\"Sid\":\"HumanUserAssumeRole\",\"Effect\":\"Allow\",\"Action\":\"sts:AssumeRole\",\"Principal\":{\"AWS\":\"arn:aws:iam::381491966185:root\"}}]}",
            "override_json": null,
            "override_policy_documents": null,
            "policy_id": null,
            "source_json": null,
            "source_policy_documents": null,
            "statement": [
              {
                "actions": [
                  "sts:AssumeRole"
                ],
                "condition": [],
                "effect": "Allow",
                "not_actions": [],
                "not_principals": [],
                "not_resources": [],
                "principals": [
                  {
                    "identifiers": [
                      "arn:aws:iam::381491966185:root"
                    ],
                    "type": "AWS"
                  }
                ],
                "resources": [],
                "sid": "HumanUserAssumeRole"
              }
            ],
            "version": "2012-10-17"
          },
          "sensitive_attributes": []
        }
      ]
    },
    {
      "module": "module.eks_rbac",
      "mode": "managed",
      "type": "aws_eks_access_entry",
      "name": "this",
      "provider": "provider[\"registry.terraform.io/hashicorp/aws\"]",
      "instances": [
        {
          "index_key": "apps-team",
          "schema_version": 0,
          "attributes": {
            "access_entry_arn": "arn:aws:eks:ap-southeast-3:381491966185:access-entry/dana-jagoan-neon-eks/role/381491966185/eks-apps-team-access-role/e8cda221-0967-fe32-2415-9559dd1a112c",
            "cluster_name": "dana-jagoan-neon-eks",
            "created_at": "2025-12-22T04:12:19Z",
            "id": "dana-jagoan-neon-eks:arn:aws:iam::381491966185:role/eks-apps-team-access-role",
            "kubernetes_groups": [
              "eks-apps-team-access-role"
            ],
            "modified_at": "2025-12-22T04:12:19Z",
            "principal_arn": "arn:aws:iam::381491966185:role/eks-apps-team-access-role",
            "tags": {},
            "tags_all": {},
            "timeouts": null,
            "type": "STANDARD",
            "user_name": "arn:aws:sts::381491966185:assumed-role/eks-apps-team-access-role/{{SessionName}}"
          },
          "sensitive_attributes": [],
          "private": "eyJlMmJmYjczMC1lY2FhLTExZTYtOGY4OC0zNDM2M2JjN2M0YzAiOnsiY3JlYXRlIjo2MDAwMDAwMDAwMDAsImRlbGV0ZSI6NjAwMDAwMDAwMDAwfX0=",
          "dependencies": [
            "data.aws_caller_identity.current",
            "module.eks.aws_iam_policy.adot_collector",
            "module.eks.aws_iam_policy.aws_load_balancer_controller",
            "module.eks.aws_iam_policy.cluster_autoscaler",
            "module.eks.aws_iam_policy.infra_admin_policy",
            "module.eks.aws_iam_policy.sharedCMK",
            "module.eks.aws_iam_role.adot_collector",
            "module.eks.aws_iam_role.aws_load_balancer_controller",
            "module.eks.aws_iam_role.cluster_autoscaler",
            "module.eks.aws_iam_role.eks_node_role",
            "module.eks.aws_iam_role.infra_role",
            "module.eks.aws_iam_role.sharedCMK",
            "module.eks.aws_iam_role_policy_attachment.adot_collector",
            "module.eks.aws_iam_role_policy_attachment.aws_load_balancer_controller",
            "module.eks.aws_iam_role_policy_attachment.cluster_autoscaler",
            "module.eks.aws_iam_role_policy_attachment.eks_node_alb_controller",
            "module.eks.aws_iam_role_policy_attachment.eks_node_cmk",
            "module.eks.aws_iam_role_policy_attachment.eks_node_cni",
            "module.eks.aws_iam_role_policy_attachment.eks_node_ecr",
            "module.eks.aws_iam_role_policy_attachment.eks_node_ssm",
            "module.eks.aws_iam_role_policy_attachment.eks_node_worker",
            "module.eks.aws_iam_role_policy_attachment.infra_attach_AdministratorAccess_AWS",
            "module.eks.aws_iam_role_policy_attachment.infra_attach_admin",
            "module.eks.aws_iam_role_policy_attachment.sharedCMK",
            "module.eks.data.aws_availability_zones.available",
            "module.eks.data.aws_caller_identity.current",
            "module.eks.data.aws_elb_service_account.main",
            "module.eks.data.aws_iam_policy_document.eks_assume_role_policy",
            "module.eks.data.aws_internet_gateway.default",
            "module.eks.data.aws_network_acls.private_nacl",
            "module.eks.data.aws_network_acls.protected_nacl",
            "module.eks.data.aws_network_acls.public_nacl",
            "module.eks.data.aws_region.current",
            "module.eks.data.aws_subnet.private_subnet",
            "module.eks.data.aws_subnets.private_subnets",
            "module.eks.data.aws_subnets.public_subnets",
            "module.eks.data.aws_vpc.selected",
            "module.eks.data.template_file.bastion_userdata",
            "module.eks.kubernetes_cluster_role_binding.infra_admin",
            "module.eks.kubernetes_service_account.infra_sa",
            "module.eks.module.eks-cluster.aws_cloudwatch_log_group.this",
            "module.eks.module.eks-cluster.aws_ec2_tag.cluster_primary_security_group",
            "module.eks.module.eks-cluster.aws_eks_access_entry.this",
            "module.eks.module.eks-cluster.aws_eks_access_policy_association.this",
            "module.eks.module.eks-cluster.aws_eks_addon.before_compute",
            "module.eks.module.eks-cluster.aws_eks_addon.this",
            "module.eks.module.eks-cluster.aws_eks_cluster.this",
            "module.eks.module.eks-cluster.aws_eks_identity_provider_config.this",
            "module.eks.module.eks-cluster.aws_iam_openid_connect_provider.oidc_provider",
            "module.eks.module.eks-cluster.aws_iam_policy.cluster_encryption",
            "module.eks.module.eks-cluster.aws_iam_policy.cni_ipv6_policy",
            "module.eks.module.eks-cluster.aws_iam_policy.custom",
            "module.eks.module.eks-cluster.aws_iam_role.eks_auto",
            "module.eks.module.eks-cluster.aws_iam_role.this",
            "module.eks.module.eks-cluster.aws_iam_role_policy_attachment.additional",
            "module.eks.module.eks-cluster.aws_iam_role_policy_attachment.cluster_encryption",
            "module.eks.module.eks-cluster.aws_iam_role_policy_attachment.custom",
            "module.eks.module.eks-cluster.aws_iam_role_policy_attachment.eks_auto",
            "module.eks.module.eks-cluster.aws_iam_role_policy_attachment.eks_auto_additional",
            "module.eks.module.eks-cluster.aws_iam_role_policy_attachment.this",
            "module.eks.module.eks-cluster.aws_security_group.cluster",
            "module.eks.module.eks-cluster.aws_security_group.node",
            "module.eks.module.eks-cluster.aws_security_group_rule.cluster",
            "module.eks.module.eks-cluster.aws_security_group_rule.node",
            "module.eks.module.eks-cluster.data.aws_caller_identity.current",
            "module.eks.module.eks-cluster.data.aws_eks_addon_version.this",
            "module.eks.module.eks-cluster.data.aws_iam_policy_document.assume_role_policy",
            "module.eks.module.eks-cluster.data.aws_iam_policy_document.cni_ipv6_policy",
            "module.eks.module.eks-cluster.data.aws_iam_policy_document.custom",
            "module.eks.module.eks-cluster.data.aws_iam_policy_document.node_assume_role_policy",
            "module.eks.module.eks-cluster.data.aws_iam_session_context.current",
            "module.eks.module.eks-cluster.data.aws_partition.current",
            "module.eks.module.eks-cluster.data.tls_certificate.this",
            "module.eks.module.eks-cluster.module.eks_managed_node_group.aws_autoscaling_schedule.this",
            "module.eks.module.eks-cluster.module.eks_managed_node_group.aws_eks_node_group.this",
            "module.eks.module.eks-cluster.module.eks_managed_node_group.aws_iam_role.this",
            "module.eks.module.eks-cluster.module.eks_managed_node_group.aws_iam_role_policy.this",
            "module.eks.module.eks-cluster.module.eks_managed_node_group.aws_iam_role_policy_attachment.additional",
            "module.eks.module.eks-cluster.module.eks_managed_node_group.aws_iam_role_policy_attachment.this",
            "module.eks.module.eks-cluster.module.eks_managed_node_group.aws_launch_template.this",
            "module.eks.module.eks-cluster.module.eks_managed_node_group.aws_placement_group.this",
            "module.eks.module.eks-cluster.module.eks_managed_node_group.data.aws_caller_identity.current",
            "module.eks.module.eks-cluster.module.eks_managed_node_group.data.aws_ec2_instance_type.this",
            "module.eks.module.eks-cluster.module.eks_managed_node_group.data.aws_ec2_instance_type_offerings.this",
            "module.eks.module.eks-cluster.module.eks_managed_node_group.data.aws_iam_policy_document.assume_role_policy",
            "module.eks.module.eks-cluster.module.eks_managed_node_group.data.aws_iam_policy_document.role",
            "module.eks.module.eks-cluster.module.eks_managed_node_group.data.aws_partition.current",
            "module.eks.module.eks-cluster.module.eks_managed_node_group.data.aws_ssm_parameter.ami",
            "module.eks.module.eks-cluster.module.eks_managed_node_group.data.aws_subnets.placement_group",
            "module.eks.module.eks-cluster.module.eks_managed_node_group.module.user_data.data.cloudinit_config.al2023_eks_managed_node_group",
            "module.eks.module.eks-cluster.module.eks_managed_node_group.module.user_data.data.cloudinit_config.linux_eks_managed_node_group",
            "module.eks.module.eks-cluster.module.eks_managed_node_group.module.user_data.null_resource.validate_cluster_service_cidr",
            "module.eks.module.eks-cluster.module.fargate_profile.aws_eks_fargate_profile.this",
            "module.eks.module.eks-cluster.module.fargate_profile.aws_iam_role.this",
            "module.eks.module.eks-cluster.module.fargate_profile.aws_iam_role_policy.this",
            "module.eks.module.eks-cluster.module.fargate_profile.aws_iam_role_policy_attachment.additional",
            "module.eks.module.eks-cluster.module.fargate_profile.aws_iam_role_policy_attachment.this",
            "module.eks.module.eks-cluster.module.fargate_profile.data.aws_caller_identity.current",
            "module.eks.module.eks-cluster.module.fargate_profile.data.aws_iam_policy_document.assume_role_policy",
            "module.eks.module.eks-cluster.module.fargate_profile.data.aws_iam_policy_document.role",
            "module.eks.module.eks-cluster.module.fargate_profile.data.aws_partition.current",
            "module.eks.module.eks-cluster.module.fargate_profile.data.aws_region.current",
            "module.eks.module.eks-cluster.module.kms.aws_kms_alias.this",
            "module.eks.module.eks-cluster.module.kms.aws_kms_external_key.this",
            "module.eks.module.eks-cluster.module.kms.aws_kms_grant.this",
            "module.eks.module.eks-cluster.module.kms.aws_kms_key.this",
            "module.eks.module.eks-cluster.module.kms.aws_kms_replica_external_key.this",
            "module.eks.module.eks-cluster.module.kms.aws_kms_replica_key.this",
            "module.eks.module.eks-cluster.module.kms.data.aws_caller_identity.current",
            "module.eks.module.eks-cluster.module.kms.data.aws_iam_policy_document.this",
            "module.eks.module.eks-cluster.module.kms.data.aws_partition.current",
            "module.eks.module.eks-cluster.module.self_managed_node_group.aws_autoscaling_group.this",
            "module.eks.module.eks-cluster.module.self_managed_node_group.aws_autoscaling_schedule.this",
            "module.eks.module.eks-cluster.module.self_managed_node_group.aws_eks_access_entry.this",
            "module.eks.module.eks-cluster.module.self_managed_node_group.aws_iam_instance_profile.this",
            "module.eks.module.eks-cluster.module.self_managed_node_group.aws_iam_role.this",
            "module.eks.module.eks-cluster.module.self_managed_node_group.aws_iam_role_policy.this",
            "module.eks.module.eks-cluster.module.self_managed_node_group.aws_iam_role_policy_attachment.additional",
            "module.eks.module.eks-cluster.module.self_managed_node_group.aws_iam_role_policy_attachment.this",
            "module.eks.module.eks-cluster.module.self_managed_node_group.aws_launch_template.this",
            "module.eks.module.eks-cluster.module.self_managed_node_group.aws_placement_group.this",
            "module.eks.module.eks-cluster.module.self_managed_node_group.data.aws_caller_identity.current",
            "module.eks.module.eks-cluster.module.self_managed_node_group.data.aws_ec2_instance_type.this",
            "module.eks.module.eks-cluster.module.self_managed_node_group.data.aws_ec2_instance_type_offerings.this",
            "module.eks.module.eks-cluster.module.self_managed_node_group.data.aws_iam_policy_document.assume_role_policy",
            "module.eks.module.eks-cluster.module.self_managed_node_group.data.aws_iam_policy_document.role",
            "module.eks.module.eks-cluster.module.self_managed_node_group.data.aws_partition.current",
            "module.eks.module.eks-cluster.module.self_managed_node_group.data.aws_ssm_parameter.ami",
            "module.eks.module.eks-cluster.module.self_managed_node_group.data.aws_subnets.placement_group",
            "module.eks.module.eks-cluster.module.self_managed_node_group.module.user_data.data.cloudinit_config.al2023_eks_managed_node_group",
            "module.eks.module.eks-cluster.module.self_managed_node_group.module.user_data.data.cloudinit_config.linux_eks_managed_node_group",
            "module.eks.module.eks-cluster.module.self_managed_node_group.module.user_data.null_resource.validate_cluster_service_cidr",
            "module.eks.module.eks-cluster.time_sleep.this",
            "module.eks_rbac.aws_iam_role.this",
            "module.eks_rbac.data.aws_iam_policy_document.assume_role_policy"
          ]
        },
        {
          "index_key": "ccoe-team",
          "schema_version": 0,
          "attributes": {
            "access_entry_arn": "arn:aws:eks:ap-southeast-3:381491966185:access-entry/dana-jagoan-neon-eks/role/381491966185/eks-ccoe-team-access-role/a2cda221-0992-4368-cc7d-9ef2195a32f5",
            "cluster_name": "dana-jagoan-neon-eks",
            "created_at": "2025-12-22T04:12:19Z",
            "id": "dana-jagoan-neon-eks:arn:aws:iam::381491966185:role/eks-ccoe-team-access-role",
            "kubernetes_groups": [
              "eks-ccoe-team-access-role"
            ],
            "modified_at": "2025-12-22T04:12:19Z",
            "principal_arn": "arn:aws:iam::381491966185:role/eks-ccoe-team-access-role",
            "tags": {},
            "tags_all": {},
            "timeouts": null,
            "type": "STANDARD",
            "user_name": "arn:aws:sts::381491966185:assumed-role/eks-ccoe-team-access-role/{{SessionName}}"
          },
          "sensitive_attributes": [],
          "private": "eyJlMmJmYjczMC1lY2FhLTExZTYtOGY4OC0zNDM2M2JjN2M0YzAiOnsiY3JlYXRlIjo2MDAwMDAwMDAwMDAsImRlbGV0ZSI6NjAwMDAwMDAwMDAwfX0=",
          "dependencies": [
            "data.aws_caller_identity.current",
            "module.eks.aws_iam_policy.adot_collector",
            "module.eks.aws_iam_policy.aws_load_balancer_controller",
            "module.eks.aws_iam_policy.cluster_autoscaler",
            "module.eks.aws_iam_policy.infra_admin_policy",
            "module.eks.aws_iam_policy.sharedCMK",
            "module.eks.aws_iam_role.adot_collector",
            "module.eks.aws_iam_role.aws_load_balancer_controller",
            "module.eks.aws_iam_role.cluster_autoscaler",
            "module.eks.aws_iam_role.eks_node_role",
            "module.eks.aws_iam_role.infra_role",
            "module.eks.aws_iam_role.sharedCMK",
            "module.eks.aws_iam_role_policy_attachment.adot_collector",
            "module.eks.aws_iam_role_policy_attachment.aws_load_balancer_controller",
            "module.eks.aws_iam_role_policy_attachment.cluster_autoscaler",
            "module.eks.aws_iam_role_policy_attachment.eks_node_alb_controller",
            "module.eks.aws_iam_role_policy_attachment.eks_node_cmk",
            "module.eks.aws_iam_role_policy_attachment.eks_node_cni",
            "module.eks.aws_iam_role_policy_attachment.eks_node_ecr",
            "module.eks.aws_iam_role_policy_attachment.eks_node_ssm",
            "module.eks.aws_iam_role_policy_attachment.eks_node_worker",
            "module.eks.aws_iam_role_policy_attachment.infra_attach_AdministratorAccess_AWS",
            "module.eks.aws_iam_role_policy_attachment.infra_attach_admin",
            "module.eks.aws_iam_role_policy_attachment.sharedCMK",
            "module.eks.data.aws_availability_zones.available",
            "module.eks.data.aws_caller_identity.current",
            "module.eks.data.aws_elb_service_account.main",
            "module.eks.data.aws_iam_policy_document.eks_assume_role_policy",
            "module.eks.data.aws_internet_gateway.default",
            "module.eks.data.aws_network_acls.private_nacl",
            "module.eks.data.aws_network_acls.protected_nacl",
            "module.eks.data.aws_network_acls.public_nacl",
            "module.eks.data.aws_region.current",
            "module.eks.data.aws_subnet.private_subnet",
            "module.eks.data.aws_subnets.private_subnets",
            "module.eks.data.aws_subnets.public_subnets",
            "module.eks.data.aws_vpc.selected",
            "module.eks.data.template_file.bastion_userdata",
            "module.eks.kubernetes_cluster_role_binding.infra_admin",
            "module.eks.kubernetes_service_account.infra_sa",
            "module.eks.module.eks-cluster.aws_cloudwatch_log_group.this",
            "module.eks.module.eks-cluster.aws_ec2_tag.cluster_primary_security_group",
            "module.eks.module.eks-cluster.aws_eks_access_entry.this",
            "module.eks.module.eks-cluster.aws_eks_access_policy_association.this",
            "module.eks.module.eks-cluster.aws_eks_addon.before_compute",
            "module.eks.module.eks-cluster.aws_eks_addon.this",
            "module.eks.module.eks-cluster.aws_eks_cluster.this",
            "module.eks.module.eks-cluster.aws_eks_identity_provider_config.this",
            "module.eks.module.eks-cluster.aws_iam_openid_connect_provider.oidc_provider",
            "module.eks.module.eks-cluster.aws_iam_policy.cluster_encryption",
            "module.eks.module.eks-cluster.aws_iam_policy.cni_ipv6_policy",
            "module.eks.module.eks-cluster.aws_iam_policy.custom",
            "module.eks.module.eks-cluster.aws_iam_role.eks_auto",
            "module.eks.module.eks-cluster.aws_iam_role.this",
            "module.eks.module.eks-cluster.aws_iam_role_policy_attachment.additional",
            "module.eks.module.eks-cluster.aws_iam_role_policy_attachment.cluster_encryption",
            "module.eks.module.eks-cluster.aws_iam_role_policy_attachment.custom",
            "module.eks.module.eks-cluster.aws_iam_role_policy_attachment.eks_auto",
            "module.eks.module.eks-cluster.aws_iam_role_policy_attachment.eks_auto_additional",
            "module.eks.module.eks-cluster.aws_iam_role_policy_attachment.this",
            "module.eks.module.eks-cluster.aws_security_group.cluster",
            "module.eks.module.eks-cluster.aws_security_group.node",
            "module.eks.module.eks-cluster.aws_security_group_rule.cluster",
            "module.eks.module.eks-cluster.aws_security_group_rule.node",
            "module.eks.module.eks-cluster.data.aws_caller_identity.current",
            "module.eks.module.eks-cluster.data.aws_eks_addon_version.this",
            "module.eks.module.eks-cluster.data.aws_iam_policy_document.assume_role_policy",
            "module.eks.module.eks-cluster.data.aws_iam_policy_document.cni_ipv6_policy",
            "module.eks.module.eks-cluster.data.aws_iam_policy_document.custom",
            "module.eks.module.eks-cluster.data.aws_iam_policy_document.node_assume_role_policy",
            "module.eks.module.eks-cluster.data.aws_iam_session_context.current",
            "module.eks.module.eks-cluster.data.aws_partition.current",
            "module.eks.module.eks-cluster.data.tls_certificate.this",
            "module.eks.module.eks-cluster.module.eks_managed_node_group.aws_autoscaling_schedule.this",
            "module.eks.module.eks-cluster.module.eks_managed_node_group.aws_eks_node_group.this",
            "module.eks.module.eks-cluster.module.eks_managed_node_group.aws_iam_role.this",
            "module.eks.module.eks-cluster.module.eks_managed_node_group.aws_iam_role_policy.this",
            "module.eks.module.eks-cluster.module.eks_managed_node_group.aws_iam_role_policy_attachment.additional",
            "module.eks.module.eks-cluster.module.eks_managed_node_group.aws_iam_role_policy_attachment.this",
            "module.eks.module.eks-cluster.module.eks_managed_node_group.aws_launch_template.this",
            "module.eks.module.eks-cluster.module.eks_managed_node_group.aws_placement_group.this",
            "module.eks.module.eks-cluster.module.eks_managed_node_group.data.aws_caller_identity.current",
            "module.eks.module.eks-cluster.module.eks_managed_node_group.data.aws_ec2_instance_type.this",
            "module.eks.module.eks-cluster.module.eks_managed_node_group.data.aws_ec2_instance_type_offerings.this",
            "module.eks.module.eks-cluster.module.eks_managed_node_group.data.aws_iam_policy_document.assume_role_policy",
            "module.eks.module.eks-cluster.module.eks_managed_node_group.data.aws_iam_policy_document.role",
            "module.eks.module.eks-cluster.module.eks_managed_node_group.data.aws_partition.current",
            "module.eks.module.eks-cluster.module.eks_managed_node_group.data.aws_ssm_parameter.ami",
            "module.eks.module.eks-cluster.module.eks_managed_node_group.data.aws_subnets.placement_group",
            "module.eks.module.eks-cluster.module.eks_managed_node_group.module.user_data.data.cloudinit_config.al2023_eks_managed_node_group",
            "module.eks.module.eks-cluster.module.eks_managed_node_group.module.user_data.data.cloudinit_config.linux_eks_managed_node_group",
            "module.eks.module.eks-cluster.module.eks_managed_node_group.module.user_data.null_resource.validate_cluster_service_cidr",
            "module.eks.module.eks-cluster.module.fargate_profile.aws_eks_fargate_profile.this",
            "module.eks.module.eks-cluster.module.fargate_profile.aws_iam_role.this",
            "module.eks.module.eks-cluster.module.fargate_profile.aws_iam_role_policy.this",
            "module.eks.module.eks-cluster.module.fargate_profile.aws_iam_role_policy_attachment.additional",
            "module.eks.module.eks-cluster.module.fargate_profile.aws_iam_role_policy_attachment.this",
            "module.eks.module.eks-cluster.module.fargate_profile.data.aws_caller_identity.current",
            "module.eks.module.eks-cluster.module.fargate_profile.data.aws_iam_policy_document.assume_role_policy",
            "module.eks.module.eks-cluster.module.fargate_profile.data.aws_iam_policy_document.role",
            "module.eks.module.eks-cluster.module.fargate_profile.data.aws_partition.current",
            "module.eks.module.eks-cluster.module.fargate_profile.data.aws_region.current",
            "module.eks.module.eks-cluster.module.kms.aws_kms_alias.this",
            "module.eks.module.eks-cluster.module.kms.aws_kms_external_key.this",
            "module.eks.module.eks-cluster.module.kms.aws_kms_grant.this",
            "module.eks.module.eks-cluster.module.kms.aws_kms_key.this",
            "module.eks.module.eks-cluster.module.kms.aws_kms_replica_external_key.this",
            "module.eks.module.eks-cluster.module.kms.aws_kms_replica_key.this",
            "module.eks.module.eks-cluster.module.kms.data.aws_caller_identity.current",
            "module.eks.module.eks-cluster.module.kms.data.aws_iam_policy_document.this",
            "module.eks.module.eks-cluster.module.kms.data.aws_partition.current",
            "module.eks.module.eks-cluster.module.self_managed_node_group.aws_autoscaling_group.this",
            "module.eks.module.eks-cluster.module.self_managed_node_group.aws_autoscaling_schedule.this",
            "module.eks.module.eks-cluster.module.self_managed_node_group.aws_eks_access_entry.this",
            "module.eks.module.eks-cluster.module.self_managed_node_group.aws_iam_instance_profile.this",
            "module.eks.module.eks-cluster.module.self_managed_node_group.aws_iam_role.this",
            "module.eks.module.eks-cluster.module.self_managed_node_group.aws_iam_role_policy.this",
            "module.eks.module.eks-cluster.module.self_managed_node_group.aws_iam_role_policy_attachment.additional",
            "module.eks.module.eks-cluster.module.self_managed_node_group.aws_iam_role_policy_attachment.this",
            "module.eks.module.eks-cluster.module.self_managed_node_group.aws_launch_template.this",
            "module.eks.module.eks-cluster.module.self_managed_node_group.aws_placement_group.this",
            "module.eks.module.eks-cluster.module.self_managed_node_group.data.aws_caller_identity.current",
            "module.eks.module.eks-cluster.module.self_managed_node_group.data.aws_ec2_instance_type.this",
            "module.eks.module.eks-cluster.module.self_managed_node_group.data.aws_ec2_instance_type_offerings.this",
            "module.eks.module.eks-cluster.module.self_managed_node_group.data.aws_iam_policy_document.assume_role_policy",
            "module.eks.module.eks-cluster.module.self_managed_node_group.data.aws_iam_policy_document.role",
            "module.eks.module.eks-cluster.module.self_managed_node_group.data.aws_partition.current",
            "module.eks.module.eks-cluster.module.self_managed_node_group.data.aws_ssm_parameter.ami",
            "module.eks.module.eks-cluster.module.self_managed_node_group.data.aws_subnets.placement_group",
            "module.eks.module.eks-cluster.module.self_managed_node_group.module.user_data.data.cloudinit_config.al2023_eks_managed_node_group",
            "module.eks.module.eks-cluster.module.self_managed_node_group.module.user_data.data.cloudinit_config.linux_eks_managed_node_group",
            "module.eks.module.eks-cluster.module.self_managed_node_group.module.user_data.null_resource.validate_cluster_service_cidr",
            "module.eks.module.eks-cluster.time_sleep.this",
            "module.eks_rbac.aws_iam_role.this",
            "module.eks_rbac.data.aws_iam_policy_document.assume_role_policy"
          ]
        },
        {
          "index_key": "jenkins-agent",
          "schema_version": 0,
          "attributes": {
            "access_entry_arn": "arn:aws:eks:ap-southeast-3:381491966185:access-entry/dana-jagoan-neon-eks/role/381491966185/eks-jenkins-agent-access-role/34cda221-0958-be1a-f772-5a434be3d5b3",
            "cluster_name": "dana-jagoan-neon-eks",
            "created_at": "2025-12-22T04:12:19Z",
            "id": "dana-jagoan-neon-eks:arn:aws:iam::381491966185:role/eks-jenkins-agent-access-role",
            "kubernetes_groups": [
              "eks-jenkins-agent-access-role"
            ],
            "modified_at": "2025-12-22T04:12:19Z",
            "principal_arn": "arn:aws:iam::381491966185:role/eks-jenkins-agent-access-role",
            "tags": {},
            "tags_all": {},
            "timeouts": null,
            "type": "STANDARD",
            "user_name": "arn:aws:sts::381491966185:assumed-role/eks-jenkins-agent-access-role/{{SessionName}}"
          },
          "sensitive_attributes": [],
          "private": "eyJlMmJmYjczMC1lY2FhLTExZTYtOGY4OC0zNDM2M2JjN2M0YzAiOnsiY3JlYXRlIjo2MDAwMDAwMDAwMDAsImRlbGV0ZSI6NjAwMDAwMDAwMDAwfX0=",
          "dependencies": [
            "data.aws_caller_identity.current",
            "module.eks.aws_iam_policy.adot_collector",
            "module.eks.aws_iam_policy.aws_load_balancer_controller",
            "module.eks.aws_iam_policy.cluster_autoscaler",
            "module.eks.aws_iam_policy.infra_admin_policy",
            "module.eks.aws_iam_policy.sharedCMK",
            "module.eks.aws_iam_role.adot_collector",
            "module.eks.aws_iam_role.aws_load_balancer_controller",
            "module.eks.aws_iam_role.cluster_autoscaler",
            "module.eks.aws_iam_role.eks_node_role",
            "module.eks.aws_iam_role.infra_role",
            "module.eks.aws_iam_role.sharedCMK",
            "module.eks.aws_iam_role_policy_attachment.adot_collector",
            "module.eks.aws_iam_role_policy_attachment.aws_load_balancer_controller",
            "module.eks.aws_iam_role_policy_attachment.cluster_autoscaler",
            "module.eks.aws_iam_role_policy_attachment.eks_node_alb_controller",
            "module.eks.aws_iam_role_policy_attachment.eks_node_cmk",
            "module.eks.aws_iam_role_policy_attachment.eks_node_cni",
            "module.eks.aws_iam_role_policy_attachment.eks_node_ecr",
            "module.eks.aws_iam_role_policy_attachment.eks_node_ssm",
            "module.eks.aws_iam_role_policy_attachment.eks_node_worker",
            "module.eks.aws_iam_role_policy_attachment.infra_attach_AdministratorAccess_AWS",
            "module.eks.aws_iam_role_policy_attachment.infra_attach_admin",
            "module.eks.aws_iam_role_policy_attachment.sharedCMK",
            "module.eks.data.aws_availability_zones.available",
            "module.eks.data.aws_caller_identity.current",
            "module.eks.data.aws_elb_service_account.main",
            "module.eks.data.aws_iam_policy_document.eks_assume_role_policy",
            "module.eks.data.aws_internet_gateway.default",
            "module.eks.data.aws_network_acls.private_nacl",
            "module.eks.data.aws_network_acls.protected_nacl",
            "module.eks.data.aws_network_acls.public_nacl",
            "module.eks.data.aws_region.current",
            "module.eks.data.aws_subnet.private_subnet",
            "module.eks.data.aws_subnets.private_subnets",
            "module.eks.data.aws_subnets.public_subnets",
            "module.eks.data.aws_vpc.selected",
            "module.eks.data.template_file.bastion_userdata",
            "module.eks.kubernetes_cluster_role_binding.infra_admin",
            "module.eks.kubernetes_service_account.infra_sa",
            "module.eks.module.eks-cluster.aws_cloudwatch_log_group.this",
            "module.eks.module.eks-cluster.aws_ec2_tag.cluster_primary_security_group",
            "module.eks.module.eks-cluster.aws_eks_access_entry.this",
            "module.eks.module.eks-cluster.aws_eks_access_policy_association.this",
            "module.eks.module.eks-cluster.aws_eks_addon.before_compute",
            "module.eks.module.eks-cluster.aws_eks_addon.this",
            "module.eks.module.eks-cluster.aws_eks_cluster.this",
            "module.eks.module.eks-cluster.aws_eks_identity_provider_config.this",
            "module.eks.module.eks-cluster.aws_iam_openid_connect_provider.oidc_provider",
            "module.eks.module.eks-cluster.aws_iam_policy.cluster_encryption",
            "module.eks.module.eks-cluster.aws_iam_policy.cni_ipv6_policy",
            "module.eks.module.eks-cluster.aws_iam_policy.custom",
            "module.eks.module.eks-cluster.aws_iam_role.eks_auto",
            "module.eks.module.eks-cluster.aws_iam_role.this",
            "module.eks.module.eks-cluster.aws_iam_role_policy_attachment.additional",
            "module.eks.module.eks-cluster.aws_iam_role_policy_attachment.cluster_encryption",
            "module.eks.module.eks-cluster.aws_iam_role_policy_attachment.custom",
            "module.eks.module.eks-cluster.aws_iam_role_policy_attachment.eks_auto",
            "module.eks.module.eks-cluster.aws_iam_role_policy_attachment.eks_auto_additional",
            "module.eks.module.eks-cluster.aws_iam_role_policy_attachment.this",
            "module.eks.module.eks-cluster.aws_security_group.cluster",
            "module.eks.module.eks-cluster.aws_security_group.node",
            "module.eks.module.eks-cluster.aws_security_group_rule.cluster",
            "module.eks.module.eks-cluster.aws_security_group_rule.node",
            "module.eks.module.eks-cluster.data.aws_caller_identity.current",
            "module.eks.module.eks-cluster.data.aws_eks_addon_version.this",
            "module.eks.module.eks-cluster.data.aws_iam_policy_document.assume_role_policy",
            "module.eks.module.eks-cluster.data.aws_iam_policy_document.cni_ipv6_policy",
            "module.eks.module.eks-cluster.data.aws_iam_policy_document.custom",
            "module.eks.module.eks-cluster.data.aws_iam_policy_document.node_assume_role_policy",
            "module.eks.module.eks-cluster.data.aws_iam_session_context.current",
            "module.eks.module.eks-cluster.data.aws_partition.current",
            "module.eks.module.eks-cluster.data.tls_certificate.this",
            "module.eks.module.eks-cluster.module.eks_managed_node_group.aws_autoscaling_schedule.this",
            "module.eks.module.eks-cluster.module.eks_managed_node_group.aws_eks_node_group.this",
            "module.eks.module.eks-cluster.module.eks_managed_node_group.aws_iam_role.this",
            "module.eks.module.eks-cluster.module.eks_managed_node_group.aws_iam_role_policy.this",
            "module.eks.module.eks-cluster.module.eks_managed_node_group.aws_iam_role_policy_attachment.additional",
            "module.eks.module.eks-cluster.module.eks_managed_node_group.aws_iam_role_policy_attachment.this",
            "module.eks.module.eks-cluster.module.eks_managed_node_group.aws_launch_template.this",
            "module.eks.module.eks-cluster.module.eks_managed_node_group.aws_placement_group.this",
            "module.eks.module.eks-cluster.module.eks_managed_node_group.data.aws_caller_identity.current",
            "module.eks.module.eks-cluster.module.eks_managed_node_group.data.aws_ec2_instance_type.this",
            "module.eks.module.eks-cluster.module.eks_managed_node_group.data.aws_ec2_instance_type_offerings.this",
            "module.eks.module.eks-cluster.module.eks_managed_node_group.data.aws_iam_policy_document.assume_role_policy",
            "module.eks.module.eks-cluster.module.eks_managed_node_group.data.aws_iam_policy_document.role",
            "module.eks.module.eks-cluster.module.eks_managed_node_group.data.aws_partition.current",
            "module.eks.module.eks-cluster.module.eks_managed_node_group.data.aws_ssm_parameter.ami",
            "module.eks.module.eks-cluster.module.eks_managed_node_group.data.aws_subnets.placement_group",
            "module.eks.module.eks-cluster.module.eks_managed_node_group.module.user_data.data.cloudinit_config.al2023_eks_managed_node_group",
            "module.eks.module.eks-cluster.module.eks_managed_node_group.module.user_data.data.cloudinit_config.linux_eks_managed_node_group",
            "module.eks.module.eks-cluster.module.eks_managed_node_group.module.user_data.null_resource.validate_cluster_service_cidr",
            "module.eks.module.eks-cluster.module.fargate_profile.aws_eks_fargate_profile.this",
            "module.eks.module.eks-cluster.module.fargate_profile.aws_iam_role.this",
            "module.eks.module.eks-cluster.module.fargate_profile.aws_iam_role_policy.this",
            "module.eks.module.eks-cluster.module.fargate_profile.aws_iam_role_policy_attachment.additional",
            "module.eks.module.eks-cluster.module.fargate_profile.aws_iam_role_policy_attachment.this",
            "module.eks.module.eks-cluster.module.fargate_profile.data.aws_caller_identity.current",
            "module.eks.module.eks-cluster.module.fargate_profile.data.aws_iam_policy_document.assume_role_policy",
            "module.eks.module.eks-cluster.module.fargate_profile.data.aws_iam_policy_document.role",
            "module.eks.module.eks-cluster.module.fargate_profile.data.aws_partition.current",
            "module.eks.module.eks-cluster.module.fargate_profile.data.aws_region.current",
            "module.eks.module.eks-cluster.module.kms.aws_kms_alias.this",
            "module.eks.module.eks-cluster.module.kms.aws_kms_external_key.this",
            "module.eks.module.eks-cluster.module.kms.aws_kms_grant.this",
            "module.eks.module.eks-cluster.module.kms.aws_kms_key.this",
            "module.eks.module.eks-cluster.module.kms.aws_kms_replica_external_key.this",
            "module.eks.module.eks-cluster.module.kms.aws_kms_replica_key.this",
            "module.eks.module.eks-cluster.module.kms.data.aws_caller_identity.current",
            "module.eks.module.eks-cluster.module.kms.data.aws_iam_policy_document.this",
            "module.eks.module.eks-cluster.module.kms.data.aws_partition.current",
            "module.eks.module.eks-cluster.module.self_managed_node_group.aws_autoscaling_group.this",
            "module.eks.module.eks-cluster.module.self_managed_node_group.aws_autoscaling_schedule.this",
            "module.eks.module.eks-cluster.module.self_managed_node_group.aws_eks_access_entry.this",
            "module.eks.module.eks-cluster.module.self_managed_node_group.aws_iam_instance_profile.this",
            "module.eks.module.eks-cluster.module.self_managed_node_group.aws_iam_role.this",
            "module.eks.module.eks-cluster.module.self_managed_node_group.aws_iam_role_policy.this",
            "module.eks.module.eks-cluster.module.self_managed_node_group.aws_iam_role_policy_attachment.additional",
            "module.eks.module.eks-cluster.module.self_managed_node_group.aws_iam_role_policy_attachment.this",
            "module.eks.module.eks-cluster.module.self_managed_node_group.aws_launch_template.this",
            "module.eks.module.eks-cluster.module.self_managed_node_group.aws_placement_group.this",
            "module.eks.module.eks-cluster.module.self_managed_node_group.data.aws_caller_identity.current",
            "module.eks.module.eks-cluster.module.self_managed_node_group.data.aws_ec2_instance_type.this",
            "module.eks.module.eks-cluster.module.self_managed_node_group.data.aws_ec2_instance_type_offerings.this",
            "module.eks.module.eks-cluster.module.self_managed_node_group.data.aws_iam_policy_document.assume_role_policy",
            "module.eks.module.eks-cluster.module.self_managed_node_group.data.aws_iam_policy_document.role",
            "module.eks.module.eks-cluster.module.self_managed_node_group.data.aws_partition.current",
            "module.eks.module.eks-cluster.module.self_managed_node_group.data.aws_ssm_parameter.ami",
            "module.eks.module.eks-cluster.module.self_managed_node_group.data.aws_subnets.placement_group",
            "module.eks.module.eks-cluster.module.self_managed_node_group.module.user_data.data.cloudinit_config.al2023_eks_managed_node_group",
            "module.eks.module.eks-cluster.module.self_managed_node_group.module.user_data.data.cloudinit_config.linux_eks_managed_node_group",
            "module.eks.module.eks-cluster.module.self_managed_node_group.module.user_data.null_resource.validate_cluster_service_cidr",
            "module.eks.module.eks-cluster.time_sleep.this",
            "module.eks_rbac.aws_iam_role.this",
            "module.eks_rbac.data.aws_iam_policy_document.assume_role_policy"
          ]
        },
        {
          "index_key": "jenkins-controller",
          "schema_version": 0,
          "attributes": {
            "access_entry_arn": "arn:aws:eks:ap-southeast-3:381491966185:access-entry/dana-jagoan-neon-eks/role/381491966185/eks-jenkins-controller-access-role/1ccda221-095b-caaa-8c68-8e1c99ee2c8b",
            "cluster_name": "dana-jagoan-neon-eks",
            "created_at": "2025-12-22T04:12:19Z",
            "id": "dana-jagoan-neon-eks:arn:aws:iam::381491966185:role/eks-jenkins-controller-access-role",
            "kubernetes_groups": [
              "eks-jenkins-controller-access-role"
            ],
            "modified_at": "2025-12-22T04:12:19Z",
            "principal_arn": "arn:aws:iam::381491966185:role/eks-jenkins-controller-access-role",
            "tags": {},
            "tags_all": {},
            "timeouts": null,
            "type": "STANDARD",
            "user_name": "arn:aws:sts::381491966185:assumed-role/eks-jenkins-controller-access-role/{{SessionName}}"
          },
          "sensitive_attributes": [],
          "private": "eyJlMmJmYjczMC1lY2FhLTExZTYtOGY4OC0zNDM2M2JjN2M0YzAiOnsiY3JlYXRlIjo2MDAwMDAwMDAwMDAsImRlbGV0ZSI6NjAwMDAwMDAwMDAwfX0=",
          "dependencies": [
            "data.aws_caller_identity.current",
            "module.eks.aws_iam_policy.adot_collector",
            "module.eks.aws_iam_policy.aws_load_balancer_controller",
            "module.eks.aws_iam_policy.cluster_autoscaler",
            "module.eks.aws_iam_policy.infra_admin_policy",
            "module.eks.aws_iam_policy.sharedCMK",
            "module.eks.aws_iam_role.adot_collector",
            "module.eks.aws_iam_role.aws_load_balancer_controller",
            "module.eks.aws_iam_role.cluster_autoscaler",
            "module.eks.aws_iam_role.eks_node_role",
            "module.eks.aws_iam_role.infra_role",
            "module.eks.aws_iam_role.sharedCMK",
            "module.eks.aws_iam_role_policy_attachment.adot_collector",
            "module.eks.aws_iam_role_policy_attachment.aws_load_balancer_controller",
            "module.eks.aws_iam_role_policy_attachment.cluster_autoscaler",
            "module.eks.aws_iam_role_policy_attachment.eks_node_alb_controller",
            "module.eks.aws_iam_role_policy_attachment.eks_node_cmk",
            "module.eks.aws_iam_role_policy_attachment.eks_node_cni",
            "module.eks.aws_iam_role_policy_attachment.eks_node_ecr",
            "module.eks.aws_iam_role_policy_attachment.eks_node_ssm",
            "module.eks.aws_iam_role_policy_attachment.eks_node_worker",
            "module.eks.aws_iam_role_policy_attachment.infra_attach_AdministratorAccess_AWS",
            "module.eks.aws_iam_role_policy_attachment.infra_attach_admin",
            "module.eks.aws_iam_role_policy_attachment.sharedCMK",
            "module.eks.data.aws_availability_zones.available",
            "module.eks.data.aws_caller_identity.current",
            "module.eks.data.aws_elb_service_account.main",
            "module.eks.data.aws_iam_policy_document.eks_assume_role_policy",
            "module.eks.data.aws_internet_gateway.default",
            "module.eks.data.aws_network_acls.private_nacl",
            "module.eks.data.aws_network_acls.protected_nacl",
            "module.eks.data.aws_network_acls.public_nacl",
            "module.eks.data.aws_region.current",
            "module.eks.data.aws_subnet.private_subnet",
            "module.eks.data.aws_subnets.private_subnets",
            "module.eks.data.aws_subnets.public_subnets",
            "module.eks.data.aws_vpc.selected",
            "module.eks.data.template_file.bastion_userdata",
            "module.eks.kubernetes_cluster_role_binding.infra_admin",
            "module.eks.kubernetes_service_account.infra_sa",
            "module.eks.module.eks-cluster.aws_cloudwatch_log_group.this",
            "module.eks.module.eks-cluster.aws_ec2_tag.cluster_primary_security_group",
            "module.eks.module.eks-cluster.aws_eks_access_entry.this",
            "module.eks.module.eks-cluster.aws_eks_access_policy_association.this",
            "module.eks.module.eks-cluster.aws_eks_addon.before_compute",
            "module.eks.module.eks-cluster.aws_eks_addon.this",
            "module.eks.module.eks-cluster.aws_eks_cluster.this",
            "module.eks.module.eks-cluster.aws_eks_identity_provider_config.this",
            "module.eks.module.eks-cluster.aws_iam_openid_connect_provider.oidc_provider",
            "module.eks.module.eks-cluster.aws_iam_policy.cluster_encryption",
            "module.eks.module.eks-cluster.aws_iam_policy.cni_ipv6_policy",
            "module.eks.module.eks-cluster.aws_iam_policy.custom",
            "module.eks.module.eks-cluster.aws_iam_role.eks_auto",
            "module.eks.module.eks-cluster.aws_iam_role.this",
            "module.eks.module.eks-cluster.aws_iam_role_policy_attachment.additional",
            "module.eks.module.eks-cluster.aws_iam_role_policy_attachment.cluster_encryption",
            "module.eks.module.eks-cluster.aws_iam_role_policy_attachment.custom",
            "module.eks.module.eks-cluster.aws_iam_role_policy_attachment.eks_auto",
            "module.eks.module.eks-cluster.aws_iam_role_policy_attachment.eks_auto_additional",
            "module.eks.module.eks-cluster.aws_iam_role_policy_attachment.this",
            "module.eks.module.eks-cluster.aws_security_group.cluster",
            "module.eks.module.eks-cluster.aws_security_group.node",
            "module.eks.module.eks-cluster.aws_security_group_rule.cluster",
            "module.eks.module.eks-cluster.aws_security_group_rule.node",
            "module.eks.module.eks-cluster.data.aws_caller_identity.current",
            "module.eks.module.eks-cluster.data.aws_eks_addon_version.this",
            "module.eks.module.eks-cluster.data.aws_iam_policy_document.assume_role_policy",
            "module.eks.module.eks-cluster.data.aws_iam_policy_document.cni_ipv6_policy",
            "module.eks.module.eks-cluster.data.aws_iam_policy_document.custom",
            "module.eks.module.eks-cluster.data.aws_iam_policy_document.node_assume_role_policy",
            "module.eks.module.eks-cluster.data.aws_iam_session_context.current",
            "module.eks.module.eks-cluster.data.aws_partition.current",
            "module.eks.module.eks-cluster.data.tls_certificate.this",
            "module.eks.module.eks-cluster.module.eks_managed_node_group.aws_autoscaling_schedule.this",
            "module.eks.module.eks-cluster.module.eks_managed_node_group.aws_eks_node_group.this",
            "module.eks.module.eks-cluster.module.eks_managed_node_group.aws_iam_role.this",
            "module.eks.module.eks-cluster.module.eks_managed_node_group.aws_iam_role_policy.this",
            "module.eks.module.eks-cluster.module.eks_managed_node_group.aws_iam_role_policy_attachment.additional",
            "module.eks.module.eks-cluster.module.eks_managed_node_group.aws_iam_role_policy_attachment.this",
            "module.eks.module.eks-cluster.module.eks_managed_node_group.aws_launch_template.this",
            "module.eks.module.eks-cluster.module.eks_managed_node_group.aws_placement_group.this",
            "module.eks.module.eks-cluster.module.eks_managed_node_group.data.aws_caller_identity.current",
            "module.eks.module.eks-cluster.module.eks_managed_node_group.data.aws_ec2_instance_type.this",
            "module.eks.module.eks-cluster.module.eks_managed_node_group.data.aws_ec2_instance_type_offerings.this",
            "module.eks.module.eks-cluster.module.eks_managed_node_group.data.aws_iam_policy_document.assume_role_policy",
            "module.eks.module.eks-cluster.module.eks_managed_node_group.data.aws_iam_policy_document.role",
            "module.eks.module.eks-cluster.module.eks_managed_node_group.data.aws_partition.current",
            "module.eks.module.eks-cluster.module.eks_managed_node_group.data.aws_ssm_parameter.ami",
            "module.eks.module.eks-cluster.module.eks_managed_node_group.data.aws_subnets.placement_group",
            "module.eks.module.eks-cluster.module.eks_managed_node_group.module.user_data.data.cloudinit_config.al2023_eks_managed_node_group",
            "module.eks.module.eks-cluster.module.eks_managed_node_group.module.user_data.data.cloudinit_config.linux_eks_managed_node_group",
            "module.eks.module.eks-cluster.module.eks_managed_node_group.module.user_data.null_resource.validate_cluster_service_cidr",
            "module.eks.module.eks-cluster.module.fargate_profile.aws_eks_fargate_profile.this",
            "module.eks.module.eks-cluster.module.fargate_profile.aws_iam_role.this",
            "module.eks.module.eks-cluster.module.fargate_profile.aws_iam_role_policy.this",
            "module.eks.module.eks-cluster.module.fargate_profile.aws_iam_role_policy_attachment.additional",
            "module.eks.module.eks-cluster.module.fargate_profile.aws_iam_role_policy_attachment.this",
            "module.eks.module.eks-cluster.module.fargate_profile.data.aws_caller_identity.current",
            "module.eks.module.eks-cluster.module.fargate_profile.data.aws_iam_policy_document.assume_role_policy",
            "module.eks.module.eks-cluster.module.fargate_profile.data.aws_iam_policy_document.role",
            "module.eks.module.eks-cluster.module.fargate_profile.data.aws_partition.current",
            "module.eks.module.eks-cluster.module.fargate_profile.data.aws_region.current",
            "module.eks.module.eks-cluster.module.kms.aws_kms_alias.this",
            "module.eks.module.eks-cluster.module.kms.aws_kms_external_key.this",
            "module.eks.module.eks-cluster.module.kms.aws_kms_grant.this",
            "module.eks.module.eks-cluster.module.kms.aws_kms_key.this",
            "module.eks.module.eks-cluster.module.kms.aws_kms_replica_external_key.this",
            "module.eks.module.eks-cluster.module.kms.aws_kms_replica_key.this",
            "module.eks.module.eks-cluster.module.kms.data.aws_caller_identity.current",
            "module.eks.module.eks-cluster.module.kms.data.aws_iam_policy_document.this",
            "module.eks.module.eks-cluster.module.kms.data.aws_partition.current",
            "module.eks.module.eks-cluster.module.self_managed_node_group.aws_autoscaling_group.this",
            "module.eks.module.eks-cluster.module.self_managed_node_group.aws_autoscaling_schedule.this",
            "module.eks.module.eks-cluster.module.self_managed_node_group.aws_eks_access_entry.this",
            "module.eks.module.eks-cluster.module.self_managed_node_group.aws_iam_instance_profile.this",
            "module.eks.module.eks-cluster.module.self_managed_node_group.aws_iam_role.this",
            "module.eks.module.eks-cluster.module.self_managed_node_group.aws_iam_role_policy.this",
            "module.eks.module.eks-cluster.module.self_managed_node_group.aws_iam_role_policy_attachment.additional",
            "module.eks.module.eks-cluster.module.self_managed_node_group.aws_iam_role_policy_attachment.this",
            "module.eks.module.eks-cluster.module.self_managed_node_group.aws_launch_template.this",
            "module.eks.module.eks-cluster.module.self_managed_node_group.aws_placement_group.this",
            "module.eks.module.eks-cluster.module.self_managed_node_group.data.aws_caller_identity.current",
            "module.eks.module.eks-cluster.module.self_managed_node_group.data.aws_ec2_instance_type.this",
            "module.eks.module.eks-cluster.module.self_managed_node_group.data.aws_ec2_instance_type_offerings.this",
            "module.eks.module.eks-cluster.module.self_managed_node_group.data.aws_iam_policy_document.assume_role_policy",
            "module.eks.module.eks-cluster.module.self_managed_node_group.data.aws_iam_policy_document.role",
            "module.eks.module.eks-cluster.module.self_managed_node_group.data.aws_partition.current",
            "module.eks.module.eks-cluster.module.self_managed_node_group.data.aws_ssm_parameter.ami",
            "module.eks.module.eks-cluster.module.self_managed_node_group.data.aws_subnets.placement_group",
            "module.eks.module.eks-cluster.module.self_managed_node_group.module.user_data.data.cloudinit_config.al2023_eks_managed_node_group",
            "module.eks.module.eks-cluster.module.self_managed_node_group.module.user_data.data.cloudinit_config.linux_eks_managed_node_group",
            "module.eks.module.eks-cluster.module.self_managed_node_group.module.user_data.null_resource.validate_cluster_service_cidr",
            "module.eks.module.eks-cluster.time_sleep.this",
            "module.eks_rbac.aws_iam_role.this",
            "module.eks_rbac.data.aws_iam_policy_document.assume_role_policy"
          ]
        }
      ]
    },
    {
      "module": "module.eks_rbac",
      "mode": "managed",
      "type": "aws_iam_role",
      "name": "this",
      "provider": "provider[\"registry.terraform.io/hashicorp/aws\"]",
      "instances": [
        {
          "index_key": "apps-team",
          "schema_version": 0,
          "attributes": {
            "arn": "arn:aws:iam::381491966185:role/eks-apps-team-access-role",
            "assume_role_policy": "{\"Statement\":[{\"Action\":\"sts:AssumeRole\",\"Effect\":\"Allow\",\"Principal\":{\"AWS\":\"arn:aws:iam::381491966185:root\"},\"Sid\":\"HumanUserAssumeRole\"}],\"Version\":\"2012-10-17\"}",
            "create_date": "2025-12-22T04:12:10Z",
            "description": "",
            "force_detach_policies": false,
            "id": "eks-apps-team-access-role",
            "inline_policy": [],
            "managed_policy_arns": [],
            "max_session_duration": 3600,
            "name": "eks-apps-team-access-role",
            "name_prefix": "",
            "path": "/",
            "permissions_boundary": "",
            "tags": {},
            "tags_all": {},
            "unique_id": "AROAVRUVRODUVUJTKV3Y7"
          },
          "sensitive_attributes": [],
          "private": "bnVsbA==",
          "dependencies": [
            "data.aws_caller_identity.current",
            "module.eks.aws_iam_policy.adot_collector",
            "module.eks.aws_iam_policy.aws_load_balancer_controller",
            "module.eks.aws_iam_policy.cluster_autoscaler",
            "module.eks.aws_iam_policy.infra_admin_policy",
            "module.eks.aws_iam_policy.sharedCMK",
            "module.eks.aws_iam_role.adot_collector",
            "module.eks.aws_iam_role.aws_load_balancer_controller",
            "module.eks.aws_iam_role.cluster_autoscaler",
            "module.eks.aws_iam_role.eks_node_role",
            "module.eks.aws_iam_role.infra_role",
            "module.eks.aws_iam_role.sharedCMK",
            "module.eks.aws_iam_role_policy_attachment.adot_collector",
            "module.eks.aws_iam_role_policy_attachment.aws_load_balancer_controller",
            "module.eks.aws_iam_role_policy_attachment.cluster_autoscaler",
            "module.eks.aws_iam_role_policy_attachment.eks_node_alb_controller",
            "module.eks.aws_iam_role_policy_attachment.eks_node_cmk",
            "module.eks.aws_iam_role_policy_attachment.eks_node_cni",
            "module.eks.aws_iam_role_policy_attachment.eks_node_ecr",
            "module.eks.aws_iam_role_policy_attachment.eks_node_ssm",
            "module.eks.aws_iam_role_policy_attachment.eks_node_worker",
            "module.eks.aws_iam_role_policy_attachment.infra_attach_AdministratorAccess_AWS",
            "module.eks.aws_iam_role_policy_attachment.infra_attach_admin",
            "module.eks.aws_iam_role_policy_attachment.sharedCMK",
            "module.eks.data.aws_availability_zones.available",
            "module.eks.data.aws_caller_identity.current",
            "module.eks.data.aws_elb_service_account.main",
            "module.eks.data.aws_iam_policy_document.eks_assume_role_policy",
            "module.eks.data.aws_internet_gateway.default",
            "module.eks.data.aws_network_acls.private_nacl",
            "module.eks.data.aws_network_acls.protected_nacl",
            "module.eks.data.aws_network_acls.public_nacl",
            "module.eks.data.aws_region.current",
            "module.eks.data.aws_subnet.private_subnet",
            "module.eks.data.aws_subnets.private_subnets",
            "module.eks.data.aws_subnets.public_subnets",
            "module.eks.data.aws_vpc.selected",
            "module.eks.data.template_file.bastion_userdata",
            "module.eks.kubernetes_cluster_role_binding.infra_admin",
            "module.eks.kubernetes_service_account.infra_sa",
            "module.eks.module.eks-cluster.aws_cloudwatch_log_group.this",
            "module.eks.module.eks-cluster.aws_ec2_tag.cluster_primary_security_group",
            "module.eks.module.eks-cluster.aws_eks_access_entry.this",
            "module.eks.module.eks-cluster.aws_eks_access_policy_association.this",
            "module.eks.module.eks-cluster.aws_eks_addon.before_compute",
            "module.eks.module.eks-cluster.aws_eks_addon.this",
            "module.eks.module.eks-cluster.aws_eks_cluster.this",
            "module.eks.module.eks-cluster.aws_eks_identity_provider_config.this",
            "module.eks.module.eks-cluster.aws_iam_openid_connect_provider.oidc_provider",
            "module.eks.module.eks-cluster.aws_iam_policy.cluster_encryption",
            "module.eks.module.eks-cluster.aws_iam_policy.cni_ipv6_policy",
            "module.eks.module.eks-cluster.aws_iam_policy.custom",
            "module.eks.module.eks-cluster.aws_iam_role.eks_auto",
            "module.eks.module.eks-cluster.aws_iam_role.this",
            "module.eks.module.eks-cluster.aws_iam_role_policy_attachment.additional",
            "module.eks.module.eks-cluster.aws_iam_role_policy_attachment.cluster_encryption",
            "module.eks.module.eks-cluster.aws_iam_role_policy_attachment.custom",
            "module.eks.module.eks-cluster.aws_iam_role_policy_attachment.eks_auto",
            "module.eks.module.eks-cluster.aws_iam_role_policy_attachment.eks_auto_additional",
            "module.eks.module.eks-cluster.aws_iam_role_policy_attachment.this",
            "module.eks.module.eks-cluster.aws_security_group.cluster",
            "module.eks.module.eks-cluster.aws_security_group.node",
            "module.eks.module.eks-cluster.aws_security_group_rule.cluster",
            "module.eks.module.eks-cluster.aws_security_group_rule.node",
            "module.eks.module.eks-cluster.data.aws_caller_identity.current",
            "module.eks.module.eks-cluster.data.aws_eks_addon_version.this",
            "module.eks.module.eks-cluster.data.aws_iam_policy_document.assume_role_policy",
            "module.eks.module.eks-cluster.data.aws_iam_policy_document.cni_ipv6_policy",
            "module.eks.module.eks-cluster.data.aws_iam_policy_document.custom",
            "module.eks.module.eks-cluster.data.aws_iam_policy_document.node_assume_role_policy",
            "module.eks.module.eks-cluster.data.aws_iam_session_context.current",
            "module.eks.module.eks-cluster.data.aws_partition.current",
            "module.eks.module.eks-cluster.data.tls_certificate.this",
            "module.eks.module.eks-cluster.module.eks_managed_node_group.aws_autoscaling_schedule.this",
            "module.eks.module.eks-cluster.module.eks_managed_node_group.aws_eks_node_group.this",
            "module.eks.module.eks-cluster.module.eks_managed_node_group.aws_iam_role.this",
            "module.eks.module.eks-cluster.module.eks_managed_node_group.aws_iam_role_policy.this",
            "module.eks.module.eks-cluster.module.eks_managed_node_group.aws_iam_role_policy_attachment.additional",
            "module.eks.module.eks-cluster.module.eks_managed_node_group.aws_iam_role_policy_attachment.this",
            "module.eks.module.eks-cluster.module.eks_managed_node_group.aws_launch_template.this",
            "module.eks.module.eks-cluster.module.eks_managed_node_group.aws_placement_group.this",
            "module.eks.module.eks-cluster.module.eks_managed_node_group.data.aws_caller_identity.current",
            "module.eks.module.eks-cluster.module.eks_managed_node_group.data.aws_ec2_instance_type.this",
            "module.eks.module.eks-cluster.module.eks_managed_node_group.data.aws_ec2_instance_type_offerings.this",
            "module.eks.module.eks-cluster.module.eks_managed_node_group.data.aws_iam_policy_document.assume_role_policy",
            "module.eks.module.eks-cluster.module.eks_managed_node_group.data.aws_iam_policy_document.role",
            "module.eks.module.eks-cluster.module.eks_managed_node_group.data.aws_partition.current",
            "module.eks.module.eks-cluster.module.eks_managed_node_group.data.aws_ssm_parameter.ami",
            "module.eks.module.eks-cluster.module.eks_managed_node_group.data.aws_subnets.placement_group",
            "module.eks.module.eks-cluster.module.eks_managed_node_group.module.user_data.data.cloudinit_config.al2023_eks_managed_node_group",
            "module.eks.module.eks-cluster.module.eks_managed_node_group.module.user_data.data.cloudinit_config.linux_eks_managed_node_group",
            "module.eks.module.eks-cluster.module.eks_managed_node_group.module.user_data.null_resource.validate_cluster_service_cidr",
            "module.eks.module.eks-cluster.module.fargate_profile.aws_eks_fargate_profile.this",
            "module.eks.module.eks-cluster.module.fargate_profile.aws_iam_role.this",
            "module.eks.module.eks-cluster.module.fargate_profile.aws_iam_role_policy.this",
            "module.eks.module.eks-cluster.module.fargate_profile.aws_iam_role_policy_attachment.additional",
            "module.eks.module.eks-cluster.module.fargate_profile.aws_iam_role_policy_attachment.this",
            "module.eks.module.eks-cluster.module.fargate_profile.data.aws_caller_identity.current",
            "module.eks.module.eks-cluster.module.fargate_profile.data.aws_iam_policy_document.assume_role_policy",
            "module.eks.module.eks-cluster.module.fargate_profile.data.aws_iam_policy_document.role",
            "module.eks.module.eks-cluster.module.fargate_profile.data.aws_partition.current",
            "module.eks.module.eks-cluster.module.fargate_profile.data.aws_region.current",
            "module.eks.module.eks-cluster.module.kms.aws_kms_alias.this",
            "module.eks.module.eks-cluster.module.kms.aws_kms_external_key.this",
            "module.eks.module.eks-cluster.module.kms.aws_kms_grant.this",
            "module.eks.module.eks-cluster.module.kms.aws_kms_key.this",
            "module.eks.module.eks-cluster.module.kms.aws_kms_replica_external_key.this",
            "module.eks.module.eks-cluster.module.kms.aws_kms_replica_key.this",
            "module.eks.module.eks-cluster.module.kms.data.aws_caller_identity.current",
            "module.eks.module.eks-cluster.module.kms.data.aws_iam_policy_document.this",
            "module.eks.module.eks-cluster.module.kms.data.aws_partition.current",
            "module.eks.module.eks-cluster.module.self_managed_node_group.aws_autoscaling_group.this",
            "module.eks.module.eks-cluster.module.self_managed_node_group.aws_autoscaling_schedule.this",
            "module.eks.module.eks-cluster.module.self_managed_node_group.aws_eks_access_entry.this",
            "module.eks.module.eks-cluster.module.self_managed_node_group.aws_iam_instance_profile.this",
            "module.eks.module.eks-cluster.module.self_managed_node_group.aws_iam_role.this",
            "module.eks.module.eks-cluster.module.self_managed_node_group.aws_iam_role_policy.this",
            "module.eks.module.eks-cluster.module.self_managed_node_group.aws_iam_role_policy_attachment.additional",
            "module.eks.module.eks-cluster.module.self_managed_node_group.aws_iam_role_policy_attachment.this",
            "module.eks.module.eks-cluster.module.self_managed_node_group.aws_launch_template.this",
            "module.eks.module.eks-cluster.module.self_managed_node_group.aws_placement_group.this",
            "module.eks.module.eks-cluster.module.self_managed_node_group.data.aws_caller_identity.current",
            "module.eks.module.eks-cluster.module.self_managed_node_group.data.aws_ec2_instance_type.this",
            "module.eks.module.eks-cluster.module.self_managed_node_group.data.aws_ec2_instance_type_offerings.this",
            "module.eks.module.eks-cluster.module.self_managed_node_group.data.aws_iam_policy_document.assume_role_policy",
            "module.eks.module.eks-cluster.module.self_managed_node_group.data.aws_iam_policy_document.role",
            "module.eks.module.eks-cluster.module.self_managed_node_group.data.aws_partition.current",
            "module.eks.module.eks-cluster.module.self_managed_node_group.data.aws_ssm_parameter.ami",
            "module.eks.module.eks-cluster.module.self_managed_node_group.data.aws_subnets.placement_group",
            "module.eks.module.eks-cluster.module.self_managed_node_group.module.user_data.data.cloudinit_config.al2023_eks_managed_node_group",
            "module.eks.module.eks-cluster.module.self_managed_node_group.module.user_data.data.cloudinit_config.linux_eks_managed_node_group",
            "module.eks.module.eks-cluster.module.self_managed_node_group.module.user_data.null_resource.validate_cluster_service_cidr",
            "module.eks.module.eks-cluster.time_sleep.this",
            "module.eks_rbac.data.aws_iam_policy_document.assume_role_policy"
          ]
        },
        {
          "index_key": "ccoe-team",
          "schema_version": 0,
          "attributes": {
            "arn": "arn:aws:iam::381491966185:role/eks-ccoe-team-access-role",
            "assume_role_policy": "{\"Statement\":[{\"Action\":\"sts:AssumeRole\",\"Effect\":\"Allow\",\"Principal\":{\"AWS\":\"arn:aws:iam::381491966185:root\"},\"Sid\":\"HumanUserAssumeRole\"}],\"Version\":\"2012-10-17\"}",
            "create_date": "2025-12-22T04:12:10Z",
            "description": "",
            "force_detach_policies": false,
            "id": "eks-ccoe-team-access-role",
            "inline_policy": [],
            "managed_policy_arns": [],
            "max_session_duration": 3600,
            "name": "eks-ccoe-team-access-role",
            "name_prefix": "",
            "path": "/",
            "permissions_boundary": "",
            "tags": {},
            "tags_all": {},
            "unique_id": "AROAVRUVRODUTKJ5EAG5V"
          },
          "sensitive_attributes": [],
          "private": "bnVsbA==",
          "dependencies": [
            "data.aws_caller_identity.current",
            "module.eks.aws_iam_policy.adot_collector",
            "module.eks.aws_iam_policy.aws_load_balancer_controller",
            "module.eks.aws_iam_policy.cluster_autoscaler",
            "module.eks.aws_iam_policy.infra_admin_policy",
            "module.eks.aws_iam_policy.sharedCMK",
            "module.eks.aws_iam_role.adot_collector",
            "module.eks.aws_iam_role.aws_load_balancer_controller",
            "module.eks.aws_iam_role.cluster_autoscaler",
            "module.eks.aws_iam_role.eks_node_role",
            "module.eks.aws_iam_role.infra_role",
            "module.eks.aws_iam_role.sharedCMK",
            "module.eks.aws_iam_role_policy_attachment.adot_collector",
            "module.eks.aws_iam_role_policy_attachment.aws_load_balancer_controller",
            "module.eks.aws_iam_role_policy_attachment.cluster_autoscaler",
            "module.eks.aws_iam_role_policy_attachment.eks_node_alb_controller",
            "module.eks.aws_iam_role_policy_attachment.eks_node_cmk",
            "module.eks.aws_iam_role_policy_attachment.eks_node_cni",
            "module.eks.aws_iam_role_policy_attachment.eks_node_ecr",
            "module.eks.aws_iam_role_policy_attachment.eks_node_ssm",
            "module.eks.aws_iam_role_policy_attachment.eks_node_worker",
            "module.eks.aws_iam_role_policy_attachment.infra_attach_AdministratorAccess_AWS",
            "module.eks.aws_iam_role_policy_attachment.infra_attach_admin",
            "module.eks.aws_iam_role_policy_attachment.sharedCMK",
            "module.eks.data.aws_availability_zones.available",
            "module.eks.data.aws_caller_identity.current",
            "module.eks.data.aws_elb_service_account.main",
            "module.eks.data.aws_iam_policy_document.eks_assume_role_policy",
            "module.eks.data.aws_internet_gateway.default",
            "module.eks.data.aws_network_acls.private_nacl",
            "module.eks.data.aws_network_acls.protected_nacl",
            "module.eks.data.aws_network_acls.public_nacl",
            "module.eks.data.aws_region.current",
            "module.eks.data.aws_subnet.private_subnet",
            "module.eks.data.aws_subnets.private_subnets",
            "module.eks.data.aws_subnets.public_subnets",
            "module.eks.data.aws_vpc.selected",
            "module.eks.data.template_file.bastion_userdata",
            "module.eks.kubernetes_cluster_role_binding.infra_admin",
            "module.eks.kubernetes_service_account.infra_sa",
            "module.eks.module.eks-cluster.aws_cloudwatch_log_group.this",
            "module.eks.module.eks-cluster.aws_ec2_tag.cluster_primary_security_group",
            "module.eks.module.eks-cluster.aws_eks_access_entry.this",
            "module.eks.module.eks-cluster.aws_eks_access_policy_association.this",
            "module.eks.module.eks-cluster.aws_eks_addon.before_compute",
            "module.eks.module.eks-cluster.aws_eks_addon.this",
            "module.eks.module.eks-cluster.aws_eks_cluster.this",
            "module.eks.module.eks-cluster.aws_eks_identity_provider_config.this",
            "module.eks.module.eks-cluster.aws_iam_openid_connect_provider.oidc_provider",
            "module.eks.module.eks-cluster.aws_iam_policy.cluster_encryption",
            "module.eks.module.eks-cluster.aws_iam_policy.cni_ipv6_policy",
            "module.eks.module.eks-cluster.aws_iam_policy.custom",
            "module.eks.module.eks-cluster.aws_iam_role.eks_auto",
            "module.eks.module.eks-cluster.aws_iam_role.this",
            "module.eks.module.eks-cluster.aws_iam_role_policy_attachment.additional",
            "module.eks.module.eks-cluster.aws_iam_role_policy_attachment.cluster_encryption",
            "module.eks.module.eks-cluster.aws_iam_role_policy_attachment.custom",
            "module.eks.module.eks-cluster.aws_iam_role_policy_attachment.eks_auto",
            "module.eks.module.eks-cluster.aws_iam_role_policy_attachment.eks_auto_additional",
            "module.eks.module.eks-cluster.aws_iam_role_policy_attachment.this",
            "module.eks.module.eks-cluster.aws_security_group.cluster",
            "module.eks.module.eks-cluster.aws_security_group.node",
            "module.eks.module.eks-cluster.aws_security_group_rule.cluster",
            "module.eks.module.eks-cluster.aws_security_group_rule.node",
            "module.eks.module.eks-cluster.data.aws_caller_identity.current",
            "module.eks.module.eks-cluster.data.aws_eks_addon_version.this",
            "module.eks.module.eks-cluster.data.aws_iam_policy_document.assume_role_policy",
            "module.eks.module.eks-cluster.data.aws_iam_policy_document.cni_ipv6_policy",
            "module.eks.module.eks-cluster.data.aws_iam_policy_document.custom",
            "module.eks.module.eks-cluster.data.aws_iam_policy_document.node_assume_role_policy",
            "module.eks.module.eks-cluster.data.aws_iam_session_context.current",
            "module.eks.module.eks-cluster.data.aws_partition.current",
            "module.eks.module.eks-cluster.data.tls_certificate.this",
            "module.eks.module.eks-cluster.module.eks_managed_node_group.aws_autoscaling_schedule.this",
            "module.eks.module.eks-cluster.module.eks_managed_node_group.aws_eks_node_group.this",
            "module.eks.module.eks-cluster.module.eks_managed_node_group.aws_iam_role.this",
            "module.eks.module.eks-cluster.module.eks_managed_node_group.aws_iam_role_policy.this",
            "module.eks.module.eks-cluster.module.eks_managed_node_group.aws_iam_role_policy_attachment.additional",
            "module.eks.module.eks-cluster.module.eks_managed_node_group.aws_iam_role_policy_attachment.this",
            "module.eks.module.eks-cluster.module.eks_managed_node_group.aws_launch_template.this",
            "module.eks.module.eks-cluster.module.eks_managed_node_group.aws_placement_group.this",
            "module.eks.module.eks-cluster.module.eks_managed_node_group.data.aws_caller_identity.current",
            "module.eks.module.eks-cluster.module.eks_managed_node_group.data.aws_ec2_instance_type.this",
            "module.eks.module.eks-cluster.module.eks_managed_node_group.data.aws_ec2_instance_type_offerings.this",
            "module.eks.module.eks-cluster.module.eks_managed_node_group.data.aws_iam_policy_document.assume_role_policy",
            "module.eks.module.eks-cluster.module.eks_managed_node_group.data.aws_iam_policy_document.role",
            "module.eks.module.eks-cluster.module.eks_managed_node_group.data.aws_partition.current",
            "module.eks.module.eks-cluster.module.eks_managed_node_group.data.aws_ssm_parameter.ami",
            "module.eks.module.eks-cluster.module.eks_managed_node_group.data.aws_subnets.placement_group",
            "module.eks.module.eks-cluster.module.eks_managed_node_group.module.user_data.data.cloudinit_config.al2023_eks_managed_node_group",
            "module.eks.module.eks-cluster.module.eks_managed_node_group.module.user_data.data.cloudinit_config.linux_eks_managed_node_group",
            "module.eks.module.eks-cluster.module.eks_managed_node_group.module.user_data.null_resource.validate_cluster_service_cidr",
            "module.eks.module.eks-cluster.module.fargate_profile.aws_eks_fargate_profile.this",
            "module.eks.module.eks-cluster.module.fargate_profile.aws_iam_role.this",
            "module.eks.module.eks-cluster.module.fargate_profile.aws_iam_role_policy.this",
            "module.eks.module.eks-cluster.module.fargate_profile.aws_iam_role_policy_attachment.additional",
            "module.eks.module.eks-cluster.module.fargate_profile.aws_iam_role_policy_attachment.this",
            "module.eks.module.eks-cluster.module.fargate_profile.data.aws_caller_identity.current",
            "module.eks.module.eks-cluster.module.fargate_profile.data.aws_iam_policy_document.assume_role_policy",
            "module.eks.module.eks-cluster.module.fargate_profile.data.aws_iam_policy_document.role",
            "module.eks.module.eks-cluster.module.fargate_profile.data.aws_partition.current",
            "module.eks.module.eks-cluster.module.fargate_profile.data.aws_region.current",
            "module.eks.module.eks-cluster.module.kms.aws_kms_alias.this",
            "module.eks.module.eks-cluster.module.kms.aws_kms_external_key.this",
            "module.eks.module.eks-cluster.module.kms.aws_kms_grant.this",
            "module.eks.module.eks-cluster.module.kms.aws_kms_key.this",
            "module.eks.module.eks-cluster.module.kms.aws_kms_replica_external_key.this",
            "module.eks.module.eks-cluster.module.kms.aws_kms_replica_key.this",
            "module.eks.module.eks-cluster.module.kms.data.aws_caller_identity.current",
            "module.eks.module.eks-cluster.module.kms.data.aws_iam_policy_document.this",
            "module.eks.module.eks-cluster.module.kms.data.aws_partition.current",
            "module.eks.module.eks-cluster.module.self_managed_node_group.aws_autoscaling_group.this",
            "module.eks.module.eks-cluster.module.self_managed_node_group.aws_autoscaling_schedule.this",
            "module.eks.module.eks-cluster.module.self_managed_node_group.aws_eks_access_entry.this",
            "module.eks.module.eks-cluster.module.self_managed_node_group.aws_iam_instance_profile.this",
            "module.eks.module.eks-cluster.module.self_managed_node_group.aws_iam_role.this",
            "module.eks.module.eks-cluster.module.self_managed_node_group.aws_iam_role_policy.this",
            "module.eks.module.eks-cluster.module.self_managed_node_group.aws_iam_role_policy_attachment.additional",
            "module.eks.module.eks-cluster.module.self_managed_node_group.aws_iam_role_policy_attachment.this",
            "module.eks.module.eks-cluster.module.self_managed_node_group.aws_launch_template.this",
            "module.eks.module.eks-cluster.module.self_managed_node_group.aws_placement_group.this",
            "module.eks.module.eks-cluster.module.self_managed_node_group.data.aws_caller_identity.current",
            "module.eks.module.eks-cluster.module.self_managed_node_group.data.aws_ec2_instance_type.this",
            "module.eks.module.eks-cluster.module.self_managed_node_group.data.aws_ec2_instance_type_offerings.this",
            "module.eks.module.eks-cluster.module.self_managed_node_group.data.aws_iam_policy_document.assume_role_policy",
            "module.eks.module.eks-cluster.module.self_managed_node_group.data.aws_iam_policy_document.role",
            "module.eks.module.eks-cluster.module.self_managed_node_group.data.aws_partition.current",
            "module.eks.module.eks-cluster.module.self_managed_node_group.data.aws_ssm_parameter.ami",
            "module.eks.module.eks-cluster.module.self_managed_node_group.data.aws_subnets.placement_group",
            "module.eks.module.eks-cluster.module.self_managed_node_group.module.user_data.data.cloudinit_config.al2023_eks_managed_node_group",
            "module.eks.module.eks-cluster.module.self_managed_node_group.module.user_data.data.cloudinit_config.linux_eks_managed_node_group",
            "module.eks.module.eks-cluster.module.self_managed_node_group.module.user_data.null_resource.validate_cluster_service_cidr",
            "module.eks.module.eks-cluster.time_sleep.this",
            "module.eks_rbac.data.aws_iam_policy_document.assume_role_policy"
          ]
        },
        {
          "index_key": "jenkins-agent",
          "schema_version": 0,
          "attributes": {
            "arn": "arn:aws:iam::381491966185:role/eks-jenkins-agent-access-role",
            "assume_role_policy": "{\"Statement\":[{\"Action\":\"sts:AssumeRole\",\"Effect\":\"Allow\",\"Principal\":{\"AWS\":\"arn:aws:iam::381491966185:root\"},\"Sid\":\"HumanUserAssumeRole\"}],\"Version\":\"2012-10-17\"}",
            "create_date": "2025-12-22T04:12:10Z",
            "description": "",
            "force_detach_policies": false,
            "id": "eks-jenkins-agent-access-role",
            "inline_policy": [],
            "managed_policy_arns": [],
            "max_session_duration": 3600,
            "name": "eks-jenkins-agent-access-role",
            "name_prefix": "",
            "path": "/",
            "permissions_boundary": "",
            "tags": {},
            "tags_all": {},
            "unique_id": "AROAVRUVRODUXYKSGIKRK"
          },
          "sensitive_attributes": [],
          "private": "bnVsbA==",
          "dependencies": [
            "data.aws_caller_identity.current",
            "module.eks.aws_iam_policy.adot_collector",
            "module.eks.aws_iam_policy.aws_load_balancer_controller",
            "module.eks.aws_iam_policy.cluster_autoscaler",
            "module.eks.aws_iam_policy.infra_admin_policy",
            "module.eks.aws_iam_policy.sharedCMK",
            "module.eks.aws_iam_role.adot_collector",
            "module.eks.aws_iam_role.aws_load_balancer_controller",
            "module.eks.aws_iam_role.cluster_autoscaler",
            "module.eks.aws_iam_role.eks_node_role",
            "module.eks.aws_iam_role.infra_role",
            "module.eks.aws_iam_role.sharedCMK",
            "module.eks.aws_iam_role_policy_attachment.adot_collector",
            "module.eks.aws_iam_role_policy_attachment.aws_load_balancer_controller",
            "module.eks.aws_iam_role_policy_attachment.cluster_autoscaler",
            "module.eks.aws_iam_role_policy_attachment.eks_node_alb_controller",
            "module.eks.aws_iam_role_policy_attachment.eks_node_cmk",
            "module.eks.aws_iam_role_policy_attachment.eks_node_cni",
            "module.eks.aws_iam_role_policy_attachment.eks_node_ecr",
            "module.eks.aws_iam_role_policy_attachment.eks_node_ssm",
            "module.eks.aws_iam_role_policy_attachment.eks_node_worker",
            "module.eks.aws_iam_role_policy_attachment.infra_attach_AdministratorAccess_AWS",
            "module.eks.aws_iam_role_policy_attachment.infra_attach_admin",
            "module.eks.aws_iam_role_policy_attachment.sharedCMK",
            "module.eks.data.aws_availability_zones.available",
            "module.eks.data.aws_caller_identity.current",
            "module.eks.data.aws_elb_service_account.main",
            "module.eks.data.aws_iam_policy_document.eks_assume_role_policy",
            "module.eks.data.aws_internet_gateway.default",
            "module.eks.data.aws_network_acls.private_nacl",
            "module.eks.data.aws_network_acls.protected_nacl",
            "module.eks.data.aws_network_acls.public_nacl",
            "module.eks.data.aws_region.current",
            "module.eks.data.aws_subnet.private_subnet",
            "module.eks.data.aws_subnets.private_subnets",
            "module.eks.data.aws_subnets.public_subnets",
            "module.eks.data.aws_vpc.selected",
            "module.eks.data.template_file.bastion_userdata",
            "module.eks.kubernetes_cluster_role_binding.infra_admin",
            "module.eks.kubernetes_service_account.infra_sa",
            "module.eks.module.eks-cluster.aws_cloudwatch_log_group.this",
            "module.eks.module.eks-cluster.aws_ec2_tag.cluster_primary_security_group",
            "module.eks.module.eks-cluster.aws_eks_access_entry.this",
            "module.eks.module.eks-cluster.aws_eks_access_policy_association.this",
            "module.eks.module.eks-cluster.aws_eks_addon.before_compute",
            "module.eks.module.eks-cluster.aws_eks_addon.this",
            "module.eks.module.eks-cluster.aws_eks_cluster.this",
            "module.eks.module.eks-cluster.aws_eks_identity_provider_config.this",
            "module.eks.module.eks-cluster.aws_iam_openid_connect_provider.oidc_provider",
            "module.eks.module.eks-cluster.aws_iam_policy.cluster_encryption",
            "module.eks.module.eks-cluster.aws_iam_policy.cni_ipv6_policy",
            "module.eks.module.eks-cluster.aws_iam_policy.custom",
            "module.eks.module.eks-cluster.aws_iam_role.eks_auto",
            "module.eks.module.eks-cluster.aws_iam_role.this",
            "module.eks.module.eks-cluster.aws_iam_role_policy_attachment.additional",
            "module.eks.module.eks-cluster.aws_iam_role_policy_attachment.cluster_encryption",
            "module.eks.module.eks-cluster.aws_iam_role_policy_attachment.custom",
            "module.eks.module.eks-cluster.aws_iam_role_policy_attachment.eks_auto",
            "module.eks.module.eks-cluster.aws_iam_role_policy_attachment.eks_auto_additional",
            "module.eks.module.eks-cluster.aws_iam_role_policy_attachment.this",
            "module.eks.module.eks-cluster.aws_security_group.cluster",
            "module.eks.module.eks-cluster.aws_security_group.node",
            "module.eks.module.eks-cluster.aws_security_group_rule.cluster",
            "module.eks.module.eks-cluster.aws_security_group_rule.node",
            "module.eks.module.eks-cluster.data.aws_caller_identity.current",
            "module.eks.module.eks-cluster.data.aws_eks_addon_version.this",
            "module.eks.module.eks-cluster.data.aws_iam_policy_document.assume_role_policy",
            "module.eks.module.eks-cluster.data.aws_iam_policy_document.cni_ipv6_policy",
            "module.eks.module.eks-cluster.data.aws_iam_policy_document.custom",
            "module.eks.module.eks-cluster.data.aws_iam_policy_document.node_assume_role_policy",
            "module.eks.module.eks-cluster.data.aws_iam_session_context.current",
            "module.eks.module.eks-cluster.data.aws_partition.current",
            "module.eks.module.eks-cluster.data.tls_certificate.this",
            "module.eks.module.eks-cluster.module.eks_managed_node_group.aws_autoscaling_schedule.this",
            "module.eks.module.eks-cluster.module.eks_managed_node_group.aws_eks_node_group.this",
            "module.eks.module.eks-cluster.module.eks_managed_node_group.aws_iam_role.this",
            "module.eks.module.eks-cluster.module.eks_managed_node_group.aws_iam_role_policy.this",
            "module.eks.module.eks-cluster.module.eks_managed_node_group.aws_iam_role_policy_attachment.additional",
            "module.eks.module.eks-cluster.module.eks_managed_node_group.aws_iam_role_policy_attachment.this",
            "module.eks.module.eks-cluster.module.eks_managed_node_group.aws_launch_template.this",
            "module.eks.module.eks-cluster.module.eks_managed_node_group.aws_placement_group.this",
            "module.eks.module.eks-cluster.module.eks_managed_node_group.data.aws_caller_identity.current",
            "module.eks.module.eks-cluster.module.eks_managed_node_group.data.aws_ec2_instance_type.this",
            "module.eks.module.eks-cluster.module.eks_managed_node_group.data.aws_ec2_instance_type_offerings.this",
            "module.eks.module.eks-cluster.module.eks_managed_node_group.data.aws_iam_policy_document.assume_role_policy",
            "module.eks.module.eks-cluster.module.eks_managed_node_group.data.aws_iam_policy_document.role",
            "module.eks.module.eks-cluster.module.eks_managed_node_group.data.aws_partition.current",
            "module.eks.module.eks-cluster.module.eks_managed_node_group.data.aws_ssm_parameter.ami",
            "module.eks.module.eks-cluster.module.eks_managed_node_group.data.aws_subnets.placement_group",
            "module.eks.module.eks-cluster.module.eks_managed_node_group.module.user_data.data.cloudinit_config.al2023_eks_managed_node_group",
            "module.eks.module.eks-cluster.module.eks_managed_node_group.module.user_data.data.cloudinit_config.linux_eks_managed_node_group",
            "module.eks.module.eks-cluster.module.eks_managed_node_group.module.user_data.null_resource.validate_cluster_service_cidr",
            "module.eks.module.eks-cluster.module.fargate_profile.aws_eks_fargate_profile.this",
            "module.eks.module.eks-cluster.module.fargate_profile.aws_iam_role.this",
            "module.eks.module.eks-cluster.module.fargate_profile.aws_iam_role_policy.this",
            "module.eks.module.eks-cluster.module.fargate_profile.aws_iam_role_policy_attachment.additional",
            "module.eks.module.eks-cluster.module.fargate_profile.aws_iam_role_policy_attachment.this",
            "module.eks.module.eks-cluster.module.fargate_profile.data.aws_caller_identity.current",
            "module.eks.module.eks-cluster.module.fargate_profile.data.aws_iam_policy_document.assume_role_policy",
            "module.eks.module.eks-cluster.module.fargate_profile.data.aws_iam_policy_document.role",
            "module.eks.module.eks-cluster.module.fargate_profile.data.aws_partition.current",
            "module.eks.module.eks-cluster.module.fargate_profile.data.aws_region.current",
            "module.eks.module.eks-cluster.module.kms.aws_kms_alias.this",
            "module.eks.module.eks-cluster.module.kms.aws_kms_external_key.this",
            "module.eks.module.eks-cluster.module.kms.aws_kms_grant.this",
            "module.eks.module.eks-cluster.module.kms.aws_kms_key.this",
            "module.eks.module.eks-cluster.module.kms.aws_kms_replica_external_key.this",
            "module.eks.module.eks-cluster.module.kms.aws_kms_replica_key.this",
            "module.eks.module.eks-cluster.module.kms.data.aws_caller_identity.current",
            "module.eks.module.eks-cluster.module.kms.data.aws_iam_policy_document.this",
            "module.eks.module.eks-cluster.module.kms.data.aws_partition.current",
            "module.eks.module.eks-cluster.module.self_managed_node_group.aws_autoscaling_group.this",
            "module.eks.module.eks-cluster.module.self_managed_node_group.aws_autoscaling_schedule.this",
            "module.eks.module.eks-cluster.module.self_managed_node_group.aws_eks_access_entry.this",
            "module.eks.module.eks-cluster.module.self_managed_node_group.aws_iam_instance_profile.this",
            "module.eks.module.eks-cluster.module.self_managed_node_group.aws_iam_role.this",
            "module.eks.module.eks-cluster.module.self_managed_node_group.aws_iam_role_policy.this",
            "module.eks.module.eks-cluster.module.self_managed_node_group.aws_iam_role_policy_attachment.additional",
            "module.eks.module.eks-cluster.module.self_managed_node_group.aws_iam_role_policy_attachment.this",
            "module.eks.module.eks-cluster.module.self_managed_node_group.aws_launch_template.this",
            "module.eks.module.eks-cluster.module.self_managed_node_group.aws_placement_group.this",
            "module.eks.module.eks-cluster.module.self_managed_node_group.data.aws_caller_identity.current",
            "module.eks.module.eks-cluster.module.self_managed_node_group.data.aws_ec2_instance_type.this",
            "module.eks.module.eks-cluster.module.self_managed_node_group.data.aws_ec2_instance_type_offerings.this",
            "module.eks.module.eks-cluster.module.self_managed_node_group.data.aws_iam_policy_document.assume_role_policy",
            "module.eks.module.eks-cluster.module.self_managed_node_group.data.aws_iam_policy_document.role",
            "module.eks.module.eks-cluster.module.self_managed_node_group.data.aws_partition.current",
            "module.eks.module.eks-cluster.module.self_managed_node_group.data.aws_ssm_parameter.ami",
            "module.eks.module.eks-cluster.module.self_managed_node_group.data.aws_subnets.placement_group",
            "module.eks.module.eks-cluster.module.self_managed_node_group.module.user_data.data.cloudinit_config.al2023_eks_managed_node_group",
            "module.eks.module.eks-cluster.module.self_managed_node_group.module.user_data.data.cloudinit_config.linux_eks_managed_node_group",
            "module.eks.module.eks-cluster.module.self_managed_node_group.module.user_data.null_resource.validate_cluster_service_cidr",
            "module.eks.module.eks-cluster.time_sleep.this",
            "module.eks_rbac.data.aws_iam_policy_document.assume_role_policy"
          ]
        },
        {
          "index_key": "jenkins-controller",
          "schema_version": 0,
          "attributes": {
            "arn": "arn:aws:iam::381491966185:role/eks-jenkins-controller-access-role",
            "assume_role_policy": "{\"Statement\":[{\"Action\":\"sts:AssumeRole\",\"Effect\":\"Allow\",\"Principal\":{\"AWS\":\"arn:aws:iam::381491966185:root\"},\"Sid\":\"HumanUserAssumeRole\"}],\"Version\":\"2012-10-17\"}",
            "create_date": "2025-12-22T04:12:10Z",
            "description": "",
            "force_detach_policies": false,
            "id": "eks-jenkins-controller-access-role",
            "inline_policy": [],
            "managed_policy_arns": [],
            "max_session_duration": 3600,
            "name": "eks-jenkins-controller-access-role",
            "name_prefix": "",
            "path": "/",
            "permissions_boundary": "",
            "tags": {},
            "tags_all": {},
            "unique_id": "AROAVRUVRODU3G5TCMBWW"
          },
          "sensitive_attributes": [],
          "private": "bnVsbA==",
          "dependencies": [
            "data.aws_caller_identity.current",
            "module.eks.aws_iam_policy.adot_collector",
            "module.eks.aws_iam_policy.aws_load_balancer_controller",
            "module.eks.aws_iam_policy.cluster_autoscaler",
            "module.eks.aws_iam_policy.infra_admin_policy",
            "module.eks.aws_iam_policy.sharedCMK",
            "module.eks.aws_iam_role.adot_collector",
            "module.eks.aws_iam_role.aws_load_balancer_controller",
            "module.eks.aws_iam_role.cluster_autoscaler",
            "module.eks.aws_iam_role.eks_node_role",
            "module.eks.aws_iam_role.infra_role",
            "module.eks.aws_iam_role.sharedCMK",
            "module.eks.aws_iam_role_policy_attachment.adot_collector",
            "module.eks.aws_iam_role_policy_attachment.aws_load_balancer_controller",
            "module.eks.aws_iam_role_policy_attachment.cluster_autoscaler",
            "module.eks.aws_iam_role_policy_attachment.eks_node_alb_controller",
            "module.eks.aws_iam_role_policy_attachment.eks_node_cmk",
            "module.eks.aws_iam_role_policy_attachment.eks_node_cni",
            "module.eks.aws_iam_role_policy_attachment.eks_node_ecr",
            "module.eks.aws_iam_role_policy_attachment.eks_node_ssm",
            "module.eks.aws_iam_role_policy_attachment.eks_node_worker",
            "module.eks.aws_iam_role_policy_attachment.infra_attach_AdministratorAccess_AWS",
            "module.eks.aws_iam_role_policy_attachment.infra_attach_admin",
            "module.eks.aws_iam_role_policy_attachment.sharedCMK",
            "module.eks.data.aws_availability_zones.available",
            "module.eks.data.aws_caller_identity.current",
            "module.eks.data.aws_elb_service_account.main",
            "module.eks.data.aws_iam_policy_document.eks_assume_role_policy",
            "module.eks.data.aws_internet_gateway.default",
            "module.eks.data.aws_network_acls.private_nacl",
            "module.eks.data.aws_network_acls.protected_nacl",
            "module.eks.data.aws_network_acls.public_nacl",
            "module.eks.data.aws_region.current",
            "module.eks.data.aws_subnet.private_subnet",
            "module.eks.data.aws_subnets.private_subnets",
            "module.eks.data.aws_subnets.public_subnets",
            "module.eks.data.aws_vpc.selected",
            "module.eks.data.template_file.bastion_userdata",
            "module.eks.kubernetes_cluster_role_binding.infra_admin",
            "module.eks.kubernetes_service_account.infra_sa",
            "module.eks.module.eks-cluster.aws_cloudwatch_log_group.this",
            "module.eks.module.eks-cluster.aws_ec2_tag.cluster_primary_security_group",
            "module.eks.module.eks-cluster.aws_eks_access_entry.this",
            "module.eks.module.eks-cluster.aws_eks_access_policy_association.this",
            "module.eks.module.eks-cluster.aws_eks_addon.before_compute",
            "module.eks.module.eks-cluster.aws_eks_addon.this",
            "module.eks.module.eks-cluster.aws_eks_cluster.this",
            "module.eks.module.eks-cluster.aws_eks_identity_provider_config.this",
            "module.eks.module.eks-cluster.aws_iam_openid_connect_provider.oidc_provider",
            "module.eks.module.eks-cluster.aws_iam_policy.cluster_encryption",
            "module.eks.module.eks-cluster.aws_iam_policy.cni_ipv6_policy",
            "module.eks.module.eks-cluster.aws_iam_policy.custom",
            "module.eks.module.eks-cluster.aws_iam_role.eks_auto",
            "module.eks.module.eks-cluster.aws_iam_role.this",
            "module.eks.module.eks-cluster.aws_iam_role_policy_attachment.additional",
            "module.eks.module.eks-cluster.aws_iam_role_policy_attachment.cluster_encryption",
            "module.eks.module.eks-cluster.aws_iam_role_policy_attachment.custom",
            "module.eks.module.eks-cluster.aws_iam_role_policy_attachment.eks_auto",
            "module.eks.module.eks-cluster.aws_iam_role_policy_attachment.eks_auto_additional",
            "module.eks.module.eks-cluster.aws_iam_role_policy_attachment.this",
            "module.eks.module.eks-cluster.aws_security_group.cluster",
            "module.eks.module.eks-cluster.aws_security_group.node",
            "module.eks.module.eks-cluster.aws_security_group_rule.cluster",
            "module.eks.module.eks-cluster.aws_security_group_rule.node",
            "module.eks.module.eks-cluster.data.aws_caller_identity.current",
            "module.eks.module.eks-cluster.data.aws_eks_addon_version.this",
            "module.eks.module.eks-cluster.data.aws_iam_policy_document.assume_role_policy",
            "module.eks.module.eks-cluster.data.aws_iam_policy_document.cni_ipv6_policy",
            "module.eks.module.eks-cluster.data.aws_iam_policy_document.custom",
            "module.eks.module.eks-cluster.data.aws_iam_policy_document.node_assume_role_policy",
            "module.eks.module.eks-cluster.data.aws_iam_session_context.current",
            "module.eks.module.eks-cluster.data.aws_partition.current",
            "module.eks.module.eks-cluster.data.tls_certificate.this",
            "module.eks.module.eks-cluster.module.eks_managed_node_group.aws_autoscaling_schedule.this",
            "module.eks.module.eks-cluster.module.eks_managed_node_group.aws_eks_node_group.this",
            "module.eks.module.eks-cluster.module.eks_managed_node_group.aws_iam_role.this",
            "module.eks.module.eks-cluster.module.eks_managed_node_group.aws_iam_role_policy.this",
            "module.eks.module.eks-cluster.module.eks_managed_node_group.aws_iam_role_policy_attachment.additional",
            "module.eks.module.eks-cluster.module.eks_managed_node_group.aws_iam_role_policy_attachment.this",
            "module.eks.module.eks-cluster.module.eks_managed_node_group.aws_launch_template.this",
            "module.eks.module.eks-cluster.module.eks_managed_node_group.aws_placement_group.this",
            "module.eks.module.eks-cluster.module.eks_managed_node_group.data.aws_caller_identity.current",
            "module.eks.module.eks-cluster.module.eks_managed_node_group.data.aws_ec2_instance_type.this",
            "module.eks.module.eks-cluster.module.eks_managed_node_group.data.aws_ec2_instance_type_offerings.this",
            "module.eks.module.eks-cluster.module.eks_managed_node_group.data.aws_iam_policy_document.assume_role_policy",
            "module.eks.module.eks-cluster.module.eks_managed_node_group.data.aws_iam_policy_document.role",
            "module.eks.module.eks-cluster.module.eks_managed_node_group.data.aws_partition.current",
            "module.eks.module.eks-cluster.module.eks_managed_node_group.data.aws_ssm_parameter.ami",
            "module.eks.module.eks-cluster.module.eks_managed_node_group.data.aws_subnets.placement_group",
            "module.eks.module.eks-cluster.module.eks_managed_node_group.module.user_data.data.cloudinit_config.al2023_eks_managed_node_group",
            "module.eks.module.eks-cluster.module.eks_managed_node_group.module.user_data.data.cloudinit_config.linux_eks_managed_node_group",
            "module.eks.module.eks-cluster.module.eks_managed_node_group.module.user_data.null_resource.validate_cluster_service_cidr",
            "module.eks.module.eks-cluster.module.fargate_profile.aws_eks_fargate_profile.this",
            "module.eks.module.eks-cluster.module.fargate_profile.aws_iam_role.this",
            "module.eks.module.eks-cluster.module.fargate_profile.aws_iam_role_policy.this",
            "module.eks.module.eks-cluster.module.fargate_profile.aws_iam_role_policy_attachment.additional",
            "module.eks.module.eks-cluster.module.fargate_profile.aws_iam_role_policy_attachment.this",
            "module.eks.module.eks-cluster.module.fargate_profile.data.aws_caller_identity.current",
            "module.eks.module.eks-cluster.module.fargate_profile.data.aws_iam_policy_document.assume_role_policy",
            "module.eks.module.eks-cluster.module.fargate_profile.data.aws_iam_policy_document.role",
            "module.eks.module.eks-cluster.module.fargate_profile.data.aws_partition.current",
            "module.eks.module.eks-cluster.module.fargate_profile.data.aws_region.current",
            "module.eks.module.eks-cluster.module.kms.aws_kms_alias.this",
            "module.eks.module.eks-cluster.module.kms.aws_kms_external_key.this",
            "module.eks.module.eks-cluster.module.kms.aws_kms_grant.this",
            "module.eks.module.eks-cluster.module.kms.aws_kms_key.this",
            "module.eks.module.eks-cluster.module.kms.aws_kms_replica_external_key.this",
            "module.eks.module.eks-cluster.module.kms.aws_kms_replica_key.this",
            "module.eks.module.eks-cluster.module.kms.data.aws_caller_identity.current",
            "module.eks.module.eks-cluster.module.kms.data.aws_iam_policy_document.this",
            "module.eks.module.eks-cluster.module.kms.data.aws_partition.current",
            "module.eks.module.eks-cluster.module.self_managed_node_group.aws_autoscaling_group.this",
            "module.eks.module.eks-cluster.module.self_managed_node_group.aws_autoscaling_schedule.this",
            "module.eks.module.eks-cluster.module.self_managed_node_group.aws_eks_access_entry.this",
            "module.eks.module.eks-cluster.module.self_managed_node_group.aws_iam_instance_profile.this",
            "module.eks.module.eks-cluster.module.self_managed_node_group.aws_iam_role.this",
            "module.eks.module.eks-cluster.module.self_managed_node_group.aws_iam_role_policy.this",
            "module.eks.module.eks-cluster.module.self_managed_node_group.aws_iam_role_policy_attachment.additional",
            "module.eks.module.eks-cluster.module.self_managed_node_group.aws_iam_role_policy_attachment.this",
            "module.eks.module.eks-cluster.module.self_managed_node_group.aws_launch_template.this",
            "module.eks.module.eks-cluster.module.self_managed_node_group.aws_placement_group.this",
            "module.eks.module.eks-cluster.module.self_managed_node_group.data.aws_caller_identity.current",
            "module.eks.module.eks-cluster.module.self_managed_node_group.data.aws_ec2_instance_type.this",
            "module.eks.module.eks-cluster.module.self_managed_node_group.data.aws_ec2_instance_type_offerings.this",
            "module.eks.module.eks-cluster.module.self_managed_node_group.data.aws_iam_policy_document.assume_role_policy",
            "module.eks.module.eks-cluster.module.self_managed_node_group.data.aws_iam_policy_document.role",
            "module.eks.module.eks-cluster.module.self_managed_node_group.data.aws_partition.current",
            "module.eks.module.eks-cluster.module.self_managed_node_group.data.aws_ssm_parameter.ami",
            "module.eks.module.eks-cluster.module.self_managed_node_group.data.aws_subnets.placement_group",
            "module.eks.module.eks-cluster.module.self_managed_node_group.module.user_data.data.cloudinit_config.al2023_eks_managed_node_group",
            "module.eks.module.eks-cluster.module.self_managed_node_group.module.user_data.data.cloudinit_config.linux_eks_managed_node_group",
            "module.eks.module.eks-cluster.module.self_managed_node_group.module.user_data.null_resource.validate_cluster_service_cidr",
            "module.eks.module.eks-cluster.time_sleep.this",
            "module.eks_rbac.data.aws_iam_policy_document.assume_role_policy"
          ]
        }
      ]
    },
    {
      "module": "module.eks_rbac",
      "mode": "managed",
      "type": "kubernetes_cluster_role_binding",
      "name": "this",
      "provider": "provider[\"registry.terraform.io/hashicorp/kubernetes\"]",
      "instances": []
    },
    {
      "module": "module.eks_rbac",
      "mode": "managed",
      "type": "kubernetes_role_binding",
      "name": "this",
      "provider": "provider[\"registry.terraform.io/hashicorp/kubernetes\"]",
      "instances": []
    }
  ],
  "check_results": [
    {
      "object_kind": "resource",
      "config_addr": "module.eks.module.eks-cluster.module.eks_managed_node_group.module.user_data.null_resource.validate_cluster_service_cidr",
      "status": "pass",
      "objects": [
        {
          "object_addr": "module.eks.module.eks-cluster.module.eks_managed_node_group[\"labs-nodegroup\"].module.user_data.null_resource.validate_cluster_service_cidr",
          "status": "pass"
        }
      ]
    },
    {
      "object_kind": "resource",
      "config_addr": "module.cidr-secondary.module.eks.data.aws_eks_cluster.cluster",
      "status": "unknown",
      "objects": [
        {
          "object_addr": "module.cidr-secondary.module.eks.data.aws_eks_cluster.cluster",
          "status": "unknown"
        }
      ]
    },
    {
      "object_kind": "resource",
      "config_addr": "module.eks.module.eks-cluster.module.self_managed_node_group.module.user_data.null_resource.validate_cluster_service_cidr",
      "status": "pass",
      "objects": null
    }
  ]
}
